{
    "version": 3,
    "terraform_version": "0.11.13",
    "serial": 104,
    "lineage": "78978210-6031-db8f-0439-fa0111c455fd",
    "modules": [
        {
            "path": [
                "root"
            ],
            "outputs": {
                "floating_ip": {
                    "sensitive": false,
                    "type": "list",
                    "value": [
                        "193.62.55.123"
                    ]
                },
                "tfstate_file": {
                    "sensitive": false,
                    "type": "list",
                    "value": [
                        "terraform.tfstate.d/test/terraform.tfstate"
                    ]
                }
            },
            "resources": {
                "null_resource.post_flight": {
                    "type": "null_resource",
                    "depends_on": [
                        "local.tfstate_file",
                        "null_resource.pre_flight"
                    ],
                    "primary": {
                        "id": "8865775495421911188",
                        "attributes": {
                            "id": "8865775495421911188",
                            "triggers.%": "1",
                            "triggers.before": "8882150098575619732"
                        },
                        "meta": {},
                        "tainted": false
                    },
                    "deposed": [],
                    "provider": "provider.null"
                },
                "null_resource.pre_flight": {
                    "type": "null_resource",
                    "depends_on": [
                        "local.floating_ip"
                    ],
                    "primary": {
                        "id": "8882150098575619732",
                        "attributes": {
                            "id": "8882150098575619732",
                            "triggers.%": "1",
                            "triggers.build_number": "2019-07-04T13:53:40Z"
                        },
                        "meta": {},
                        "tainted": false
                    },
                    "deposed": [],
                    "provider": "provider.null"
                },
                "openstack_blockstorage_volume_v2.nfs_volume": {
                    "type": "openstack_blockstorage_volume_v2",
                    "depends_on": [],
                    "primary": {
                        "id": "e724dd51-95ad-4a29-a7bf-b3e0669650ec",
                        "attributes": {
                            "attachment.#": "1",
                            "attachment.1419722760.device": "/dev/vdb",
                            "attachment.1419722760.id": "e724dd51-95ad-4a29-a7bf-b3e0669650ec",
                            "attachment.1419722760.instance_id": "e518c829-4522-4f8d-a532-78412418e161",
                            "availability_zone": "nova",
                            "description": "",
                            "id": "e724dd51-95ad-4a29-a7bf-b3e0669650ec",
                            "metadata.%": "2",
                            "metadata.attached_mode": "rw",
                            "metadata.readonly": "False",
                            "name": "test-nfs-volume",
                            "region": "regionOne",
                            "size": "20",
                            "snapshot_id": "",
                            "source_vol_id": "",
                            "volume_type": ""
                        },
                        "meta": {
                            "e2bfb730-ecaa-11e6-8f88-34363bc7c4c0": {
                                "create": 600000000000,
                                "delete": 600000000000
                            }
                        },
                        "tainted": false
                    },
                    "deposed": [],
                    "provider": "provider.openstack"
                },
                "openstack_compute_floatingip_associate_v2.nfs_server_floating_ip": {
                    "type": "openstack_compute_floatingip_associate_v2",
                    "depends_on": [
                        "local.postgres_floating_ip",
                        "openstack_compute_instance_v2.nfs_server",
                        "openstack_networking_router_interface_v2.sequence_search"
                    ],
                    "primary": {
                        "id": "193.62.55.122/e518c829-4522-4f8d-a532-78412418e161/",
                        "attributes": {
                            "fixed_ip": "",
                            "floating_ip": "193.62.55.122",
                            "id": "193.62.55.122/e518c829-4522-4f8d-a532-78412418e161/",
                            "instance_id": "e518c829-4522-4f8d-a532-78412418e161",
                            "region": "regionOne"
                        },
                        "meta": {
                            "e2bfb730-ecaa-11e6-8f88-34363bc7c4c0": {
                                "create": 600000000000
                            }
                        },
                        "tainted": false
                    },
                    "deposed": [],
                    "provider": "provider.openstack"
                },
                "openstack_compute_floatingip_associate_v2.sequence_search": {
                    "type": "openstack_compute_floatingip_associate_v2",
                    "depends_on": [
                        "local.floating_ip",
                        "openstack_compute_instance_v2.producer",
                        "openstack_networking_router_interface_v2.sequence_search"
                    ],
                    "primary": {
                        "id": "193.62.55.123/bea6c56b-8fef-409f-9e63-257f1931d344/",
                        "attributes": {
                            "fixed_ip": "",
                            "floating_ip": "193.62.55.123",
                            "id": "193.62.55.123/bea6c56b-8fef-409f-9e63-257f1931d344/",
                            "instance_id": "bea6c56b-8fef-409f-9e63-257f1931d344",
                            "region": "regionOne"
                        },
                        "meta": {
                            "e2bfb730-ecaa-11e6-8f88-34363bc7c4c0": {
                                "create": 600000000000
                            }
                        },
                        "tainted": false
                    },
                    "deposed": [],
                    "provider": "provider.openstack"
                },
                "openstack_compute_instance_v2.consumers.0": {
                    "type": "openstack_compute_instance_v2",
                    "depends_on": [
                        "local.count",
                        "openstack_compute_keypair_v2.sequence_search",
                        "openstack_compute_secgroup_v2.sequence_search",
                        "openstack_networking_network_v2.sequence_search"
                    ],
                    "primary": {
                        "id": "fff75c62-eb77-4cab-a9e9-d48dd4979c99",
                        "attributes": {
                            "access_ip_v4": "192.168.0.8",
                            "access_ip_v6": "",
                            "all_metadata.%": "0",
                            "availability_zone": "nova",
                            "flavor_id": "fa85f5f4-4560-4e1b-af95-21df6f714727",
                            "flavor_name": "s1.jumbo",
                            "force_delete": "false",
                            "id": "fff75c62-eb77-4cab-a9e9-d48dd4979c99",
                            "image_id": "3306bf44-c895-45b2-af05-0a3d23630ce6",
                            "image_name": "CentOS7-Cloud",
                            "key_pair": "test_sequence_search",
                            "name": "test-consumer-1",
                            "network.#": "1",
                            "network.0.access_network": "false",
                            "network.0.fixed_ip_v4": "192.168.0.8",
                            "network.0.fixed_ip_v6": "",
                            "network.0.floating_ip": "",
                            "network.0.mac": "fa:16:3e:f1:b1:e8",
                            "network.0.name": "test_sequence_search",
                            "network.0.port": "",
                            "network.0.uuid": "4c489791-1999-4bbe-b629-8dcae3dc7761",
                            "power_state": "active",
                            "region": "regionOne",
                            "security_groups.#": "1",
                            "security_groups.2922303371": "test_sequence_search",
                            "stop_before_destroy": "false"
                        },
                        "meta": {
                            "e2bfb730-ecaa-11e6-8f88-34363bc7c4c0": {
                                "create": 1800000000000,
                                "delete": 1800000000000,
                                "update": 1800000000000
                            }
                        },
                        "tainted": false
                    },
                    "deposed": [],
                    "provider": "provider.openstack"
                },
                "openstack_compute_instance_v2.consumers.1": {
                    "type": "openstack_compute_instance_v2",
                    "depends_on": [
                        "local.count",
                        "openstack_compute_keypair_v2.sequence_search",
                        "openstack_compute_secgroup_v2.sequence_search",
                        "openstack_networking_network_v2.sequence_search"
                    ],
                    "primary": {
                        "id": "76c51119-6975-4586-9320-ddd03836c44b",
                        "attributes": {
                            "access_ip_v4": "192.168.0.9",
                            "access_ip_v6": "",
                            "all_metadata.%": "0",
                            "availability_zone": "nova",
                            "flavor_id": "fa85f5f4-4560-4e1b-af95-21df6f714727",
                            "flavor_name": "s1.jumbo",
                            "force_delete": "false",
                            "id": "76c51119-6975-4586-9320-ddd03836c44b",
                            "image_id": "3306bf44-c895-45b2-af05-0a3d23630ce6",
                            "image_name": "CentOS7-Cloud",
                            "key_pair": "test_sequence_search",
                            "name": "test-consumer-2",
                            "network.#": "1",
                            "network.0.access_network": "false",
                            "network.0.fixed_ip_v4": "192.168.0.9",
                            "network.0.fixed_ip_v6": "",
                            "network.0.floating_ip": "",
                            "network.0.mac": "fa:16:3e:73:f1:b3",
                            "network.0.name": "test_sequence_search",
                            "network.0.port": "",
                            "network.0.uuid": "4c489791-1999-4bbe-b629-8dcae3dc7761",
                            "power_state": "active",
                            "region": "regionOne",
                            "security_groups.#": "1",
                            "security_groups.2922303371": "test_sequence_search",
                            "stop_before_destroy": "false"
                        },
                        "meta": {
                            "e2bfb730-ecaa-11e6-8f88-34363bc7c4c0": {
                                "create": 1800000000000,
                                "delete": 1800000000000,
                                "update": 1800000000000
                            }
                        },
                        "tainted": false
                    },
                    "deposed": [],
                    "provider": "provider.openstack"
                },
                "openstack_compute_instance_v2.nfs_server": {
                    "type": "openstack_compute_instance_v2",
                    "depends_on": [
                        "openstack_compute_keypair_v2.sequence_search",
                        "openstack_compute_secgroup_v2.sequence_search",
                        "openstack_networking_network_v2.sequence_search"
                    ],
                    "primary": {
                        "id": "e518c829-4522-4f8d-a532-78412418e161",
                        "attributes": {
                            "access_ip_v4": "192.168.0.7",
                            "access_ip_v6": "",
                            "all_metadata.%": "0",
                            "availability_zone": "nova",
                            "flavor_id": "fa85f5f4-4560-4e1b-af95-21df6f714727",
                            "flavor_name": "s1.jumbo",
                            "force_delete": "false",
                            "id": "e518c829-4522-4f8d-a532-78412418e161",
                            "image_id": "371604fb-b264-41fd-9336-9bc669a80667",
                            "image_name": "ubuntu-16.04",
                            "key_pair": "test_sequence_search",
                            "name": "test-nfs-server",
                            "network.#": "1",
                            "network.0.access_network": "false",
                            "network.0.fixed_ip_v4": "192.168.0.7",
                            "network.0.fixed_ip_v6": "",
                            "network.0.floating_ip": "",
                            "network.0.mac": "fa:16:3e:13:6a:f5",
                            "network.0.name": "test_sequence_search",
                            "network.0.port": "",
                            "network.0.uuid": "4c489791-1999-4bbe-b629-8dcae3dc7761",
                            "power_state": "active",
                            "region": "regionOne",
                            "security_groups.#": "1",
                            "security_groups.2922303371": "test_sequence_search",
                            "stop_before_destroy": "false"
                        },
                        "meta": {
                            "e2bfb730-ecaa-11e6-8f88-34363bc7c4c0": {
                                "create": 1800000000000,
                                "delete": 1800000000000,
                                "update": 1800000000000
                            }
                        },
                        "tainted": false
                    },
                    "deposed": [],
                    "provider": "provider.openstack"
                },
                "openstack_compute_instance_v2.postgres": {
                    "type": "openstack_compute_instance_v2",
                    "depends_on": [
                        "openstack_compute_keypair_v2.sequence_search",
                        "openstack_compute_secgroup_v2.sequence_search",
                        "openstack_networking_network_v2.sequence_search"
                    ],
                    "primary": {
                        "id": "03fcd85c-bf26-409e-94e5-da5ac90b9f79",
                        "attributes": {
                            "access_ip_v4": "192.168.0.6",
                            "access_ip_v6": "",
                            "all_metadata.%": "0",
                            "availability_zone": "nova",
                            "flavor_id": "fa85f5f4-4560-4e1b-af95-21df6f714727",
                            "flavor_name": "s1.jumbo",
                            "force_delete": "false",
                            "id": "03fcd85c-bf26-409e-94e5-da5ac90b9f79",
                            "image_id": "3306bf44-c895-45b2-af05-0a3d23630ce6",
                            "image_name": "CentOS7-Cloud",
                            "key_pair": "test_sequence_search",
                            "name": "test-postgres",
                            "network.#": "1",
                            "network.0.access_network": "false",
                            "network.0.fixed_ip_v4": "192.168.0.6",
                            "network.0.fixed_ip_v6": "",
                            "network.0.floating_ip": "",
                            "network.0.mac": "fa:16:3e:14:d3:f7",
                            "network.0.name": "test_sequence_search",
                            "network.0.port": "",
                            "network.0.uuid": "4c489791-1999-4bbe-b629-8dcae3dc7761",
                            "power_state": "active",
                            "region": "regionOne",
                            "security_groups.#": "1",
                            "security_groups.2922303371": "test_sequence_search",
                            "stop_before_destroy": "false"
                        },
                        "meta": {
                            "e2bfb730-ecaa-11e6-8f88-34363bc7c4c0": {
                                "create": 1800000000000,
                                "delete": 1800000000000,
                                "update": 1800000000000
                            }
                        },
                        "tainted": false
                    },
                    "deposed": [],
                    "provider": "provider.openstack"
                },
                "openstack_compute_instance_v2.producer": {
                    "type": "openstack_compute_instance_v2",
                    "depends_on": [
                        "openstack_compute_keypair_v2.sequence_search",
                        "openstack_compute_secgroup_v2.sequence_search",
                        "openstack_networking_network_v2.sequence_search"
                    ],
                    "primary": {
                        "id": "bea6c56b-8fef-409f-9e63-257f1931d344",
                        "attributes": {
                            "access_ip_v4": "192.168.0.5",
                            "access_ip_v6": "",
                            "all_metadata.%": "0",
                            "availability_zone": "nova",
                            "flavor_id": "fa85f5f4-4560-4e1b-af95-21df6f714727",
                            "flavor_name": "s1.jumbo",
                            "force_delete": "false",
                            "id": "bea6c56b-8fef-409f-9e63-257f1931d344",
                            "image_id": "3306bf44-c895-45b2-af05-0a3d23630ce6",
                            "image_name": "CentOS7-Cloud",
                            "key_pair": "test_sequence_search",
                            "name": "test-producer",
                            "network.#": "1",
                            "network.0.access_network": "false",
                            "network.0.fixed_ip_v4": "192.168.0.5",
                            "network.0.fixed_ip_v6": "",
                            "network.0.floating_ip": "",
                            "network.0.mac": "fa:16:3e:15:88:db",
                            "network.0.name": "test_sequence_search",
                            "network.0.port": "",
                            "network.0.uuid": "4c489791-1999-4bbe-b629-8dcae3dc7761",
                            "power_state": "active",
                            "region": "regionOne",
                            "security_groups.#": "1",
                            "security_groups.2922303371": "test_sequence_search",
                            "stop_before_destroy": "false"
                        },
                        "meta": {
                            "e2bfb730-ecaa-11e6-8f88-34363bc7c4c0": {
                                "create": 1800000000000,
                                "delete": 1800000000000,
                                "update": 1800000000000
                            }
                        },
                        "tainted": false
                    },
                    "deposed": [],
                    "provider": "provider.openstack"
                },
                "openstack_compute_keypair_v2.sequence_search": {
                    "type": "openstack_compute_keypair_v2",
                    "depends_on": [],
                    "primary": {
                        "id": "test_sequence_search",
                        "attributes": {
                            "fingerprint": "f5:ac:9f:4e:68:11:2e:49:27:40:22:47:fa:ba:f3:58",
                            "id": "test_sequence_search",
                            "name": "test_sequence_search",
                            "private_key": "",
                            "public_key": "ssh-rsa AAAAB3NzaC1yc2EAAAADAQABAAACAQC9BOKz+dYi+0TzjpH5RWorfguhIp8Vxn1NIKX3VLbvYrStYlu+59aCdWALWhSUzqt/BKhwteg2Ph5m5pYItqs3i9VLpY493UvfjjocYqf47xqkDsYYo6kZkZjvnKFfkZui88TmgiMUKDtK/uRXVJhG4QlvCbrXLn9GM5jWmtV3lO/BEw25U19eGClsGQ0T7TUZ+YmPv9aHycw+hEpOWOvMYquzLg+thwrm7fzvLvbkS7pQm5kr8OGEvJ0HgLgUFiL+8zrB+zoGuiaaiFg9pLq2zJ/wtoe9OxiyRTaQt/Kwo8n2Z/S84bgKOLQPi85shjqQx/6/nfzjLpWUR8Bci9VH8CJ5i/zIagMHoyIrh+Fq/77YEuES0lpqYNd6AQUjgu7CF9OyXlQLwh6TSXLwxYUWaWAVMABysEaUT78+KFp7J86xTdb0zciVjTnyNb+IACMfo4hyexyAN3cPoWxAM7i8ET2Iug8QXB6RO1mz5zjvdDtLP7J5HCglVsXAmlHyxX7twmgAG11f45c/5I8gq0cQpubh8e6oZWYJ2krsbuVZnYXich+MidDIzt/5X+j06Um5iC4xbUIMJppeA1tzjQipvoavVeXs1LPN6ICLVtVkymb2Fhkpjq55Tiwan6ftYiWRXWOpaY00Yfc8ZbY8rb+bEF7lu4K1sf1bKOFyKke8Rw== apetrov@apetrov-ml\n",
                            "region": "regionOne"
                        },
                        "meta": {},
                        "tainted": false
                    },
                    "deposed": [],
                    "provider": "provider.openstack"
                },
                "openstack_compute_secgroup_v2.sequence_search": {
                    "type": "openstack_compute_secgroup_v2",
                    "depends_on": [],
                    "primary": {
                        "id": "10e23f3c-577c-4f0a-b221-d2c391d691f9",
                        "attributes": {
                            "description": "Security group for the sequence_search instances",
                            "id": "10e23f3c-577c-4f0a-b221-d2c391d691f9",
                            "name": "test_sequence_search",
                            "region": "regionOne",
                            "rule.#": "10",
                            "rule.184303238.cidr": "0.0.0.0/0",
                            "rule.184303238.from_group_id": "",
                            "rule.184303238.from_port": "111",
                            "rule.184303238.id": "849b05f0-0502-4d5a-8e5f-57b3b8ce0450",
                            "rule.184303238.ip_protocol": "tcp",
                            "rule.184303238.self": "false",
                            "rule.184303238.to_port": "111",
                            "rule.1952586635.cidr": "0.0.0.0/0",
                            "rule.1952586635.from_group_id": "",
                            "rule.1952586635.from_port": "111",
                            "rule.1952586635.id": "c4e2f833-245a-4846-8151-4bd1e78c036a",
                            "rule.1952586635.ip_protocol": "udp",
                            "rule.1952586635.self": "false",
                            "rule.1952586635.to_port": "111",
                            "rule.2180185248.cidr": "0.0.0.0/0",
                            "rule.2180185248.from_group_id": "",
                            "rule.2180185248.from_port": "-1",
                            "rule.2180185248.id": "878b917a-5428-46cc-a4f5-70c962e88c31",
                            "rule.2180185248.ip_protocol": "icmp",
                            "rule.2180185248.self": "false",
                            "rule.2180185248.to_port": "-1",
                            "rule.2742039536.cidr": "0.0.0.0/0",
                            "rule.2742039536.from_group_id": "",
                            "rule.2742039536.from_port": "2049",
                            "rule.2742039536.id": "806c437b-0284-4884-815d-2904fb119243",
                            "rule.2742039536.ip_protocol": "tcp",
                            "rule.2742039536.self": "false",
                            "rule.2742039536.to_port": "2049",
                            "rule.3467029331.cidr": "0.0.0.0/0",
                            "rule.3467029331.from_group_id": "",
                            "rule.3467029331.from_port": "8002",
                            "rule.3467029331.id": "183f6ec3-64ba-48ff-b4e2-287a5380125d",
                            "rule.3467029331.ip_protocol": "tcp",
                            "rule.3467029331.self": "false",
                            "rule.3467029331.to_port": "8002",
                            "rule.3719211069.cidr": "0.0.0.0/0",
                            "rule.3719211069.from_group_id": "",
                            "rule.3719211069.from_port": "80",
                            "rule.3719211069.id": "757072a5-e83f-463f-8c73-b663ab864a70",
                            "rule.3719211069.ip_protocol": "tcp",
                            "rule.3719211069.self": "false",
                            "rule.3719211069.to_port": "80",
                            "rule.3723368189.cidr": "0.0.0.0/0",
                            "rule.3723368189.from_group_id": "",
                            "rule.3723368189.from_port": "2049",
                            "rule.3723368189.id": "5c548f26-adfc-4600-8d3d-0ca31c380887",
                            "rule.3723368189.ip_protocol": "udp",
                            "rule.3723368189.self": "false",
                            "rule.3723368189.to_port": "2049",
                            "rule.3815358244.cidr": "0.0.0.0/0",
                            "rule.3815358244.from_group_id": "",
                            "rule.3815358244.from_port": "5432",
                            "rule.3815358244.id": "ea856887-876b-478b-8809-2b117e56cfcf",
                            "rule.3815358244.ip_protocol": "tcp",
                            "rule.3815358244.self": "false",
                            "rule.3815358244.to_port": "5432",
                            "rule.542868096.cidr": "0.0.0.0/0",
                            "rule.542868096.from_group_id": "",
                            "rule.542868096.from_port": "8000",
                            "rule.542868096.id": "e1aa1286-f372-4a95-a4e3-763b2286e2be",
                            "rule.542868096.ip_protocol": "tcp",
                            "rule.542868096.self": "false",
                            "rule.542868096.to_port": "8000",
                            "rule.836640770.cidr": "0.0.0.0/0",
                            "rule.836640770.from_group_id": "",
                            "rule.836640770.from_port": "22",
                            "rule.836640770.id": "42507021-ee5a-4eff-855e-9b8d06a8020e",
                            "rule.836640770.ip_protocol": "tcp",
                            "rule.836640770.self": "false",
                            "rule.836640770.to_port": "22"
                        },
                        "meta": {
                            "e2bfb730-ecaa-11e6-8f88-34363bc7c4c0": {
                                "delete": 600000000000
                            }
                        },
                        "tainted": false
                    },
                    "deposed": [],
                    "provider": "provider.openstack"
                },
                "openstack_compute_volume_attach_v2.attached": {
                    "type": "openstack_compute_volume_attach_v2",
                    "depends_on": [
                        "openstack_blockstorage_volume_v2.nfs_volume",
                        "openstack_compute_instance_v2.nfs_server"
                    ],
                    "primary": {
                        "id": "e518c829-4522-4f8d-a532-78412418e161/e724dd51-95ad-4a29-a7bf-b3e0669650ec",
                        "attributes": {
                            "device": "/dev/vdb",
                            "id": "e518c829-4522-4f8d-a532-78412418e161/e724dd51-95ad-4a29-a7bf-b3e0669650ec",
                            "instance_id": "e518c829-4522-4f8d-a532-78412418e161",
                            "region": "regionOne",
                            "volume_id": "e724dd51-95ad-4a29-a7bf-b3e0669650ec"
                        },
                        "meta": {
                            "e2bfb730-ecaa-11e6-8f88-34363bc7c4c0": {
                                "create": 600000000000,
                                "delete": 600000000000
                            }
                        },
                        "tainted": false
                    },
                    "deposed": [],
                    "provider": "provider.openstack"
                },
                "openstack_networking_network_v2.sequence_search": {
                    "type": "openstack_networking_network_v2",
                    "depends_on": [],
                    "primary": {
                        "id": "4c489791-1999-4bbe-b629-8dcae3dc7761",
                        "attributes": {
                            "admin_state_up": "true",
                            "all_tags.#": "0",
                            "availability_zone_hints.#": "0",
                            "description": "",
                            "dns_domain": "",
                            "external": "false",
                            "id": "4c489791-1999-4bbe-b629-8dcae3dc7761",
                            "mtu": "1500",
                            "name": "test_sequence_search",
                            "port_security_enabled": "true",
                            "region": "regionOne",
                            "shared": "false",
                            "tags.#": "0",
                            "tenant_id": "bd631be0b7e641a7bd0c187493e7104e",
                            "transparent_vlan": "false"
                        },
                        "meta": {
                            "e2bfb730-ecaa-11e6-8f88-34363bc7c4c0": {
                                "create": 600000000000,
                                "delete": 600000000000
                            }
                        },
                        "tainted": false
                    },
                    "deposed": [],
                    "provider": "provider.openstack"
                },
                "openstack_networking_router_interface_v2.sequence_search": {
                    "type": "openstack_networking_router_interface_v2",
                    "depends_on": [
                        "openstack_networking_router_v2.sequence_search",
                        "openstack_networking_subnet_v2.sequence_search"
                    ],
                    "primary": {
                        "id": "d70728bb-fb9c-4128-9b38-6dbbc95d589b",
                        "attributes": {
                            "id": "d70728bb-fb9c-4128-9b38-6dbbc95d589b",
                            "port_id": "d70728bb-fb9c-4128-9b38-6dbbc95d589b",
                            "region": "regionOne",
                            "router_id": "52808395-d572-40b7-b7bb-7d97c1ab35bd",
                            "subnet_id": "9a191f6b-6773-4632-8128-ae2fb2327239"
                        },
                        "meta": {
                            "e2bfb730-ecaa-11e6-8f88-34363bc7c4c0": {
                                "create": 600000000000,
                                "delete": 600000000000
                            }
                        },
                        "tainted": false
                    },
                    "deposed": [],
                    "provider": "provider.openstack"
                },
                "openstack_networking_router_v2.sequence_search": {
                    "type": "openstack_networking_router_v2",
                    "depends_on": [],
                    "primary": {
                        "id": "52808395-d572-40b7-b7bb-7d97c1ab35bd",
                        "attributes": {
                            "admin_state_up": "true",
                            "all_tags.#": "0",
                            "availability_zone_hints.#": "0",
                            "description": "",
                            "distributed": "false",
                            "enable_snat": "true",
                            "external_fixed_ip.#": "1",
                            "external_fixed_ip.0.ip_address": "193.62.55.94",
                            "external_fixed_ip.0.subnet_id": "3c926da4-b320-4320-8d62-f70e2078a2fd",
                            "external_gateway": "e25c3173-bb5c-4bbc-83a7-f0551099c8cd",
                            "external_network_id": "e25c3173-bb5c-4bbc-83a7-f0551099c8cd",
                            "id": "52808395-d572-40b7-b7bb-7d97c1ab35bd",
                            "name": "test_sequence_search",
                            "region": "regionOne",
                            "tags.#": "0",
                            "tenant_id": "bd631be0b7e641a7bd0c187493e7104e"
                        },
                        "meta": {
                            "e2bfb730-ecaa-11e6-8f88-34363bc7c4c0": {
                                "create": 600000000000,
                                "delete": 600000000000
                            }
                        },
                        "tainted": false
                    },
                    "deposed": [],
                    "provider": "provider.openstack"
                },
                "openstack_networking_subnet_v2.sequence_search": {
                    "type": "openstack_networking_subnet_v2",
                    "depends_on": [
                        "openstack_networking_network_v2.sequence_search"
                    ],
                    "primary": {
                        "id": "9a191f6b-6773-4632-8128-ae2fb2327239",
                        "attributes": {
                            "all_tags.#": "0",
                            "allocation_pools.#": "1",
                            "allocation_pools.0.end": "192.168.0.254",
                            "allocation_pools.0.start": "192.168.0.2",
                            "cidr": "192.168.0.0/24",
                            "description": "",
                            "dns_nameservers.#": "1",
                            "dns_nameservers.0": "8.8.8.8",
                            "enable_dhcp": "true",
                            "gateway_ip": "192.168.0.1",
                            "id": "9a191f6b-6773-4632-8128-ae2fb2327239",
                            "ip_version": "4",
                            "ipv6_address_mode": "",
                            "ipv6_ra_mode": "",
                            "name": "test_sequence_search",
                            "network_id": "4c489791-1999-4bbe-b629-8dcae3dc7761",
                            "no_gateway": "false",
                            "region": "regionOne",
                            "subnetpool_id": "",
                            "tags.#": "0",
                            "tenant_id": "bd631be0b7e641a7bd0c187493e7104e"
                        },
                        "meta": {
                            "e2bfb730-ecaa-11e6-8f88-34363bc7c4c0": {
                                "create": 600000000000,
                                "delete": 600000000000
                            }
                        },
                        "tainted": false
                    },
                    "deposed": [],
                    "provider": "provider.openstack"
                }
            },
            "depends_on": []
        }
    ]
}
