{
  "version": 4,
  "terraform_version": "1.0.1",
  "serial": 610,
  "lineage": "e850eb49-a560-c884-b04f-9a9433fdd4c2",
  "outputs": {
    "floating_ip": {
      "value": [
        "45.88.80.122"
      ],
      "type": [
        "tuple",
        [
          "string"
        ]
      ]
    },
    "tfstate_file": {
      "value": [
        "terraform.tfstate.d/test/terraform.tfstate"
      ],
      "type": [
        "tuple",
        [
          "string"
        ]
      ]
    }
  },
  "resources": [
    {
      "mode": "managed",
      "type": "null_resource",
      "name": "pre_flight",
      "provider": "provider[\"registry.terraform.io/hashicorp/null\"]",
      "instances": [
        {
          "schema_version": 0,
          "attributes": {
            "id": "3751429242930640633",
            "triggers": {
              "build_number": "2022-05-24T15:36:18Z"
            }
          },
          "sensitive_attributes": [],
          "private": "bnVsbA=="
        }
      ]
    },
    {
      "mode": "managed",
      "type": "openstack_blockstorage_volume_v2",
      "name": "db_volume",
      "provider": "provider[\"registry.terraform.io/terraform-provider-openstack/openstack\"]",
      "instances": [
        {
          "schema_version": 0,
          "attributes": {
            "attachment": [],
            "availability_zone": "nova",
            "consistency_group_id": null,
            "description": "",
            "id": "6da1f36e-581c-4d34-92b2-680052c6f4b8",
            "image_id": null,
            "metadata": {},
            "name": "test-db-volume",
            "region": "RegionOne",
            "scheduler_hints": [],
            "size": 100,
            "snapshot_id": "",
            "source_replica": null,
            "source_vol_id": "",
            "timeouts": null,
            "volume_type": "__DEFAULT__"
          },
          "sensitive_attributes": [],
          "private": "eyJlMmJmYjczMC1lY2FhLTExZTYtOGY4OC0zNDM2M2JjN2M0YzAiOnsiY3JlYXRlIjo2MDAwMDAwMDAwMDAsImRlbGV0ZSI6NjAwMDAwMDAwMDAwfX0="
        }
      ]
    },
    {
      "mode": "managed",
      "type": "openstack_blockstorage_volume_v2",
      "name": "nfs_volume",
      "provider": "provider[\"registry.terraform.io/terraform-provider-openstack/openstack\"]",
      "instances": [
        {
          "schema_version": 0,
          "attributes": {
            "attachment": [],
            "availability_zone": "nova",
            "consistency_group_id": null,
            "description": "",
            "id": "d27d20e7-ae0e-4231-b3c8-68da1654dfa6",
            "image_id": null,
            "metadata": {},
            "name": "test-nfs-volume",
            "region": "RegionOne",
            "scheduler_hints": [],
            "size": 100,
            "snapshot_id": "",
            "source_replica": null,
            "source_vol_id": "",
            "timeouts": null,
            "volume_type": "__DEFAULT__"
          },
          "sensitive_attributes": [],
          "private": "eyJlMmJmYjczMC1lY2FhLTExZTYtOGY4OC0zNDM2M2JjN2M0YzAiOnsiY3JlYXRlIjo2MDAwMDAwMDAwMDAsImRlbGV0ZSI6NjAwMDAwMDAwMDAwfX0="
        }
      ]
    },
    {
      "mode": "managed",
      "type": "openstack_compute_floatingip_associate_v2",
      "name": "sequence_search",
      "provider": "provider[\"registry.terraform.io/terraform-provider-openstack/openstack\"]",
      "instances": [
        {
          "schema_version": 0,
          "attributes": {
            "fixed_ip": "",
            "floating_ip": "45.88.80.122",
            "id": "45.88.80.122/d9e32aa9-9e87-479f-aaa6-744625314ea3/",
            "instance_id": "d9e32aa9-9e87-479f-aaa6-744625314ea3",
            "region": "RegionOne",
            "timeouts": null,
            "wait_until_associated": null
          },
          "sensitive_attributes": [],
          "private": "eyJlMmJmYjczMC1lY2FhLTExZTYtOGY4OC0zNDM2M2JjN2M0YzAiOnsiY3JlYXRlIjo2MDAwMDAwMDAwMDB9fQ==",
          "dependencies": [
            "openstack_compute_instance_v2.producer",
            "openstack_compute_keypair_v2.sequence_search",
            "openstack_compute_secgroup_v2.sequence_search",
            "openstack_networking_network_v2.sequence_search",
            "openstack_networking_router_interface_v2.sequence_search",
            "openstack_networking_router_v2.sequence_search",
            "openstack_networking_subnet_v2.sequence_search"
          ]
        }
      ]
    },
    {
      "mode": "managed",
      "type": "openstack_compute_instance_v2",
      "name": "consumers",
      "provider": "provider[\"registry.terraform.io/terraform-provider-openstack/openstack\"]",
      "instances": [
        {
          "index_key": 0,
          "schema_version": 0,
          "attributes": {
            "access_ip_v4": "192.168.0.9",
            "access_ip_v6": "",
            "admin_pass": null,
            "all_metadata": {},
            "all_tags": [],
            "availability_zone": "nova",
            "availability_zone_hints": null,
            "block_device": [],
            "config_drive": null,
            "flavor_id": "e69dd9e7-4425-4296-bd6e-a26bfc8f3e00",
            "flavor_name": "4c8m80d",
            "floating_ip": null,
            "force_delete": false,
            "id": "1a5f7ed7-c02b-4ab6-b258-28e3747d0829",
            "image_id": "3418c92f-ef4c-465b-bad3-9ae90a2e2a0f",
            "image_name": "CentOS-Stream-GenericCloud-8-20220125",
            "key_pair": "test_sequence_search",
            "metadata": null,
            "name": "test-consumer-1",
            "network": [
              {
                "access_network": false,
                "fixed_ip_v4": "192.168.0.9",
                "fixed_ip_v6": "",
                "floating_ip": "",
                "mac": "fa:16:3e:6d:33:00",
                "name": "test_sequence_search",
                "port": "",
                "uuid": "f1b96109-b577-4ef2-8cc0-169f28d9384a"
              }
            ],
            "network_mode": null,
            "personality": [],
            "power_state": "active",
            "region": "RegionOne",
            "scheduler_hints": [],
            "security_groups": [
              "test_sequence_search"
            ],
            "stop_before_destroy": false,
            "tags": null,
            "timeouts": null,
            "user_data": null,
            "vendor_options": [],
            "volume": []
          },
          "sensitive_attributes": [],
          "private": "eyJlMmJmYjczMC1lY2FhLTExZTYtOGY4OC0zNDM2M2JjN2M0YzAiOnsiY3JlYXRlIjoxODAwMDAwMDAwMDAwLCJkZWxldGUiOjE4MDAwMDAwMDAwMDAsInVwZGF0ZSI6MTgwMDAwMDAwMDAwMH19",
          "dependencies": [
            "openstack_compute_keypair_v2.sequence_search",
            "openstack_compute_secgroup_v2.sequence_search",
            "openstack_networking_network_v2.sequence_search",
            "openstack_networking_subnet_v2.sequence_search"
          ]
        },
        {
          "index_key": 1,
          "schema_version": 0,
          "attributes": {
            "access_ip_v4": "192.168.0.10",
            "access_ip_v6": "",
            "admin_pass": null,
            "all_metadata": {},
            "all_tags": [],
            "availability_zone": "nova",
            "availability_zone_hints": null,
            "block_device": [],
            "config_drive": null,
            "flavor_id": "e69dd9e7-4425-4296-bd6e-a26bfc8f3e00",
            "flavor_name": "4c8m80d",
            "floating_ip": null,
            "force_delete": false,
            "id": "04f8667c-5e5a-4246-90ca-e296d4780e1c",
            "image_id": "3418c92f-ef4c-465b-bad3-9ae90a2e2a0f",
            "image_name": "CentOS-Stream-GenericCloud-8-20220125",
            "key_pair": "test_sequence_search",
            "metadata": null,
            "name": "test-consumer-2",
            "network": [
              {
                "access_network": false,
                "fixed_ip_v4": "192.168.0.10",
                "fixed_ip_v6": "",
                "floating_ip": "",
                "mac": "fa:16:3e:cc:bb:8a",
                "name": "test_sequence_search",
                "port": "",
                "uuid": "f1b96109-b577-4ef2-8cc0-169f28d9384a"
              }
            ],
            "network_mode": null,
            "personality": [],
            "power_state": "active",
            "region": "RegionOne",
            "scheduler_hints": [],
            "security_groups": [
              "test_sequence_search"
            ],
            "stop_before_destroy": false,
            "tags": null,
            "timeouts": null,
            "user_data": null,
            "vendor_options": [],
            "volume": []
          },
          "sensitive_attributes": [],
          "private": "eyJlMmJmYjczMC1lY2FhLTExZTYtOGY4OC0zNDM2M2JjN2M0YzAiOnsiY3JlYXRlIjoxODAwMDAwMDAwMDAwLCJkZWxldGUiOjE4MDAwMDAwMDAwMDAsInVwZGF0ZSI6MTgwMDAwMDAwMDAwMH19",
          "dependencies": [
            "openstack_compute_keypair_v2.sequence_search",
            "openstack_compute_secgroup_v2.sequence_search",
            "openstack_networking_network_v2.sequence_search",
            "openstack_networking_subnet_v2.sequence_search"
          ]
        },
        {
          "index_key": 2,
          "schema_version": 0,
          "attributes": {
            "access_ip_v4": "192.168.0.11",
            "access_ip_v6": "",
            "admin_pass": null,
            "all_metadata": {},
            "all_tags": [],
            "availability_zone": "nova",
            "availability_zone_hints": null,
            "block_device": [],
            "config_drive": null,
            "flavor_id": "e69dd9e7-4425-4296-bd6e-a26bfc8f3e00",
            "flavor_name": "4c8m80d",
            "floating_ip": null,
            "force_delete": false,
            "id": "4396cbef-5949-437b-9071-2bb5aff82811",
            "image_id": "3418c92f-ef4c-465b-bad3-9ae90a2e2a0f",
            "image_name": "CentOS-Stream-GenericCloud-8-20220125",
            "key_pair": "test_sequence_search",
            "metadata": null,
            "name": "test-consumer-3",
            "network": [
              {
                "access_network": false,
                "fixed_ip_v4": "192.168.0.11",
                "fixed_ip_v6": "",
                "floating_ip": "",
                "mac": "fa:16:3e:b0:72:b8",
                "name": "test_sequence_search",
                "port": "",
                "uuid": "f1b96109-b577-4ef2-8cc0-169f28d9384a"
              }
            ],
            "network_mode": null,
            "personality": [],
            "power_state": "active",
            "region": "RegionOne",
            "scheduler_hints": [],
            "security_groups": [
              "test_sequence_search"
            ],
            "stop_before_destroy": false,
            "tags": null,
            "timeouts": null,
            "user_data": null,
            "vendor_options": [],
            "volume": []
          },
          "sensitive_attributes": [],
          "private": "eyJlMmJmYjczMC1lY2FhLTExZTYtOGY4OC0zNDM2M2JjN2M0YzAiOnsiY3JlYXRlIjoxODAwMDAwMDAwMDAwLCJkZWxldGUiOjE4MDAwMDAwMDAwMDAsInVwZGF0ZSI6MTgwMDAwMDAwMDAwMH19",
          "dependencies": [
            "openstack_compute_keypair_v2.sequence_search",
            "openstack_compute_secgroup_v2.sequence_search",
            "openstack_networking_network_v2.sequence_search",
            "openstack_networking_subnet_v2.sequence_search"
          ]
        },
        {
          "index_key": 3,
          "schema_version": 0,
          "attributes": {
            "access_ip_v4": "192.168.0.12",
            "access_ip_v6": "",
            "admin_pass": null,
            "all_metadata": {},
            "all_tags": [],
            "availability_zone": "nova",
            "availability_zone_hints": null,
            "block_device": [],
            "config_drive": null,
            "flavor_id": "e69dd9e7-4425-4296-bd6e-a26bfc8f3e00",
            "flavor_name": "4c8m80d",
            "floating_ip": null,
            "force_delete": false,
            "id": "bd811a33-de67-434b-bc6f-46bed3c343e8",
            "image_id": "3418c92f-ef4c-465b-bad3-9ae90a2e2a0f",
            "image_name": "CentOS-Stream-GenericCloud-8-20220125",
            "key_pair": "test_sequence_search",
            "metadata": null,
            "name": "test-consumer-4",
            "network": [
              {
                "access_network": false,
                "fixed_ip_v4": "192.168.0.12",
                "fixed_ip_v6": "",
                "floating_ip": "",
                "mac": "fa:16:3e:ca:b0:15",
                "name": "test_sequence_search",
                "port": "",
                "uuid": "f1b96109-b577-4ef2-8cc0-169f28d9384a"
              }
            ],
            "network_mode": null,
            "personality": [],
            "power_state": "active",
            "region": "RegionOne",
            "scheduler_hints": [],
            "security_groups": [
              "test_sequence_search"
            ],
            "stop_before_destroy": false,
            "tags": null,
            "timeouts": null,
            "user_data": null,
            "vendor_options": [],
            "volume": []
          },
          "sensitive_attributes": [],
          "private": "eyJlMmJmYjczMC1lY2FhLTExZTYtOGY4OC0zNDM2M2JjN2M0YzAiOnsiY3JlYXRlIjoxODAwMDAwMDAwMDAwLCJkZWxldGUiOjE4MDAwMDAwMDAwMDAsInVwZGF0ZSI6MTgwMDAwMDAwMDAwMH19",
          "dependencies": [
            "openstack_compute_keypair_v2.sequence_search",
            "openstack_compute_secgroup_v2.sequence_search",
            "openstack_networking_network_v2.sequence_search",
            "openstack_networking_subnet_v2.sequence_search"
          ]
        },
        {
          "index_key": 4,
          "schema_version": 0,
          "attributes": {
            "access_ip_v4": "192.168.0.13",
            "access_ip_v6": "",
            "admin_pass": null,
            "all_metadata": {},
            "all_tags": [],
            "availability_zone": "nova",
            "availability_zone_hints": null,
            "block_device": [],
            "config_drive": null,
            "flavor_id": "e69dd9e7-4425-4296-bd6e-a26bfc8f3e00",
            "flavor_name": "4c8m80d",
            "floating_ip": null,
            "force_delete": false,
            "id": "75c8042b-a5c9-4abd-9fde-1b90e424cb4b",
            "image_id": "3418c92f-ef4c-465b-bad3-9ae90a2e2a0f",
            "image_name": "CentOS-Stream-GenericCloud-8-20220125",
            "key_pair": "test_sequence_search",
            "metadata": null,
            "name": "test-consumer-5",
            "network": [
              {
                "access_network": false,
                "fixed_ip_v4": "192.168.0.13",
                "fixed_ip_v6": "",
                "floating_ip": "",
                "mac": "fa:16:3e:83:bd:a1",
                "name": "test_sequence_search",
                "port": "",
                "uuid": "f1b96109-b577-4ef2-8cc0-169f28d9384a"
              }
            ],
            "network_mode": null,
            "personality": [],
            "power_state": "active",
            "region": "RegionOne",
            "scheduler_hints": [],
            "security_groups": [
              "test_sequence_search"
            ],
            "stop_before_destroy": false,
            "tags": null,
            "timeouts": null,
            "user_data": null,
            "vendor_options": [],
            "volume": []
          },
          "sensitive_attributes": [],
          "private": "eyJlMmJmYjczMC1lY2FhLTExZTYtOGY4OC0zNDM2M2JjN2M0YzAiOnsiY3JlYXRlIjoxODAwMDAwMDAwMDAwLCJkZWxldGUiOjE4MDAwMDAwMDAwMDAsInVwZGF0ZSI6MTgwMDAwMDAwMDAwMH19",
          "dependencies": [
            "openstack_compute_keypair_v2.sequence_search",
            "openstack_compute_secgroup_v2.sequence_search",
            "openstack_networking_network_v2.sequence_search",
            "openstack_networking_subnet_v2.sequence_search"
          ]
        },
        {
          "index_key": 5,
          "schema_version": 0,
          "attributes": {
            "access_ip_v4": "192.168.0.14",
            "access_ip_v6": "",
            "admin_pass": null,
            "all_metadata": {},
            "all_tags": [],
            "availability_zone": "nova",
            "availability_zone_hints": null,
            "block_device": [],
            "config_drive": null,
            "flavor_id": "e69dd9e7-4425-4296-bd6e-a26bfc8f3e00",
            "flavor_name": "4c8m80d",
            "floating_ip": null,
            "force_delete": false,
            "id": "4473d08f-1823-45b4-b636-871342b11d6e",
            "image_id": "3418c92f-ef4c-465b-bad3-9ae90a2e2a0f",
            "image_name": "CentOS-Stream-GenericCloud-8-20220125",
            "key_pair": "test_sequence_search",
            "metadata": null,
            "name": "test-consumer-6",
            "network": [
              {
                "access_network": false,
                "fixed_ip_v4": "192.168.0.14",
                "fixed_ip_v6": "",
                "floating_ip": "",
                "mac": "fa:16:3e:fe:d4:e0",
                "name": "test_sequence_search",
                "port": "",
                "uuid": "f1b96109-b577-4ef2-8cc0-169f28d9384a"
              }
            ],
            "network_mode": null,
            "personality": [],
            "power_state": "active",
            "region": "RegionOne",
            "scheduler_hints": [],
            "security_groups": [
              "test_sequence_search"
            ],
            "stop_before_destroy": false,
            "tags": null,
            "timeouts": null,
            "user_data": null,
            "vendor_options": [],
            "volume": []
          },
          "sensitive_attributes": [],
          "private": "eyJlMmJmYjczMC1lY2FhLTExZTYtOGY4OC0zNDM2M2JjN2M0YzAiOnsiY3JlYXRlIjoxODAwMDAwMDAwMDAwLCJkZWxldGUiOjE4MDAwMDAwMDAwMDAsInVwZGF0ZSI6MTgwMDAwMDAwMDAwMH19",
          "dependencies": [
            "openstack_compute_keypair_v2.sequence_search",
            "openstack_compute_secgroup_v2.sequence_search",
            "openstack_networking_network_v2.sequence_search",
            "openstack_networking_subnet_v2.sequence_search"
          ]
        },
        {
          "index_key": 6,
          "schema_version": 0,
          "attributes": {
            "access_ip_v4": "192.168.0.15",
            "access_ip_v6": "",
            "admin_pass": null,
            "all_metadata": {},
            "all_tags": [],
            "availability_zone": "nova",
            "availability_zone_hints": null,
            "block_device": [],
            "config_drive": null,
            "flavor_id": "e69dd9e7-4425-4296-bd6e-a26bfc8f3e00",
            "flavor_name": "4c8m80d",
            "floating_ip": null,
            "force_delete": false,
            "id": "1b3a7025-23d5-438a-a1d7-a5eb955c8871",
            "image_id": "3418c92f-ef4c-465b-bad3-9ae90a2e2a0f",
            "image_name": "CentOS-Stream-GenericCloud-8-20220125",
            "key_pair": "test_sequence_search",
            "metadata": null,
            "name": "test-consumer-7",
            "network": [
              {
                "access_network": false,
                "fixed_ip_v4": "192.168.0.15",
                "fixed_ip_v6": "",
                "floating_ip": "",
                "mac": "fa:16:3e:c1:2c:1e",
                "name": "test_sequence_search",
                "port": "",
                "uuid": "f1b96109-b577-4ef2-8cc0-169f28d9384a"
              }
            ],
            "network_mode": null,
            "personality": [],
            "power_state": "active",
            "region": "RegionOne",
            "scheduler_hints": [],
            "security_groups": [
              "test_sequence_search"
            ],
            "stop_before_destroy": false,
            "tags": null,
            "timeouts": null,
            "user_data": null,
            "vendor_options": [],
            "volume": []
          },
          "sensitive_attributes": [],
          "private": "eyJlMmJmYjczMC1lY2FhLTExZTYtOGY4OC0zNDM2M2JjN2M0YzAiOnsiY3JlYXRlIjoxODAwMDAwMDAwMDAwLCJkZWxldGUiOjE4MDAwMDAwMDAwMDAsInVwZGF0ZSI6MTgwMDAwMDAwMDAwMH19",
          "dependencies": [
            "openstack_compute_keypair_v2.sequence_search",
            "openstack_compute_secgroup_v2.sequence_search",
            "openstack_networking_network_v2.sequence_search",
            "openstack_networking_subnet_v2.sequence_search"
          ]
        },
        {
          "index_key": 7,
          "schema_version": 0,
          "attributes": {
            "access_ip_v4": "192.168.0.16",
            "access_ip_v6": "",
            "admin_pass": null,
            "all_metadata": {},
            "all_tags": [],
            "availability_zone": "nova",
            "availability_zone_hints": null,
            "block_device": [],
            "config_drive": null,
            "flavor_id": "e69dd9e7-4425-4296-bd6e-a26bfc8f3e00",
            "flavor_name": "4c8m80d",
            "floating_ip": null,
            "force_delete": false,
            "id": "0a517db0-b55e-4cdc-9696-59a782adc2ec",
            "image_id": "3418c92f-ef4c-465b-bad3-9ae90a2e2a0f",
            "image_name": "CentOS-Stream-GenericCloud-8-20220125",
            "key_pair": "test_sequence_search",
            "metadata": null,
            "name": "test-consumer-8",
            "network": [
              {
                "access_network": false,
                "fixed_ip_v4": "192.168.0.16",
                "fixed_ip_v6": "",
                "floating_ip": "",
                "mac": "fa:16:3e:86:53:41",
                "name": "test_sequence_search",
                "port": "",
                "uuid": "f1b96109-b577-4ef2-8cc0-169f28d9384a"
              }
            ],
            "network_mode": null,
            "personality": [],
            "power_state": "active",
            "region": "RegionOne",
            "scheduler_hints": [],
            "security_groups": [
              "test_sequence_search"
            ],
            "stop_before_destroy": false,
            "tags": null,
            "timeouts": null,
            "user_data": null,
            "vendor_options": [],
            "volume": []
          },
          "sensitive_attributes": [],
          "private": "eyJlMmJmYjczMC1lY2FhLTExZTYtOGY4OC0zNDM2M2JjN2M0YzAiOnsiY3JlYXRlIjoxODAwMDAwMDAwMDAwLCJkZWxldGUiOjE4MDAwMDAwMDAwMDAsInVwZGF0ZSI6MTgwMDAwMDAwMDAwMH19",
          "dependencies": [
            "openstack_compute_keypair_v2.sequence_search",
            "openstack_compute_secgroup_v2.sequence_search",
            "openstack_networking_network_v2.sequence_search",
            "openstack_networking_subnet_v2.sequence_search"
          ]
        },
        {
          "index_key": 8,
          "schema_version": 0,
          "attributes": {
            "access_ip_v4": "192.168.0.17",
            "access_ip_v6": "",
            "admin_pass": null,
            "all_metadata": {},
            "all_tags": [],
            "availability_zone": "nova",
            "availability_zone_hints": null,
            "block_device": [],
            "config_drive": null,
            "flavor_id": "e69dd9e7-4425-4296-bd6e-a26bfc8f3e00",
            "flavor_name": "4c8m80d",
            "floating_ip": null,
            "force_delete": false,
            "id": "224d8d2c-949d-41a4-a2e7-600bc0d1357c",
            "image_id": "3418c92f-ef4c-465b-bad3-9ae90a2e2a0f",
            "image_name": "CentOS-Stream-GenericCloud-8-20220125",
            "key_pair": "test_sequence_search",
            "metadata": null,
            "name": "test-consumer-9",
            "network": [
              {
                "access_network": false,
                "fixed_ip_v4": "192.168.0.17",
                "fixed_ip_v6": "",
                "floating_ip": "",
                "mac": "fa:16:3e:71:7a:f4",
                "name": "test_sequence_search",
                "port": "",
                "uuid": "f1b96109-b577-4ef2-8cc0-169f28d9384a"
              }
            ],
            "network_mode": null,
            "personality": [],
            "power_state": "active",
            "region": "RegionOne",
            "scheduler_hints": [],
            "security_groups": [
              "test_sequence_search"
            ],
            "stop_before_destroy": false,
            "tags": null,
            "timeouts": null,
            "user_data": null,
            "vendor_options": [],
            "volume": []
          },
          "sensitive_attributes": [],
          "private": "eyJlMmJmYjczMC1lY2FhLTExZTYtOGY4OC0zNDM2M2JjN2M0YzAiOnsiY3JlYXRlIjoxODAwMDAwMDAwMDAwLCJkZWxldGUiOjE4MDAwMDAwMDAwMDAsInVwZGF0ZSI6MTgwMDAwMDAwMDAwMH19",
          "dependencies": [
            "openstack_compute_keypair_v2.sequence_search",
            "openstack_compute_secgroup_v2.sequence_search",
            "openstack_networking_network_v2.sequence_search",
            "openstack_networking_subnet_v2.sequence_search"
          ]
        },
        {
          "index_key": 9,
          "schema_version": 0,
          "attributes": {
            "access_ip_v4": "192.168.0.18",
            "access_ip_v6": "",
            "admin_pass": null,
            "all_metadata": {},
            "all_tags": [],
            "availability_zone": "nova",
            "availability_zone_hints": null,
            "block_device": [],
            "config_drive": null,
            "flavor_id": "e69dd9e7-4425-4296-bd6e-a26bfc8f3e00",
            "flavor_name": "4c8m80d",
            "floating_ip": null,
            "force_delete": false,
            "id": "8e6d4d3e-c2ef-4273-999c-e6b5fb88b982",
            "image_id": "3418c92f-ef4c-465b-bad3-9ae90a2e2a0f",
            "image_name": "CentOS-Stream-GenericCloud-8-20220125",
            "key_pair": "test_sequence_search",
            "metadata": null,
            "name": "test-consumer-10",
            "network": [
              {
                "access_network": false,
                "fixed_ip_v4": "192.168.0.18",
                "fixed_ip_v6": "",
                "floating_ip": "",
                "mac": "fa:16:3e:3b:46:19",
                "name": "test_sequence_search",
                "port": "",
                "uuid": "f1b96109-b577-4ef2-8cc0-169f28d9384a"
              }
            ],
            "network_mode": null,
            "personality": [],
            "power_state": "active",
            "region": "RegionOne",
            "scheduler_hints": [],
            "security_groups": [
              "test_sequence_search"
            ],
            "stop_before_destroy": false,
            "tags": null,
            "timeouts": null,
            "user_data": null,
            "vendor_options": [],
            "volume": []
          },
          "sensitive_attributes": [],
          "private": "eyJlMmJmYjczMC1lY2FhLTExZTYtOGY4OC0zNDM2M2JjN2M0YzAiOnsiY3JlYXRlIjoxODAwMDAwMDAwMDAwLCJkZWxldGUiOjE4MDAwMDAwMDAwMDAsInVwZGF0ZSI6MTgwMDAwMDAwMDAwMH19",
          "dependencies": [
            "openstack_compute_keypair_v2.sequence_search",
            "openstack_compute_secgroup_v2.sequence_search",
            "openstack_networking_network_v2.sequence_search",
            "openstack_networking_subnet_v2.sequence_search"
          ]
        }
      ]
    },
    {
      "mode": "managed",
      "type": "openstack_compute_instance_v2",
      "name": "monitor",
      "provider": "provider[\"registry.terraform.io/terraform-provider-openstack/openstack\"]",
      "instances": [
        {
          "schema_version": 0,
          "attributes": {
            "access_ip_v4": "192.168.0.8",
            "access_ip_v6": "",
            "admin_pass": null,
            "all_metadata": {},
            "all_tags": [],
            "availability_zone": "nova",
            "availability_zone_hints": null,
            "block_device": [],
            "config_drive": null,
            "flavor_id": "c8b96dee-35be-4462-ae59-a90cb2981526",
            "flavor_name": "1c2m20d",
            "floating_ip": null,
            "force_delete": false,
            "id": "7a0763ae-88ce-40ac-9733-98b240997d43",
            "image_id": "3418c92f-ef4c-465b-bad3-9ae90a2e2a0f",
            "image_name": "CentOS-Stream-GenericCloud-8-20220125",
            "key_pair": "test_sequence_search",
            "metadata": null,
            "name": "test-monitor",
            "network": [
              {
                "access_network": false,
                "fixed_ip_v4": "192.168.0.8",
                "fixed_ip_v6": "",
                "floating_ip": "",
                "mac": "fa:16:3e:98:15:b7",
                "name": "test_sequence_search",
                "port": "",
                "uuid": "f1b96109-b577-4ef2-8cc0-169f28d9384a"
              }
            ],
            "network_mode": null,
            "personality": [],
            "power_state": "active",
            "region": "RegionOne",
            "scheduler_hints": [],
            "security_groups": [
              "test_sequence_search_monitor_instance"
            ],
            "stop_before_destroy": false,
            "tags": null,
            "timeouts": null,
            "user_data": null,
            "vendor_options": [],
            "volume": []
          },
          "sensitive_attributes": [],
          "private": "eyJlMmJmYjczMC1lY2FhLTExZTYtOGY4OC0zNDM2M2JjN2M0YzAiOnsiY3JlYXRlIjoxODAwMDAwMDAwMDAwLCJkZWxldGUiOjE4MDAwMDAwMDAwMDAsInVwZGF0ZSI6MTgwMDAwMDAwMDAwMH19",
          "dependencies": [
            "openstack_compute_keypair_v2.sequence_search",
            "openstack_compute_secgroup_v2.sequence_search_monitor_instance",
            "openstack_networking_network_v2.sequence_search",
            "openstack_networking_subnet_v2.sequence_search"
          ]
        }
      ]
    },
    {
      "mode": "managed",
      "type": "openstack_compute_instance_v2",
      "name": "nfs_server",
      "provider": "provider[\"registry.terraform.io/terraform-provider-openstack/openstack\"]",
      "instances": [
        {
          "schema_version": 0,
          "attributes": {
            "access_ip_v4": "192.168.0.7",
            "access_ip_v6": "",
            "admin_pass": null,
            "all_metadata": {},
            "all_tags": [],
            "availability_zone": "nova",
            "availability_zone_hints": null,
            "block_device": [],
            "config_drive": null,
            "flavor_id": "f3b60bce-c94d-4c78-b322-12a63c0f4751",
            "flavor_name": "2c2m80d",
            "floating_ip": null,
            "force_delete": false,
            "id": "fe17b433-7692-4f77-a18d-6042899cb4ad",
            "image_id": "fe772dd2-65ed-4592-8024-0a71c2ab751e",
            "image_name": "Ubuntu-18.04",
            "key_pair": "test_sequence_search",
            "metadata": null,
            "name": "test-nfs-server",
            "network": [
              {
                "access_network": false,
                "fixed_ip_v4": "192.168.0.7",
                "fixed_ip_v6": "",
                "floating_ip": "",
                "mac": "fa:16:3e:3d:1c:82",
                "name": "test_sequence_search",
                "port": "",
                "uuid": "f1b96109-b577-4ef2-8cc0-169f28d9384a"
              }
            ],
            "network_mode": null,
            "personality": [],
            "power_state": "active",
            "region": "RegionOne",
            "scheduler_hints": [],
            "security_groups": [
              "test_sequence_search_nfs_instance"
            ],
            "stop_before_destroy": false,
            "tags": null,
            "timeouts": null,
            "user_data": null,
            "vendor_options": [],
            "volume": []
          },
          "sensitive_attributes": [],
          "private": "eyJlMmJmYjczMC1lY2FhLTExZTYtOGY4OC0zNDM2M2JjN2M0YzAiOnsiY3JlYXRlIjoxODAwMDAwMDAwMDAwLCJkZWxldGUiOjE4MDAwMDAwMDAwMDAsInVwZGF0ZSI6MTgwMDAwMDAwMDAwMH19",
          "dependencies": [
            "openstack_compute_keypair_v2.sequence_search",
            "openstack_compute_secgroup_v2.sequence_search_nfs_instance",
            "openstack_networking_network_v2.sequence_search",
            "openstack_networking_subnet_v2.sequence_search"
          ]
        }
      ]
    },
    {
      "mode": "managed",
      "type": "openstack_compute_instance_v2",
      "name": "postgres",
      "provider": "provider[\"registry.terraform.io/terraform-provider-openstack/openstack\"]",
      "instances": [
        {
          "schema_version": 0,
          "attributes": {
            "access_ip_v4": "192.168.0.6",
            "access_ip_v6": "",
            "admin_pass": null,
            "all_metadata": {},
            "all_tags": [],
            "availability_zone": "nova",
            "availability_zone_hints": null,
            "block_device": [],
            "config_drive": null,
            "flavor_id": "e69dd9e7-4425-4296-bd6e-a26bfc8f3e00",
            "flavor_name": "4c8m80d",
            "floating_ip": null,
            "force_delete": false,
            "id": "da41ce63-c1fa-41ac-8233-416b4d5fe595",
            "image_id": "3418c92f-ef4c-465b-bad3-9ae90a2e2a0f",
            "image_name": "CentOS-Stream-GenericCloud-8-20220125",
            "key_pair": "test_sequence_search",
            "metadata": null,
            "name": "test-postgres",
            "network": [
              {
                "access_network": false,
                "fixed_ip_v4": "192.168.0.6",
                "fixed_ip_v6": "",
                "floating_ip": "",
                "mac": "fa:16:3e:bb:8d:f9",
                "name": "test_sequence_search",
                "port": "",
                "uuid": "f1b96109-b577-4ef2-8cc0-169f28d9384a"
              }
            ],
            "network_mode": null,
            "personality": [],
            "power_state": "active",
            "region": "RegionOne",
            "scheduler_hints": [],
            "security_groups": [
              "test_sequence_search"
            ],
            "stop_before_destroy": false,
            "tags": null,
            "timeouts": null,
            "user_data": null,
            "vendor_options": [],
            "volume": []
          },
          "sensitive_attributes": [],
          "private": "eyJlMmJmYjczMC1lY2FhLTExZTYtOGY4OC0zNDM2M2JjN2M0YzAiOnsiY3JlYXRlIjoxODAwMDAwMDAwMDAwLCJkZWxldGUiOjE4MDAwMDAwMDAwMDAsInVwZGF0ZSI6MTgwMDAwMDAwMDAwMH19",
          "dependencies": [
            "openstack_compute_keypair_v2.sequence_search",
            "openstack_compute_secgroup_v2.sequence_search",
            "openstack_networking_network_v2.sequence_search",
            "openstack_networking_subnet_v2.sequence_search"
          ]
        }
      ]
    },
    {
      "mode": "managed",
      "type": "openstack_compute_instance_v2",
      "name": "producer",
      "provider": "provider[\"registry.terraform.io/terraform-provider-openstack/openstack\"]",
      "instances": [
        {
          "schema_version": 0,
          "attributes": {
            "access_ip_v4": "192.168.0.5",
            "access_ip_v6": "",
            "admin_pass": null,
            "all_metadata": {},
            "all_tags": [],
            "availability_zone": "nova",
            "availability_zone_hints": null,
            "block_device": [],
            "config_drive": null,
            "flavor_id": "e69dd9e7-4425-4296-bd6e-a26bfc8f3e00",
            "flavor_name": "4c8m80d",
            "floating_ip": null,
            "force_delete": false,
            "id": "d9e32aa9-9e87-479f-aaa6-744625314ea3",
            "image_id": "3418c92f-ef4c-465b-bad3-9ae90a2e2a0f",
            "image_name": "CentOS-Stream-GenericCloud-8-20220125",
            "key_pair": "test_sequence_search",
            "metadata": null,
            "name": "test-producer",
            "network": [
              {
                "access_network": false,
                "fixed_ip_v4": "192.168.0.5",
                "fixed_ip_v6": "",
                "floating_ip": "",
                "mac": "fa:16:3e:a0:1a:6a",
                "name": "test_sequence_search",
                "port": "",
                "uuid": "f1b96109-b577-4ef2-8cc0-169f28d9384a"
              }
            ],
            "network_mode": null,
            "personality": [],
            "power_state": "active",
            "region": "RegionOne",
            "scheduler_hints": [],
            "security_groups": [
              "test_sequence_search"
            ],
            "stop_before_destroy": false,
            "tags": null,
            "timeouts": null,
            "user_data": null,
            "vendor_options": [],
            "volume": []
          },
          "sensitive_attributes": [],
          "private": "eyJlMmJmYjczMC1lY2FhLTExZTYtOGY4OC0zNDM2M2JjN2M0YzAiOnsiY3JlYXRlIjoxODAwMDAwMDAwMDAwLCJkZWxldGUiOjE4MDAwMDAwMDAwMDAsInVwZGF0ZSI6MTgwMDAwMDAwMDAwMH19",
          "dependencies": [
            "openstack_compute_keypair_v2.sequence_search",
            "openstack_compute_secgroup_v2.sequence_search",
            "openstack_networking_network_v2.sequence_search",
            "openstack_networking_subnet_v2.sequence_search"
          ]
        }
      ]
    },
    {
      "mode": "managed",
      "type": "openstack_compute_keypair_v2",
      "name": "sequence_search",
      "provider": "provider[\"registry.terraform.io/terraform-provider-openstack/openstack\"]",
      "instances": [
        {
          "schema_version": 0,
          "attributes": {
            "fingerprint": "f5:ac:9f:4e:68:11:2e:49:27:40:22:47:fa:ba:f3:58",
            "id": "test_sequence_search",
            "name": "test_sequence_search",
            "private_key": "",
            "public_key": "ssh-rsa AAAAB3NzaC1yc2EAAAADAQABAAACAQC9BOKz+dYi+0TzjpH5RWorfguhIp8Vxn1NIKX3VLbvYrStYlu+59aCdWALWhSUzqt/BKhwteg2Ph5m5pYItqs3i9VLpY493UvfjjocYqf47xqkDsYYo6kZkZjvnKFfkZui88TmgiMUKDtK/uRXVJhG4QlvCbrXLn9GM5jWmtV3lO/BEw25U19eGClsGQ0T7TUZ+YmPv9aHycw+hEpOWOvMYquzLg+thwrm7fzvLvbkS7pQm5kr8OGEvJ0HgLgUFiL+8zrB+zoGuiaaiFg9pLq2zJ/wtoe9OxiyRTaQt/Kwo8n2Z/S84bgKOLQPi85shjqQx/6/nfzjLpWUR8Bci9VH8CJ5i/zIagMHoyIrh+Fq/77YEuES0lpqYNd6AQUjgu7CF9OyXlQLwh6TSXLwxYUWaWAVMABysEaUT78+KFp7J86xTdb0zciVjTnyNb+IACMfo4hyexyAN3cPoWxAM7i8ET2Iug8QXB6RO1mz5zjvdDtLP7J5HCglVsXAmlHyxX7twmgAG11f45c/5I8gq0cQpubh8e6oZWYJ2krsbuVZnYXich+MidDIzt/5X+j06Um5iC4xbUIMJppeA1tzjQipvoavVeXs1LPN6ICLVtVkymb2Fhkpjq55Tiwan6ftYiWRXWOpaY00Yfc8ZbY8rb+bEF7lu4K1sf1bKOFyKke8Rw== apetrov@apetrov-ml\n",
            "region": "RegionOne",
            "value_specs": null
          },
          "sensitive_attributes": [],
          "private": "bnVsbA=="
        }
      ]
    },
    {
      "mode": "managed",
      "type": "openstack_compute_secgroup_v2",
      "name": "sequence_search",
      "provider": "provider[\"registry.terraform.io/terraform-provider-openstack/openstack\"]",
      "instances": [
        {
          "schema_version": 0,
          "attributes": {
            "description": "Security group for the sequence_search instances (except NFS and monitor)",
            "id": "253d553e-1943-40fc-b251-640a4a86c017",
            "name": "test_sequence_search",
            "region": "RegionOne",
            "rule": [
              {
                "cidr": "0.0.0.0/0",
                "from_group_id": "",
                "from_port": -1,
                "id": "4705936f-8958-4983-a0d5-98872088de7d",
                "ip_protocol": "icmp",
                "self": false,
                "to_port": -1
              },
              {
                "cidr": "0.0.0.0/0",
                "from_group_id": "",
                "from_port": 22,
                "id": "1b0a6937-3c5f-4a4c-84ab-b33fc4ffce18",
                "ip_protocol": "tcp",
                "self": false,
                "to_port": 22
              },
              {
                "cidr": "0.0.0.0/0",
                "from_group_id": "",
                "from_port": 8002,
                "id": "4a730474-a488-4d86-b5bd-9b78d8f8ac45",
                "ip_protocol": "tcp",
                "self": false,
                "to_port": 8002
              },
              {
                "cidr": "0.0.0.0/0",
                "from_group_id": "",
                "from_port": 8080,
                "id": "d622e8cb-e7cb-4e5a-8f06-01b197257df1",
                "ip_protocol": "tcp",
                "self": false,
                "to_port": 8080
              },
              {
                "cidr": "192.168.0.0/24",
                "from_group_id": "",
                "from_port": 5432,
                "id": "53158a20-78da-4c3e-a7b1-0bc0e7b49499",
                "ip_protocol": "tcp",
                "self": false,
                "to_port": 5432
              },
              {
                "cidr": "192.168.0.0/24",
                "from_group_id": "",
                "from_port": 8000,
                "id": "d5da7f38-092b-48ee-ad09-9af8f87dad96",
                "ip_protocol": "tcp",
                "self": false,
                "to_port": 8000
              },
              {
                "cidr": "192.168.0.0/24",
                "from_group_id": "",
                "from_port": 8081,
                "id": "9ada5668-b1e2-4605-addd-27cf65bd0dcd",
                "ip_protocol": "tcp",
                "self": false,
                "to_port": 8081
              }
            ],
            "timeouts": null
          },
          "sensitive_attributes": [],
          "private": "eyJlMmJmYjczMC1lY2FhLTExZTYtOGY4OC0zNDM2M2JjN2M0YzAiOnsiZGVsZXRlIjo2MDAwMDAwMDAwMDB9fQ=="
        }
      ]
    },
    {
      "mode": "managed",
      "type": "openstack_compute_secgroup_v2",
      "name": "sequence_search_monitor_instance",
      "provider": "provider[\"registry.terraform.io/terraform-provider-openstack/openstack\"]",
      "instances": [
        {
          "schema_version": 0,
          "attributes": {
            "description": "Security group for the monitor instance",
            "id": "2475fe60-9ec0-4bd8-8360-c0df72e0dbb8",
            "name": "test_sequence_search_monitor_instance",
            "region": "RegionOne",
            "rule": [
              {
                "cidr": "0.0.0.0/0",
                "from_group_id": "",
                "from_port": -1,
                "id": "fbba08a1-9fe0-4c60-94fa-acec75ab91e2",
                "ip_protocol": "icmp",
                "self": false,
                "to_port": -1
              },
              {
                "cidr": "0.0.0.0/0",
                "from_group_id": "",
                "from_port": 22,
                "id": "01395525-cc24-45a2-8495-3bf1252645c7",
                "ip_protocol": "tcp",
                "self": false,
                "to_port": 22
              },
              {
                "cidr": "192.168.0.0/24",
                "from_group_id": "",
                "from_port": 11211,
                "id": "5f47fecb-0a21-4d81-9579-a0958b63d80b",
                "ip_protocol": "tcp",
                "self": false,
                "to_port": 11211
              }
            ],
            "timeouts": null
          },
          "sensitive_attributes": [],
          "private": "eyJlMmJmYjczMC1lY2FhLTExZTYtOGY4OC0zNDM2M2JjN2M0YzAiOnsiZGVsZXRlIjo2MDAwMDAwMDAwMDB9fQ=="
        }
      ]
    },
    {
      "mode": "managed",
      "type": "openstack_compute_secgroup_v2",
      "name": "sequence_search_nfs_instance",
      "provider": "provider[\"registry.terraform.io/terraform-provider-openstack/openstack\"]",
      "instances": [
        {
          "schema_version": 0,
          "attributes": {
            "description": "Security group for the NFS instance",
            "id": "49eaa7f0-502d-4b6e-85c9-5593125c7d45",
            "name": "test_sequence_search_nfs_instance",
            "region": "RegionOne",
            "rule": [
              {
                "cidr": "0.0.0.0/0",
                "from_group_id": "",
                "from_port": -1,
                "id": "b87cfc42-4c49-4328-bbe7-bcf234f2f122",
                "ip_protocol": "icmp",
                "self": false,
                "to_port": -1
              },
              {
                "cidr": "0.0.0.0/0",
                "from_group_id": "",
                "from_port": 22,
                "id": "b95b7ef6-8737-4f7c-bbb8-4c67dd138c69",
                "ip_protocol": "tcp",
                "self": false,
                "to_port": 22
              },
              {
                "cidr": "192.168.0.0/24",
                "from_group_id": "",
                "from_port": 111,
                "id": "08f494eb-e663-4b16-b85e-622b9814a5b4",
                "ip_protocol": "udp",
                "self": false,
                "to_port": 111
              },
              {
                "cidr": "192.168.0.0/24",
                "from_group_id": "",
                "from_port": 111,
                "id": "600d9226-ade0-47a9-8b38-d49d7a7f8a22",
                "ip_protocol": "tcp",
                "self": false,
                "to_port": 111
              },
              {
                "cidr": "192.168.0.0/24",
                "from_group_id": "",
                "from_port": 2049,
                "id": "18daf939-f792-4267-9f3b-108677ea26bb",
                "ip_protocol": "tcp",
                "self": false,
                "to_port": 2049
              },
              {
                "cidr": "192.168.0.0/24",
                "from_group_id": "",
                "from_port": 2049,
                "id": "75c0e66e-3de9-4674-bb0c-cadbc9eccbc4",
                "ip_protocol": "udp",
                "self": false,
                "to_port": 2049
              }
            ],
            "timeouts": null
          },
          "sensitive_attributes": [],
          "private": "eyJlMmJmYjczMC1lY2FhLTExZTYtOGY4OC0zNDM2M2JjN2M0YzAiOnsiZGVsZXRlIjo2MDAwMDAwMDAwMDB9fQ=="
        }
      ]
    },
    {
      "mode": "managed",
      "type": "openstack_compute_volume_attach_v2",
      "name": "attach_db",
      "provider": "provider[\"registry.terraform.io/terraform-provider-openstack/openstack\"]",
      "instances": [
        {
          "schema_version": 0,
          "attributes": {
            "device": "/dev/vdb",
            "id": "da41ce63-c1fa-41ac-8233-416b4d5fe595/6da1f36e-581c-4d34-92b2-680052c6f4b8",
            "instance_id": "da41ce63-c1fa-41ac-8233-416b4d5fe595",
            "multiattach": null,
            "region": "RegionOne",
            "timeouts": null,
            "vendor_options": [],
            "volume_id": "6da1f36e-581c-4d34-92b2-680052c6f4b8"
          },
          "sensitive_attributes": [],
          "private": "eyJlMmJmYjczMC1lY2FhLTExZTYtOGY4OC0zNDM2M2JjN2M0YzAiOnsiY3JlYXRlIjo2MDAwMDAwMDAwMDAsImRlbGV0ZSI6NjAwMDAwMDAwMDAwfX0=",
          "dependencies": [
            "openstack_blockstorage_volume_v2.db_volume",
            "openstack_compute_instance_v2.postgres",
            "openstack_compute_keypair_v2.sequence_search",
            "openstack_compute_secgroup_v2.sequence_search",
            "openstack_networking_network_v2.sequence_search",
            "openstack_networking_subnet_v2.sequence_search"
          ]
        }
      ]
    },
    {
      "mode": "managed",
      "type": "openstack_compute_volume_attach_v2",
      "name": "attached",
      "provider": "provider[\"registry.terraform.io/terraform-provider-openstack/openstack\"]",
      "instances": [
        {
          "schema_version": 0,
          "attributes": {
            "device": "/dev/vdb",
            "id": "fe17b433-7692-4f77-a18d-6042899cb4ad/d27d20e7-ae0e-4231-b3c8-68da1654dfa6",
            "instance_id": "fe17b433-7692-4f77-a18d-6042899cb4ad",
            "multiattach": null,
            "region": "RegionOne",
            "timeouts": null,
            "vendor_options": [],
            "volume_id": "d27d20e7-ae0e-4231-b3c8-68da1654dfa6"
          },
          "sensitive_attributes": [],
          "private": "eyJlMmJmYjczMC1lY2FhLTExZTYtOGY4OC0zNDM2M2JjN2M0YzAiOnsiY3JlYXRlIjo2MDAwMDAwMDAwMDAsImRlbGV0ZSI6NjAwMDAwMDAwMDAwfX0=",
          "dependencies": [
            "openstack_blockstorage_volume_v2.nfs_volume",
            "openstack_compute_instance_v2.nfs_server",
            "openstack_compute_keypair_v2.sequence_search",
            "openstack_compute_secgroup_v2.sequence_search_nfs_instance",
            "openstack_networking_network_v2.sequence_search",
            "openstack_networking_subnet_v2.sequence_search"
          ]
        }
      ]
    },
    {
      "mode": "managed",
      "type": "openstack_networking_network_v2",
      "name": "sequence_search",
      "provider": "provider[\"registry.terraform.io/terraform-provider-openstack/openstack\"]",
      "instances": [
        {
          "schema_version": 0,
          "attributes": {
            "admin_state_up": true,
            "all_tags": [],
            "availability_zone_hints": [],
            "description": "",
            "dns_domain": "",
            "external": false,
            "id": "f1b96109-b577-4ef2-8cc0-169f28d9384a",
            "mtu": 8942,
            "name": "test_sequence_search",
            "port_security_enabled": true,
            "qos_policy_id": "",
            "region": "RegionOne",
            "segments": [],
            "shared": false,
            "tags": null,
            "tenant_id": "224be250ac6a45a4a5fadb360981af4a",
            "timeouts": null,
            "transparent_vlan": false,
            "value_specs": null
          },
          "sensitive_attributes": [],
          "private": "eyJlMmJmYjczMC1lY2FhLTExZTYtOGY4OC0zNDM2M2JjN2M0YzAiOnsiY3JlYXRlIjo2MDAwMDAwMDAwMDAsImRlbGV0ZSI6NjAwMDAwMDAwMDAwfX0="
        }
      ]
    },
    {
      "mode": "managed",
      "type": "openstack_networking_router_interface_v2",
      "name": "sequence_search",
      "provider": "provider[\"registry.terraform.io/terraform-provider-openstack/openstack\"]",
      "instances": [
        {
          "schema_version": 0,
          "attributes": {
            "id": "73a20d79-b2c9-4864-96dc-7cc70876bf24",
            "port_id": "73a20d79-b2c9-4864-96dc-7cc70876bf24",
            "region": "RegionOne",
            "router_id": "21b7a04f-59d4-4b80-89e5-0fcfd5bec6c1",
            "subnet_id": "9a85adbb-37f4-4980-af94-ad9e5fe5ea08",
            "timeouts": null
          },
          "sensitive_attributes": [],
          "private": "eyJlMmJmYjczMC1lY2FhLTExZTYtOGY4OC0zNDM2M2JjN2M0YzAiOnsiY3JlYXRlIjo2MDAwMDAwMDAwMDAsImRlbGV0ZSI6NjAwMDAwMDAwMDAwfX0=",
          "dependencies": [
            "openstack_networking_network_v2.sequence_search",
            "openstack_networking_router_v2.sequence_search",
            "openstack_networking_subnet_v2.sequence_search"
          ]
        }
      ]
    },
    {
      "mode": "managed",
      "type": "openstack_networking_router_v2",
      "name": "sequence_search",
      "provider": "provider[\"registry.terraform.io/terraform-provider-openstack/openstack\"]",
      "instances": [
        {
          "schema_version": 0,
          "attributes": {
            "admin_state_up": true,
            "all_tags": [],
            "availability_zone_hints": [],
            "description": "",
            "distributed": false,
            "enable_snat": true,
            "external_fixed_ip": [
              {
                "ip_address": "45.88.80.105",
                "subnet_id": "56d4feda-a1b4-4ecc-97a7-9c74da5a1db8"
              }
            ],
            "external_gateway": "9948edde-640b-482b-a6bc-ad1466000d86",
            "external_network_id": "9948edde-640b-482b-a6bc-ad1466000d86",
            "id": "21b7a04f-59d4-4b80-89e5-0fcfd5bec6c1",
            "name": "test_sequence_search",
            "region": "RegionOne",
            "tags": null,
            "tenant_id": "224be250ac6a45a4a5fadb360981af4a",
            "timeouts": null,
            "value_specs": null,
            "vendor_options": []
          },
          "sensitive_attributes": [],
          "private": "eyJlMmJmYjczMC1lY2FhLTExZTYtOGY4OC0zNDM2M2JjN2M0YzAiOnsiY3JlYXRlIjo2MDAwMDAwMDAwMDAsImRlbGV0ZSI6NjAwMDAwMDAwMDAwfX0="
        }
      ]
    },
    {
      "mode": "managed",
      "type": "openstack_networking_subnet_v2",
      "name": "sequence_search",
      "provider": "provider[\"registry.terraform.io/terraform-provider-openstack/openstack\"]",
      "instances": [
        {
          "schema_version": 0,
          "attributes": {
            "all_tags": [],
            "allocation_pool": [
              {
                "end": "192.168.0.254",
                "start": "192.168.0.2"
              }
            ],
            "allocation_pools": [
              {
                "end": "192.168.0.254",
                "start": "192.168.0.2"
              }
            ],
            "cidr": "192.168.0.0/24",
            "description": "",
            "dns_nameservers": [
              "8.8.8.8"
            ],
            "enable_dhcp": true,
            "gateway_ip": "192.168.0.1",
            "host_routes": [],
            "id": "9a85adbb-37f4-4980-af94-ad9e5fe5ea08",
            "ip_version": 4,
            "ipv6_address_mode": "",
            "ipv6_ra_mode": "",
            "name": "test_sequence_search",
            "network_id": "f1b96109-b577-4ef2-8cc0-169f28d9384a",
            "no_gateway": false,
            "prefix_length": null,
            "region": "RegionOne",
            "subnetpool_id": "",
            "tags": null,
            "tenant_id": "224be250ac6a45a4a5fadb360981af4a",
            "timeouts": null,
            "value_specs": null
          },
          "sensitive_attributes": [],
          "private": "eyJlMmJmYjczMC1lY2FhLTExZTYtOGY4OC0zNDM2M2JjN2M0YzAiOnsiY3JlYXRlIjo2MDAwMDAwMDAwMDAsImRlbGV0ZSI6NjAwMDAwMDAwMDAwfX0=",
          "dependencies": [
            "openstack_networking_network_v2.sequence_search"
          ]
        }
      ]
    }
  ]
}
