{
  "version": 4,
  "terraform_version": "1.0.1",
  "serial": 845,
  "lineage": "e850eb49-a560-c884-b04f-9a9433fdd4c2",
  "outputs": {
    "floating_ip": {
      "value": [
        "45.88.80.122"
      ],
      "type": [
        "tuple",
        [
          "string"
        ]
      ]
    },
    "tfstate_file": {
      "value": [
        "terraform.tfstate.d/test/terraform.tfstate"
      ],
      "type": [
        "tuple",
        [
          "string"
        ]
      ]
    }
  },
  "resources": [
    {
      "mode": "managed",
      "type": "null_resource",
      "name": "pre_flight",
      "provider": "provider[\"registry.terraform.io/hashicorp/null\"]",
      "instances": [
        {
          "schema_version": 0,
          "attributes": {
            "id": "1256382533581646685",
            "triggers": {
              "build_number": "2022-05-25T09:01:00Z"
            }
          },
          "sensitive_attributes": [],
          "private": "bnVsbA=="
        }
      ]
    },
    {
      "mode": "managed",
      "type": "openstack_blockstorage_volume_v2",
      "name": "db_volume",
      "provider": "provider[\"registry.terraform.io/terraform-provider-openstack/openstack\"]",
      "instances": [
        {
          "schema_version": 0,
          "attributes": {
            "attachment": [
              {
                "device": "/dev/vdb",
                "id": "4f86b9d1-14a7-4c98-bf4b-b4230a845fc6",
                "instance_id": "efa18348-b66c-4d42-9444-01187990a985"
              }
            ],
            "availability_zone": "nova",
            "consistency_group_id": null,
            "description": "",
            "id": "4f86b9d1-14a7-4c98-bf4b-b4230a845fc6",
            "image_id": null,
            "metadata": {},
            "name": "test-db-volume",
            "region": "RegionOne",
            "scheduler_hints": [],
            "size": 100,
            "snapshot_id": "",
            "source_replica": null,
            "source_vol_id": "",
            "timeouts": null,
            "volume_type": "__DEFAULT__"
          },
          "sensitive_attributes": [],
          "private": "eyJlMmJmYjczMC1lY2FhLTExZTYtOGY4OC0zNDM2M2JjN2M0YzAiOnsiY3JlYXRlIjo2MDAwMDAwMDAwMDAsImRlbGV0ZSI6NjAwMDAwMDAwMDAwfX0="
        }
      ]
    },
    {
      "mode": "managed",
      "type": "openstack_blockstorage_volume_v2",
      "name": "nfs_volume",
      "provider": "provider[\"registry.terraform.io/terraform-provider-openstack/openstack\"]",
      "instances": [
        {
          "schema_version": 0,
          "attributes": {
            "attachment": [],
            "availability_zone": "nova",
            "consistency_group_id": null,
            "description": "",
            "id": "ff2f358d-476f-4114-8a59-29c8d153e640",
            "image_id": null,
            "metadata": {},
            "name": "test-nfs-volume",
            "region": "RegionOne",
            "scheduler_hints": [],
            "size": 100,
            "snapshot_id": "",
            "source_replica": null,
            "source_vol_id": "",
            "timeouts": null,
            "volume_type": "__DEFAULT__"
          },
          "sensitive_attributes": [],
          "private": "eyJlMmJmYjczMC1lY2FhLTExZTYtOGY4OC0zNDM2M2JjN2M0YzAiOnsiY3JlYXRlIjo2MDAwMDAwMDAwMDAsImRlbGV0ZSI6NjAwMDAwMDAwMDAwfX0="
        }
      ]
    },
    {
      "mode": "managed",
      "type": "openstack_compute_floatingip_associate_v2",
      "name": "litscan_prefer",
      "provider": "provider[\"registry.terraform.io/terraform-provider-openstack/openstack\"]",
      "instances": [
        {
          "schema_version": 0,
          "attributes": {
            "fixed_ip": "",
            "floating_ip": "45.88.81.188",
            "id": "45.88.81.188/b2386997-017e-480a-a8ac-010e40a57d73/",
            "instance_id": "b2386997-017e-480a-a8ac-010e40a57d73",
            "region": "RegionOne",
            "timeouts": null,
            "wait_until_associated": null
          },
          "sensitive_attributes": [],
          "private": "eyJlMmJmYjczMC1lY2FhLTExZTYtOGY4OC0zNDM2M2JjN2M0YzAiOnsiY3JlYXRlIjo2MDAwMDAwMDAwMDB9fQ==",
          "dependencies": [
            "openstack_compute_instance_v2.litscan_prefer",
            "openstack_networking_router_interface_v2.sequence_search"
          ]
        }
      ]
    },
    {
      "mode": "managed",
      "type": "openstack_compute_floatingip_associate_v2",
      "name": "sequence_search",
      "provider": "provider[\"registry.terraform.io/terraform-provider-openstack/openstack\"]",
      "instances": [
        {
          "schema_version": 0,
          "attributes": {
            "fixed_ip": "",
            "floating_ip": "45.88.80.122",
            "id": "45.88.80.122/95ea3588-ddfd-4113-a856-b8d8b83e7b27/",
            "instance_id": "95ea3588-ddfd-4113-a856-b8d8b83e7b27",
            "region": "RegionOne",
            "timeouts": null,
            "wait_until_associated": null
          },
          "sensitive_attributes": [],
          "private": "eyJlMmJmYjczMC1lY2FhLTExZTYtOGY4OC0zNDM2M2JjN2M0YzAiOnsiY3JlYXRlIjo2MDAwMDAwMDAwMDB9fQ==",
          "dependencies": [
            "openstack_compute_instance_v2.producer",
            "openstack_compute_instance_v2.proxy",
            "openstack_networking_router_interface_v2.sequence_search"
          ]
        }
      ]
    },
    {
      "mode": "managed",
      "type": "openstack_compute_instance_v2",
      "name": "consumers",
      "provider": "provider[\"registry.terraform.io/terraform-provider-openstack/openstack\"]",
      "instances": [
        {
          "index_key": 0,
          "schema_version": 0,
          "attributes": {
            "access_ip_v4": "192.168.0.9",
            "access_ip_v6": "",
            "admin_pass": null,
            "all_metadata": {},
            "all_tags": [],
            "availability_zone": "nova",
            "availability_zone_hints": null,
            "block_device": [],
            "config_drive": null,
            "flavor_id": "e69dd9e7-4425-4296-bd6e-a26bfc8f3e00",
            "flavor_name": "4c8m80d",
            "floating_ip": null,
            "force_delete": false,
            "id": "6c856414-f52c-4f23-b22c-cd91d79ec6d5",
            "image_id": "3418c92f-ef4c-465b-bad3-9ae90a2e2a0f",
            "image_name": "CentOS-Stream-GenericCloud-8-20220125",
            "key_pair": "test_sequence_search",
            "metadata": null,
            "name": "test-consumer-1",
            "network": [
              {
                "access_network": false,
                "fixed_ip_v4": "192.168.0.9",
                "fixed_ip_v6": "",
                "floating_ip": "",
                "mac": "fa:16:3e:75:8b:e0",
                "name": "test_sequence_search",
                "port": "",
                "uuid": "6ece5062-7838-4a71-a418-1022b745d808"
              }
            ],
            "network_mode": null,
            "personality": [],
            "power_state": "active",
            "region": "RegionOne",
            "scheduler_hints": [],
            "security_groups": [
              "test_sequence_search"
            ],
            "stop_before_destroy": false,
            "tags": [],
            "timeouts": null,
            "user_data": null,
            "vendor_options": [],
            "volume": []
          },
          "sensitive_attributes": [],
          "private": "eyJlMmJmYjczMC1lY2FhLTExZTYtOGY4OC0zNDM2M2JjN2M0YzAiOnsiY3JlYXRlIjoxODAwMDAwMDAwMDAwLCJkZWxldGUiOjE4MDAwMDAwMDAwMDAsInVwZGF0ZSI6MTgwMDAwMDAwMDAwMH19",
          "dependencies": [
            "openstack_compute_keypair_v2.sequence_search",
            "openstack_compute_secgroup_v2.sequence_search",
            "openstack_networking_network_v2.sequence_search",
            "openstack_networking_subnet_v2.sequence_search"
          ]
        },
        {
          "index_key": 1,
          "schema_version": 0,
          "attributes": {
            "access_ip_v4": "192.168.0.10",
            "access_ip_v6": "",
            "admin_pass": null,
            "all_metadata": {},
            "all_tags": [],
            "availability_zone": "nova",
            "availability_zone_hints": null,
            "block_device": [],
            "config_drive": null,
            "flavor_id": "e69dd9e7-4425-4296-bd6e-a26bfc8f3e00",
            "flavor_name": "4c8m80d",
            "floating_ip": null,
            "force_delete": false,
            "id": "df18e6d0-93f2-4aab-9b63-3f7c915f208c",
            "image_id": "3418c92f-ef4c-465b-bad3-9ae90a2e2a0f",
            "image_name": "CentOS-Stream-GenericCloud-8-20220125",
            "key_pair": "test_sequence_search",
            "metadata": null,
            "name": "test-consumer-2",
            "network": [
              {
                "access_network": false,
                "fixed_ip_v4": "192.168.0.10",
                "fixed_ip_v6": "",
                "floating_ip": "",
                "mac": "fa:16:3e:f4:e2:a0",
                "name": "test_sequence_search",
                "port": "",
                "uuid": "6ece5062-7838-4a71-a418-1022b745d808"
              }
            ],
            "network_mode": null,
            "personality": [],
            "power_state": "active",
            "region": "RegionOne",
            "scheduler_hints": [],
            "security_groups": [
              "test_sequence_search"
            ],
            "stop_before_destroy": false,
            "tags": [],
            "timeouts": null,
            "user_data": null,
            "vendor_options": [],
            "volume": []
          },
          "sensitive_attributes": [],
          "private": "eyJlMmJmYjczMC1lY2FhLTExZTYtOGY4OC0zNDM2M2JjN2M0YzAiOnsiY3JlYXRlIjoxODAwMDAwMDAwMDAwLCJkZWxldGUiOjE4MDAwMDAwMDAwMDAsInVwZGF0ZSI6MTgwMDAwMDAwMDAwMH19",
          "dependencies": [
            "openstack_networking_subnet_v2.sequence_search",
            "openstack_compute_keypair_v2.sequence_search",
            "openstack_compute_secgroup_v2.sequence_search",
            "openstack_networking_network_v2.sequence_search"
          ]
        },
        {
          "index_key": 2,
          "schema_version": 0,
          "attributes": {
            "access_ip_v4": "192.168.0.11",
            "access_ip_v6": "",
            "admin_pass": null,
            "all_metadata": {},
            "all_tags": [],
            "availability_zone": "nova",
            "availability_zone_hints": null,
            "block_device": [],
            "config_drive": null,
            "flavor_id": "e69dd9e7-4425-4296-bd6e-a26bfc8f3e00",
            "flavor_name": "4c8m80d",
            "floating_ip": null,
            "force_delete": false,
            "id": "043250d4-9aa1-41d2-aaee-0c4980dff616",
            "image_id": "3418c92f-ef4c-465b-bad3-9ae90a2e2a0f",
            "image_name": "CentOS-Stream-GenericCloud-8-20220125",
            "key_pair": "test_sequence_search",
            "metadata": null,
            "name": "test-consumer-3",
            "network": [
              {
                "access_network": false,
                "fixed_ip_v4": "192.168.0.11",
                "fixed_ip_v6": "",
                "floating_ip": "",
                "mac": "fa:16:3e:15:f7:81",
                "name": "test_sequence_search",
                "port": "",
                "uuid": "6ece5062-7838-4a71-a418-1022b745d808"
              }
            ],
            "network_mode": null,
            "personality": [],
            "power_state": "active",
            "region": "RegionOne",
            "scheduler_hints": [],
            "security_groups": [
              "test_sequence_search"
            ],
            "stop_before_destroy": false,
            "tags": [],
            "timeouts": null,
            "user_data": null,
            "vendor_options": [],
            "volume": []
          },
          "sensitive_attributes": [],
          "private": "eyJlMmJmYjczMC1lY2FhLTExZTYtOGY4OC0zNDM2M2JjN2M0YzAiOnsiY3JlYXRlIjoxODAwMDAwMDAwMDAwLCJkZWxldGUiOjE4MDAwMDAwMDAwMDAsInVwZGF0ZSI6MTgwMDAwMDAwMDAwMH19",
          "dependencies": [
            "openstack_compute_keypair_v2.sequence_search",
            "openstack_compute_secgroup_v2.sequence_search",
            "openstack_networking_network_v2.sequence_search",
            "openstack_networking_subnet_v2.sequence_search"
          ]
        },
        {
          "index_key": 3,
          "schema_version": 0,
          "attributes": {
            "access_ip_v4": "192.168.0.12",
            "access_ip_v6": "",
            "admin_pass": null,
            "all_metadata": {},
            "all_tags": [],
            "availability_zone": "nova",
            "availability_zone_hints": null,
            "block_device": [],
            "config_drive": null,
            "flavor_id": "e69dd9e7-4425-4296-bd6e-a26bfc8f3e00",
            "flavor_name": "4c8m80d",
            "floating_ip": null,
            "force_delete": false,
            "id": "0537d24e-ea71-4537-8325-281ab98efe0f",
            "image_id": "3418c92f-ef4c-465b-bad3-9ae90a2e2a0f",
            "image_name": "CentOS-Stream-GenericCloud-8-20220125",
            "key_pair": "test_sequence_search",
            "metadata": null,
            "name": "test-consumer-4",
            "network": [
              {
                "access_network": false,
                "fixed_ip_v4": "192.168.0.12",
                "fixed_ip_v6": "",
                "floating_ip": "",
                "mac": "fa:16:3e:25:15:37",
                "name": "test_sequence_search",
                "port": "",
                "uuid": "6ece5062-7838-4a71-a418-1022b745d808"
              }
            ],
            "network_mode": null,
            "personality": [],
            "power_state": "active",
            "region": "RegionOne",
            "scheduler_hints": [],
            "security_groups": [
              "test_sequence_search"
            ],
            "stop_before_destroy": false,
            "tags": [],
            "timeouts": null,
            "user_data": null,
            "vendor_options": [],
            "volume": []
          },
          "sensitive_attributes": [],
          "private": "eyJlMmJmYjczMC1lY2FhLTExZTYtOGY4OC0zNDM2M2JjN2M0YzAiOnsiY3JlYXRlIjoxODAwMDAwMDAwMDAwLCJkZWxldGUiOjE4MDAwMDAwMDAwMDAsInVwZGF0ZSI6MTgwMDAwMDAwMDAwMH19",
          "dependencies": [
            "openstack_networking_subnet_v2.sequence_search",
            "openstack_compute_keypair_v2.sequence_search",
            "openstack_compute_secgroup_v2.sequence_search",
            "openstack_networking_network_v2.sequence_search"
          ]
        },
        {
          "index_key": 4,
          "schema_version": 0,
          "attributes": {
            "access_ip_v4": "192.168.0.13",
            "access_ip_v6": "",
            "admin_pass": null,
            "all_metadata": {},
            "all_tags": [],
            "availability_zone": "nova",
            "availability_zone_hints": null,
            "block_device": [],
            "config_drive": null,
            "flavor_id": "e69dd9e7-4425-4296-bd6e-a26bfc8f3e00",
            "flavor_name": "4c8m80d",
            "floating_ip": null,
            "force_delete": false,
            "id": "54e8b715-cf96-4f72-a3e0-151f36da6ed8",
            "image_id": "3418c92f-ef4c-465b-bad3-9ae90a2e2a0f",
            "image_name": "CentOS-Stream-GenericCloud-8-20220125",
            "key_pair": "test_sequence_search",
            "metadata": null,
            "name": "test-consumer-5",
            "network": [
              {
                "access_network": false,
                "fixed_ip_v4": "192.168.0.13",
                "fixed_ip_v6": "",
                "floating_ip": "",
                "mac": "fa:16:3e:23:3d:45",
                "name": "test_sequence_search",
                "port": "",
                "uuid": "6ece5062-7838-4a71-a418-1022b745d808"
              }
            ],
            "network_mode": null,
            "personality": [],
            "power_state": "active",
            "region": "RegionOne",
            "scheduler_hints": [],
            "security_groups": [
              "test_sequence_search"
            ],
            "stop_before_destroy": false,
            "tags": [],
            "timeouts": null,
            "user_data": null,
            "vendor_options": [],
            "volume": []
          },
          "sensitive_attributes": [],
          "private": "eyJlMmJmYjczMC1lY2FhLTExZTYtOGY4OC0zNDM2M2JjN2M0YzAiOnsiY3JlYXRlIjoxODAwMDAwMDAwMDAwLCJkZWxldGUiOjE4MDAwMDAwMDAwMDAsInVwZGF0ZSI6MTgwMDAwMDAwMDAwMH19",
          "dependencies": [
            "openstack_networking_network_v2.sequence_search",
            "openstack_networking_subnet_v2.sequence_search",
            "openstack_compute_keypair_v2.sequence_search",
            "openstack_compute_secgroup_v2.sequence_search"
          ]
        },
        {
          "index_key": 5,
          "schema_version": 0,
          "attributes": {
            "access_ip_v4": "192.168.0.14",
            "access_ip_v6": "",
            "admin_pass": null,
            "all_metadata": {},
            "all_tags": [],
            "availability_zone": "nova",
            "availability_zone_hints": null,
            "block_device": [],
            "config_drive": null,
            "flavor_id": "e69dd9e7-4425-4296-bd6e-a26bfc8f3e00",
            "flavor_name": "4c8m80d",
            "floating_ip": null,
            "force_delete": false,
            "id": "a6202847-2f1c-449d-9748-cae1b4b28aa6",
            "image_id": "3418c92f-ef4c-465b-bad3-9ae90a2e2a0f",
            "image_name": "CentOS-Stream-GenericCloud-8-20220125",
            "key_pair": "test_sequence_search",
            "metadata": null,
            "name": "test-consumer-6",
            "network": [
              {
                "access_network": false,
                "fixed_ip_v4": "192.168.0.14",
                "fixed_ip_v6": "",
                "floating_ip": "",
                "mac": "fa:16:3e:c0:88:07",
                "name": "test_sequence_search",
                "port": "",
                "uuid": "6ece5062-7838-4a71-a418-1022b745d808"
              }
            ],
            "network_mode": null,
            "personality": [],
            "power_state": "active",
            "region": "RegionOne",
            "scheduler_hints": [],
            "security_groups": [
              "test_sequence_search"
            ],
            "stop_before_destroy": false,
            "tags": [],
            "timeouts": null,
            "user_data": null,
            "vendor_options": [],
            "volume": []
          },
          "sensitive_attributes": [],
          "private": "eyJlMmJmYjczMC1lY2FhLTExZTYtOGY4OC0zNDM2M2JjN2M0YzAiOnsiY3JlYXRlIjoxODAwMDAwMDAwMDAwLCJkZWxldGUiOjE4MDAwMDAwMDAwMDAsInVwZGF0ZSI6MTgwMDAwMDAwMDAwMH19",
          "dependencies": [
            "openstack_compute_keypair_v2.sequence_search",
            "openstack_compute_secgroup_v2.sequence_search",
            "openstack_networking_network_v2.sequence_search",
            "openstack_networking_subnet_v2.sequence_search"
          ]
        },
        {
          "index_key": 6,
          "schema_version": 0,
          "attributes": {
            "access_ip_v4": "192.168.0.15",
            "access_ip_v6": "",
            "admin_pass": null,
            "all_metadata": {},
            "all_tags": [],
            "availability_zone": "nova",
            "availability_zone_hints": null,
            "block_device": [],
            "config_drive": null,
            "flavor_id": "e69dd9e7-4425-4296-bd6e-a26bfc8f3e00",
            "flavor_name": "4c8m80d",
            "floating_ip": null,
            "force_delete": false,
            "id": "74411a1a-b0d1-4062-9844-8dad59b5d985",
            "image_id": "3418c92f-ef4c-465b-bad3-9ae90a2e2a0f",
            "image_name": "CentOS-Stream-GenericCloud-8-20220125",
            "key_pair": "test_sequence_search",
            "metadata": null,
            "name": "test-consumer-7",
            "network": [
              {
                "access_network": false,
                "fixed_ip_v4": "192.168.0.15",
                "fixed_ip_v6": "",
                "floating_ip": "",
                "mac": "fa:16:3e:13:6c:c3",
                "name": "test_sequence_search",
                "port": "",
                "uuid": "6ece5062-7838-4a71-a418-1022b745d808"
              }
            ],
            "network_mode": null,
            "personality": [],
            "power_state": "active",
            "region": "RegionOne",
            "scheduler_hints": [],
            "security_groups": [
              "test_sequence_search"
            ],
            "stop_before_destroy": false,
            "tags": null,
            "timeouts": null,
            "user_data": null,
            "vendor_options": [],
            "volume": []
          },
          "sensitive_attributes": [],
          "private": "eyJlMmJmYjczMC1lY2FhLTExZTYtOGY4OC0zNDM2M2JjN2M0YzAiOnsiY3JlYXRlIjoxODAwMDAwMDAwMDAwLCJkZWxldGUiOjE4MDAwMDAwMDAwMDAsInVwZGF0ZSI6MTgwMDAwMDAwMDAwMH19",
          "dependencies": [
            "openstack_compute_keypair_v2.sequence_search",
            "openstack_compute_secgroup_v2.sequence_search",
            "openstack_networking_network_v2.sequence_search",
            "openstack_networking_subnet_v2.sequence_search"
          ]
        },
        {
          "index_key": 7,
          "schema_version": 0,
          "attributes": {
            "access_ip_v4": "192.168.0.16",
            "access_ip_v6": "",
            "admin_pass": null,
            "all_metadata": {},
            "all_tags": [],
            "availability_zone": "nova",
            "availability_zone_hints": null,
            "block_device": [],
            "config_drive": null,
            "flavor_id": "e69dd9e7-4425-4296-bd6e-a26bfc8f3e00",
            "flavor_name": "4c8m80d",
            "floating_ip": null,
            "force_delete": false,
            "id": "9943e3c8-f64f-4c80-8db3-6f75c9f1a4b9",
            "image_id": "3418c92f-ef4c-465b-bad3-9ae90a2e2a0f",
            "image_name": "CentOS-Stream-GenericCloud-8-20220125",
            "key_pair": "test_sequence_search",
            "metadata": null,
            "name": "test-consumer-8",
            "network": [
              {
                "access_network": false,
                "fixed_ip_v4": "192.168.0.16",
                "fixed_ip_v6": "",
                "floating_ip": "",
                "mac": "fa:16:3e:bc:ea:62",
                "name": "test_sequence_search",
                "port": "",
                "uuid": "6ece5062-7838-4a71-a418-1022b745d808"
              }
            ],
            "network_mode": null,
            "personality": [],
            "power_state": "active",
            "region": "RegionOne",
            "scheduler_hints": [],
            "security_groups": [
              "test_sequence_search"
            ],
            "stop_before_destroy": false,
            "tags": [],
            "timeouts": null,
            "user_data": null,
            "vendor_options": [],
            "volume": []
          },
          "sensitive_attributes": [],
          "private": "eyJlMmJmYjczMC1lY2FhLTExZTYtOGY4OC0zNDM2M2JjN2M0YzAiOnsiY3JlYXRlIjoxODAwMDAwMDAwMDAwLCJkZWxldGUiOjE4MDAwMDAwMDAwMDAsInVwZGF0ZSI6MTgwMDAwMDAwMDAwMH19",
          "dependencies": [
            "openstack_compute_secgroup_v2.sequence_search",
            "openstack_networking_network_v2.sequence_search",
            "openstack_networking_subnet_v2.sequence_search",
            "openstack_compute_keypair_v2.sequence_search"
          ]
        },
        {
          "index_key": 8,
          "schema_version": 0,
          "attributes": {
            "access_ip_v4": "192.168.0.17",
            "access_ip_v6": "",
            "admin_pass": null,
            "all_metadata": {},
            "all_tags": [],
            "availability_zone": "nova",
            "availability_zone_hints": null,
            "block_device": [],
            "config_drive": null,
            "flavor_id": "e69dd9e7-4425-4296-bd6e-a26bfc8f3e00",
            "flavor_name": "4c8m80d",
            "floating_ip": null,
            "force_delete": false,
            "id": "a9a1d4fd-c5e7-4a81-b2f1-3232abbaa614",
            "image_id": "3418c92f-ef4c-465b-bad3-9ae90a2e2a0f",
            "image_name": "CentOS-Stream-GenericCloud-8-20220125",
            "key_pair": "test_sequence_search",
            "metadata": null,
            "name": "test-consumer-9",
            "network": [
              {
                "access_network": false,
                "fixed_ip_v4": "192.168.0.17",
                "fixed_ip_v6": "",
                "floating_ip": "",
                "mac": "fa:16:3e:27:d7:c9",
                "name": "test_sequence_search",
                "port": "",
                "uuid": "6ece5062-7838-4a71-a418-1022b745d808"
              }
            ],
            "network_mode": null,
            "personality": [],
            "power_state": "active",
            "region": "RegionOne",
            "scheduler_hints": [],
            "security_groups": [
              "test_sequence_search"
            ],
            "stop_before_destroy": false,
            "tags": [],
            "timeouts": null,
            "user_data": null,
            "vendor_options": [],
            "volume": []
          },
          "sensitive_attributes": [],
          "private": "eyJlMmJmYjczMC1lY2FhLTExZTYtOGY4OC0zNDM2M2JjN2M0YzAiOnsiY3JlYXRlIjoxODAwMDAwMDAwMDAwLCJkZWxldGUiOjE4MDAwMDAwMDAwMDAsInVwZGF0ZSI6MTgwMDAwMDAwMDAwMH19",
          "dependencies": [
            "openstack_compute_keypair_v2.sequence_search",
            "openstack_compute_secgroup_v2.sequence_search",
            "openstack_networking_network_v2.sequence_search",
            "openstack_networking_subnet_v2.sequence_search"
          ]
        },
        {
          "index_key": 9,
          "schema_version": 0,
          "attributes": {
            "access_ip_v4": "192.168.0.18",
            "access_ip_v6": "",
            "admin_pass": null,
            "all_metadata": {},
            "all_tags": [],
            "availability_zone": "nova",
            "availability_zone_hints": null,
            "block_device": [],
            "config_drive": null,
            "flavor_id": "e69dd9e7-4425-4296-bd6e-a26bfc8f3e00",
            "flavor_name": "4c8m80d",
            "floating_ip": null,
            "force_delete": false,
            "id": "6952e7fb-690b-46db-9215-7e0948c3e622",
            "image_id": "3418c92f-ef4c-465b-bad3-9ae90a2e2a0f",
            "image_name": "CentOS-Stream-GenericCloud-8-20220125",
            "key_pair": "test_sequence_search",
            "metadata": null,
            "name": "test-consumer-10",
            "network": [
              {
                "access_network": false,
                "fixed_ip_v4": "192.168.0.18",
                "fixed_ip_v6": "",
                "floating_ip": "",
                "mac": "fa:16:3e:e7:54:4c",
                "name": "test_sequence_search",
                "port": "",
                "uuid": "6ece5062-7838-4a71-a418-1022b745d808"
              }
            ],
            "network_mode": null,
            "personality": [],
            "power_state": "active",
            "region": "RegionOne",
            "scheduler_hints": [],
            "security_groups": [
              "test_sequence_search"
            ],
            "stop_before_destroy": false,
            "tags": null,
            "timeouts": null,
            "user_data": null,
            "vendor_options": [],
            "volume": []
          },
          "sensitive_attributes": [],
          "private": "eyJlMmJmYjczMC1lY2FhLTExZTYtOGY4OC0zNDM2M2JjN2M0YzAiOnsiY3JlYXRlIjoxODAwMDAwMDAwMDAwLCJkZWxldGUiOjE4MDAwMDAwMDAwMDAsInVwZGF0ZSI6MTgwMDAwMDAwMDAwMH19",
          "dependencies": [
            "openstack_compute_keypair_v2.sequence_search",
            "openstack_compute_secgroup_v2.sequence_search",
            "openstack_networking_network_v2.sequence_search",
            "openstack_networking_subnet_v2.sequence_search"
          ]
        }
      ]
    },
    {
      "mode": "managed",
      "type": "openstack_compute_instance_v2",
      "name": "litscan_prefer",
      "provider": "provider[\"registry.terraform.io/terraform-provider-openstack/openstack\"]",
      "instances": [
        {
          "schema_version": 0,
          "attributes": {
            "access_ip_v4": "192.168.0.210",
            "access_ip_v6": "",
            "admin_pass": null,
            "all_metadata": {},
            "all_tags": [],
            "availability_zone": "nova",
            "availability_zone_hints": null,
            "block_device": [],
            "config_drive": null,
            "flavor_id": "c8b96dee-35be-4462-ae59-a90cb2981526",
            "flavor_name": "1c2m20d",
            "floating_ip": null,
            "force_delete": false,
            "id": "b2386997-017e-480a-a8ac-010e40a57d73",
            "image_id": "fe772dd2-65ed-4592-8024-0a71c2ab751e",
            "image_name": "Ubuntu-18.04",
            "key_pair": "test_sequence_search",
            "metadata": null,
            "name": "test-litscan-prefer",
            "network": [
              {
                "access_network": false,
                "fixed_ip_v4": "192.168.0.210",
                "fixed_ip_v6": "",
                "floating_ip": "",
                "mac": "fa:16:3e:04:97:31",
                "name": "test_sequence_search",
                "port": "",
                "uuid": "6ece5062-7838-4a71-a418-1022b745d808"
              }
            ],
            "network_mode": null,
            "personality": [],
            "power_state": "active",
            "region": "RegionOne",
            "scheduler_hints": [],
            "security_groups": [
              "test_litscan_prefer_instance"
            ],
            "stop_before_destroy": false,
            "tags": [],
            "timeouts": null,
            "user_data": null,
            "vendor_options": [],
            "volume": []
          },
          "sensitive_attributes": [],
          "private": "eyJlMmJmYjczMC1lY2FhLTExZTYtOGY4OC0zNDM2M2JjN2M0YzAiOnsiY3JlYXRlIjoxODAwMDAwMDAwMDAwLCJkZWxldGUiOjE4MDAwMDAwMDAwMDAsInVwZGF0ZSI6MTgwMDAwMDAwMDAwMH19",
          "dependencies": [
            "openstack_compute_secgroup_v2.litscan_prefer",
            "openstack_networking_network_v2.sequence_search",
            "openstack_networking_subnet_v2.sequence_search",
            "openstack_compute_keypair_v2.sequence_search"
          ]
        }
      ]
    },
    {
      "mode": "managed",
      "type": "openstack_compute_instance_v2",
      "name": "monitor",
      "provider": "provider[\"registry.terraform.io/terraform-provider-openstack/openstack\"]",
      "instances": [
        {
          "schema_version": 0,
          "attributes": {
            "access_ip_v4": "192.168.0.8",
            "access_ip_v6": "",
            "admin_pass": null,
            "all_metadata": {},
            "all_tags": [],
            "availability_zone": "nova",
            "availability_zone_hints": null,
            "block_device": [],
            "config_drive": null,
            "flavor_id": "c8b96dee-35be-4462-ae59-a90cb2981526",
            "flavor_name": "1c2m20d",
            "floating_ip": null,
            "force_delete": false,
            "id": "bb7b1071-cfba-446d-9969-e33b7b3a948e",
            "image_id": "3418c92f-ef4c-465b-bad3-9ae90a2e2a0f",
            "image_name": "CentOS-Stream-GenericCloud-8-20220125",
            "key_pair": "test_sequence_search",
            "metadata": null,
            "name": "test-monitor",
            "network": [
              {
                "access_network": false,
                "fixed_ip_v4": "192.168.0.8",
                "fixed_ip_v6": "",
                "floating_ip": "",
                "mac": "fa:16:3e:0f:3f:5f",
                "name": "test_sequence_search",
                "port": "",
                "uuid": "6ece5062-7838-4a71-a418-1022b745d808"
              }
            ],
            "network_mode": null,
            "personality": [],
            "power_state": "active",
            "region": "RegionOne",
            "scheduler_hints": [],
            "security_groups": [
              "test_sequence_search_monitor_instance"
            ],
            "stop_before_destroy": false,
            "tags": [],
            "timeouts": null,
            "user_data": null,
            "vendor_options": [],
            "volume": []
          },
          "sensitive_attributes": [],
          "private": "eyJlMmJmYjczMC1lY2FhLTExZTYtOGY4OC0zNDM2M2JjN2M0YzAiOnsiY3JlYXRlIjoxODAwMDAwMDAwMDAwLCJkZWxldGUiOjE4MDAwMDAwMDAwMDAsInVwZGF0ZSI6MTgwMDAwMDAwMDAwMH19",
          "dependencies": [
            "openstack_compute_keypair_v2.sequence_search",
            "openstack_compute_secgroup_v2.sequence_search_monitor_instance",
            "openstack_networking_network_v2.sequence_search",
            "openstack_networking_subnet_v2.sequence_search"
          ]
        }
      ]
    },
    {
      "mode": "managed",
      "type": "openstack_compute_instance_v2",
      "name": "nfs_server",
      "provider": "provider[\"registry.terraform.io/terraform-provider-openstack/openstack\"]",
      "instances": [
        {
          "schema_version": 0,
          "attributes": {
            "access_ip_v4": "192.168.0.7",
            "access_ip_v6": "",
            "admin_pass": null,
            "all_metadata": {},
            "all_tags": [],
            "availability_zone": "nova",
            "availability_zone_hints": null,
            "block_device": [],
            "config_drive": null,
            "flavor_id": "f3b60bce-c94d-4c78-b322-12a63c0f4751",
            "flavor_name": "2c2m80d",
            "floating_ip": null,
            "force_delete": false,
            "id": "a3e0649c-9028-42ca-952a-82d0f5446e55",
            "image_id": "fe772dd2-65ed-4592-8024-0a71c2ab751e",
            "image_name": "Ubuntu-18.04",
            "key_pair": "test_sequence_search",
            "metadata": null,
            "name": "test-nfs-server",
            "network": [
              {
                "access_network": false,
                "fixed_ip_v4": "192.168.0.7",
                "fixed_ip_v6": "",
                "floating_ip": "",
                "mac": "fa:16:3e:e4:80:9d",
                "name": "test_sequence_search",
                "port": "",
                "uuid": "6ece5062-7838-4a71-a418-1022b745d808"
              }
            ],
            "network_mode": null,
            "personality": [],
            "power_state": "active",
            "region": "RegionOne",
            "scheduler_hints": [],
            "security_groups": [
              "test_sequence_search_nfs_instance"
            ],
            "stop_before_destroy": false,
            "tags": null,
            "timeouts": null,
            "user_data": null,
            "vendor_options": [],
            "volume": []
          },
          "sensitive_attributes": [],
          "private": "eyJlMmJmYjczMC1lY2FhLTExZTYtOGY4OC0zNDM2M2JjN2M0YzAiOnsiY3JlYXRlIjoxODAwMDAwMDAwMDAwLCJkZWxldGUiOjE4MDAwMDAwMDAwMDAsInVwZGF0ZSI6MTgwMDAwMDAwMDAwMH19",
          "dependencies": [
            "openstack_compute_keypair_v2.sequence_search",
            "openstack_compute_secgroup_v2.sequence_search_nfs_instance",
            "openstack_networking_network_v2.sequence_search",
            "openstack_networking_subnet_v2.sequence_search"
          ]
        }
      ]
    },
    {
      "mode": "managed",
      "type": "openstack_compute_instance_v2",
      "name": "postgres",
      "provider": "provider[\"registry.terraform.io/terraform-provider-openstack/openstack\"]",
      "instances": [
        {
          "schema_version": 0,
          "attributes": {
            "access_ip_v4": "192.168.0.6",
            "access_ip_v6": "",
            "admin_pass": null,
            "all_metadata": {},
            "all_tags": [],
            "availability_zone": "nova",
            "availability_zone_hints": null,
            "block_device": [],
            "config_drive": null,
            "flavor_id": "e69dd9e7-4425-4296-bd6e-a26bfc8f3e00",
            "flavor_name": "4c8m80d",
            "floating_ip": null,
            "force_delete": false,
            "id": "efa18348-b66c-4d42-9444-01187990a985",
            "image_id": "3418c92f-ef4c-465b-bad3-9ae90a2e2a0f",
            "image_name": "CentOS-Stream-GenericCloud-8-20220125",
            "key_pair": "test_sequence_search",
            "metadata": null,
            "name": "test-postgres",
            "network": [
              {
                "access_network": false,
                "fixed_ip_v4": "192.168.0.6",
                "fixed_ip_v6": "",
                "floating_ip": "",
                "mac": "fa:16:3e:d6:3d:3f",
                "name": "test_sequence_search",
                "port": "",
                "uuid": "6ece5062-7838-4a71-a418-1022b745d808"
              }
            ],
            "network_mode": null,
            "personality": [],
            "power_state": "active",
            "region": "RegionOne",
            "scheduler_hints": [],
            "security_groups": [
              "test_sequence_search"
            ],
            "stop_before_destroy": false,
            "tags": [],
            "timeouts": null,
            "user_data": null,
            "vendor_options": [],
            "volume": []
          },
          "sensitive_attributes": [],
          "private": "eyJlMmJmYjczMC1lY2FhLTExZTYtOGY4OC0zNDM2M2JjN2M0YzAiOnsiY3JlYXRlIjoxODAwMDAwMDAwMDAwLCJkZWxldGUiOjE4MDAwMDAwMDAwMDAsInVwZGF0ZSI6MTgwMDAwMDAwMDAwMH19",
          "dependencies": [
            "openstack_networking_network_v2.sequence_search",
            "openstack_networking_subnet_v2.sequence_search",
            "openstack_compute_keypair_v2.sequence_search",
            "openstack_compute_secgroup_v2.sequence_search"
          ]
        }
      ]
    },
    {
      "mode": "managed",
      "type": "openstack_compute_instance_v2",
      "name": "producer",
      "provider": "provider[\"registry.terraform.io/terraform-provider-openstack/openstack\"]",
      "instances": [
        {
          "schema_version": 0,
          "attributes": {
            "access_ip_v4": "192.168.0.5",
            "access_ip_v6": "",
            "admin_pass": null,
            "all_metadata": {},
            "all_tags": [],
            "availability_zone": "nova",
            "availability_zone_hints": null,
            "block_device": [],
            "config_drive": null,
            "flavor_id": "e69dd9e7-4425-4296-bd6e-a26bfc8f3e00",
            "flavor_name": "4c8m80d",
            "floating_ip": null,
            "force_delete": false,
            "id": "f420498e-96e7-4b9f-adf7-acad4d0e809f",
            "image_id": "3418c92f-ef4c-465b-bad3-9ae90a2e2a0f",
            "image_name": "CentOS-Stream-GenericCloud-8-20220125",
            "key_pair": "test_sequence_search",
            "metadata": null,
            "name": "test-producer",
            "network": [
              {
                "access_network": false,
                "fixed_ip_v4": "192.168.0.5",
                "fixed_ip_v6": "",
                "floating_ip": "",
                "mac": "fa:16:3e:5e:e7:43",
                "name": "test_sequence_search",
                "port": "",
                "uuid": "6ece5062-7838-4a71-a418-1022b745d808"
              }
            ],
            "network_mode": null,
            "personality": [],
            "power_state": "active",
            "region": "RegionOne",
            "scheduler_hints": [],
            "security_groups": [
              "test_sequence_search"
            ],
            "stop_before_destroy": false,
            "tags": [],
            "timeouts": null,
            "user_data": null,
            "vendor_options": [],
            "volume": []
          },
          "sensitive_attributes": [],
          "private": "eyJlMmJmYjczMC1lY2FhLTExZTYtOGY4OC0zNDM2M2JjN2M0YzAiOnsiY3JlYXRlIjoxODAwMDAwMDAwMDAwLCJkZWxldGUiOjE4MDAwMDAwMDAwMDAsInVwZGF0ZSI6MTgwMDAwMDAwMDAwMH19",
          "dependencies": [
            "openstack_compute_keypair_v2.sequence_search",
            "openstack_compute_secgroup_v2.sequence_search",
            "openstack_networking_network_v2.sequence_search",
            "openstack_networking_subnet_v2.sequence_search"
          ]
        }
      ]
    },
    {
      "mode": "managed",
      "type": "openstack_compute_instance_v2",
      "name": "proxy",
      "provider": "provider[\"registry.terraform.io/terraform-provider-openstack/openstack\"]",
      "instances": [
        {
          "schema_version": 0,
          "attributes": {
            "access_ip_v4": "192.168.0.200",
            "access_ip_v6": "",
            "admin_pass": null,
            "all_metadata": {},
            "all_tags": [],
            "availability_zone": "nova",
            "availability_zone_hints": null,
            "block_device": [],
            "config_drive": null,
            "flavor_id": "c8b96dee-35be-4462-ae59-a90cb2981526",
            "flavor_name": "1c2m20d",
            "floating_ip": null,
            "force_delete": false,
            "id": "95ea3588-ddfd-4113-a856-b8d8b83e7b27",
            "image_id": "fe772dd2-65ed-4592-8024-0a71c2ab751e",
            "image_name": "Ubuntu-18.04",
            "key_pair": "test_sequence_search",
            "metadata": null,
            "name": "test-proxy",
            "network": [
              {
                "access_network": false,
                "fixed_ip_v4": "192.168.0.200",
                "fixed_ip_v6": "",
                "floating_ip": "",
                "mac": "fa:16:3e:ca:ec:82",
                "name": "test_sequence_search",
                "port": "",
                "uuid": "6ece5062-7838-4a71-a418-1022b745d808"
              }
            ],
            "network_mode": null,
            "personality": [],
            "power_state": "active",
            "region": "RegionOne",
            "scheduler_hints": [],
            "security_groups": [
              "test_sequence_search_proxy_instance"
            ],
            "stop_before_destroy": false,
            "tags": [],
            "timeouts": null,
            "user_data": null,
            "vendor_options": [],
            "volume": []
          },
          "sensitive_attributes": [],
          "private": "eyJlMmJmYjczMC1lY2FhLTExZTYtOGY4OC0zNDM2M2JjN2M0YzAiOnsiY3JlYXRlIjoxODAwMDAwMDAwMDAwLCJkZWxldGUiOjE4MDAwMDAwMDAwMDAsInVwZGF0ZSI6MTgwMDAwMDAwMDAwMH19",
          "dependencies": [
            "openstack_compute_keypair_v2.sequence_search",
            "openstack_compute_secgroup_v2.sequence_search_proxy",
            "openstack_networking_network_v2.sequence_search",
            "openstack_networking_subnet_v2.sequence_search"
          ]
        }
      ]
    },
    {
      "mode": "managed",
      "type": "openstack_compute_keypair_v2",
      "name": "sequence_search",
      "provider": "provider[\"registry.terraform.io/terraform-provider-openstack/openstack\"]",
      "instances": [
        {
          "schema_version": 0,
          "attributes": {
            "fingerprint": "f5:ac:9f:4e:68:11:2e:49:27:40:22:47:fa:ba:f3:58",
            "id": "test_sequence_search",
            "name": "test_sequence_search",
            "private_key": "",
            "public_key": "ssh-rsa AAAAB3NzaC1yc2EAAAADAQABAAACAQC9BOKz+dYi+0TzjpH5RWorfguhIp8Vxn1NIKX3VLbvYrStYlu+59aCdWALWhSUzqt/BKhwteg2Ph5m5pYItqs3i9VLpY493UvfjjocYqf47xqkDsYYo6kZkZjvnKFfkZui88TmgiMUKDtK/uRXVJhG4QlvCbrXLn9GM5jWmtV3lO/BEw25U19eGClsGQ0T7TUZ+YmPv9aHycw+hEpOWOvMYquzLg+thwrm7fzvLvbkS7pQm5kr8OGEvJ0HgLgUFiL+8zrB+zoGuiaaiFg9pLq2zJ/wtoe9OxiyRTaQt/Kwo8n2Z/S84bgKOLQPi85shjqQx/6/nfzjLpWUR8Bci9VH8CJ5i/zIagMHoyIrh+Fq/77YEuES0lpqYNd6AQUjgu7CF9OyXlQLwh6TSXLwxYUWaWAVMABysEaUT78+KFp7J86xTdb0zciVjTnyNb+IACMfo4hyexyAN3cPoWxAM7i8ET2Iug8QXB6RO1mz5zjvdDtLP7J5HCglVsXAmlHyxX7twmgAG11f45c/5I8gq0cQpubh8e6oZWYJ2krsbuVZnYXich+MidDIzt/5X+j06Um5iC4xbUIMJppeA1tzjQipvoavVeXs1LPN6ICLVtVkymb2Fhkpjq55Tiwan6ftYiWRXWOpaY00Yfc8ZbY8rb+bEF7lu4K1sf1bKOFyKke8Rw== apetrov@apetrov-ml\n",
            "region": "RegionOne",
            "value_specs": null
          },
          "sensitive_attributes": [],
          "private": "bnVsbA=="
        }
      ]
    },
    {
      "mode": "managed",
      "type": "openstack_compute_secgroup_v2",
      "name": "litscan_prefer",
      "provider": "provider[\"registry.terraform.io/terraform-provider-openstack/openstack\"]",
      "instances": [
        {
          "schema_version": 0,
          "attributes": {
            "description": "Security group for the litscan-prefer instance",
            "id": "e38a54ef-f3d3-40ad-876d-27e3c68c1a6c",
            "name": "test_litscan_prefer_instance",
            "region": "RegionOne",
            "rule": [
              {
                "cidr": "0.0.0.0/0",
                "from_group_id": "",
                "from_port": -1,
                "id": "4ed910af-096e-4bb0-870e-50938439cb72",
                "ip_protocol": "icmp",
                "self": false,
                "to_port": -1
              },
              {
                "cidr": "0.0.0.0/0",
                "from_group_id": "",
                "from_port": 22,
                "id": "2157e91b-7866-4ac6-b630-7c28596e953f",
                "ip_protocol": "tcp",
                "self": false,
                "to_port": 22
              },
              {
                "cidr": "0.0.0.0/0",
                "from_group_id": "",
                "from_port": 5000,
                "id": "0f90c63e-ef9b-4b28-81c9-76c6b9ce4025",
                "ip_protocol": "tcp",
                "self": false,
                "to_port": 5000
              }
            ],
            "timeouts": null
          },
          "sensitive_attributes": [],
          "private": "eyJlMmJmYjczMC1lY2FhLTExZTYtOGY4OC0zNDM2M2JjN2M0YzAiOnsiZGVsZXRlIjo2MDAwMDAwMDAwMDB9fQ=="
        }
      ]
    },
    {
      "mode": "managed",
      "type": "openstack_compute_secgroup_v2",
      "name": "sequence_search",
      "provider": "provider[\"registry.terraform.io/terraform-provider-openstack/openstack\"]",
      "instances": [
        {
          "schema_version": 0,
          "attributes": {
            "description": "Security group for the sequence_search instances (except NFS and monitor)",
            "id": "645af6af-0735-4542-8a7d-e99fdf2650bd",
            "name": "test_sequence_search",
            "region": "RegionOne",
            "rule": [
              {
                "cidr": "0.0.0.0/0",
                "from_group_id": "",
                "from_port": -1,
                "id": "2a6aad36-cf40-499f-8d5f-266bbe246d36",
                "ip_protocol": "icmp",
                "self": false,
                "to_port": -1
              },
              {
                "cidr": "0.0.0.0/0",
                "from_group_id": "",
                "from_port": 22,
                "id": "1ee42495-8ee7-4dce-9433-e18e0413ac46",
                "ip_protocol": "tcp",
                "self": false,
                "to_port": 22
              },
              {
                "cidr": "0.0.0.0/0",
                "from_group_id": "",
                "from_port": 8002,
                "id": "1647bb0c-4d86-4c3c-a0d8-ceb2b1382ea6",
                "ip_protocol": "tcp",
                "self": false,
                "to_port": 8002
              },
              {
                "cidr": "0.0.0.0/0",
                "from_group_id": "",
                "from_port": 8080,
                "id": "22c3b912-d1f0-4a18-838a-cdcb181925b3",
                "ip_protocol": "tcp",
                "self": false,
                "to_port": 8080
              },
              {
                "cidr": "192.168.0.0/24",
                "from_group_id": "",
                "from_port": 5432,
                "id": "bfe2b4e1-9171-4107-8d21-bd7bd8c1836c",
                "ip_protocol": "tcp",
                "self": false,
                "to_port": 5432
              },
              {
                "cidr": "192.168.0.0/24",
                "from_group_id": "",
                "from_port": 8000,
                "id": "82241564-11cc-4dde-81fc-8169c3631592",
                "ip_protocol": "tcp",
                "self": false,
                "to_port": 8000
              },
              {
                "cidr": "192.168.0.0/24",
                "from_group_id": "",
                "from_port": 8081,
                "id": "612cfe98-f1e5-4a36-a721-364bd98a33e0",
                "ip_protocol": "tcp",
                "self": false,
                "to_port": 8081
              }
            ],
            "timeouts": null
          },
          "sensitive_attributes": [],
          "private": "eyJlMmJmYjczMC1lY2FhLTExZTYtOGY4OC0zNDM2M2JjN2M0YzAiOnsiZGVsZXRlIjo2MDAwMDAwMDAwMDB9fQ=="
        }
      ]
    },
    {
      "mode": "managed",
      "type": "openstack_compute_secgroup_v2",
      "name": "sequence_search_monitor_instance",
      "provider": "provider[\"registry.terraform.io/terraform-provider-openstack/openstack\"]",
      "instances": [
        {
          "schema_version": 0,
          "attributes": {
            "description": "Security group for the monitor instance",
            "id": "6c47401f-d10a-4bf2-baec-d62131169145",
            "name": "test_sequence_search_monitor_instance",
            "region": "RegionOne",
            "rule": [
              {
                "cidr": "0.0.0.0/0",
                "from_group_id": "",
                "from_port": -1,
                "id": "ffbf87ad-3f44-41c3-92eb-899139499b8e",
                "ip_protocol": "icmp",
                "self": false,
                "to_port": -1
              },
              {
                "cidr": "0.0.0.0/0",
                "from_group_id": "",
                "from_port": 22,
                "id": "9773215a-2218-4c61-a17b-5f73fe2adcf7",
                "ip_protocol": "tcp",
                "self": false,
                "to_port": 22
              },
              {
                "cidr": "192.168.0.0/24",
                "from_group_id": "",
                "from_port": 11211,
                "id": "4a1de00c-8dfe-47cc-9f7a-f9bac4c52108",
                "ip_protocol": "tcp",
                "self": false,
                "to_port": 11211
              }
            ],
            "timeouts": null
          },
          "sensitive_attributes": [],
          "private": "eyJlMmJmYjczMC1lY2FhLTExZTYtOGY4OC0zNDM2M2JjN2M0YzAiOnsiZGVsZXRlIjo2MDAwMDAwMDAwMDB9fQ=="
        }
      ]
    },
    {
      "mode": "managed",
      "type": "openstack_compute_secgroup_v2",
      "name": "sequence_search_nfs_instance",
      "provider": "provider[\"registry.terraform.io/terraform-provider-openstack/openstack\"]",
      "instances": [
        {
          "schema_version": 0,
          "attributes": {
            "description": "Security group for the NFS instance",
            "id": "ec7fe269-a39b-4a29-a3bf-9577f0d27297",
            "name": "test_sequence_search_nfs_instance",
            "region": "RegionOne",
            "rule": [
              {
                "cidr": "0.0.0.0/0",
                "from_group_id": "",
                "from_port": -1,
                "id": "018e0a29-eb0c-4c53-89c5-d2b8885407c4",
                "ip_protocol": "icmp",
                "self": false,
                "to_port": -1
              },
              {
                "cidr": "0.0.0.0/0",
                "from_group_id": "",
                "from_port": 22,
                "id": "ae0cfb51-19e9-43ef-becd-cc9666b60d72",
                "ip_protocol": "tcp",
                "self": false,
                "to_port": 22
              },
              {
                "cidr": "192.168.0.0/24",
                "from_group_id": "",
                "from_port": 111,
                "id": "18668339-d495-46d3-bc6e-90f7c4898e4c",
                "ip_protocol": "tcp",
                "self": false,
                "to_port": 111
              },
              {
                "cidr": "192.168.0.0/24",
                "from_group_id": "",
                "from_port": 111,
                "id": "7f52946c-9a87-4d77-8734-790558e8c982",
                "ip_protocol": "udp",
                "self": false,
                "to_port": 111
              },
              {
                "cidr": "192.168.0.0/24",
                "from_group_id": "",
                "from_port": 2049,
                "id": "66c350a2-8a48-4f56-bee1-d97bb9b0cc0f",
                "ip_protocol": "tcp",
                "self": false,
                "to_port": 2049
              },
              {
                "cidr": "192.168.0.0/24",
                "from_group_id": "",
                "from_port": 2049,
                "id": "ee3fad31-f1b7-4d12-bbb3-91c4e648f145",
                "ip_protocol": "udp",
                "self": false,
                "to_port": 2049
              }
            ],
            "timeouts": null
          },
          "sensitive_attributes": [],
          "private": "eyJlMmJmYjczMC1lY2FhLTExZTYtOGY4OC0zNDM2M2JjN2M0YzAiOnsiZGVsZXRlIjo2MDAwMDAwMDAwMDB9fQ=="
        }
      ]
    },
    {
      "mode": "managed",
      "type": "openstack_compute_secgroup_v2",
      "name": "sequence_search_proxy",
      "provider": "provider[\"registry.terraform.io/terraform-provider-openstack/openstack\"]",
      "instances": [
        {
          "schema_version": 0,
          "attributes": {
            "description": "Security group for the proxy instance",
            "id": "8f2dbb00-c218-43f9-b026-9727cfa135e4",
            "name": "test_sequence_search_proxy_instance",
            "region": "RegionOne",
            "rule": [
              {
                "cidr": "0.0.0.0/0",
                "from_group_id": "",
                "from_port": -1,
                "id": "40c55e4a-fa5b-4d0c-b06d-f9f29c90ef30",
                "ip_protocol": "icmp",
                "self": false,
                "to_port": -1
              },
              {
                "cidr": "0.0.0.0/0",
                "from_group_id": "",
                "from_port": 22,
                "id": "d3bbcf10-7007-4961-bd28-5ee7a5e6e200",
                "ip_protocol": "tcp",
                "self": false,
                "to_port": 22
              },
              {
                "cidr": "0.0.0.0/0",
                "from_group_id": "",
                "from_port": 8002,
                "id": "a0726d59-737e-4dfa-a514-277187b760c0",
                "ip_protocol": "tcp",
                "self": false,
                "to_port": 8002
              },
              {
                "cidr": "0.0.0.0/0",
                "from_group_id": "",
                "from_port": 8080,
                "id": "cca78b6a-33ea-4004-854f-6329f0a3c573",
                "ip_protocol": "tcp",
                "self": false,
                "to_port": 8080
              }
            ],
            "timeouts": null
          },
          "sensitive_attributes": [],
          "private": "eyJlMmJmYjczMC1lY2FhLTExZTYtOGY4OC0zNDM2M2JjN2M0YzAiOnsiZGVsZXRlIjo2MDAwMDAwMDAwMDB9fQ=="
        }
      ]
    },
    {
      "mode": "managed",
      "type": "openstack_compute_volume_attach_v2",
      "name": "attach_db",
      "provider": "provider[\"registry.terraform.io/terraform-provider-openstack/openstack\"]",
      "instances": [
        {
          "schema_version": 0,
          "attributes": {
            "device": "/dev/vdb",
            "id": "efa18348-b66c-4d42-9444-01187990a985/4f86b9d1-14a7-4c98-bf4b-b4230a845fc6",
            "instance_id": "efa18348-b66c-4d42-9444-01187990a985",
            "multiattach": null,
            "region": "RegionOne",
            "timeouts": null,
            "vendor_options": [],
            "volume_id": "4f86b9d1-14a7-4c98-bf4b-b4230a845fc6"
          },
          "sensitive_attributes": [],
          "private": "eyJlMmJmYjczMC1lY2FhLTExZTYtOGY4OC0zNDM2M2JjN2M0YzAiOnsiY3JlYXRlIjo2MDAwMDAwMDAwMDAsImRlbGV0ZSI6NjAwMDAwMDAwMDAwfX0=",
          "dependencies": [
            "openstack_blockstorage_volume_v2.db_volume",
            "openstack_compute_instance_v2.postgres",
            "openstack_compute_keypair_v2.sequence_search",
            "openstack_compute_secgroup_v2.sequence_search",
            "openstack_networking_network_v2.sequence_search",
            "openstack_networking_subnet_v2.sequence_search"
          ]
        }
      ]
    },
    {
      "mode": "managed",
      "type": "openstack_compute_volume_attach_v2",
      "name": "attached",
      "provider": "provider[\"registry.terraform.io/terraform-provider-openstack/openstack\"]",
      "instances": [
        {
          "schema_version": 0,
          "attributes": {
            "device": "/dev/vdb",
            "id": "a3e0649c-9028-42ca-952a-82d0f5446e55/ff2f358d-476f-4114-8a59-29c8d153e640",
            "instance_id": "a3e0649c-9028-42ca-952a-82d0f5446e55",
            "multiattach": null,
            "region": "RegionOne",
            "timeouts": null,
            "vendor_options": [],
            "volume_id": "ff2f358d-476f-4114-8a59-29c8d153e640"
          },
          "sensitive_attributes": [],
          "private": "eyJlMmJmYjczMC1lY2FhLTExZTYtOGY4OC0zNDM2M2JjN2M0YzAiOnsiY3JlYXRlIjo2MDAwMDAwMDAwMDAsImRlbGV0ZSI6NjAwMDAwMDAwMDAwfX0=",
          "dependencies": [
            "openstack_blockstorage_volume_v2.nfs_volume",
            "openstack_compute_instance_v2.nfs_server",
            "openstack_compute_keypair_v2.sequence_search",
            "openstack_compute_secgroup_v2.sequence_search_nfs_instance",
            "openstack_networking_network_v2.sequence_search",
            "openstack_networking_subnet_v2.sequence_search"
          ]
        }
      ]
    },
    {
      "mode": "managed",
      "type": "openstack_networking_network_v2",
      "name": "sequence_search",
      "provider": "provider[\"registry.terraform.io/terraform-provider-openstack/openstack\"]",
      "instances": [
        {
          "schema_version": 0,
          "attributes": {
            "admin_state_up": true,
            "all_tags": [],
            "availability_zone_hints": [],
            "description": "",
            "dns_domain": "",
            "external": false,
            "id": "6ece5062-7838-4a71-a418-1022b745d808",
            "mtu": 8942,
            "name": "test_sequence_search",
            "port_security_enabled": true,
            "qos_policy_id": "",
            "region": "RegionOne",
            "segments": [],
            "shared": false,
            "tags": [],
            "tenant_id": "224be250ac6a45a4a5fadb360981af4a",
            "timeouts": null,
            "transparent_vlan": false,
            "value_specs": null
          },
          "sensitive_attributes": [],
          "private": "eyJlMmJmYjczMC1lY2FhLTExZTYtOGY4OC0zNDM2M2JjN2M0YzAiOnsiY3JlYXRlIjo2MDAwMDAwMDAwMDAsImRlbGV0ZSI6NjAwMDAwMDAwMDAwfX0="
        }
      ]
    },
    {
      "mode": "managed",
      "type": "openstack_networking_router_interface_v2",
      "name": "sequence_search",
      "provider": "provider[\"registry.terraform.io/terraform-provider-openstack/openstack\"]",
      "instances": [
        {
          "schema_version": 0,
          "attributes": {
            "id": "ec77aa86-5f14-4f54-b992-962cb12386b9",
            "port_id": "ec77aa86-5f14-4f54-b992-962cb12386b9",
            "region": "RegionOne",
            "router_id": "88e52152-40a4-41db-a2ee-620634614ff3",
            "subnet_id": "5b066454-3668-4682-94df-4dbdea1fa2f6",
            "timeouts": null
          },
          "sensitive_attributes": [],
          "private": "eyJlMmJmYjczMC1lY2FhLTExZTYtOGY4OC0zNDM2M2JjN2M0YzAiOnsiY3JlYXRlIjo2MDAwMDAwMDAwMDAsImRlbGV0ZSI6NjAwMDAwMDAwMDAwfX0=",
          "dependencies": [
            "openstack_networking_network_v2.sequence_search",
            "openstack_networking_router_v2.sequence_search",
            "openstack_networking_subnet_v2.sequence_search"
          ]
        }
      ]
    },
    {
      "mode": "managed",
      "type": "openstack_networking_router_v2",
      "name": "sequence_search",
      "provider": "provider[\"registry.terraform.io/terraform-provider-openstack/openstack\"]",
      "instances": [
        {
          "schema_version": 0,
          "attributes": {
            "admin_state_up": true,
            "all_tags": [],
            "availability_zone_hints": [],
            "description": "",
            "distributed": false,
            "enable_snat": true,
            "external_fixed_ip": [
              {
                "ip_address": "45.88.81.48",
                "subnet_id": "56d4feda-a1b4-4ecc-97a7-9c74da5a1db8"
              }
            ],
            "external_gateway": "9948edde-640b-482b-a6bc-ad1466000d86",
            "external_network_id": "9948edde-640b-482b-a6bc-ad1466000d86",
            "id": "88e52152-40a4-41db-a2ee-620634614ff3",
            "name": "test_sequence_search",
            "region": "RegionOne",
            "tags": [],
            "tenant_id": "224be250ac6a45a4a5fadb360981af4a",
            "timeouts": null,
            "value_specs": null,
            "vendor_options": []
          },
          "sensitive_attributes": [],
          "private": "eyJlMmJmYjczMC1lY2FhLTExZTYtOGY4OC0zNDM2M2JjN2M0YzAiOnsiY3JlYXRlIjo2MDAwMDAwMDAwMDAsImRlbGV0ZSI6NjAwMDAwMDAwMDAwfX0="
        }
      ]
    },
    {
      "mode": "managed",
      "type": "openstack_networking_subnet_v2",
      "name": "sequence_search",
      "provider": "provider[\"registry.terraform.io/terraform-provider-openstack/openstack\"]",
      "instances": [
        {
          "schema_version": 0,
          "attributes": {
            "all_tags": [],
            "allocation_pool": [
              {
                "end": "192.168.0.254",
                "start": "192.168.0.2"
              }
            ],
            "allocation_pools": [
              {
                "end": "192.168.0.254",
                "start": "192.168.0.2"
              }
            ],
            "cidr": "192.168.0.0/24",
            "description": "",
            "dns_nameservers": [
              "8.8.8.8"
            ],
            "enable_dhcp": true,
            "gateway_ip": "192.168.0.1",
            "host_routes": [],
            "id": "5b066454-3668-4682-94df-4dbdea1fa2f6",
            "ip_version": 4,
            "ipv6_address_mode": "",
            "ipv6_ra_mode": "",
            "name": "test_sequence_search",
            "network_id": "6ece5062-7838-4a71-a418-1022b745d808",
            "no_gateway": false,
            "prefix_length": null,
            "region": "RegionOne",
            "subnetpool_id": "",
            "tags": [],
            "tenant_id": "224be250ac6a45a4a5fadb360981af4a",
            "timeouts": null,
            "value_specs": null
          },
          "sensitive_attributes": [],
          "private": "eyJlMmJmYjczMC1lY2FhLTExZTYtOGY4OC0zNDM2M2JjN2M0YzAiOnsiY3JlYXRlIjo2MDAwMDAwMDAwMDAsImRlbGV0ZSI6NjAwMDAwMDAwMDAwfX0=",
          "dependencies": [
            "openstack_networking_network_v2.sequence_search"
          ]
        }
      ]
    }
  ]
}
