{
    "version": 3,
    "terraform_version": "0.11.13",
    "serial": 34,
    "lineage": "78978210-6031-db8f-0439-fa0111c455fd",
    "modules": [
        {
            "path": [
                "root"
            ],
            "outputs": {
                "floating_ip": {
                    "sensitive": false,
                    "type": "list",
                    "value": [
                        "193.62.55.123"
                    ]
                }
            },
            "resources": {
                "null_resource.pre-flight": {
                    "type": "null_resource",
                    "depends_on": [
                        "local.floating_ip"
                    ],
                    "primary": {
                        "id": "5044481507425269997",
                        "attributes": {
                            "id": "5044481507425269997"
                        },
                        "meta": {},
                        "tainted": false
                    },
                    "deposed": [],
                    "provider": "provider.null"
                },
                "openstack_blockstorage_volume_v2.sequence_search_consumer_databases.0": {
                    "type": "openstack_blockstorage_volume_v2",
                    "depends_on": [
                        "local.count"
                    ],
                    "primary": {
                        "id": "f95879c2-5678-432e-a76d-3b18a6f958f5",
                        "attributes": {
                            "attachment.#": "1",
                            "attachment.3320085.device": "/dev/vdb",
                            "attachment.3320085.id": "f95879c2-5678-432e-a76d-3b18a6f958f5",
                            "attachment.3320085.instance_id": "29550b46-7127-440d-a23f-7228524692d7",
                            "availability_zone": "nova",
                            "description": "",
                            "id": "f95879c2-5678-432e-a76d-3b18a6f958f5",
                            "image_id": "sequence_search_databases",
                            "metadata.%": "2",
                            "metadata.attached_mode": "rw",
                            "metadata.readonly": "False",
                            "name": "test-sequence-search-consumer-databases-1",
                            "region": "regionOne",
                            "size": "12",
                            "snapshot_id": "",
                            "source_vol_id": "",
                            "volume_type": ""
                        },
                        "meta": {
                            "e2bfb730-ecaa-11e6-8f88-34363bc7c4c0": {
                                "create": 600000000000,
                                "delete": 600000000000
                            }
                        },
                        "tainted": false
                    },
                    "deposed": [],
                    "provider": "provider.openstack"
                },
                "openstack_blockstorage_volume_v2.sequence_search_consumer_databases.1": {
                    "type": "openstack_blockstorage_volume_v2",
                    "depends_on": [
                        "local.count"
                    ],
                    "primary": {
                        "id": "17576ff1-a501-4bfc-aa41-ae63f44fe9ce",
                        "attributes": {
                            "attachment.#": "1",
                            "attachment.1778214411.device": "/dev/vdb",
                            "attachment.1778214411.id": "17576ff1-a501-4bfc-aa41-ae63f44fe9ce",
                            "attachment.1778214411.instance_id": "cba7c12b-4d31-4303-a783-757f0264efce",
                            "availability_zone": "nova",
                            "description": "",
                            "id": "17576ff1-a501-4bfc-aa41-ae63f44fe9ce",
                            "image_id": "sequence_search_databases",
                            "metadata.%": "2",
                            "metadata.attached_mode": "rw",
                            "metadata.readonly": "False",
                            "name": "test-sequence-search-consumer-databases-2",
                            "region": "regionOne",
                            "size": "12",
                            "snapshot_id": "",
                            "source_vol_id": "",
                            "volume_type": ""
                        },
                        "meta": {
                            "e2bfb730-ecaa-11e6-8f88-34363bc7c4c0": {
                                "create": 600000000000,
                                "delete": 600000000000
                            }
                        },
                        "tainted": false
                    },
                    "deposed": [],
                    "provider": "provider.openstack"
                },
                "openstack_blockstorage_volume_v2.sequence_search_consumer_databases.2": {
                    "type": "openstack_blockstorage_volume_v2",
                    "depends_on": [
                        "local.count"
                    ],
                    "primary": {
                        "id": "2548c358-6a9b-4deb-a3b4-9b00a6475f7c",
                        "attributes": {
                            "attachment.#": "1",
                            "attachment.2680296675.device": "/dev/vdb",
                            "attachment.2680296675.id": "2548c358-6a9b-4deb-a3b4-9b00a6475f7c",
                            "attachment.2680296675.instance_id": "6030d995-c097-4f9d-8713-b28ea02806d6",
                            "availability_zone": "nova",
                            "description": "",
                            "id": "2548c358-6a9b-4deb-a3b4-9b00a6475f7c",
                            "image_id": "sequence_search_databases",
                            "metadata.%": "2",
                            "metadata.attached_mode": "rw",
                            "metadata.readonly": "False",
                            "name": "test-sequence-search-consumer-databases-3",
                            "region": "regionOne",
                            "size": "12",
                            "snapshot_id": "",
                            "source_vol_id": "",
                            "volume_type": ""
                        },
                        "meta": {
                            "e2bfb730-ecaa-11e6-8f88-34363bc7c4c0": {
                                "create": 600000000000,
                                "delete": 600000000000
                            }
                        },
                        "tainted": false
                    },
                    "deposed": [],
                    "provider": "provider.openstack"
                },
                "openstack_blockstorage_volume_v2.sequence_search_consumer_databases.3": {
                    "type": "openstack_blockstorage_volume_v2",
                    "depends_on": [
                        "local.count"
                    ],
                    "primary": {
                        "id": "e2d547e9-00eb-4dbc-9acd-bdf030b1712e",
                        "attributes": {
                            "attachment.#": "1",
                            "attachment.353727571.device": "/dev/vdb",
                            "attachment.353727571.id": "e2d547e9-00eb-4dbc-9acd-bdf030b1712e",
                            "attachment.353727571.instance_id": "75b7e67d-cff6-477c-8286-f82a7e465ec8",
                            "availability_zone": "nova",
                            "description": "",
                            "id": "e2d547e9-00eb-4dbc-9acd-bdf030b1712e",
                            "image_id": "sequence_search_databases",
                            "metadata.%": "2",
                            "metadata.attached_mode": "rw",
                            "metadata.readonly": "False",
                            "name": "test-sequence-search-consumer-databases-4",
                            "region": "regionOne",
                            "size": "12",
                            "snapshot_id": "",
                            "source_vol_id": "",
                            "volume_type": ""
                        },
                        "meta": {
                            "e2bfb730-ecaa-11e6-8f88-34363bc7c4c0": {
                                "create": 600000000000,
                                "delete": 600000000000
                            }
                        },
                        "tainted": false
                    },
                    "deposed": [],
                    "provider": "provider.openstack"
                },
                "openstack_blockstorage_volume_v2.sequence_search_consumer_databases.4": {
                    "type": "openstack_blockstorage_volume_v2",
                    "depends_on": [
                        "local.count"
                    ],
                    "primary": {
                        "id": "a9d0e0af-ff27-4bef-8fdf-ce22a9b7b908",
                        "attributes": {
                            "attachment.#": "1",
                            "attachment.2108170543.device": "/dev/vdb",
                            "attachment.2108170543.id": "a9d0e0af-ff27-4bef-8fdf-ce22a9b7b908",
                            "attachment.2108170543.instance_id": "f3d9099d-e8b8-4c39-a638-668689bf6966",
                            "availability_zone": "nova",
                            "description": "",
                            "id": "a9d0e0af-ff27-4bef-8fdf-ce22a9b7b908",
                            "image_id": "sequence_search_databases",
                            "metadata.%": "2",
                            "metadata.attached_mode": "rw",
                            "metadata.readonly": "False",
                            "name": "test-sequence-search-consumer-databases-5",
                            "region": "regionOne",
                            "size": "12",
                            "snapshot_id": "",
                            "source_vol_id": "",
                            "volume_type": ""
                        },
                        "meta": {
                            "e2bfb730-ecaa-11e6-8f88-34363bc7c4c0": {
                                "create": 600000000000,
                                "delete": 600000000000
                            }
                        },
                        "tainted": false
                    },
                    "deposed": [],
                    "provider": "provider.openstack"
                },
                "openstack_blockstorage_volume_v2.sequence_search_consumer_databases.5": {
                    "type": "openstack_blockstorage_volume_v2",
                    "depends_on": [
                        "local.count"
                    ],
                    "primary": {
                        "id": "b4bbdd8d-eded-43d2-b380-583583dd8a75",
                        "attributes": {
                            "attachment.#": "1",
                            "attachment.3956302284.device": "/dev/vdb",
                            "attachment.3956302284.id": "b4bbdd8d-eded-43d2-b380-583583dd8a75",
                            "attachment.3956302284.instance_id": "60bbdbce-62a3-43a2-a3e7-f1c8782aa8ba",
                            "availability_zone": "nova",
                            "description": "",
                            "id": "b4bbdd8d-eded-43d2-b380-583583dd8a75",
                            "image_id": "sequence_search_databases",
                            "metadata.%": "2",
                            "metadata.attached_mode": "rw",
                            "metadata.readonly": "False",
                            "name": "test-sequence-search-consumer-databases-6",
                            "region": "regionOne",
                            "size": "12",
                            "snapshot_id": "",
                            "source_vol_id": "",
                            "volume_type": ""
                        },
                        "meta": {
                            "e2bfb730-ecaa-11e6-8f88-34363bc7c4c0": {
                                "create": 600000000000,
                                "delete": 600000000000
                            }
                        },
                        "tainted": false
                    },
                    "deposed": [],
                    "provider": "provider.openstack"
                },
                "openstack_blockstorage_volume_v2.sequence_search_consumer_databases.6": {
                    "type": "openstack_blockstorage_volume_v2",
                    "depends_on": [
                        "local.count"
                    ],
                    "primary": {
                        "id": "63e2ae70-13c9-41be-a082-3533fb7367b6",
                        "attributes": {
                            "attachment.#": "1",
                            "attachment.1440294230.device": "/dev/vdb",
                            "attachment.1440294230.id": "63e2ae70-13c9-41be-a082-3533fb7367b6",
                            "attachment.1440294230.instance_id": "f2a2be25-59f7-4a9d-81e6-bee244d05e18",
                            "availability_zone": "nova",
                            "description": "",
                            "id": "63e2ae70-13c9-41be-a082-3533fb7367b6",
                            "image_id": "sequence_search_databases",
                            "metadata.%": "2",
                            "metadata.attached_mode": "rw",
                            "metadata.readonly": "False",
                            "name": "test-sequence-search-consumer-databases-7",
                            "region": "regionOne",
                            "size": "12",
                            "snapshot_id": "",
                            "source_vol_id": "",
                            "volume_type": ""
                        },
                        "meta": {
                            "e2bfb730-ecaa-11e6-8f88-34363bc7c4c0": {
                                "create": 600000000000,
                                "delete": 600000000000
                            }
                        },
                        "tainted": false
                    },
                    "deposed": [],
                    "provider": "provider.openstack"
                },
                "openstack_blockstorage_volume_v2.sequence_search_consumer_databases.7": {
                    "type": "openstack_blockstorage_volume_v2",
                    "depends_on": [
                        "local.count"
                    ],
                    "primary": {
                        "id": "0e0829f2-4e07-475e-8992-868e84d98a42",
                        "attributes": {
                            "attachment.#": "1",
                            "attachment.3502807394.device": "/dev/vdb",
                            "attachment.3502807394.id": "0e0829f2-4e07-475e-8992-868e84d98a42",
                            "attachment.3502807394.instance_id": "89d6c011-1d9c-48e4-88e1-bb3a22f72d78",
                            "availability_zone": "nova",
                            "description": "",
                            "id": "0e0829f2-4e07-475e-8992-868e84d98a42",
                            "image_id": "sequence_search_databases",
                            "metadata.%": "2",
                            "metadata.attached_mode": "rw",
                            "metadata.readonly": "False",
                            "name": "test-sequence-search-consumer-databases-8",
                            "region": "regionOne",
                            "size": "12",
                            "snapshot_id": "",
                            "source_vol_id": "",
                            "volume_type": ""
                        },
                        "meta": {
                            "e2bfb730-ecaa-11e6-8f88-34363bc7c4c0": {
                                "create": 600000000000,
                                "delete": 600000000000
                            }
                        },
                        "tainted": false
                    },
                    "deposed": [],
                    "provider": "provider.openstack"
                },
                "openstack_blockstorage_volume_v2.sequence_search_consumer_databases.8": {
                    "type": "openstack_blockstorage_volume_v2",
                    "depends_on": [
                        "local.count"
                    ],
                    "primary": {
                        "id": "4efd4800-d294-49fc-bc79-3bc541a659e1",
                        "attributes": {
                            "attachment.#": "1",
                            "attachment.2785996409.device": "/dev/vdb",
                            "attachment.2785996409.id": "4efd4800-d294-49fc-bc79-3bc541a659e1",
                            "attachment.2785996409.instance_id": "f043887c-d17b-4082-8d14-95be41e38926",
                            "availability_zone": "nova",
                            "description": "",
                            "id": "4efd4800-d294-49fc-bc79-3bc541a659e1",
                            "image_id": "sequence_search_databases",
                            "metadata.%": "2",
                            "metadata.attached_mode": "rw",
                            "metadata.readonly": "False",
                            "name": "test-sequence-search-consumer-databases-9",
                            "region": "regionOne",
                            "size": "12",
                            "snapshot_id": "",
                            "source_vol_id": "",
                            "volume_type": ""
                        },
                        "meta": {
                            "e2bfb730-ecaa-11e6-8f88-34363bc7c4c0": {
                                "create": 600000000000,
                                "delete": 600000000000
                            }
                        },
                        "tainted": false
                    },
                    "deposed": [],
                    "provider": "provider.openstack"
                },
                "openstack_blockstorage_volume_v2.sequence_search_consumer_databases.9": {
                    "type": "openstack_blockstorage_volume_v2",
                    "depends_on": [
                        "local.count"
                    ],
                    "primary": {
                        "id": "8ba1b590-fbcb-41cf-a703-489186302aed",
                        "attributes": {
                            "attachment.#": "1",
                            "attachment.2567224273.device": "/dev/vdb",
                            "attachment.2567224273.id": "8ba1b590-fbcb-41cf-a703-489186302aed",
                            "attachment.2567224273.instance_id": "ea1a309a-9a01-4dad-88e4-d3d4e03286a1",
                            "availability_zone": "nova",
                            "description": "",
                            "id": "8ba1b590-fbcb-41cf-a703-489186302aed",
                            "image_id": "sequence_search_databases",
                            "metadata.%": "2",
                            "metadata.attached_mode": "rw",
                            "metadata.readonly": "False",
                            "name": "test-sequence-search-consumer-databases-10",
                            "region": "regionOne",
                            "size": "12",
                            "snapshot_id": "",
                            "source_vol_id": "",
                            "volume_type": ""
                        },
                        "meta": {
                            "e2bfb730-ecaa-11e6-8f88-34363bc7c4c0": {
                                "create": 600000000000,
                                "delete": 600000000000
                            }
                        },
                        "tainted": false
                    },
                    "deposed": [],
                    "provider": "provider.openstack"
                },
                "openstack_blockstorage_volume_v2.sequence_search_producer_databases": {
                    "type": "openstack_blockstorage_volume_v2",
                    "depends_on": [],
                    "primary": {
                        "id": "c6544384-4bbe-4935-ac78-a68757390eff",
                        "attributes": {
                            "attachment.#": "1",
                            "attachment.2523243962.device": "/dev/vdb",
                            "attachment.2523243962.id": "c6544384-4bbe-4935-ac78-a68757390eff",
                            "attachment.2523243962.instance_id": "b5996633-f634-424b-9f72-394928f46786",
                            "availability_zone": "nova",
                            "description": "",
                            "id": "c6544384-4bbe-4935-ac78-a68757390eff",
                            "image_id": "sequence_search_databases",
                            "metadata.%": "2",
                            "metadata.attached_mode": "rw",
                            "metadata.readonly": "False",
                            "name": "test-sequence-search-producer-databases",
                            "region": "regionOne",
                            "size": "12",
                            "snapshot_id": "",
                            "source_vol_id": "",
                            "volume_type": ""
                        },
                        "meta": {
                            "e2bfb730-ecaa-11e6-8f88-34363bc7c4c0": {
                                "create": 600000000000,
                                "delete": 600000000000
                            }
                        },
                        "tainted": false
                    },
                    "deposed": [],
                    "provider": "provider.openstack"
                },
                "openstack_compute_floatingip_associate_v2.associate_postgres_floating_ip": {
                    "type": "openstack_compute_floatingip_associate_v2",
                    "depends_on": [
                        "local.postgres_floating_ip",
                        "openstack_compute_instance_v2.postgres",
                        "openstack_networking_router_interface_v2.sequence_search"
                    ],
                    "primary": {
                        "id": "193.62.55.122/fc63c262-0ad0-47ab-a3c9-bef4d8cabf23/",
                        "attributes": {
                            "fixed_ip": "",
                            "floating_ip": "193.62.55.122",
                            "id": "193.62.55.122/fc63c262-0ad0-47ab-a3c9-bef4d8cabf23/",
                            "instance_id": "fc63c262-0ad0-47ab-a3c9-bef4d8cabf23",
                            "region": "regionOne"
                        },
                        "meta": {
                            "e2bfb730-ecaa-11e6-8f88-34363bc7c4c0": {
                                "create": 600000000000
                            }
                        },
                        "tainted": false
                    },
                    "deposed": [],
                    "provider": "provider.openstack"
                },
                "openstack_compute_floatingip_associate_v2.sequence_search": {
                    "type": "openstack_compute_floatingip_associate_v2",
                    "depends_on": [
                        "local.floating_ip",
                        "openstack_compute_instance_v2.producer",
                        "openstack_networking_router_interface_v2.sequence_search"
                    ],
                    "primary": {
                        "id": "193.62.55.123/b5996633-f634-424b-9f72-394928f46786/",
                        "attributes": {
                            "fixed_ip": "",
                            "floating_ip": "193.62.55.123",
                            "id": "193.62.55.123/b5996633-f634-424b-9f72-394928f46786/",
                            "instance_id": "b5996633-f634-424b-9f72-394928f46786",
                            "region": "regionOne"
                        },
                        "meta": {
                            "e2bfb730-ecaa-11e6-8f88-34363bc7c4c0": {
                                "create": 600000000000
                            }
                        },
                        "tainted": false
                    },
                    "deposed": [],
                    "provider": "provider.openstack"
                },
                "openstack_compute_instance_v2.consumer.0": {
                    "type": "openstack_compute_instance_v2",
                    "depends_on": [
                        "local.count",
                        "openstack_compute_keypair_v2.sequence_search",
                        "openstack_compute_secgroup_v2.sequence_search",
                        "openstack_networking_network_v2.sequence_search"
                    ],
                    "primary": {
                        "id": "29550b46-7127-440d-a23f-7228524692d7",
                        "attributes": {
                            "access_ip_v4": "192.168.0.7",
                            "access_ip_v6": "",
                            "all_metadata.%": "0",
                            "availability_zone": "nova",
                            "flavor_id": "fa85f5f4-4560-4e1b-af95-21df6f714727",
                            "flavor_name": "s1.jumbo",
                            "force_delete": "false",
                            "id": "29550b46-7127-440d-a23f-7228524692d7",
                            "image_id": "3306bf44-c895-45b2-af05-0a3d23630ce6",
                            "image_name": "CentOS7-Cloud",
                            "key_pair": "test_sequence_search",
                            "name": "test-consumer-1",
                            "network.#": "1",
                            "network.0.access_network": "false",
                            "network.0.fixed_ip_v4": "192.168.0.7",
                            "network.0.fixed_ip_v6": "",
                            "network.0.floating_ip": "",
                            "network.0.mac": "fa:16:3e:c7:1f:6f",
                            "network.0.name": "test_sequence_search",
                            "network.0.port": "",
                            "network.0.uuid": "a0c49112-e741-403e-ab23-579d29e37e99",
                            "power_state": "active",
                            "region": "regionOne",
                            "security_groups.#": "1",
                            "security_groups.2922303371": "test_sequence_search",
                            "stop_before_destroy": "false"
                        },
                        "meta": {
                            "e2bfb730-ecaa-11e6-8f88-34363bc7c4c0": {
                                "create": 1800000000000,
                                "delete": 1800000000000,
                                "update": 1800000000000
                            }
                        },
                        "tainted": false
                    },
                    "deposed": [],
                    "provider": "provider.openstack"
                },
                "openstack_compute_instance_v2.consumer.1": {
                    "type": "openstack_compute_instance_v2",
                    "depends_on": [
                        "local.count",
                        "openstack_compute_keypair_v2.sequence_search",
                        "openstack_compute_secgroup_v2.sequence_search",
                        "openstack_networking_network_v2.sequence_search"
                    ],
                    "primary": {
                        "id": "cba7c12b-4d31-4303-a783-757f0264efce",
                        "attributes": {
                            "access_ip_v4": "192.168.0.8",
                            "access_ip_v6": "",
                            "all_metadata.%": "0",
                            "availability_zone": "nova",
                            "flavor_id": "fa85f5f4-4560-4e1b-af95-21df6f714727",
                            "flavor_name": "s1.jumbo",
                            "force_delete": "false",
                            "id": "cba7c12b-4d31-4303-a783-757f0264efce",
                            "image_id": "3306bf44-c895-45b2-af05-0a3d23630ce6",
                            "image_name": "CentOS7-Cloud",
                            "key_pair": "test_sequence_search",
                            "name": "test-consumer-2",
                            "network.#": "1",
                            "network.0.access_network": "false",
                            "network.0.fixed_ip_v4": "192.168.0.8",
                            "network.0.fixed_ip_v6": "",
                            "network.0.floating_ip": "",
                            "network.0.mac": "fa:16:3e:4e:1e:23",
                            "network.0.name": "test_sequence_search",
                            "network.0.port": "",
                            "network.0.uuid": "a0c49112-e741-403e-ab23-579d29e37e99",
                            "power_state": "active",
                            "region": "regionOne",
                            "security_groups.#": "1",
                            "security_groups.2922303371": "test_sequence_search",
                            "stop_before_destroy": "false"
                        },
                        "meta": {
                            "e2bfb730-ecaa-11e6-8f88-34363bc7c4c0": {
                                "create": 1800000000000,
                                "delete": 1800000000000,
                                "update": 1800000000000
                            }
                        },
                        "tainted": false
                    },
                    "deposed": [],
                    "provider": "provider.openstack"
                },
                "openstack_compute_instance_v2.consumer.2": {
                    "type": "openstack_compute_instance_v2",
                    "depends_on": [
                        "local.count",
                        "openstack_compute_keypair_v2.sequence_search",
                        "openstack_compute_secgroup_v2.sequence_search",
                        "openstack_networking_network_v2.sequence_search"
                    ],
                    "primary": {
                        "id": "6030d995-c097-4f9d-8713-b28ea02806d6",
                        "attributes": {
                            "access_ip_v4": "192.168.0.9",
                            "access_ip_v6": "",
                            "all_metadata.%": "0",
                            "availability_zone": "nova",
                            "flavor_id": "fa85f5f4-4560-4e1b-af95-21df6f714727",
                            "flavor_name": "s1.jumbo",
                            "force_delete": "false",
                            "id": "6030d995-c097-4f9d-8713-b28ea02806d6",
                            "image_id": "3306bf44-c895-45b2-af05-0a3d23630ce6",
                            "image_name": "CentOS7-Cloud",
                            "key_pair": "test_sequence_search",
                            "name": "test-consumer-3",
                            "network.#": "1",
                            "network.0.access_network": "false",
                            "network.0.fixed_ip_v4": "192.168.0.9",
                            "network.0.fixed_ip_v6": "",
                            "network.0.floating_ip": "",
                            "network.0.mac": "fa:16:3e:c1:9b:43",
                            "network.0.name": "test_sequence_search",
                            "network.0.port": "",
                            "network.0.uuid": "a0c49112-e741-403e-ab23-579d29e37e99",
                            "power_state": "active",
                            "region": "regionOne",
                            "security_groups.#": "1",
                            "security_groups.2922303371": "test_sequence_search",
                            "stop_before_destroy": "false"
                        },
                        "meta": {
                            "e2bfb730-ecaa-11e6-8f88-34363bc7c4c0": {
                                "create": 1800000000000,
                                "delete": 1800000000000,
                                "update": 1800000000000
                            }
                        },
                        "tainted": false
                    },
                    "deposed": [],
                    "provider": "provider.openstack"
                },
                "openstack_compute_instance_v2.consumer.3": {
                    "type": "openstack_compute_instance_v2",
                    "depends_on": [
                        "local.count",
                        "openstack_compute_keypair_v2.sequence_search",
                        "openstack_compute_secgroup_v2.sequence_search",
                        "openstack_networking_network_v2.sequence_search"
                    ],
                    "primary": {
                        "id": "75b7e67d-cff6-477c-8286-f82a7e465ec8",
                        "attributes": {
                            "access_ip_v4": "192.168.0.10",
                            "access_ip_v6": "",
                            "all_metadata.%": "0",
                            "availability_zone": "nova",
                            "flavor_id": "fa85f5f4-4560-4e1b-af95-21df6f714727",
                            "flavor_name": "s1.jumbo",
                            "force_delete": "false",
                            "id": "75b7e67d-cff6-477c-8286-f82a7e465ec8",
                            "image_id": "3306bf44-c895-45b2-af05-0a3d23630ce6",
                            "image_name": "CentOS7-Cloud",
                            "key_pair": "test_sequence_search",
                            "name": "test-consumer-4",
                            "network.#": "1",
                            "network.0.access_network": "false",
                            "network.0.fixed_ip_v4": "192.168.0.10",
                            "network.0.fixed_ip_v6": "",
                            "network.0.floating_ip": "",
                            "network.0.mac": "fa:16:3e:f1:99:3a",
                            "network.0.name": "test_sequence_search",
                            "network.0.port": "",
                            "network.0.uuid": "a0c49112-e741-403e-ab23-579d29e37e99",
                            "power_state": "active",
                            "region": "regionOne",
                            "security_groups.#": "1",
                            "security_groups.2922303371": "test_sequence_search",
                            "stop_before_destroy": "false"
                        },
                        "meta": {
                            "e2bfb730-ecaa-11e6-8f88-34363bc7c4c0": {
                                "create": 1800000000000,
                                "delete": 1800000000000,
                                "update": 1800000000000
                            }
                        },
                        "tainted": false
                    },
                    "deposed": [],
                    "provider": "provider.openstack"
                },
                "openstack_compute_instance_v2.consumer.4": {
                    "type": "openstack_compute_instance_v2",
                    "depends_on": [
                        "local.count",
                        "openstack_compute_keypair_v2.sequence_search",
                        "openstack_compute_secgroup_v2.sequence_search",
                        "openstack_networking_network_v2.sequence_search"
                    ],
                    "primary": {
                        "id": "f3d9099d-e8b8-4c39-a638-668689bf6966",
                        "attributes": {
                            "access_ip_v4": "192.168.0.11",
                            "access_ip_v6": "",
                            "all_metadata.%": "0",
                            "availability_zone": "nova",
                            "flavor_id": "fa85f5f4-4560-4e1b-af95-21df6f714727",
                            "flavor_name": "s1.jumbo",
                            "force_delete": "false",
                            "id": "f3d9099d-e8b8-4c39-a638-668689bf6966",
                            "image_id": "3306bf44-c895-45b2-af05-0a3d23630ce6",
                            "image_name": "CentOS7-Cloud",
                            "key_pair": "test_sequence_search",
                            "name": "test-consumer-5",
                            "network.#": "1",
                            "network.0.access_network": "false",
                            "network.0.fixed_ip_v4": "192.168.0.11",
                            "network.0.fixed_ip_v6": "",
                            "network.0.floating_ip": "",
                            "network.0.mac": "fa:16:3e:00:60:bf",
                            "network.0.name": "test_sequence_search",
                            "network.0.port": "",
                            "network.0.uuid": "a0c49112-e741-403e-ab23-579d29e37e99",
                            "power_state": "active",
                            "region": "regionOne",
                            "security_groups.#": "1",
                            "security_groups.2922303371": "test_sequence_search",
                            "stop_before_destroy": "false"
                        },
                        "meta": {
                            "e2bfb730-ecaa-11e6-8f88-34363bc7c4c0": {
                                "create": 1800000000000,
                                "delete": 1800000000000,
                                "update": 1800000000000
                            }
                        },
                        "tainted": false
                    },
                    "deposed": [],
                    "provider": "provider.openstack"
                },
                "openstack_compute_instance_v2.consumer.5": {
                    "type": "openstack_compute_instance_v2",
                    "depends_on": [
                        "local.count",
                        "openstack_compute_keypair_v2.sequence_search",
                        "openstack_compute_secgroup_v2.sequence_search",
                        "openstack_networking_network_v2.sequence_search"
                    ],
                    "primary": {
                        "id": "60bbdbce-62a3-43a2-a3e7-f1c8782aa8ba",
                        "attributes": {
                            "access_ip_v4": "192.168.0.12",
                            "access_ip_v6": "",
                            "all_metadata.%": "0",
                            "availability_zone": "nova",
                            "flavor_id": "fa85f5f4-4560-4e1b-af95-21df6f714727",
                            "flavor_name": "s1.jumbo",
                            "force_delete": "false",
                            "id": "60bbdbce-62a3-43a2-a3e7-f1c8782aa8ba",
                            "image_id": "3306bf44-c895-45b2-af05-0a3d23630ce6",
                            "image_name": "CentOS7-Cloud",
                            "key_pair": "test_sequence_search",
                            "name": "test-consumer-6",
                            "network.#": "1",
                            "network.0.access_network": "false",
                            "network.0.fixed_ip_v4": "192.168.0.12",
                            "network.0.fixed_ip_v6": "",
                            "network.0.floating_ip": "",
                            "network.0.mac": "fa:16:3e:5a:87:ed",
                            "network.0.name": "test_sequence_search",
                            "network.0.port": "",
                            "network.0.uuid": "a0c49112-e741-403e-ab23-579d29e37e99",
                            "power_state": "active",
                            "region": "regionOne",
                            "security_groups.#": "1",
                            "security_groups.2922303371": "test_sequence_search",
                            "stop_before_destroy": "false"
                        },
                        "meta": {
                            "e2bfb730-ecaa-11e6-8f88-34363bc7c4c0": {
                                "create": 1800000000000,
                                "delete": 1800000000000,
                                "update": 1800000000000
                            }
                        },
                        "tainted": false
                    },
                    "deposed": [],
                    "provider": "provider.openstack"
                },
                "openstack_compute_instance_v2.consumer.6": {
                    "type": "openstack_compute_instance_v2",
                    "depends_on": [
                        "local.count",
                        "openstack_compute_keypair_v2.sequence_search",
                        "openstack_compute_secgroup_v2.sequence_search",
                        "openstack_networking_network_v2.sequence_search"
                    ],
                    "primary": {
                        "id": "f2a2be25-59f7-4a9d-81e6-bee244d05e18",
                        "attributes": {
                            "access_ip_v4": "192.168.0.13",
                            "access_ip_v6": "",
                            "all_metadata.%": "0",
                            "availability_zone": "nova",
                            "flavor_id": "fa85f5f4-4560-4e1b-af95-21df6f714727",
                            "flavor_name": "s1.jumbo",
                            "force_delete": "false",
                            "id": "f2a2be25-59f7-4a9d-81e6-bee244d05e18",
                            "image_id": "3306bf44-c895-45b2-af05-0a3d23630ce6",
                            "image_name": "CentOS7-Cloud",
                            "key_pair": "test_sequence_search",
                            "name": "test-consumer-7",
                            "network.#": "1",
                            "network.0.access_network": "false",
                            "network.0.fixed_ip_v4": "192.168.0.13",
                            "network.0.fixed_ip_v6": "",
                            "network.0.floating_ip": "",
                            "network.0.mac": "fa:16:3e:d4:b5:cc",
                            "network.0.name": "test_sequence_search",
                            "network.0.port": "",
                            "network.0.uuid": "a0c49112-e741-403e-ab23-579d29e37e99",
                            "power_state": "active",
                            "region": "regionOne",
                            "security_groups.#": "1",
                            "security_groups.2922303371": "test_sequence_search",
                            "stop_before_destroy": "false"
                        },
                        "meta": {
                            "e2bfb730-ecaa-11e6-8f88-34363bc7c4c0": {
                                "create": 1800000000000,
                                "delete": 1800000000000,
                                "update": 1800000000000
                            }
                        },
                        "tainted": false
                    },
                    "deposed": [],
                    "provider": "provider.openstack"
                },
                "openstack_compute_instance_v2.consumer.7": {
                    "type": "openstack_compute_instance_v2",
                    "depends_on": [
                        "local.count",
                        "openstack_compute_keypair_v2.sequence_search",
                        "openstack_compute_secgroup_v2.sequence_search",
                        "openstack_networking_network_v2.sequence_search"
                    ],
                    "primary": {
                        "id": "89d6c011-1d9c-48e4-88e1-bb3a22f72d78",
                        "attributes": {
                            "access_ip_v4": "192.168.0.14",
                            "access_ip_v6": "",
                            "all_metadata.%": "0",
                            "availability_zone": "nova",
                            "flavor_id": "fa85f5f4-4560-4e1b-af95-21df6f714727",
                            "flavor_name": "s1.jumbo",
                            "force_delete": "false",
                            "id": "89d6c011-1d9c-48e4-88e1-bb3a22f72d78",
                            "image_id": "3306bf44-c895-45b2-af05-0a3d23630ce6",
                            "image_name": "CentOS7-Cloud",
                            "key_pair": "test_sequence_search",
                            "name": "test-consumer-8",
                            "network.#": "1",
                            "network.0.access_network": "false",
                            "network.0.fixed_ip_v4": "192.168.0.14",
                            "network.0.fixed_ip_v6": "",
                            "network.0.floating_ip": "",
                            "network.0.mac": "fa:16:3e:51:1d:ce",
                            "network.0.name": "test_sequence_search",
                            "network.0.port": "",
                            "network.0.uuid": "a0c49112-e741-403e-ab23-579d29e37e99",
                            "power_state": "active",
                            "region": "regionOne",
                            "security_groups.#": "1",
                            "security_groups.2922303371": "test_sequence_search",
                            "stop_before_destroy": "false"
                        },
                        "meta": {
                            "e2bfb730-ecaa-11e6-8f88-34363bc7c4c0": {
                                "create": 1800000000000,
                                "delete": 1800000000000,
                                "update": 1800000000000
                            }
                        },
                        "tainted": false
                    },
                    "deposed": [],
                    "provider": "provider.openstack"
                },
                "openstack_compute_instance_v2.consumer.8": {
                    "type": "openstack_compute_instance_v2",
                    "depends_on": [
                        "local.count",
                        "openstack_compute_keypair_v2.sequence_search",
                        "openstack_compute_secgroup_v2.sequence_search",
                        "openstack_networking_network_v2.sequence_search"
                    ],
                    "primary": {
                        "id": "f043887c-d17b-4082-8d14-95be41e38926",
                        "attributes": {
                            "access_ip_v4": "192.168.0.15",
                            "access_ip_v6": "",
                            "all_metadata.%": "0",
                            "availability_zone": "nova",
                            "flavor_id": "fa85f5f4-4560-4e1b-af95-21df6f714727",
                            "flavor_name": "s1.jumbo",
                            "force_delete": "false",
                            "id": "f043887c-d17b-4082-8d14-95be41e38926",
                            "image_id": "3306bf44-c895-45b2-af05-0a3d23630ce6",
                            "image_name": "CentOS7-Cloud",
                            "key_pair": "test_sequence_search",
                            "name": "test-consumer-9",
                            "network.#": "1",
                            "network.0.access_network": "false",
                            "network.0.fixed_ip_v4": "192.168.0.15",
                            "network.0.fixed_ip_v6": "",
                            "network.0.floating_ip": "",
                            "network.0.mac": "fa:16:3e:63:8b:b1",
                            "network.0.name": "test_sequence_search",
                            "network.0.port": "",
                            "network.0.uuid": "a0c49112-e741-403e-ab23-579d29e37e99",
                            "power_state": "active",
                            "region": "regionOne",
                            "security_groups.#": "1",
                            "security_groups.2922303371": "test_sequence_search",
                            "stop_before_destroy": "false"
                        },
                        "meta": {
                            "e2bfb730-ecaa-11e6-8f88-34363bc7c4c0": {
                                "create": 1800000000000,
                                "delete": 1800000000000,
                                "update": 1800000000000
                            }
                        },
                        "tainted": false
                    },
                    "deposed": [],
                    "provider": "provider.openstack"
                },
                "openstack_compute_instance_v2.consumer.9": {
                    "type": "openstack_compute_instance_v2",
                    "depends_on": [
                        "local.count",
                        "openstack_compute_keypair_v2.sequence_search",
                        "openstack_compute_secgroup_v2.sequence_search",
                        "openstack_networking_network_v2.sequence_search"
                    ],
                    "primary": {
                        "id": "ea1a309a-9a01-4dad-88e4-d3d4e03286a1",
                        "attributes": {
                            "access_ip_v4": "192.168.0.16",
                            "access_ip_v6": "",
                            "all_metadata.%": "0",
                            "availability_zone": "nova",
                            "flavor_id": "fa85f5f4-4560-4e1b-af95-21df6f714727",
                            "flavor_name": "s1.jumbo",
                            "force_delete": "false",
                            "id": "ea1a309a-9a01-4dad-88e4-d3d4e03286a1",
                            "image_id": "3306bf44-c895-45b2-af05-0a3d23630ce6",
                            "image_name": "CentOS7-Cloud",
                            "key_pair": "test_sequence_search",
                            "name": "test-consumer-10",
                            "network.#": "1",
                            "network.0.access_network": "false",
                            "network.0.fixed_ip_v4": "192.168.0.16",
                            "network.0.fixed_ip_v6": "",
                            "network.0.floating_ip": "",
                            "network.0.mac": "fa:16:3e:07:5c:28",
                            "network.0.name": "test_sequence_search",
                            "network.0.port": "",
                            "network.0.uuid": "a0c49112-e741-403e-ab23-579d29e37e99",
                            "power_state": "active",
                            "region": "regionOne",
                            "security_groups.#": "1",
                            "security_groups.2922303371": "test_sequence_search",
                            "stop_before_destroy": "false"
                        },
                        "meta": {
                            "e2bfb730-ecaa-11e6-8f88-34363bc7c4c0": {
                                "create": 1800000000000,
                                "delete": 1800000000000,
                                "update": 1800000000000
                            }
                        },
                        "tainted": false
                    },
                    "deposed": [],
                    "provider": "provider.openstack"
                },
                "openstack_compute_instance_v2.postgres": {
                    "type": "openstack_compute_instance_v2",
                    "depends_on": [
                        "openstack_compute_keypair_v2.sequence_search",
                        "openstack_compute_secgroup_v2.sequence_search",
                        "openstack_networking_network_v2.sequence_search"
                    ],
                    "primary": {
                        "id": "fc63c262-0ad0-47ab-a3c9-bef4d8cabf23",
                        "attributes": {
                            "access_ip_v4": "192.168.0.6",
                            "access_ip_v6": "",
                            "all_metadata.%": "0",
                            "availability_zone": "nova",
                            "flavor_id": "fa85f5f4-4560-4e1b-af95-21df6f714727",
                            "flavor_name": "s1.jumbo",
                            "force_delete": "false",
                            "id": "fc63c262-0ad0-47ab-a3c9-bef4d8cabf23",
                            "image_id": "3306bf44-c895-45b2-af05-0a3d23630ce6",
                            "image_name": "CentOS7-Cloud",
                            "key_pair": "test_sequence_search",
                            "name": "test-postgres",
                            "network.#": "1",
                            "network.0.access_network": "false",
                            "network.0.fixed_ip_v4": "192.168.0.6",
                            "network.0.fixed_ip_v6": "",
                            "network.0.floating_ip": "",
                            "network.0.mac": "fa:16:3e:c2:d6:78",
                            "network.0.name": "test_sequence_search",
                            "network.0.port": "",
                            "network.0.uuid": "a0c49112-e741-403e-ab23-579d29e37e99",
                            "power_state": "active",
                            "region": "regionOne",
                            "security_groups.#": "1",
                            "security_groups.2922303371": "test_sequence_search",
                            "stop_before_destroy": "false"
                        },
                        "meta": {
                            "e2bfb730-ecaa-11e6-8f88-34363bc7c4c0": {
                                "create": 1800000000000,
                                "delete": 1800000000000,
                                "update": 1800000000000
                            }
                        },
                        "tainted": false
                    },
                    "deposed": [],
                    "provider": "provider.openstack"
                },
                "openstack_compute_instance_v2.producer": {
                    "type": "openstack_compute_instance_v2",
                    "depends_on": [
                        "openstack_compute_keypair_v2.sequence_search",
                        "openstack_compute_secgroup_v2.sequence_search",
                        "openstack_networking_network_v2.sequence_search"
                    ],
                    "primary": {
                        "id": "b5996633-f634-424b-9f72-394928f46786",
                        "attributes": {
                            "access_ip_v4": "192.168.0.5",
                            "access_ip_v6": "",
                            "all_metadata.%": "0",
                            "availability_zone": "nova",
                            "flavor_id": "fa85f5f4-4560-4e1b-af95-21df6f714727",
                            "flavor_name": "s1.jumbo",
                            "force_delete": "false",
                            "id": "b5996633-f634-424b-9f72-394928f46786",
                            "image_id": "3306bf44-c895-45b2-af05-0a3d23630ce6",
                            "image_name": "CentOS7-Cloud",
                            "key_pair": "test_sequence_search",
                            "name": "test-producer",
                            "network.#": "1",
                            "network.0.access_network": "false",
                            "network.0.fixed_ip_v4": "192.168.0.5",
                            "network.0.fixed_ip_v6": "",
                            "network.0.floating_ip": "",
                            "network.0.mac": "fa:16:3e:8d:b6:53",
                            "network.0.name": "test_sequence_search",
                            "network.0.port": "",
                            "network.0.uuid": "a0c49112-e741-403e-ab23-579d29e37e99",
                            "power_state": "active",
                            "region": "regionOne",
                            "security_groups.#": "1",
                            "security_groups.2922303371": "test_sequence_search",
                            "stop_before_destroy": "false"
                        },
                        "meta": {
                            "e2bfb730-ecaa-11e6-8f88-34363bc7c4c0": {
                                "create": 1800000000000,
                                "delete": 1800000000000,
                                "update": 1800000000000
                            }
                        },
                        "tainted": false
                    },
                    "deposed": [],
                    "provider": "provider.openstack"
                },
                "openstack_compute_keypair_v2.sequence_search": {
                    "type": "openstack_compute_keypair_v2",
                    "depends_on": [],
                    "primary": {
                        "id": "test_sequence_search",
                        "attributes": {
                            "fingerprint": "f5:ac:9f:4e:68:11:2e:49:27:40:22:47:fa:ba:f3:58",
                            "id": "test_sequence_search",
                            "name": "test_sequence_search",
                            "private_key": "",
                            "public_key": "ssh-rsa AAAAB3NzaC1yc2EAAAADAQABAAACAQC9BOKz+dYi+0TzjpH5RWorfguhIp8Vxn1NIKX3VLbvYrStYlu+59aCdWALWhSUzqt/BKhwteg2Ph5m5pYItqs3i9VLpY493UvfjjocYqf47xqkDsYYo6kZkZjvnKFfkZui88TmgiMUKDtK/uRXVJhG4QlvCbrXLn9GM5jWmtV3lO/BEw25U19eGClsGQ0T7TUZ+YmPv9aHycw+hEpOWOvMYquzLg+thwrm7fzvLvbkS7pQm5kr8OGEvJ0HgLgUFiL+8zrB+zoGuiaaiFg9pLq2zJ/wtoe9OxiyRTaQt/Kwo8n2Z/S84bgKOLQPi85shjqQx/6/nfzjLpWUR8Bci9VH8CJ5i/zIagMHoyIrh+Fq/77YEuES0lpqYNd6AQUjgu7CF9OyXlQLwh6TSXLwxYUWaWAVMABysEaUT78+KFp7J86xTdb0zciVjTnyNb+IACMfo4hyexyAN3cPoWxAM7i8ET2Iug8QXB6RO1mz5zjvdDtLP7J5HCglVsXAmlHyxX7twmgAG11f45c/5I8gq0cQpubh8e6oZWYJ2krsbuVZnYXich+MidDIzt/5X+j06Um5iC4xbUIMJppeA1tzjQipvoavVeXs1LPN6ICLVtVkymb2Fhkpjq55Tiwan6ftYiWRXWOpaY00Yfc8ZbY8rb+bEF7lu4K1sf1bKOFyKke8Rw== apetrov@apetrov-ml\n",
                            "region": "regionOne"
                        },
                        "meta": {},
                        "tainted": false
                    },
                    "deposed": [],
                    "provider": "provider.openstack"
                },
                "openstack_compute_secgroup_v2.sequence_search": {
                    "type": "openstack_compute_secgroup_v2",
                    "depends_on": [],
                    "primary": {
                        "id": "0d88284e-0330-4575-ba99-73d6100467d3",
                        "attributes": {
                            "description": "Security group for the sequence_search instances",
                            "id": "0d88284e-0330-4575-ba99-73d6100467d3",
                            "name": "test_sequence_search",
                            "region": "regionOne",
                            "rule.#": "6",
                            "rule.2180185248.cidr": "0.0.0.0/0",
                            "rule.2180185248.from_group_id": "",
                            "rule.2180185248.from_port": "-1",
                            "rule.2180185248.id": "dc53c981-4601-48dd-8c4b-c147fa2592a6",
                            "rule.2180185248.ip_protocol": "icmp",
                            "rule.2180185248.self": "false",
                            "rule.2180185248.to_port": "-1",
                            "rule.3467029331.cidr": "0.0.0.0/0",
                            "rule.3467029331.from_group_id": "",
                            "rule.3467029331.from_port": "8002",
                            "rule.3467029331.id": "ad4277c6-a0a2-453a-a708-0b979162f5ed",
                            "rule.3467029331.ip_protocol": "tcp",
                            "rule.3467029331.self": "false",
                            "rule.3467029331.to_port": "8002",
                            "rule.3719211069.cidr": "0.0.0.0/0",
                            "rule.3719211069.from_group_id": "",
                            "rule.3719211069.from_port": "80",
                            "rule.3719211069.id": "3c2acd1f-f5db-406c-b15a-51731f7cec8e",
                            "rule.3719211069.ip_protocol": "tcp",
                            "rule.3719211069.self": "false",
                            "rule.3719211069.to_port": "80",
                            "rule.3815358244.cidr": "0.0.0.0/0",
                            "rule.3815358244.from_group_id": "",
                            "rule.3815358244.from_port": "5432",
                            "rule.3815358244.id": "5a588bb0-3282-4735-9430-080ec16f22e1",
                            "rule.3815358244.ip_protocol": "tcp",
                            "rule.3815358244.self": "false",
                            "rule.3815358244.to_port": "5432",
                            "rule.542868096.cidr": "0.0.0.0/0",
                            "rule.542868096.from_group_id": "",
                            "rule.542868096.from_port": "8000",
                            "rule.542868096.id": "a9d68063-ab56-4ae0-9bd3-dbf04cd1a7f7",
                            "rule.542868096.ip_protocol": "tcp",
                            "rule.542868096.self": "false",
                            "rule.542868096.to_port": "8000",
                            "rule.836640770.cidr": "0.0.0.0/0",
                            "rule.836640770.from_group_id": "",
                            "rule.836640770.from_port": "22",
                            "rule.836640770.id": "198655bb-d93f-4a1a-aa77-38b73f5df4b8",
                            "rule.836640770.ip_protocol": "tcp",
                            "rule.836640770.self": "false",
                            "rule.836640770.to_port": "22"
                        },
                        "meta": {
                            "e2bfb730-ecaa-11e6-8f88-34363bc7c4c0": {
                                "delete": 600000000000
                            }
                        },
                        "tainted": false
                    },
                    "deposed": [],
                    "provider": "provider.openstack"
                },
                "openstack_compute_volume_attach_v2.attach_databases_to_consumers.0": {
                    "type": "openstack_compute_volume_attach_v2",
                    "depends_on": [
                        "local.count",
                        "openstack_blockstorage_volume_v2.sequence_search_consumer_databases.*",
                        "openstack_compute_instance_v2.consumer.*"
                    ],
                    "primary": {
                        "id": "29550b46-7127-440d-a23f-7228524692d7/f95879c2-5678-432e-a76d-3b18a6f958f5",
                        "attributes": {
                            "device": "/dev/vdb",
                            "id": "29550b46-7127-440d-a23f-7228524692d7/f95879c2-5678-432e-a76d-3b18a6f958f5",
                            "instance_id": "29550b46-7127-440d-a23f-7228524692d7",
                            "region": "regionOne",
                            "volume_id": "f95879c2-5678-432e-a76d-3b18a6f958f5"
                        },
                        "meta": {
                            "e2bfb730-ecaa-11e6-8f88-34363bc7c4c0": {
                                "create": 600000000000,
                                "delete": 600000000000
                            }
                        },
                        "tainted": false
                    },
                    "deposed": [],
                    "provider": "provider.openstack"
                },
                "openstack_compute_volume_attach_v2.attach_databases_to_consumers.1": {
                    "type": "openstack_compute_volume_attach_v2",
                    "depends_on": [
                        "local.count",
                        "openstack_blockstorage_volume_v2.sequence_search_consumer_databases.*",
                        "openstack_compute_instance_v2.consumer.*"
                    ],
                    "primary": {
                        "id": "cba7c12b-4d31-4303-a783-757f0264efce/17576ff1-a501-4bfc-aa41-ae63f44fe9ce",
                        "attributes": {
                            "device": "/dev/vdb",
                            "id": "cba7c12b-4d31-4303-a783-757f0264efce/17576ff1-a501-4bfc-aa41-ae63f44fe9ce",
                            "instance_id": "cba7c12b-4d31-4303-a783-757f0264efce",
                            "region": "regionOne",
                            "volume_id": "17576ff1-a501-4bfc-aa41-ae63f44fe9ce"
                        },
                        "meta": {
                            "e2bfb730-ecaa-11e6-8f88-34363bc7c4c0": {
                                "create": 600000000000,
                                "delete": 600000000000
                            }
                        },
                        "tainted": false
                    },
                    "deposed": [],
                    "provider": "provider.openstack"
                },
                "openstack_compute_volume_attach_v2.attach_databases_to_consumers.2": {
                    "type": "openstack_compute_volume_attach_v2",
                    "depends_on": [
                        "local.count",
                        "openstack_blockstorage_volume_v2.sequence_search_consumer_databases.*",
                        "openstack_compute_instance_v2.consumer.*"
                    ],
                    "primary": {
                        "id": "6030d995-c097-4f9d-8713-b28ea02806d6/2548c358-6a9b-4deb-a3b4-9b00a6475f7c",
                        "attributes": {
                            "device": "/dev/vdb",
                            "id": "6030d995-c097-4f9d-8713-b28ea02806d6/2548c358-6a9b-4deb-a3b4-9b00a6475f7c",
                            "instance_id": "6030d995-c097-4f9d-8713-b28ea02806d6",
                            "region": "regionOne",
                            "volume_id": "2548c358-6a9b-4deb-a3b4-9b00a6475f7c"
                        },
                        "meta": {
                            "e2bfb730-ecaa-11e6-8f88-34363bc7c4c0": {
                                "create": 600000000000,
                                "delete": 600000000000
                            }
                        },
                        "tainted": false
                    },
                    "deposed": [],
                    "provider": "provider.openstack"
                },
                "openstack_compute_volume_attach_v2.attach_databases_to_consumers.3": {
                    "type": "openstack_compute_volume_attach_v2",
                    "depends_on": [
                        "local.count",
                        "openstack_blockstorage_volume_v2.sequence_search_consumer_databases.*",
                        "openstack_compute_instance_v2.consumer.*"
                    ],
                    "primary": {
                        "id": "75b7e67d-cff6-477c-8286-f82a7e465ec8/e2d547e9-00eb-4dbc-9acd-bdf030b1712e",
                        "attributes": {
                            "device": "/dev/vdb",
                            "id": "75b7e67d-cff6-477c-8286-f82a7e465ec8/e2d547e9-00eb-4dbc-9acd-bdf030b1712e",
                            "instance_id": "75b7e67d-cff6-477c-8286-f82a7e465ec8",
                            "region": "regionOne",
                            "volume_id": "e2d547e9-00eb-4dbc-9acd-bdf030b1712e"
                        },
                        "meta": {
                            "e2bfb730-ecaa-11e6-8f88-34363bc7c4c0": {
                                "create": 600000000000,
                                "delete": 600000000000
                            }
                        },
                        "tainted": false
                    },
                    "deposed": [],
                    "provider": "provider.openstack"
                },
                "openstack_compute_volume_attach_v2.attach_databases_to_consumers.4": {
                    "type": "openstack_compute_volume_attach_v2",
                    "depends_on": [
                        "local.count",
                        "openstack_blockstorage_volume_v2.sequence_search_consumer_databases.*",
                        "openstack_compute_instance_v2.consumer.*"
                    ],
                    "primary": {
                        "id": "f3d9099d-e8b8-4c39-a638-668689bf6966/a9d0e0af-ff27-4bef-8fdf-ce22a9b7b908",
                        "attributes": {
                            "device": "/dev/vdb",
                            "id": "f3d9099d-e8b8-4c39-a638-668689bf6966/a9d0e0af-ff27-4bef-8fdf-ce22a9b7b908",
                            "instance_id": "f3d9099d-e8b8-4c39-a638-668689bf6966",
                            "region": "regionOne",
                            "volume_id": "a9d0e0af-ff27-4bef-8fdf-ce22a9b7b908"
                        },
                        "meta": {
                            "e2bfb730-ecaa-11e6-8f88-34363bc7c4c0": {
                                "create": 600000000000,
                                "delete": 600000000000
                            }
                        },
                        "tainted": false
                    },
                    "deposed": [],
                    "provider": "provider.openstack"
                },
                "openstack_compute_volume_attach_v2.attach_databases_to_consumers.5": {
                    "type": "openstack_compute_volume_attach_v2",
                    "depends_on": [
                        "local.count",
                        "openstack_blockstorage_volume_v2.sequence_search_consumer_databases.*",
                        "openstack_compute_instance_v2.consumer.*"
                    ],
                    "primary": {
                        "id": "60bbdbce-62a3-43a2-a3e7-f1c8782aa8ba/b4bbdd8d-eded-43d2-b380-583583dd8a75",
                        "attributes": {
                            "device": "/dev/vdb",
                            "id": "60bbdbce-62a3-43a2-a3e7-f1c8782aa8ba/b4bbdd8d-eded-43d2-b380-583583dd8a75",
                            "instance_id": "60bbdbce-62a3-43a2-a3e7-f1c8782aa8ba",
                            "region": "regionOne",
                            "volume_id": "b4bbdd8d-eded-43d2-b380-583583dd8a75"
                        },
                        "meta": {
                            "e2bfb730-ecaa-11e6-8f88-34363bc7c4c0": {
                                "create": 600000000000,
                                "delete": 600000000000
                            }
                        },
                        "tainted": false
                    },
                    "deposed": [],
                    "provider": "provider.openstack"
                },
                "openstack_compute_volume_attach_v2.attach_databases_to_consumers.6": {
                    "type": "openstack_compute_volume_attach_v2",
                    "depends_on": [
                        "local.count",
                        "openstack_blockstorage_volume_v2.sequence_search_consumer_databases.*",
                        "openstack_compute_instance_v2.consumer.*"
                    ],
                    "primary": {
                        "id": "f2a2be25-59f7-4a9d-81e6-bee244d05e18/63e2ae70-13c9-41be-a082-3533fb7367b6",
                        "attributes": {
                            "device": "/dev/vdb",
                            "id": "f2a2be25-59f7-4a9d-81e6-bee244d05e18/63e2ae70-13c9-41be-a082-3533fb7367b6",
                            "instance_id": "f2a2be25-59f7-4a9d-81e6-bee244d05e18",
                            "region": "regionOne",
                            "volume_id": "63e2ae70-13c9-41be-a082-3533fb7367b6"
                        },
                        "meta": {
                            "e2bfb730-ecaa-11e6-8f88-34363bc7c4c0": {
                                "create": 600000000000,
                                "delete": 600000000000
                            }
                        },
                        "tainted": false
                    },
                    "deposed": [],
                    "provider": "provider.openstack"
                },
                "openstack_compute_volume_attach_v2.attach_databases_to_consumers.7": {
                    "type": "openstack_compute_volume_attach_v2",
                    "depends_on": [
                        "local.count",
                        "openstack_blockstorage_volume_v2.sequence_search_consumer_databases.*",
                        "openstack_compute_instance_v2.consumer.*"
                    ],
                    "primary": {
                        "id": "89d6c011-1d9c-48e4-88e1-bb3a22f72d78/0e0829f2-4e07-475e-8992-868e84d98a42",
                        "attributes": {
                            "device": "/dev/vdb",
                            "id": "89d6c011-1d9c-48e4-88e1-bb3a22f72d78/0e0829f2-4e07-475e-8992-868e84d98a42",
                            "instance_id": "89d6c011-1d9c-48e4-88e1-bb3a22f72d78",
                            "region": "regionOne",
                            "volume_id": "0e0829f2-4e07-475e-8992-868e84d98a42"
                        },
                        "meta": {
                            "e2bfb730-ecaa-11e6-8f88-34363bc7c4c0": {
                                "create": 600000000000,
                                "delete": 600000000000
                            }
                        },
                        "tainted": false
                    },
                    "deposed": [],
                    "provider": "provider.openstack"
                },
                "openstack_compute_volume_attach_v2.attach_databases_to_consumers.8": {
                    "type": "openstack_compute_volume_attach_v2",
                    "depends_on": [
                        "local.count",
                        "openstack_blockstorage_volume_v2.sequence_search_consumer_databases.*",
                        "openstack_compute_instance_v2.consumer.*"
                    ],
                    "primary": {
                        "id": "f043887c-d17b-4082-8d14-95be41e38926/4efd4800-d294-49fc-bc79-3bc541a659e1",
                        "attributes": {
                            "device": "/dev/vdb",
                            "id": "f043887c-d17b-4082-8d14-95be41e38926/4efd4800-d294-49fc-bc79-3bc541a659e1",
                            "instance_id": "f043887c-d17b-4082-8d14-95be41e38926",
                            "region": "regionOne",
                            "volume_id": "4efd4800-d294-49fc-bc79-3bc541a659e1"
                        },
                        "meta": {
                            "e2bfb730-ecaa-11e6-8f88-34363bc7c4c0": {
                                "create": 600000000000,
                                "delete": 600000000000
                            }
                        },
                        "tainted": false
                    },
                    "deposed": [],
                    "provider": "provider.openstack"
                },
                "openstack_compute_volume_attach_v2.attach_databases_to_consumers.9": {
                    "type": "openstack_compute_volume_attach_v2",
                    "depends_on": [
                        "local.count",
                        "openstack_blockstorage_volume_v2.sequence_search_consumer_databases.*",
                        "openstack_compute_instance_v2.consumer.*"
                    ],
                    "primary": {
                        "id": "ea1a309a-9a01-4dad-88e4-d3d4e03286a1/8ba1b590-fbcb-41cf-a703-489186302aed",
                        "attributes": {
                            "device": "/dev/vdb",
                            "id": "ea1a309a-9a01-4dad-88e4-d3d4e03286a1/8ba1b590-fbcb-41cf-a703-489186302aed",
                            "instance_id": "ea1a309a-9a01-4dad-88e4-d3d4e03286a1",
                            "region": "regionOne",
                            "volume_id": "8ba1b590-fbcb-41cf-a703-489186302aed"
                        },
                        "meta": {
                            "e2bfb730-ecaa-11e6-8f88-34363bc7c4c0": {
                                "create": 600000000000,
                                "delete": 600000000000
                            }
                        },
                        "tainted": false
                    },
                    "deposed": [],
                    "provider": "provider.openstack"
                },
                "openstack_compute_volume_attach_v2.attach_databases_to_producer": {
                    "type": "openstack_compute_volume_attach_v2",
                    "depends_on": [
                        "openstack_blockstorage_volume_v2.sequence_search_producer_databases",
                        "openstack_compute_instance_v2.producer"
                    ],
                    "primary": {
                        "id": "b5996633-f634-424b-9f72-394928f46786/c6544384-4bbe-4935-ac78-a68757390eff",
                        "attributes": {
                            "device": "/dev/vdb",
                            "id": "b5996633-f634-424b-9f72-394928f46786/c6544384-4bbe-4935-ac78-a68757390eff",
                            "instance_id": "b5996633-f634-424b-9f72-394928f46786",
                            "region": "regionOne",
                            "volume_id": "c6544384-4bbe-4935-ac78-a68757390eff"
                        },
                        "meta": {
                            "e2bfb730-ecaa-11e6-8f88-34363bc7c4c0": {
                                "create": 600000000000,
                                "delete": 600000000000
                            }
                        },
                        "tainted": false
                    },
                    "deposed": [],
                    "provider": "provider.openstack"
                },
                "openstack_networking_network_v2.sequence_search": {
                    "type": "openstack_networking_network_v2",
                    "depends_on": [],
                    "primary": {
                        "id": "a0c49112-e741-403e-ab23-579d29e37e99",
                        "attributes": {
                            "admin_state_up": "true",
                            "all_tags.#": "0",
                            "availability_zone_hints.#": "0",
                            "description": "",
                            "dns_domain": "",
                            "external": "false",
                            "id": "a0c49112-e741-403e-ab23-579d29e37e99",
                            "mtu": "1500",
                            "name": "test_sequence_search",
                            "port_security_enabled": "true",
                            "region": "regionOne",
                            "shared": "false",
                            "tags.#": "0",
                            "tenant_id": "bd631be0b7e641a7bd0c187493e7104e",
                            "transparent_vlan": "false"
                        },
                        "meta": {
                            "e2bfb730-ecaa-11e6-8f88-34363bc7c4c0": {
                                "create": 600000000000,
                                "delete": 600000000000
                            }
                        },
                        "tainted": false
                    },
                    "deposed": [],
                    "provider": "provider.openstack"
                },
                "openstack_networking_router_interface_v2.sequence_search": {
                    "type": "openstack_networking_router_interface_v2",
                    "depends_on": [
                        "openstack_networking_router_v2.sequence_search",
                        "openstack_networking_subnet_v2.sequence_search"
                    ],
                    "primary": {
                        "id": "1bc3680e-58e1-420e-99aa-e2c584e42e71",
                        "attributes": {
                            "id": "1bc3680e-58e1-420e-99aa-e2c584e42e71",
                            "port_id": "1bc3680e-58e1-420e-99aa-e2c584e42e71",
                            "region": "regionOne",
                            "router_id": "515b2ae1-a8be-4f41-85d2-bf4498fe3a92",
                            "subnet_id": "b211a9d3-1e30-4948-bd4d-391261df1a13"
                        },
                        "meta": {
                            "e2bfb730-ecaa-11e6-8f88-34363bc7c4c0": {
                                "create": 600000000000,
                                "delete": 600000000000
                            }
                        },
                        "tainted": false
                    },
                    "deposed": [],
                    "provider": "provider.openstack"
                },
                "openstack_networking_router_v2.sequence_search": {
                    "type": "openstack_networking_router_v2",
                    "depends_on": [],
                    "primary": {
                        "id": "515b2ae1-a8be-4f41-85d2-bf4498fe3a92",
                        "attributes": {
                            "admin_state_up": "true",
                            "all_tags.#": "0",
                            "availability_zone_hints.#": "0",
                            "description": "",
                            "distributed": "false",
                            "enable_snat": "true",
                            "external_fixed_ip.#": "1",
                            "external_fixed_ip.0.ip_address": "193.62.55.59",
                            "external_fixed_ip.0.subnet_id": "3c926da4-b320-4320-8d62-f70e2078a2fd",
                            "external_gateway": "e25c3173-bb5c-4bbc-83a7-f0551099c8cd",
                            "external_network_id": "e25c3173-bb5c-4bbc-83a7-f0551099c8cd",
                            "id": "515b2ae1-a8be-4f41-85d2-bf4498fe3a92",
                            "name": "test_sequence_search",
                            "region": "regionOne",
                            "tags.#": "0",
                            "tenant_id": "bd631be0b7e641a7bd0c187493e7104e"
                        },
                        "meta": {
                            "e2bfb730-ecaa-11e6-8f88-34363bc7c4c0": {
                                "create": 600000000000,
                                "delete": 600000000000
                            }
                        },
                        "tainted": false
                    },
                    "deposed": [],
                    "provider": "provider.openstack"
                },
                "openstack_networking_subnet_v2.sequence_search": {
                    "type": "openstack_networking_subnet_v2",
                    "depends_on": [
                        "openstack_networking_network_v2.sequence_search"
                    ],
                    "primary": {
                        "id": "b211a9d3-1e30-4948-bd4d-391261df1a13",
                        "attributes": {
                            "all_tags.#": "0",
                            "allocation_pools.#": "1",
                            "allocation_pools.0.end": "192.168.0.254",
                            "allocation_pools.0.start": "192.168.0.2",
                            "cidr": "192.168.0.0/24",
                            "description": "",
                            "dns_nameservers.#": "1",
                            "dns_nameservers.0": "8.8.8.8",
                            "enable_dhcp": "true",
                            "gateway_ip": "192.168.0.1",
                            "id": "b211a9d3-1e30-4948-bd4d-391261df1a13",
                            "ip_version": "4",
                            "ipv6_address_mode": "",
                            "ipv6_ra_mode": "",
                            "name": "test_sequence_search",
                            "network_id": "a0c49112-e741-403e-ab23-579d29e37e99",
                            "no_gateway": "false",
                            "region": "regionOne",
                            "subnetpool_id": "",
                            "tags.#": "0",
                            "tenant_id": "bd631be0b7e641a7bd0c187493e7104e"
                        },
                        "meta": {
                            "e2bfb730-ecaa-11e6-8f88-34363bc7c4c0": {
                                "create": 600000000000,
                                "delete": 600000000000
                            }
                        },
                        "tainted": false
                    },
                    "deposed": [],
                    "provider": "provider.openstack"
                }
            },
            "depends_on": []
        }
    ]
}
