{
  "version": 4,
  "terraform_version": "0.12.6",
  "serial": 1877,
  "lineage": "78978210-6031-db8f-0439-fa0111c455fd",
  "outputs": {
    "floating_ip": {
      "value": [
        "193.62.55.100"
      ],
      "type": [
        "tuple",
        [
          "string"
        ]
      ]
    },
    "tfstate_file": {
      "value": [
        "terraform.tfstate.d/test/terraform.tfstate"
      ],
      "type": [
        "tuple",
        [
          "string"
        ]
      ]
    }
  },
  "resources": [
    {
      "mode": "managed",
      "type": "null_resource",
      "name": "pre_flight",
      "provider": "provider.null",
      "instances": [
        {
          "schema_version": 0,
          "attributes": {
            "id": "1801638952912563179",
            "triggers": {
              "build_number": "2020-04-15T08:19:46Z"
            }
          },
          "private": "bnVsbA=="
        }
      ]
    },
    {
      "mode": "managed",
      "type": "openstack_blockstorage_volume_v2",
      "name": "nfs_volume",
      "provider": "provider.openstack",
      "instances": [
        {
          "schema_version": 0,
          "attributes": {
            "attachment": [],
            "availability_zone": "nova",
            "consistency_group_id": null,
            "description": "",
            "id": "5bec2a5a-3394-4afb-bba5-40242c1445f1",
            "image_id": null,
            "metadata": {},
            "name": "test-nfs-volume",
            "region": "regionOne",
            "size": 100,
            "snapshot_id": "",
            "source_replica": null,
            "source_vol_id": "",
            "timeouts": null,
            "volume_type": ""
          },
          "private": "eyJlMmJmYjczMC1lY2FhLTExZTYtOGY4OC0zNDM2M2JjN2M0YzAiOnsiY3JlYXRlIjo2MDAwMDAwMDAwMDAsImRlbGV0ZSI6NjAwMDAwMDAwMDAwfX0="
        }
      ]
    },
    {
      "mode": "managed",
      "type": "openstack_compute_floatingip_associate_v2",
      "name": "sequence_search",
      "provider": "provider.openstack",
      "instances": [
        {
          "schema_version": 0,
          "attributes": {
            "fixed_ip": "",
            "floating_ip": "193.62.55.100",
            "id": "193.62.55.100/8e601ff3-217a-49ca-b9ab-cc8f957ee88c/",
            "instance_id": "8e601ff3-217a-49ca-b9ab-cc8f957ee88c",
            "region": "regionOne",
            "timeouts": null,
            "wait_until_associated": null
          },
          "private": "eyJlMmJmYjczMC1lY2FhLTExZTYtOGY4OC0zNDM2M2JjN2M0YzAiOnsiY3JlYXRlIjo2MDAwMDAwMDAwMDB9fQ==",
          "depends_on": [
            "openstack_compute_instance_v2.producer",
            "openstack_networking_router_interface_v2.sequence_search"
          ]
        }
      ]
    },
    {
      "mode": "managed",
      "type": "openstack_compute_instance_v2",
      "name": "consumers",
      "each": "list",
      "provider": "provider.openstack",
      "instances": [
        {
          "index_key": 0,
          "schema_version": 0,
          "attributes": {
            "access_ip_v4": "192.168.0.9",
            "access_ip_v6": "",
            "admin_pass": null,
            "all_metadata": {},
            "availability_zone": "nova",
            "block_device": [],
            "config_drive": null,
            "flavor_id": "91ba172b-cb4c-453c-b7fc-56cb79c78968",
            "flavor_name": "s1.capacious",
            "floating_ip": null,
            "force_delete": false,
            "id": "2f6b10e4-008c-43cd-8c98-3973d755d67e",
            "image_id": "3306bf44-c895-45b2-af05-0a3d23630ce6",
            "image_name": "CentOS7-Cloud",
            "key_pair": "test_sequence_search",
            "metadata": null,
            "name": "test-consumer-1",
            "network": [
              {
                "access_network": false,
                "fixed_ip_v4": "192.168.0.9",
                "fixed_ip_v6": "",
                "floating_ip": "",
                "mac": "fa:16:3e:6d:fe:af",
                "name": "test_sequence_search",
                "port": "",
                "uuid": "3eb4cb15-9ce5-4c1b-8b0f-3439a81b3a5e"
              }
            ],
            "personality": [],
            "power_state": "active",
            "region": "regionOne",
            "scheduler_hints": [],
            "security_groups": [
              "test_sequence_search"
            ],
            "stop_before_destroy": false,
            "timeouts": null,
            "user_data": null,
            "vendor_options": [],
            "volume": []
          },
          "private": "eyJlMmJmYjczMC1lY2FhLTExZTYtOGY4OC0zNDM2M2JjN2M0YzAiOnsiY3JlYXRlIjoxODAwMDAwMDAwMDAwLCJkZWxldGUiOjE4MDAwMDAwMDAwMDAsInVwZGF0ZSI6MTgwMDAwMDAwMDAwMH19",
          "depends_on": [
            "openstack_compute_keypair_v2.sequence_search",
            "openstack_compute_secgroup_v2.sequence_search",
            "openstack_networking_network_v2.sequence_search",
            "openstack_networking_subnet_v2.sequence_search"
          ]
        },
        {
          "index_key": 1,
          "schema_version": 0,
          "attributes": {
            "access_ip_v4": "192.168.0.10",
            "access_ip_v6": "",
            "admin_pass": null,
            "all_metadata": {},
            "availability_zone": "nova",
            "block_device": [],
            "config_drive": null,
            "flavor_id": "91ba172b-cb4c-453c-b7fc-56cb79c78968",
            "flavor_name": "s1.capacious",
            "floating_ip": null,
            "force_delete": false,
            "id": "b7a45a6e-08e5-422d-9de3-00a9b43214e1",
            "image_id": "3306bf44-c895-45b2-af05-0a3d23630ce6",
            "image_name": "CentOS7-Cloud",
            "key_pair": "test_sequence_search",
            "metadata": null,
            "name": "test-consumer-2",
            "network": [
              {
                "access_network": false,
                "fixed_ip_v4": "192.168.0.10",
                "fixed_ip_v6": "",
                "floating_ip": "",
                "mac": "fa:16:3e:a8:8d:85",
                "name": "test_sequence_search",
                "port": "",
                "uuid": "3eb4cb15-9ce5-4c1b-8b0f-3439a81b3a5e"
              }
            ],
            "personality": [],
            "power_state": "active",
            "region": "regionOne",
            "scheduler_hints": [],
            "security_groups": [
              "test_sequence_search"
            ],
            "stop_before_destroy": false,
            "timeouts": null,
            "user_data": null,
            "vendor_options": [],
            "volume": []
          },
          "private": "eyJlMmJmYjczMC1lY2FhLTExZTYtOGY4OC0zNDM2M2JjN2M0YzAiOnsiY3JlYXRlIjoxODAwMDAwMDAwMDAwLCJkZWxldGUiOjE4MDAwMDAwMDAwMDAsInVwZGF0ZSI6MTgwMDAwMDAwMDAwMH19",
          "depends_on": [
            "openstack_compute_keypair_v2.sequence_search",
            "openstack_compute_secgroup_v2.sequence_search",
            "openstack_networking_network_v2.sequence_search",
            "openstack_networking_subnet_v2.sequence_search"
          ]
        },
        {
          "index_key": 2,
          "schema_version": 0,
          "attributes": {
            "access_ip_v4": "192.168.0.11",
            "access_ip_v6": "",
            "admin_pass": null,
            "all_metadata": {},
            "availability_zone": "nova",
            "block_device": [],
            "config_drive": null,
            "flavor_id": "91ba172b-cb4c-453c-b7fc-56cb79c78968",
            "flavor_name": "s1.capacious",
            "floating_ip": null,
            "force_delete": false,
            "id": "9f6ad314-016c-4607-b661-c829a5e24b68",
            "image_id": "3306bf44-c895-45b2-af05-0a3d23630ce6",
            "image_name": "CentOS7-Cloud",
            "key_pair": "test_sequence_search",
            "metadata": null,
            "name": "test-consumer-3",
            "network": [
              {
                "access_network": false,
                "fixed_ip_v4": "192.168.0.11",
                "fixed_ip_v6": "",
                "floating_ip": "",
                "mac": "fa:16:3e:fb:97:c8",
                "name": "test_sequence_search",
                "port": "",
                "uuid": "3eb4cb15-9ce5-4c1b-8b0f-3439a81b3a5e"
              }
            ],
            "personality": [],
            "power_state": "active",
            "region": "regionOne",
            "scheduler_hints": [],
            "security_groups": [
              "test_sequence_search"
            ],
            "stop_before_destroy": false,
            "timeouts": null,
            "user_data": null,
            "vendor_options": [],
            "volume": []
          },
          "private": "eyJlMmJmYjczMC1lY2FhLTExZTYtOGY4OC0zNDM2M2JjN2M0YzAiOnsiY3JlYXRlIjoxODAwMDAwMDAwMDAwLCJkZWxldGUiOjE4MDAwMDAwMDAwMDAsInVwZGF0ZSI6MTgwMDAwMDAwMDAwMH19",
          "depends_on": [
            "openstack_compute_keypair_v2.sequence_search",
            "openstack_compute_secgroup_v2.sequence_search",
            "openstack_networking_network_v2.sequence_search",
            "openstack_networking_subnet_v2.sequence_search"
          ]
        },
        {
          "index_key": 3,
          "schema_version": 0,
          "attributes": {
            "access_ip_v4": "192.168.0.12",
            "access_ip_v6": "",
            "admin_pass": null,
            "all_metadata": {},
            "availability_zone": "nova",
            "block_device": [],
            "config_drive": null,
            "flavor_id": "91ba172b-cb4c-453c-b7fc-56cb79c78968",
            "flavor_name": "s1.capacious",
            "floating_ip": null,
            "force_delete": false,
            "id": "23136cc2-ecd4-4d54-afe1-bb8d7ec24901",
            "image_id": "3306bf44-c895-45b2-af05-0a3d23630ce6",
            "image_name": "CentOS7-Cloud",
            "key_pair": "test_sequence_search",
            "metadata": null,
            "name": "test-consumer-4",
            "network": [
              {
                "access_network": false,
                "fixed_ip_v4": "192.168.0.12",
                "fixed_ip_v6": "",
                "floating_ip": "",
                "mac": "fa:16:3e:8d:94:ce",
                "name": "test_sequence_search",
                "port": "",
                "uuid": "3eb4cb15-9ce5-4c1b-8b0f-3439a81b3a5e"
              }
            ],
            "personality": [],
            "power_state": "active",
            "region": "regionOne",
            "scheduler_hints": [],
            "security_groups": [
              "test_sequence_search"
            ],
            "stop_before_destroy": false,
            "timeouts": null,
            "user_data": null,
            "vendor_options": [],
            "volume": []
          },
          "private": "eyJlMmJmYjczMC1lY2FhLTExZTYtOGY4OC0zNDM2M2JjN2M0YzAiOnsiY3JlYXRlIjoxODAwMDAwMDAwMDAwLCJkZWxldGUiOjE4MDAwMDAwMDAwMDAsInVwZGF0ZSI6MTgwMDAwMDAwMDAwMH19",
          "depends_on": [
            "openstack_compute_keypair_v2.sequence_search",
            "openstack_compute_secgroup_v2.sequence_search",
            "openstack_networking_network_v2.sequence_search",
            "openstack_networking_subnet_v2.sequence_search"
          ]
        },
        {
          "index_key": 4,
          "schema_version": 0,
          "attributes": {
            "access_ip_v4": "192.168.0.13",
            "access_ip_v6": "",
            "admin_pass": null,
            "all_metadata": {},
            "availability_zone": "nova",
            "block_device": [],
            "config_drive": null,
            "flavor_id": "91ba172b-cb4c-453c-b7fc-56cb79c78968",
            "flavor_name": "s1.capacious",
            "floating_ip": null,
            "force_delete": false,
            "id": "b58a0255-080c-4b1b-a281-82eb737ca9fb",
            "image_id": "3306bf44-c895-45b2-af05-0a3d23630ce6",
            "image_name": "CentOS7-Cloud",
            "key_pair": "test_sequence_search",
            "metadata": null,
            "name": "test-consumer-5",
            "network": [
              {
                "access_network": false,
                "fixed_ip_v4": "192.168.0.13",
                "fixed_ip_v6": "",
                "floating_ip": "",
                "mac": "fa:16:3e:1d:4b:89",
                "name": "test_sequence_search",
                "port": "",
                "uuid": "3eb4cb15-9ce5-4c1b-8b0f-3439a81b3a5e"
              }
            ],
            "personality": [],
            "power_state": "active",
            "region": "regionOne",
            "scheduler_hints": [],
            "security_groups": [
              "test_sequence_search"
            ],
            "stop_before_destroy": false,
            "timeouts": null,
            "user_data": null,
            "vendor_options": [],
            "volume": []
          },
          "private": "eyJlMmJmYjczMC1lY2FhLTExZTYtOGY4OC0zNDM2M2JjN2M0YzAiOnsiY3JlYXRlIjoxODAwMDAwMDAwMDAwLCJkZWxldGUiOjE4MDAwMDAwMDAwMDAsInVwZGF0ZSI6MTgwMDAwMDAwMDAwMH19",
          "depends_on": [
            "openstack_compute_keypair_v2.sequence_search",
            "openstack_compute_secgroup_v2.sequence_search",
            "openstack_networking_network_v2.sequence_search",
            "openstack_networking_subnet_v2.sequence_search"
          ]
        },
        {
          "index_key": 5,
          "schema_version": 0,
          "attributes": {
            "access_ip_v4": "192.168.0.14",
            "access_ip_v6": "",
            "admin_pass": null,
            "all_metadata": {},
            "availability_zone": "nova",
            "block_device": [],
            "config_drive": null,
            "flavor_id": "91ba172b-cb4c-453c-b7fc-56cb79c78968",
            "flavor_name": "s1.capacious",
            "floating_ip": null,
            "force_delete": false,
            "id": "73158a4e-e60b-4841-b462-501d7c8790a4",
            "image_id": "3306bf44-c895-45b2-af05-0a3d23630ce6",
            "image_name": "CentOS7-Cloud",
            "key_pair": "test_sequence_search",
            "metadata": null,
            "name": "test-consumer-6",
            "network": [
              {
                "access_network": false,
                "fixed_ip_v4": "192.168.0.14",
                "fixed_ip_v6": "",
                "floating_ip": "",
                "mac": "fa:16:3e:09:dc:96",
                "name": "test_sequence_search",
                "port": "",
                "uuid": "3eb4cb15-9ce5-4c1b-8b0f-3439a81b3a5e"
              }
            ],
            "personality": [],
            "power_state": "active",
            "region": "regionOne",
            "scheduler_hints": [],
            "security_groups": [
              "test_sequence_search"
            ],
            "stop_before_destroy": false,
            "timeouts": null,
            "user_data": null,
            "vendor_options": [],
            "volume": []
          },
          "private": "eyJlMmJmYjczMC1lY2FhLTExZTYtOGY4OC0zNDM2M2JjN2M0YzAiOnsiY3JlYXRlIjoxODAwMDAwMDAwMDAwLCJkZWxldGUiOjE4MDAwMDAwMDAwMDAsInVwZGF0ZSI6MTgwMDAwMDAwMDAwMH19",
          "depends_on": [
            "openstack_compute_keypair_v2.sequence_search",
            "openstack_compute_secgroup_v2.sequence_search",
            "openstack_networking_network_v2.sequence_search",
            "openstack_networking_subnet_v2.sequence_search"
          ]
        },
        {
          "index_key": 6,
          "schema_version": 0,
          "attributes": {
            "access_ip_v4": "192.168.0.15",
            "access_ip_v6": "",
            "admin_pass": null,
            "all_metadata": {},
            "availability_zone": "nova",
            "block_device": [],
            "config_drive": null,
            "flavor_id": "91ba172b-cb4c-453c-b7fc-56cb79c78968",
            "flavor_name": "s1.capacious",
            "floating_ip": null,
            "force_delete": false,
            "id": "462c25ef-e327-485f-ba42-08fa01dd45e2",
            "image_id": "3306bf44-c895-45b2-af05-0a3d23630ce6",
            "image_name": "CentOS7-Cloud",
            "key_pair": "test_sequence_search",
            "metadata": null,
            "name": "test-consumer-7",
            "network": [
              {
                "access_network": false,
                "fixed_ip_v4": "192.168.0.15",
                "fixed_ip_v6": "",
                "floating_ip": "",
                "mac": "fa:16:3e:11:65:cb",
                "name": "test_sequence_search",
                "port": "",
                "uuid": "3eb4cb15-9ce5-4c1b-8b0f-3439a81b3a5e"
              }
            ],
            "personality": [],
            "power_state": "active",
            "region": "regionOne",
            "scheduler_hints": [],
            "security_groups": [
              "test_sequence_search"
            ],
            "stop_before_destroy": false,
            "timeouts": null,
            "user_data": null,
            "vendor_options": [],
            "volume": []
          },
          "private": "eyJlMmJmYjczMC1lY2FhLTExZTYtOGY4OC0zNDM2M2JjN2M0YzAiOnsiY3JlYXRlIjoxODAwMDAwMDAwMDAwLCJkZWxldGUiOjE4MDAwMDAwMDAwMDAsInVwZGF0ZSI6MTgwMDAwMDAwMDAwMH19",
          "depends_on": [
            "openstack_compute_keypair_v2.sequence_search",
            "openstack_compute_secgroup_v2.sequence_search",
            "openstack_networking_network_v2.sequence_search",
            "openstack_networking_subnet_v2.sequence_search"
          ]
        },
        {
          "index_key": 7,
          "schema_version": 0,
          "attributes": {
            "access_ip_v4": "192.168.0.16",
            "access_ip_v6": "",
            "admin_pass": null,
            "all_metadata": {},
            "availability_zone": "nova",
            "block_device": [],
            "config_drive": null,
            "flavor_id": "91ba172b-cb4c-453c-b7fc-56cb79c78968",
            "flavor_name": "s1.capacious",
            "floating_ip": null,
            "force_delete": false,
            "id": "4c64eada-c4d0-4ffe-b438-0956eeef719c",
            "image_id": "3306bf44-c895-45b2-af05-0a3d23630ce6",
            "image_name": "CentOS7-Cloud",
            "key_pair": "test_sequence_search",
            "metadata": null,
            "name": "test-consumer-8",
            "network": [
              {
                "access_network": false,
                "fixed_ip_v4": "192.168.0.16",
                "fixed_ip_v6": "",
                "floating_ip": "",
                "mac": "fa:16:3e:36:f6:93",
                "name": "test_sequence_search",
                "port": "",
                "uuid": "3eb4cb15-9ce5-4c1b-8b0f-3439a81b3a5e"
              }
            ],
            "personality": [],
            "power_state": "active",
            "region": "regionOne",
            "scheduler_hints": [],
            "security_groups": [
              "test_sequence_search"
            ],
            "stop_before_destroy": false,
            "timeouts": null,
            "user_data": null,
            "vendor_options": [],
            "volume": []
          },
          "private": "eyJlMmJmYjczMC1lY2FhLTExZTYtOGY4OC0zNDM2M2JjN2M0YzAiOnsiY3JlYXRlIjoxODAwMDAwMDAwMDAwLCJkZWxldGUiOjE4MDAwMDAwMDAwMDAsInVwZGF0ZSI6MTgwMDAwMDAwMDAwMH19",
          "depends_on": [
            "openstack_compute_keypair_v2.sequence_search",
            "openstack_compute_secgroup_v2.sequence_search",
            "openstack_networking_network_v2.sequence_search",
            "openstack_networking_subnet_v2.sequence_search"
          ]
        },
        {
          "index_key": 8,
          "schema_version": 0,
          "attributes": {
            "access_ip_v4": "192.168.0.17",
            "access_ip_v6": "",
            "admin_pass": null,
            "all_metadata": {},
            "availability_zone": "nova",
            "block_device": [],
            "config_drive": null,
            "flavor_id": "91ba172b-cb4c-453c-b7fc-56cb79c78968",
            "flavor_name": "s1.capacious",
            "floating_ip": null,
            "force_delete": false,
            "id": "9287f527-c22c-4a1f-8206-b0943c03ebc0",
            "image_id": "3306bf44-c895-45b2-af05-0a3d23630ce6",
            "image_name": "CentOS7-Cloud",
            "key_pair": "test_sequence_search",
            "metadata": null,
            "name": "test-consumer-9",
            "network": [
              {
                "access_network": false,
                "fixed_ip_v4": "192.168.0.17",
                "fixed_ip_v6": "",
                "floating_ip": "",
                "mac": "fa:16:3e:54:75:93",
                "name": "test_sequence_search",
                "port": "",
                "uuid": "3eb4cb15-9ce5-4c1b-8b0f-3439a81b3a5e"
              }
            ],
            "personality": [],
            "power_state": "active",
            "region": "regionOne",
            "scheduler_hints": [],
            "security_groups": [
              "test_sequence_search"
            ],
            "stop_before_destroy": false,
            "timeouts": null,
            "user_data": null,
            "vendor_options": [],
            "volume": []
          },
          "private": "eyJlMmJmYjczMC1lY2FhLTExZTYtOGY4OC0zNDM2M2JjN2M0YzAiOnsiY3JlYXRlIjoxODAwMDAwMDAwMDAwLCJkZWxldGUiOjE4MDAwMDAwMDAwMDAsInVwZGF0ZSI6MTgwMDAwMDAwMDAwMH19",
          "depends_on": [
            "openstack_compute_keypair_v2.sequence_search",
            "openstack_compute_secgroup_v2.sequence_search",
            "openstack_networking_network_v2.sequence_search",
            "openstack_networking_subnet_v2.sequence_search"
          ]
        },
        {
          "index_key": 9,
          "schema_version": 0,
          "attributes": {
            "access_ip_v4": "192.168.0.18",
            "access_ip_v6": "",
            "admin_pass": null,
            "all_metadata": {},
            "availability_zone": "nova",
            "block_device": [],
            "config_drive": null,
            "flavor_id": "91ba172b-cb4c-453c-b7fc-56cb79c78968",
            "flavor_name": "s1.capacious",
            "floating_ip": null,
            "force_delete": false,
            "id": "01a3fbf0-cd85-418d-9dd8-6e849d3cc1d6",
            "image_id": "3306bf44-c895-45b2-af05-0a3d23630ce6",
            "image_name": "CentOS7-Cloud",
            "key_pair": "test_sequence_search",
            "metadata": null,
            "name": "test-consumer-10",
            "network": [
              {
                "access_network": false,
                "fixed_ip_v4": "192.168.0.18",
                "fixed_ip_v6": "",
                "floating_ip": "",
                "mac": "fa:16:3e:50:c5:ea",
                "name": "test_sequence_search",
                "port": "",
                "uuid": "3eb4cb15-9ce5-4c1b-8b0f-3439a81b3a5e"
              }
            ],
            "personality": [],
            "power_state": "active",
            "region": "regionOne",
            "scheduler_hints": [],
            "security_groups": [
              "test_sequence_search"
            ],
            "stop_before_destroy": false,
            "timeouts": null,
            "user_data": null,
            "vendor_options": [],
            "volume": []
          },
          "private": "eyJlMmJmYjczMC1lY2FhLTExZTYtOGY4OC0zNDM2M2JjN2M0YzAiOnsiY3JlYXRlIjoxODAwMDAwMDAwMDAwLCJkZWxldGUiOjE4MDAwMDAwMDAwMDAsInVwZGF0ZSI6MTgwMDAwMDAwMDAwMH19",
          "depends_on": [
            "openstack_compute_keypair_v2.sequence_search",
            "openstack_compute_secgroup_v2.sequence_search",
            "openstack_networking_network_v2.sequence_search",
            "openstack_networking_subnet_v2.sequence_search"
          ]
        }
      ]
    },
    {
      "mode": "managed",
      "type": "openstack_compute_instance_v2",
      "name": "monitor",
      "provider": "provider.openstack",
      "instances": [
        {
          "schema_version": 0,
          "attributes": {
            "access_ip_v4": "192.168.0.8",
            "access_ip_v6": "",
            "admin_pass": null,
            "all_metadata": {},
            "availability_zone": "nova",
            "block_device": [],
            "config_drive": null,
            "flavor_id": "721112dd-2f33-40eb-8975-7bd34dbabfc8",
            "flavor_name": "s1.small",
            "floating_ip": null,
            "force_delete": false,
            "id": "f7f53ec0-fe03-4db4-b9c9-6e68a4675102",
            "image_id": "3306bf44-c895-45b2-af05-0a3d23630ce6",
            "image_name": "CentOS7-Cloud",
            "key_pair": "test_sequence_search",
            "metadata": null,
            "name": "test-monitor",
            "network": [
              {
                "access_network": false,
                "fixed_ip_v4": "192.168.0.8",
                "fixed_ip_v6": "",
                "floating_ip": "",
                "mac": "fa:16:3e:60:f6:e5",
                "name": "test_sequence_search",
                "port": "",
                "uuid": "3eb4cb15-9ce5-4c1b-8b0f-3439a81b3a5e"
              }
            ],
            "personality": [],
            "power_state": "active",
            "region": "regionOne",
            "scheduler_hints": [],
            "security_groups": [
              "test_sequence_search_monitor_instance"
            ],
            "stop_before_destroy": false,
            "timeouts": null,
            "user_data": null,
            "vendor_options": [],
            "volume": []
          },
          "private": "eyJlMmJmYjczMC1lY2FhLTExZTYtOGY4OC0zNDM2M2JjN2M0YzAiOnsiY3JlYXRlIjoxODAwMDAwMDAwMDAwLCJkZWxldGUiOjE4MDAwMDAwMDAwMDAsInVwZGF0ZSI6MTgwMDAwMDAwMDAwMH19",
          "depends_on": [
            "openstack_compute_keypair_v2.sequence_search",
            "openstack_compute_secgroup_v2.sequence_search_monitor_instance",
            "openstack_networking_network_v2.sequence_search",
            "openstack_networking_subnet_v2.sequence_search"
          ]
        }
      ]
    },
    {
      "mode": "managed",
      "type": "openstack_compute_instance_v2",
      "name": "nfs_server",
      "provider": "provider.openstack",
      "instances": [
        {
          "schema_version": 0,
          "attributes": {
            "access_ip_v4": "192.168.0.7",
            "access_ip_v6": "",
            "admin_pass": null,
            "all_metadata": {},
            "availability_zone": "nova",
            "block_device": [],
            "config_drive": null,
            "flavor_id": "91ba172b-cb4c-453c-b7fc-56cb79c78968",
            "flavor_name": "s1.capacious",
            "floating_ip": null,
            "force_delete": false,
            "id": "63dc81fc-96a6-4f83-b384-9909d1e8447c",
            "image_id": "371604fb-b264-41fd-9336-9bc669a80667",
            "image_name": "ubuntu-16.04",
            "key_pair": "test_sequence_search",
            "metadata": null,
            "name": "test-nfs-server",
            "network": [
              {
                "access_network": false,
                "fixed_ip_v4": "192.168.0.7",
                "fixed_ip_v6": "",
                "floating_ip": "",
                "mac": "fa:16:3e:cc:e0:72",
                "name": "test_sequence_search",
                "port": "",
                "uuid": "3eb4cb15-9ce5-4c1b-8b0f-3439a81b3a5e"
              }
            ],
            "personality": [],
            "power_state": "active",
            "region": "regionOne",
            "scheduler_hints": [],
            "security_groups": [
              "test_sequence_search_nfs_instance"
            ],
            "stop_before_destroy": false,
            "timeouts": null,
            "user_data": null,
            "vendor_options": [],
            "volume": []
          },
          "private": "eyJlMmJmYjczMC1lY2FhLTExZTYtOGY4OC0zNDM2M2JjN2M0YzAiOnsiY3JlYXRlIjoxODAwMDAwMDAwMDAwLCJkZWxldGUiOjE4MDAwMDAwMDAwMDAsInVwZGF0ZSI6MTgwMDAwMDAwMDAwMH19",
          "depends_on": [
            "openstack_compute_keypair_v2.sequence_search",
            "openstack_compute_secgroup_v2.sequence_search_nfs_instance",
            "openstack_networking_network_v2.sequence_search",
            "openstack_networking_subnet_v2.sequence_search"
          ]
        }
      ]
    },
    {
      "mode": "managed",
      "type": "openstack_compute_instance_v2",
      "name": "postgres",
      "provider": "provider.openstack",
      "instances": [
        {
          "schema_version": 0,
          "attributes": {
            "access_ip_v4": "192.168.0.6",
            "access_ip_v6": "",
            "admin_pass": null,
            "all_metadata": {},
            "availability_zone": "nova",
            "block_device": [],
            "config_drive": null,
            "flavor_id": "91ba172b-cb4c-453c-b7fc-56cb79c78968",
            "flavor_name": "s1.capacious",
            "floating_ip": null,
            "force_delete": false,
            "id": "1bb8f6c6-bb51-40bd-a2d4-326a365208b6",
            "image_id": "3306bf44-c895-45b2-af05-0a3d23630ce6",
            "image_name": "CentOS7-Cloud",
            "key_pair": "test_sequence_search",
            "metadata": null,
            "name": "test-postgres",
            "network": [
              {
                "access_network": false,
                "fixed_ip_v4": "192.168.0.6",
                "fixed_ip_v6": "",
                "floating_ip": "",
                "mac": "fa:16:3e:7e:10:8b",
                "name": "test_sequence_search",
                "port": "",
                "uuid": "3eb4cb15-9ce5-4c1b-8b0f-3439a81b3a5e"
              }
            ],
            "personality": [],
            "power_state": "active",
            "region": "regionOne",
            "scheduler_hints": [],
            "security_groups": [
              "test_sequence_search"
            ],
            "stop_before_destroy": false,
            "timeouts": null,
            "user_data": null,
            "vendor_options": [],
            "volume": []
          },
          "private": "eyJlMmJmYjczMC1lY2FhLTExZTYtOGY4OC0zNDM2M2JjN2M0YzAiOnsiY3JlYXRlIjoxODAwMDAwMDAwMDAwLCJkZWxldGUiOjE4MDAwMDAwMDAwMDAsInVwZGF0ZSI6MTgwMDAwMDAwMDAwMH19",
          "depends_on": [
            "openstack_compute_keypair_v2.sequence_search",
            "openstack_compute_secgroup_v2.sequence_search",
            "openstack_networking_network_v2.sequence_search",
            "openstack_networking_subnet_v2.sequence_search"
          ]
        }
      ]
    },
    {
      "mode": "managed",
      "type": "openstack_compute_instance_v2",
      "name": "producer",
      "provider": "provider.openstack",
      "instances": [
        {
          "schema_version": 0,
          "attributes": {
            "access_ip_v4": "192.168.0.5",
            "access_ip_v6": "",
            "admin_pass": null,
            "all_metadata": {},
            "availability_zone": "nova",
            "block_device": [],
            "config_drive": null,
            "flavor_id": "91ba172b-cb4c-453c-b7fc-56cb79c78968",
            "flavor_name": "s1.capacious",
            "floating_ip": null,
            "force_delete": false,
            "id": "8e601ff3-217a-49ca-b9ab-cc8f957ee88c",
            "image_id": "3306bf44-c895-45b2-af05-0a3d23630ce6",
            "image_name": "CentOS7-Cloud",
            "key_pair": "test_sequence_search",
            "metadata": null,
            "name": "test-producer",
            "network": [
              {
                "access_network": false,
                "fixed_ip_v4": "192.168.0.5",
                "fixed_ip_v6": "",
                "floating_ip": "",
                "mac": "fa:16:3e:3d:3d:2d",
                "name": "test_sequence_search",
                "port": "",
                "uuid": "3eb4cb15-9ce5-4c1b-8b0f-3439a81b3a5e"
              }
            ],
            "personality": [],
            "power_state": "active",
            "region": "regionOne",
            "scheduler_hints": [],
            "security_groups": [
              "test_sequence_search"
            ],
            "stop_before_destroy": false,
            "timeouts": null,
            "user_data": null,
            "vendor_options": [],
            "volume": []
          },
          "private": "eyJlMmJmYjczMC1lY2FhLTExZTYtOGY4OC0zNDM2M2JjN2M0YzAiOnsiY3JlYXRlIjoxODAwMDAwMDAwMDAwLCJkZWxldGUiOjE4MDAwMDAwMDAwMDAsInVwZGF0ZSI6MTgwMDAwMDAwMDAwMH19",
          "depends_on": [
            "openstack_compute_keypair_v2.sequence_search",
            "openstack_compute_secgroup_v2.sequence_search",
            "openstack_networking_network_v2.sequence_search",
            "openstack_networking_subnet_v2.sequence_search"
          ]
        }
      ]
    },
    {
      "mode": "managed",
      "type": "openstack_compute_keypair_v2",
      "name": "sequence_search",
      "provider": "provider.openstack",
      "instances": [
        {
          "schema_version": 0,
          "attributes": {
            "fingerprint": "f5:ac:9f:4e:68:11:2e:49:27:40:22:47:fa:ba:f3:58",
            "id": "test_sequence_search",
            "name": "test_sequence_search",
            "private_key": "",
            "public_key": "ssh-rsa AAAAB3NzaC1yc2EAAAADAQABAAACAQC9BOKz+dYi+0TzjpH5RWorfguhIp8Vxn1NIKX3VLbvYrStYlu+59aCdWALWhSUzqt/BKhwteg2Ph5m5pYItqs3i9VLpY493UvfjjocYqf47xqkDsYYo6kZkZjvnKFfkZui88TmgiMUKDtK/uRXVJhG4QlvCbrXLn9GM5jWmtV3lO/BEw25U19eGClsGQ0T7TUZ+YmPv9aHycw+hEpOWOvMYquzLg+thwrm7fzvLvbkS7pQm5kr8OGEvJ0HgLgUFiL+8zrB+zoGuiaaiFg9pLq2zJ/wtoe9OxiyRTaQt/Kwo8n2Z/S84bgKOLQPi85shjqQx/6/nfzjLpWUR8Bci9VH8CJ5i/zIagMHoyIrh+Fq/77YEuES0lpqYNd6AQUjgu7CF9OyXlQLwh6TSXLwxYUWaWAVMABysEaUT78+KFp7J86xTdb0zciVjTnyNb+IACMfo4hyexyAN3cPoWxAM7i8ET2Iug8QXB6RO1mz5zjvdDtLP7J5HCglVsXAmlHyxX7twmgAG11f45c/5I8gq0cQpubh8e6oZWYJ2krsbuVZnYXich+MidDIzt/5X+j06Um5iC4xbUIMJppeA1tzjQipvoavVeXs1LPN6ICLVtVkymb2Fhkpjq55Tiwan6ftYiWRXWOpaY00Yfc8ZbY8rb+bEF7lu4K1sf1bKOFyKke8Rw== apetrov@apetrov-ml\n",
            "region": "regionOne",
            "value_specs": null
          },
          "private": "bnVsbA=="
        }
      ]
    },
    {
      "mode": "managed",
      "type": "openstack_compute_secgroup_v2",
      "name": "sequence_search",
      "provider": "provider.openstack",
      "instances": [
        {
          "schema_version": 0,
          "attributes": {
            "description": "Security group for the sequence_search instances (except NFS and monitor)",
            "id": "0e516b07-4fa4-4c83-b619-9c44adb75433",
            "name": "test_sequence_search",
            "region": "regionOne",
            "rule": [
              {
                "cidr": "0.0.0.0/0",
                "from_group_id": "",
                "from_port": -1,
                "id": "9d520d91-f14c-4678-b124-1897a1a61f34",
                "ip_protocol": "icmp",
                "self": false,
                "to_port": -1
              },
              {
                "cidr": "0.0.0.0/0",
                "from_group_id": "",
                "from_port": 22,
                "id": "96e74aed-10d1-429f-8114-3fd919807cec",
                "ip_protocol": "tcp",
                "self": false,
                "to_port": 22
              },
              {
                "cidr": "0.0.0.0/0",
                "from_group_id": "",
                "from_port": 8002,
                "id": "f1ed797b-de82-4932-9241-fc1fe1e7d6e4",
                "ip_protocol": "tcp",
                "self": false,
                "to_port": 8002
              },
              {
                "cidr": "192.168.0.0/24",
                "from_group_id": "",
                "from_port": 5432,
                "id": "b2b90641-457a-4874-89e8-209544a8bd2e",
                "ip_protocol": "tcp",
                "self": false,
                "to_port": 5432
              },
              {
                "cidr": "192.168.0.0/24",
                "from_group_id": "",
                "from_port": 8000,
                "id": "86d98110-20b3-4e8c-a30c-ce54825a6043",
                "ip_protocol": "tcp",
                "self": false,
                "to_port": 8000
              }
            ],
            "timeouts": null
          },
          "private": "eyJlMmJmYjczMC1lY2FhLTExZTYtOGY4OC0zNDM2M2JjN2M0YzAiOnsiZGVsZXRlIjo2MDAwMDAwMDAwMDB9fQ=="
        }
      ]
    },
    {
      "mode": "managed",
      "type": "openstack_compute_secgroup_v2",
      "name": "sequence_search_monitor_instance",
      "provider": "provider.openstack",
      "instances": [
        {
          "schema_version": 0,
          "attributes": {
            "description": "Security group for the monitor instance",
            "id": "07b9156e-fb3c-4838-a6c7-e56a8e81d62b",
            "name": "test_sequence_search_monitor_instance",
            "region": "regionOne",
            "rule": [
              {
                "cidr": "0.0.0.0/0",
                "from_group_id": "",
                "from_port": -1,
                "id": "05389901-c0ac-4b0e-94cd-582c591a0972",
                "ip_protocol": "icmp",
                "self": false,
                "to_port": -1
              },
              {
                "cidr": "0.0.0.0/0",
                "from_group_id": "",
                "from_port": 22,
                "id": "a1795fc9-045e-429d-b2c0-4f6c9aeef611",
                "ip_protocol": "tcp",
                "self": false,
                "to_port": 22
              },
              {
                "cidr": "192.168.0.0/24",
                "from_group_id": "",
                "from_port": 11211,
                "id": "5702167f-01ad-4a96-8ec2-968722c33c4a",
                "ip_protocol": "tcp",
                "self": false,
                "to_port": 11211
              }
            ],
            "timeouts": null
          },
          "private": "eyJlMmJmYjczMC1lY2FhLTExZTYtOGY4OC0zNDM2M2JjN2M0YzAiOnsiZGVsZXRlIjo2MDAwMDAwMDAwMDB9fQ=="
        }
      ]
    },
    {
      "mode": "managed",
      "type": "openstack_compute_secgroup_v2",
      "name": "sequence_search_nfs_instance",
      "provider": "provider.openstack",
      "instances": [
        {
          "schema_version": 0,
          "attributes": {
            "description": "Security group for the NFS instance",
            "id": "162385ee-2b44-403c-bebe-fea0e7ba53ca",
            "name": "test_sequence_search_nfs_instance",
            "region": "regionOne",
            "rule": [
              {
                "cidr": "0.0.0.0/0",
                "from_group_id": "",
                "from_port": -1,
                "id": "2e02ebf5-2102-4c33-b1c8-6dfaf3e6862e",
                "ip_protocol": "icmp",
                "self": false,
                "to_port": -1
              },
              {
                "cidr": "0.0.0.0/0",
                "from_group_id": "",
                "from_port": 22,
                "id": "37330743-17b6-4e13-b317-c018f32a8386",
                "ip_protocol": "tcp",
                "self": false,
                "to_port": 22
              },
              {
                "cidr": "192.168.0.0/24",
                "from_group_id": "",
                "from_port": 111,
                "id": "7a069a68-b785-461b-82be-84e0babe10ce",
                "ip_protocol": "udp",
                "self": false,
                "to_port": 111
              },
              {
                "cidr": "192.168.0.0/24",
                "from_group_id": "",
                "from_port": 111,
                "id": "dddd133f-0cbc-4e36-8381-f4d149d78d4e",
                "ip_protocol": "tcp",
                "self": false,
                "to_port": 111
              },
              {
                "cidr": "192.168.0.0/24",
                "from_group_id": "",
                "from_port": 2049,
                "id": "28c448f1-b9a5-4fa1-ba2b-9b80e3ac647f",
                "ip_protocol": "tcp",
                "self": false,
                "to_port": 2049
              },
              {
                "cidr": "192.168.0.0/24",
                "from_group_id": "",
                "from_port": 2049,
                "id": "8aaefaf1-f658-43da-b476-56f43d4e8957",
                "ip_protocol": "udp",
                "self": false,
                "to_port": 2049
              }
            ],
            "timeouts": null
          },
          "private": "eyJlMmJmYjczMC1lY2FhLTExZTYtOGY4OC0zNDM2M2JjN2M0YzAiOnsiZGVsZXRlIjo2MDAwMDAwMDAwMDB9fQ=="
        }
      ]
    },
    {
      "mode": "managed",
      "type": "openstack_compute_volume_attach_v2",
      "name": "attached",
      "provider": "provider.openstack",
      "instances": [
        {
          "schema_version": 0,
          "attributes": {
            "device": "/dev/vdb",
            "id": "63dc81fc-96a6-4f83-b384-9909d1e8447c/5bec2a5a-3394-4afb-bba5-40242c1445f1",
            "instance_id": "63dc81fc-96a6-4f83-b384-9909d1e8447c",
            "multiattach": null,
            "region": "regionOne",
            "timeouts": null,
            "volume_id": "5bec2a5a-3394-4afb-bba5-40242c1445f1"
          },
          "private": "eyJlMmJmYjczMC1lY2FhLTExZTYtOGY4OC0zNDM2M2JjN2M0YzAiOnsiY3JlYXRlIjo2MDAwMDAwMDAwMDAsImRlbGV0ZSI6NjAwMDAwMDAwMDAwfX0=",
          "depends_on": [
            "openstack_blockstorage_volume_v2.nfs_volume",
            "openstack_compute_instance_v2.nfs_server"
          ]
        }
      ]
    },
    {
      "mode": "managed",
      "type": "openstack_networking_network_v2",
      "name": "sequence_search",
      "provider": "provider.openstack",
      "instances": [
        {
          "schema_version": 0,
          "attributes": {
            "admin_state_up": true,
            "all_tags": [],
            "availability_zone_hints": [],
            "description": "",
            "dns_domain": "",
            "external": false,
            "id": "3eb4cb15-9ce5-4c1b-8b0f-3439a81b3a5e",
            "mtu": 1500,
            "name": "test_sequence_search",
            "port_security_enabled": true,
            "qos_policy_id": "",
            "region": "regionOne",
            "segments": [],
            "shared": false,
            "tags": null,
            "tenant_id": "bd631be0b7e641a7bd0c187493e7104e",
            "timeouts": null,
            "transparent_vlan": false,
            "value_specs": null
          },
          "private": "eyJlMmJmYjczMC1lY2FhLTExZTYtOGY4OC0zNDM2M2JjN2M0YzAiOnsiY3JlYXRlIjo2MDAwMDAwMDAwMDAsImRlbGV0ZSI6NjAwMDAwMDAwMDAwfX0="
        }
      ]
    },
    {
      "mode": "managed",
      "type": "openstack_networking_router_interface_v2",
      "name": "sequence_search",
      "provider": "provider.openstack",
      "instances": [
        {
          "schema_version": 0,
          "attributes": {
            "id": "c6cc88c4-d9af-4d4e-81cd-9ab0cec0e40d",
            "port_id": "c6cc88c4-d9af-4d4e-81cd-9ab0cec0e40d",
            "region": "regionOne",
            "router_id": "bf36a458-96f4-43d5-bb8c-ca8be451e21a",
            "subnet_id": "e56bd14a-2e53-4e6e-b341-e43d2ec69caa",
            "timeouts": null
          },
          "private": "eyJlMmJmYjczMC1lY2FhLTExZTYtOGY4OC0zNDM2M2JjN2M0YzAiOnsiY3JlYXRlIjo2MDAwMDAwMDAwMDAsImRlbGV0ZSI6NjAwMDAwMDAwMDAwfX0=",
          "depends_on": [
            "openstack_networking_router_v2.sequence_search",
            "openstack_networking_subnet_v2.sequence_search"
          ]
        }
      ]
    },
    {
      "mode": "managed",
      "type": "openstack_networking_router_v2",
      "name": "sequence_search",
      "provider": "provider.openstack",
      "instances": [
        {
          "schema_version": 0,
          "attributes": {
            "admin_state_up": true,
            "all_tags": [],
            "availability_zone_hints": [],
            "description": "",
            "distributed": false,
            "enable_snat": true,
            "external_fixed_ip": [
              {
                "ip_address": "193.62.55.101",
                "subnet_id": "3c926da4-b320-4320-8d62-f70e2078a2fd"
              }
            ],
            "external_gateway": "e25c3173-bb5c-4bbc-83a7-f0551099c8cd",
            "external_network_id": "e25c3173-bb5c-4bbc-83a7-f0551099c8cd",
            "id": "bf36a458-96f4-43d5-bb8c-ca8be451e21a",
            "name": "test_sequence_search",
            "region": "regionOne",
            "tags": null,
            "tenant_id": "bd631be0b7e641a7bd0c187493e7104e",
            "timeouts": null,
            "value_specs": null,
            "vendor_options": []
          },
          "private": "eyJlMmJmYjczMC1lY2FhLTExZTYtOGY4OC0zNDM2M2JjN2M0YzAiOnsiY3JlYXRlIjo2MDAwMDAwMDAwMDAsImRlbGV0ZSI6NjAwMDAwMDAwMDAwfX0="
        }
      ]
    },
    {
      "mode": "managed",
      "type": "openstack_networking_subnet_v2",
      "name": "sequence_search",
      "provider": "provider.openstack",
      "instances": [
        {
          "schema_version": 0,
          "attributes": {
            "all_tags": [],
            "allocation_pool": [
              {
                "end": "192.168.0.254",
                "start": "192.168.0.2"
              }
            ],
            "allocation_pools": [
              {
                "end": "192.168.0.254",
                "start": "192.168.0.2"
              }
            ],
            "cidr": "192.168.0.0/24",
            "description": "",
            "dns_nameservers": [
              "8.8.8.8"
            ],
            "enable_dhcp": true,
            "gateway_ip": "192.168.0.1",
            "host_routes": [],
            "id": "e56bd14a-2e53-4e6e-b341-e43d2ec69caa",
            "ip_version": 4,
            "ipv6_address_mode": "",
            "ipv6_ra_mode": "",
            "name": "test_sequence_search",
            "network_id": "3eb4cb15-9ce5-4c1b-8b0f-3439a81b3a5e",
            "no_gateway": false,
            "prefix_length": null,
            "region": "regionOne",
            "subnetpool_id": "",
            "tags": null,
            "tenant_id": "bd631be0b7e641a7bd0c187493e7104e",
            "timeouts": null,
            "value_specs": null
          },
          "private": "eyJlMmJmYjczMC1lY2FhLTExZTYtOGY4OC0zNDM2M2JjN2M0YzAiOnsiY3JlYXRlIjo2MDAwMDAwMDAwMDAsImRlbGV0ZSI6NjAwMDAwMDAwMDAwfX0=",
          "depends_on": [
            "openstack_networking_network_v2.sequence_search"
          ]
        }
      ]
    }
  ]
}
