{
    "version": 3,
    "terraform_version": "0.11.13",
    "serial": 40,
    "lineage": "78978210-6031-db8f-0439-fa0111c455fd",
    "modules": [
        {
            "path": [
                "root"
            ],
            "outputs": {
                "floating_ip": {
                    "sensitive": false,
                    "type": "list",
                    "value": [
                        "193.62.55.123"
                    ]
                },
                "tfstate_file": {
                    "sensitive": false,
                    "type": "list",
                    "value": [
                        "terraform.tfstate.d/test/terraform.tfstate"
                    ]
                }
            },
            "resources": {
                "null_resource.post-flight": {
                    "type": "null_resource",
                    "depends_on": [
                        "local.tfstate_file"
                    ],
                    "primary": {
                        "id": "4991250051521095371",
                        "attributes": {
                            "id": "4991250051521095371",
                            "triggers.%": "1",
                            "triggers.build_number": "2019-05-15T14:04:07Z"
                        },
                        "meta": {},
                        "tainted": false
                    },
                    "deposed": [],
                    "provider": "provider.null"
                },
                "null_resource.pre-flight": {
                    "type": "null_resource",
                    "depends_on": [
                        "local.floating_ip"
                    ],
                    "primary": {
                        "id": "5117306512785871781",
                        "attributes": {
                            "id": "5117306512785871781",
                            "triggers.%": "1",
                            "triggers.build_number": "2019-05-15T14:04:07Z"
                        },
                        "meta": {},
                        "tainted": false
                    },
                    "deposed": [],
                    "provider": "provider.null"
                },
                "openstack_blockstorage_volume_v2.sequence_search_consumer_databases.0": {
                    "type": "openstack_blockstorage_volume_v2",
                    "depends_on": [
                        "local.count"
                    ],
                    "primary": {
                        "id": "f95879c2-5678-432e-a76d-3b18a6f958f5",
                        "attributes": {
                            "attachment.#": "1",
                            "attachment.2221776996.device": "/dev/vdb",
                            "attachment.2221776996.id": "f95879c2-5678-432e-a76d-3b18a6f958f5",
                            "attachment.2221776996.instance_id": "dd10793d-61e1-4ac2-8215-5080fa5953e6",
                            "availability_zone": "nova",
                            "description": "",
                            "id": "f95879c2-5678-432e-a76d-3b18a6f958f5",
                            "image_id": "sequence_search_databases",
                            "metadata.%": "2",
                            "metadata.attached_mode": "rw",
                            "metadata.readonly": "False",
                            "name": "test-sequence-search-consumer-databases-1",
                            "region": "regionOne",
                            "size": "12",
                            "snapshot_id": "",
                            "source_vol_id": "",
                            "volume_type": ""
                        },
                        "meta": {
                            "e2bfb730-ecaa-11e6-8f88-34363bc7c4c0": {
                                "create": 600000000000,
                                "delete": 600000000000
                            }
                        },
                        "tainted": false
                    },
                    "deposed": [],
                    "provider": "provider.openstack"
                },
                "openstack_blockstorage_volume_v2.sequence_search_consumer_databases.1": {
                    "type": "openstack_blockstorage_volume_v2",
                    "depends_on": [
                        "local.count"
                    ],
                    "primary": {
                        "id": "17576ff1-a501-4bfc-aa41-ae63f44fe9ce",
                        "attributes": {
                            "attachment.#": "1",
                            "attachment.1283275105.device": "/dev/vdb",
                            "attachment.1283275105.id": "17576ff1-a501-4bfc-aa41-ae63f44fe9ce",
                            "attachment.1283275105.instance_id": "9faaa2fd-39da-4e99-93b8-9f629fc900ac",
                            "availability_zone": "nova",
                            "description": "",
                            "id": "17576ff1-a501-4bfc-aa41-ae63f44fe9ce",
                            "image_id": "sequence_search_databases",
                            "metadata.%": "2",
                            "metadata.attached_mode": "rw",
                            "metadata.readonly": "False",
                            "name": "test-sequence-search-consumer-databases-2",
                            "region": "regionOne",
                            "size": "12",
                            "snapshot_id": "",
                            "source_vol_id": "",
                            "volume_type": ""
                        },
                        "meta": {
                            "e2bfb730-ecaa-11e6-8f88-34363bc7c4c0": {
                                "create": 600000000000,
                                "delete": 600000000000
                            }
                        },
                        "tainted": false
                    },
                    "deposed": [],
                    "provider": "provider.openstack"
                },
                "openstack_blockstorage_volume_v2.sequence_search_consumer_databases.2": {
                    "type": "openstack_blockstorage_volume_v2",
                    "depends_on": [
                        "local.count"
                    ],
                    "primary": {
                        "id": "2548c358-6a9b-4deb-a3b4-9b00a6475f7c",
                        "attributes": {
                            "attachment.#": "1",
                            "attachment.524095656.device": "/dev/vdb",
                            "attachment.524095656.id": "2548c358-6a9b-4deb-a3b4-9b00a6475f7c",
                            "attachment.524095656.instance_id": "2eb08034-9ed2-40e0-b5f9-09ecd065f362",
                            "availability_zone": "nova",
                            "description": "",
                            "id": "2548c358-6a9b-4deb-a3b4-9b00a6475f7c",
                            "image_id": "sequence_search_databases",
                            "metadata.%": "2",
                            "metadata.attached_mode": "rw",
                            "metadata.readonly": "False",
                            "name": "test-sequence-search-consumer-databases-3",
                            "region": "regionOne",
                            "size": "12",
                            "snapshot_id": "",
                            "source_vol_id": "",
                            "volume_type": ""
                        },
                        "meta": {
                            "e2bfb730-ecaa-11e6-8f88-34363bc7c4c0": {
                                "create": 600000000000,
                                "delete": 600000000000
                            }
                        },
                        "tainted": false
                    },
                    "deposed": [],
                    "provider": "provider.openstack"
                },
                "openstack_blockstorage_volume_v2.sequence_search_consumer_databases.3": {
                    "type": "openstack_blockstorage_volume_v2",
                    "depends_on": [
                        "local.count"
                    ],
                    "primary": {
                        "id": "e2d547e9-00eb-4dbc-9acd-bdf030b1712e",
                        "attributes": {
                            "attachment.#": "1",
                            "attachment.3124098373.device": "/dev/vdb",
                            "attachment.3124098373.id": "e2d547e9-00eb-4dbc-9acd-bdf030b1712e",
                            "attachment.3124098373.instance_id": "a946b170-250f-4dc5-a6f7-84a5f0d58f79",
                            "availability_zone": "nova",
                            "description": "",
                            "id": "e2d547e9-00eb-4dbc-9acd-bdf030b1712e",
                            "image_id": "sequence_search_databases",
                            "metadata.%": "2",
                            "metadata.attached_mode": "rw",
                            "metadata.readonly": "False",
                            "name": "test-sequence-search-consumer-databases-4",
                            "region": "regionOne",
                            "size": "12",
                            "snapshot_id": "",
                            "source_vol_id": "",
                            "volume_type": ""
                        },
                        "meta": {
                            "e2bfb730-ecaa-11e6-8f88-34363bc7c4c0": {
                                "create": 600000000000,
                                "delete": 600000000000
                            }
                        },
                        "tainted": false
                    },
                    "deposed": [],
                    "provider": "provider.openstack"
                },
                "openstack_blockstorage_volume_v2.sequence_search_consumer_databases.4": {
                    "type": "openstack_blockstorage_volume_v2",
                    "depends_on": [
                        "local.count"
                    ],
                    "primary": {
                        "id": "a9d0e0af-ff27-4bef-8fdf-ce22a9b7b908",
                        "attributes": {
                            "attachment.#": "1",
                            "attachment.691642034.device": "/dev/vdb",
                            "attachment.691642034.id": "a9d0e0af-ff27-4bef-8fdf-ce22a9b7b908",
                            "attachment.691642034.instance_id": "9250e559-9181-4382-933d-04d8752c16b8",
                            "availability_zone": "nova",
                            "description": "",
                            "id": "a9d0e0af-ff27-4bef-8fdf-ce22a9b7b908",
                            "image_id": "sequence_search_databases",
                            "metadata.%": "2",
                            "metadata.attached_mode": "rw",
                            "metadata.readonly": "False",
                            "name": "test-sequence-search-consumer-databases-5",
                            "region": "regionOne",
                            "size": "12",
                            "snapshot_id": "",
                            "source_vol_id": "",
                            "volume_type": ""
                        },
                        "meta": {
                            "e2bfb730-ecaa-11e6-8f88-34363bc7c4c0": {
                                "create": 600000000000,
                                "delete": 600000000000
                            }
                        },
                        "tainted": false
                    },
                    "deposed": [],
                    "provider": "provider.openstack"
                },
                "openstack_blockstorage_volume_v2.sequence_search_producer_databases": {
                    "type": "openstack_blockstorage_volume_v2",
                    "depends_on": [],
                    "primary": {
                        "id": "c6544384-4bbe-4935-ac78-a68757390eff",
                        "attributes": {
                            "attachment.#": "1",
                            "attachment.2523243962.device": "/dev/vdb",
                            "attachment.2523243962.id": "c6544384-4bbe-4935-ac78-a68757390eff",
                            "attachment.2523243962.instance_id": "b5996633-f634-424b-9f72-394928f46786",
                            "availability_zone": "nova",
                            "description": "",
                            "id": "c6544384-4bbe-4935-ac78-a68757390eff",
                            "image_id": "sequence_search_databases",
                            "metadata.%": "2",
                            "metadata.attached_mode": "rw",
                            "metadata.readonly": "False",
                            "name": "test-sequence-search-producer-databases",
                            "region": "regionOne",
                            "size": "12",
                            "snapshot_id": "",
                            "source_vol_id": "",
                            "volume_type": ""
                        },
                        "meta": {
                            "e2bfb730-ecaa-11e6-8f88-34363bc7c4c0": {
                                "create": 600000000000,
                                "delete": 600000000000
                            }
                        },
                        "tainted": false
                    },
                    "deposed": [],
                    "provider": "provider.openstack"
                },
                "openstack_compute_floatingip_associate_v2.associate_postgres_floating_ip": {
                    "type": "openstack_compute_floatingip_associate_v2",
                    "depends_on": [
                        "local.postgres_floating_ip",
                        "openstack_compute_instance_v2.postgres",
                        "openstack_networking_router_interface_v2.sequence_search"
                    ],
                    "primary": {
                        "id": "193.62.55.122/fc63c262-0ad0-47ab-a3c9-bef4d8cabf23/",
                        "attributes": {
                            "fixed_ip": "",
                            "floating_ip": "193.62.55.122",
                            "id": "193.62.55.122/fc63c262-0ad0-47ab-a3c9-bef4d8cabf23/",
                            "instance_id": "fc63c262-0ad0-47ab-a3c9-bef4d8cabf23",
                            "region": "regionOne"
                        },
                        "meta": {
                            "e2bfb730-ecaa-11e6-8f88-34363bc7c4c0": {
                                "create": 600000000000
                            }
                        },
                        "tainted": false
                    },
                    "deposed": [],
                    "provider": "provider.openstack"
                },
                "openstack_compute_floatingip_associate_v2.sequence_search": {
                    "type": "openstack_compute_floatingip_associate_v2",
                    "depends_on": [
                        "local.floating_ip",
                        "openstack_compute_instance_v2.producer",
                        "openstack_networking_router_interface_v2.sequence_search"
                    ],
                    "primary": {
                        "id": "193.62.55.123/b5996633-f634-424b-9f72-394928f46786/",
                        "attributes": {
                            "fixed_ip": "",
                            "floating_ip": "193.62.55.123",
                            "id": "193.62.55.123/b5996633-f634-424b-9f72-394928f46786/",
                            "instance_id": "b5996633-f634-424b-9f72-394928f46786",
                            "region": "regionOne"
                        },
                        "meta": {
                            "e2bfb730-ecaa-11e6-8f88-34363bc7c4c0": {
                                "create": 600000000000
                            }
                        },
                        "tainted": false
                    },
                    "deposed": [],
                    "provider": "provider.openstack"
                },
                "openstack_compute_instance_v2.consumers.0": {
                    "type": "openstack_compute_instance_v2",
                    "depends_on": [
                        "local.count",
                        "openstack_compute_keypair_v2.sequence_search",
                        "openstack_compute_secgroup_v2.sequence_search",
                        "openstack_networking_network_v2.sequence_search"
                    ],
                    "primary": {
                        "id": "dd10793d-61e1-4ac2-8215-5080fa5953e6",
                        "attributes": {
                            "access_ip_v4": "192.168.0.7",
                            "access_ip_v6": "",
                            "all_metadata.%": "0",
                            "availability_zone": "nova",
                            "flavor_id": "fa85f5f4-4560-4e1b-af95-21df6f714727",
                            "flavor_name": "s1.jumbo",
                            "force_delete": "false",
                            "id": "dd10793d-61e1-4ac2-8215-5080fa5953e6",
                            "image_id": "3306bf44-c895-45b2-af05-0a3d23630ce6",
                            "image_name": "CentOS7-Cloud",
                            "key_pair": "test_sequence_search",
                            "name": "test-consumer-1",
                            "network.#": "1",
                            "network.0.access_network": "false",
                            "network.0.fixed_ip_v4": "192.168.0.7",
                            "network.0.fixed_ip_v6": "",
                            "network.0.floating_ip": "",
                            "network.0.mac": "fa:16:3e:e5:40:1f",
                            "network.0.name": "test_sequence_search",
                            "network.0.port": "",
                            "network.0.uuid": "a0c49112-e741-403e-ab23-579d29e37e99",
                            "power_state": "active",
                            "region": "regionOne",
                            "security_groups.#": "1",
                            "security_groups.2922303371": "test_sequence_search",
                            "stop_before_destroy": "false"
                        },
                        "meta": {
                            "e2bfb730-ecaa-11e6-8f88-34363bc7c4c0": {
                                "create": 1800000000000,
                                "delete": 1800000000000,
                                "update": 1800000000000
                            }
                        },
                        "tainted": false
                    },
                    "deposed": [],
                    "provider": "provider.openstack"
                },
                "openstack_compute_instance_v2.consumers.1": {
                    "type": "openstack_compute_instance_v2",
                    "depends_on": [
                        "local.count",
                        "openstack_compute_keypair_v2.sequence_search",
                        "openstack_compute_secgroup_v2.sequence_search",
                        "openstack_networking_network_v2.sequence_search"
                    ],
                    "primary": {
                        "id": "9faaa2fd-39da-4e99-93b8-9f629fc900ac",
                        "attributes": {
                            "access_ip_v4": "192.168.0.8",
                            "access_ip_v6": "",
                            "all_metadata.%": "0",
                            "availability_zone": "nova",
                            "flavor_id": "fa85f5f4-4560-4e1b-af95-21df6f714727",
                            "flavor_name": "s1.jumbo",
                            "force_delete": "false",
                            "id": "9faaa2fd-39da-4e99-93b8-9f629fc900ac",
                            "image_id": "3306bf44-c895-45b2-af05-0a3d23630ce6",
                            "image_name": "CentOS7-Cloud",
                            "key_pair": "test_sequence_search",
                            "name": "test-consumer-2",
                            "network.#": "1",
                            "network.0.access_network": "false",
                            "network.0.fixed_ip_v4": "192.168.0.8",
                            "network.0.fixed_ip_v6": "",
                            "network.0.floating_ip": "",
                            "network.0.mac": "fa:16:3e:39:37:6f",
                            "network.0.name": "test_sequence_search",
                            "network.0.port": "",
                            "network.0.uuid": "a0c49112-e741-403e-ab23-579d29e37e99",
                            "power_state": "active",
                            "region": "regionOne",
                            "security_groups.#": "1",
                            "security_groups.2922303371": "test_sequence_search",
                            "stop_before_destroy": "false"
                        },
                        "meta": {
                            "e2bfb730-ecaa-11e6-8f88-34363bc7c4c0": {
                                "create": 1800000000000,
                                "delete": 1800000000000,
                                "update": 1800000000000
                            }
                        },
                        "tainted": false
                    },
                    "deposed": [],
                    "provider": "provider.openstack"
                },
                "openstack_compute_instance_v2.consumers.2": {
                    "type": "openstack_compute_instance_v2",
                    "depends_on": [
                        "local.count",
                        "openstack_compute_keypair_v2.sequence_search",
                        "openstack_compute_secgroup_v2.sequence_search",
                        "openstack_networking_network_v2.sequence_search"
                    ],
                    "primary": {
                        "id": "2eb08034-9ed2-40e0-b5f9-09ecd065f362",
                        "attributes": {
                            "access_ip_v4": "192.168.0.9",
                            "access_ip_v6": "",
                            "all_metadata.%": "0",
                            "availability_zone": "nova",
                            "flavor_id": "fa85f5f4-4560-4e1b-af95-21df6f714727",
                            "flavor_name": "s1.jumbo",
                            "force_delete": "false",
                            "id": "2eb08034-9ed2-40e0-b5f9-09ecd065f362",
                            "image_id": "3306bf44-c895-45b2-af05-0a3d23630ce6",
                            "image_name": "CentOS7-Cloud",
                            "key_pair": "test_sequence_search",
                            "name": "test-consumer-3",
                            "network.#": "1",
                            "network.0.access_network": "false",
                            "network.0.fixed_ip_v4": "192.168.0.9",
                            "network.0.fixed_ip_v6": "",
                            "network.0.floating_ip": "",
                            "network.0.mac": "fa:16:3e:ad:cc:cc",
                            "network.0.name": "test_sequence_search",
                            "network.0.port": "",
                            "network.0.uuid": "a0c49112-e741-403e-ab23-579d29e37e99",
                            "power_state": "active",
                            "region": "regionOne",
                            "security_groups.#": "1",
                            "security_groups.2922303371": "test_sequence_search",
                            "stop_before_destroy": "false"
                        },
                        "meta": {
                            "e2bfb730-ecaa-11e6-8f88-34363bc7c4c0": {
                                "create": 1800000000000,
                                "delete": 1800000000000,
                                "update": 1800000000000
                            }
                        },
                        "tainted": false
                    },
                    "deposed": [],
                    "provider": "provider.openstack"
                },
                "openstack_compute_instance_v2.consumers.3": {
                    "type": "openstack_compute_instance_v2",
                    "depends_on": [
                        "local.count",
                        "openstack_compute_keypair_v2.sequence_search",
                        "openstack_compute_secgroup_v2.sequence_search",
                        "openstack_networking_network_v2.sequence_search"
                    ],
                    "primary": {
                        "id": "a946b170-250f-4dc5-a6f7-84a5f0d58f79",
                        "attributes": {
                            "access_ip_v4": "192.168.0.10",
                            "access_ip_v6": "",
                            "all_metadata.%": "0",
                            "availability_zone": "nova",
                            "flavor_id": "fa85f5f4-4560-4e1b-af95-21df6f714727",
                            "flavor_name": "s1.jumbo",
                            "force_delete": "false",
                            "id": "a946b170-250f-4dc5-a6f7-84a5f0d58f79",
                            "image_id": "3306bf44-c895-45b2-af05-0a3d23630ce6",
                            "image_name": "CentOS7-Cloud",
                            "key_pair": "test_sequence_search",
                            "name": "test-consumer-4",
                            "network.#": "1",
                            "network.0.access_network": "false",
                            "network.0.fixed_ip_v4": "192.168.0.10",
                            "network.0.fixed_ip_v6": "",
                            "network.0.floating_ip": "",
                            "network.0.mac": "fa:16:3e:96:c8:c1",
                            "network.0.name": "test_sequence_search",
                            "network.0.port": "",
                            "network.0.uuid": "a0c49112-e741-403e-ab23-579d29e37e99",
                            "power_state": "active",
                            "region": "regionOne",
                            "security_groups.#": "1",
                            "security_groups.2922303371": "test_sequence_search",
                            "stop_before_destroy": "false"
                        },
                        "meta": {
                            "e2bfb730-ecaa-11e6-8f88-34363bc7c4c0": {
                                "create": 1800000000000,
                                "delete": 1800000000000,
                                "update": 1800000000000
                            }
                        },
                        "tainted": false
                    },
                    "deposed": [],
                    "provider": "provider.openstack"
                },
                "openstack_compute_instance_v2.consumers.4": {
                    "type": "openstack_compute_instance_v2",
                    "depends_on": [
                        "local.count",
                        "openstack_compute_keypair_v2.sequence_search",
                        "openstack_compute_secgroup_v2.sequence_search",
                        "openstack_networking_network_v2.sequence_search"
                    ],
                    "primary": {
                        "id": "9250e559-9181-4382-933d-04d8752c16b8",
                        "attributes": {
                            "access_ip_v4": "192.168.0.11",
                            "access_ip_v6": "",
                            "all_metadata.%": "0",
                            "availability_zone": "nova",
                            "flavor_id": "fa85f5f4-4560-4e1b-af95-21df6f714727",
                            "flavor_name": "s1.jumbo",
                            "force_delete": "false",
                            "id": "9250e559-9181-4382-933d-04d8752c16b8",
                            "image_id": "3306bf44-c895-45b2-af05-0a3d23630ce6",
                            "image_name": "CentOS7-Cloud",
                            "key_pair": "test_sequence_search",
                            "name": "test-consumer-5",
                            "network.#": "1",
                            "network.0.access_network": "false",
                            "network.0.fixed_ip_v4": "192.168.0.11",
                            "network.0.fixed_ip_v6": "",
                            "network.0.floating_ip": "",
                            "network.0.mac": "fa:16:3e:57:8b:81",
                            "network.0.name": "test_sequence_search",
                            "network.0.port": "",
                            "network.0.uuid": "a0c49112-e741-403e-ab23-579d29e37e99",
                            "power_state": "active",
                            "region": "regionOne",
                            "security_groups.#": "1",
                            "security_groups.2922303371": "test_sequence_search",
                            "stop_before_destroy": "false"
                        },
                        "meta": {
                            "e2bfb730-ecaa-11e6-8f88-34363bc7c4c0": {
                                "create": 1800000000000,
                                "delete": 1800000000000,
                                "update": 1800000000000
                            }
                        },
                        "tainted": false
                    },
                    "deposed": [],
                    "provider": "provider.openstack"
                },
                "openstack_compute_instance_v2.postgres": {
                    "type": "openstack_compute_instance_v2",
                    "depends_on": [
                        "openstack_compute_keypair_v2.sequence_search",
                        "openstack_compute_secgroup_v2.sequence_search",
                        "openstack_networking_network_v2.sequence_search"
                    ],
                    "primary": {
                        "id": "fc63c262-0ad0-47ab-a3c9-bef4d8cabf23",
                        "attributes": {
                            "access_ip_v4": "192.168.0.6",
                            "access_ip_v6": "",
                            "all_metadata.%": "0",
                            "availability_zone": "nova",
                            "flavor_id": "fa85f5f4-4560-4e1b-af95-21df6f714727",
                            "flavor_name": "s1.jumbo",
                            "force_delete": "false",
                            "id": "fc63c262-0ad0-47ab-a3c9-bef4d8cabf23",
                            "image_id": "3306bf44-c895-45b2-af05-0a3d23630ce6",
                            "image_name": "CentOS7-Cloud",
                            "key_pair": "test_sequence_search",
                            "name": "test-postgres",
                            "network.#": "1",
                            "network.0.access_network": "false",
                            "network.0.fixed_ip_v4": "192.168.0.6",
                            "network.0.fixed_ip_v6": "",
                            "network.0.floating_ip": "",
                            "network.0.mac": "fa:16:3e:c2:d6:78",
                            "network.0.name": "test_sequence_search",
                            "network.0.port": "",
                            "network.0.uuid": "a0c49112-e741-403e-ab23-579d29e37e99",
                            "power_state": "active",
                            "region": "regionOne",
                            "security_groups.#": "1",
                            "security_groups.2922303371": "test_sequence_search",
                            "stop_before_destroy": "false"
                        },
                        "meta": {
                            "e2bfb730-ecaa-11e6-8f88-34363bc7c4c0": {
                                "create": 1800000000000,
                                "delete": 1800000000000,
                                "update": 1800000000000
                            }
                        },
                        "tainted": false
                    },
                    "deposed": [],
                    "provider": "provider.openstack"
                },
                "openstack_compute_instance_v2.producer": {
                    "type": "openstack_compute_instance_v2",
                    "depends_on": [
                        "openstack_compute_keypair_v2.sequence_search",
                        "openstack_compute_secgroup_v2.sequence_search",
                        "openstack_networking_network_v2.sequence_search"
                    ],
                    "primary": {
                        "id": "b5996633-f634-424b-9f72-394928f46786",
                        "attributes": {
                            "access_ip_v4": "192.168.0.5",
                            "access_ip_v6": "",
                            "all_metadata.%": "0",
                            "availability_zone": "nova",
                            "flavor_id": "fa85f5f4-4560-4e1b-af95-21df6f714727",
                            "flavor_name": "s1.jumbo",
                            "force_delete": "false",
                            "id": "b5996633-f634-424b-9f72-394928f46786",
                            "image_id": "3306bf44-c895-45b2-af05-0a3d23630ce6",
                            "image_name": "CentOS7-Cloud",
                            "key_pair": "test_sequence_search",
                            "name": "test-producer",
                            "network.#": "1",
                            "network.0.access_network": "false",
                            "network.0.fixed_ip_v4": "192.168.0.5",
                            "network.0.fixed_ip_v6": "",
                            "network.0.floating_ip": "",
                            "network.0.mac": "fa:16:3e:8d:b6:53",
                            "network.0.name": "test_sequence_search",
                            "network.0.port": "",
                            "network.0.uuid": "a0c49112-e741-403e-ab23-579d29e37e99",
                            "power_state": "active",
                            "region": "regionOne",
                            "security_groups.#": "1",
                            "security_groups.2922303371": "test_sequence_search",
                            "stop_before_destroy": "false"
                        },
                        "meta": {
                            "e2bfb730-ecaa-11e6-8f88-34363bc7c4c0": {
                                "create": 1800000000000,
                                "delete": 1800000000000,
                                "update": 1800000000000
                            }
                        },
                        "tainted": false
                    },
                    "deposed": [],
                    "provider": "provider.openstack"
                },
                "openstack_compute_keypair_v2.sequence_search": {
                    "type": "openstack_compute_keypair_v2",
                    "depends_on": [],
                    "primary": {
                        "id": "test_sequence_search",
                        "attributes": {
                            "fingerprint": "f5:ac:9f:4e:68:11:2e:49:27:40:22:47:fa:ba:f3:58",
                            "id": "test_sequence_search",
                            "name": "test_sequence_search",
                            "private_key": "",
                            "public_key": "ssh-rsa AAAAB3NzaC1yc2EAAAADAQABAAACAQC9BOKz+dYi+0TzjpH5RWorfguhIp8Vxn1NIKX3VLbvYrStYlu+59aCdWALWhSUzqt/BKhwteg2Ph5m5pYItqs3i9VLpY493UvfjjocYqf47xqkDsYYo6kZkZjvnKFfkZui88TmgiMUKDtK/uRXVJhG4QlvCbrXLn9GM5jWmtV3lO/BEw25U19eGClsGQ0T7TUZ+YmPv9aHycw+hEpOWOvMYquzLg+thwrm7fzvLvbkS7pQm5kr8OGEvJ0HgLgUFiL+8zrB+zoGuiaaiFg9pLq2zJ/wtoe9OxiyRTaQt/Kwo8n2Z/S84bgKOLQPi85shjqQx/6/nfzjLpWUR8Bci9VH8CJ5i/zIagMHoyIrh+Fq/77YEuES0lpqYNd6AQUjgu7CF9OyXlQLwh6TSXLwxYUWaWAVMABysEaUT78+KFp7J86xTdb0zciVjTnyNb+IACMfo4hyexyAN3cPoWxAM7i8ET2Iug8QXB6RO1mz5zjvdDtLP7J5HCglVsXAmlHyxX7twmgAG11f45c/5I8gq0cQpubh8e6oZWYJ2krsbuVZnYXich+MidDIzt/5X+j06Um5iC4xbUIMJppeA1tzjQipvoavVeXs1LPN6ICLVtVkymb2Fhkpjq55Tiwan6ftYiWRXWOpaY00Yfc8ZbY8rb+bEF7lu4K1sf1bKOFyKke8Rw== apetrov@apetrov-ml\n",
                            "region": "regionOne"
                        },
                        "meta": {},
                        "tainted": false
                    },
                    "deposed": [],
                    "provider": "provider.openstack"
                },
                "openstack_compute_secgroup_v2.sequence_search": {
                    "type": "openstack_compute_secgroup_v2",
                    "depends_on": [],
                    "primary": {
                        "id": "0d88284e-0330-4575-ba99-73d6100467d3",
                        "attributes": {
                            "description": "Security group for the sequence_search instances",
                            "id": "0d88284e-0330-4575-ba99-73d6100467d3",
                            "name": "test_sequence_search",
                            "region": "regionOne",
                            "rule.#": "6",
                            "rule.2180185248.cidr": "0.0.0.0/0",
                            "rule.2180185248.from_group_id": "",
                            "rule.2180185248.from_port": "-1",
                            "rule.2180185248.id": "dc53c981-4601-48dd-8c4b-c147fa2592a6",
                            "rule.2180185248.ip_protocol": "icmp",
                            "rule.2180185248.self": "false",
                            "rule.2180185248.to_port": "-1",
                            "rule.3467029331.cidr": "0.0.0.0/0",
                            "rule.3467029331.from_group_id": "",
                            "rule.3467029331.from_port": "8002",
                            "rule.3467029331.id": "ad4277c6-a0a2-453a-a708-0b979162f5ed",
                            "rule.3467029331.ip_protocol": "tcp",
                            "rule.3467029331.self": "false",
                            "rule.3467029331.to_port": "8002",
                            "rule.3719211069.cidr": "0.0.0.0/0",
                            "rule.3719211069.from_group_id": "",
                            "rule.3719211069.from_port": "80",
                            "rule.3719211069.id": "3c2acd1f-f5db-406c-b15a-51731f7cec8e",
                            "rule.3719211069.ip_protocol": "tcp",
                            "rule.3719211069.self": "false",
                            "rule.3719211069.to_port": "80",
                            "rule.3815358244.cidr": "0.0.0.0/0",
                            "rule.3815358244.from_group_id": "",
                            "rule.3815358244.from_port": "5432",
                            "rule.3815358244.id": "5a588bb0-3282-4735-9430-080ec16f22e1",
                            "rule.3815358244.ip_protocol": "tcp",
                            "rule.3815358244.self": "false",
                            "rule.3815358244.to_port": "5432",
                            "rule.542868096.cidr": "0.0.0.0/0",
                            "rule.542868096.from_group_id": "",
                            "rule.542868096.from_port": "8000",
                            "rule.542868096.id": "a9d68063-ab56-4ae0-9bd3-dbf04cd1a7f7",
                            "rule.542868096.ip_protocol": "tcp",
                            "rule.542868096.self": "false",
                            "rule.542868096.to_port": "8000",
                            "rule.836640770.cidr": "0.0.0.0/0",
                            "rule.836640770.from_group_id": "",
                            "rule.836640770.from_port": "22",
                            "rule.836640770.id": "198655bb-d93f-4a1a-aa77-38b73f5df4b8",
                            "rule.836640770.ip_protocol": "tcp",
                            "rule.836640770.self": "false",
                            "rule.836640770.to_port": "22"
                        },
                        "meta": {
                            "e2bfb730-ecaa-11e6-8f88-34363bc7c4c0": {
                                "delete": 600000000000
                            }
                        },
                        "tainted": false
                    },
                    "deposed": [],
                    "provider": "provider.openstack"
                },
                "openstack_compute_volume_attach_v2.attach_databases_to_consumers.0": {
                    "type": "openstack_compute_volume_attach_v2",
                    "depends_on": [
                        "local.count",
                        "openstack_blockstorage_volume_v2.sequence_search_consumer_databases.*",
                        "openstack_compute_instance_v2.consumers.*"
                    ],
                    "primary": {
                        "id": "dd10793d-61e1-4ac2-8215-5080fa5953e6/f95879c2-5678-432e-a76d-3b18a6f958f5",
                        "attributes": {
                            "device": "/dev/vdb",
                            "id": "dd10793d-61e1-4ac2-8215-5080fa5953e6/f95879c2-5678-432e-a76d-3b18a6f958f5",
                            "instance_id": "dd10793d-61e1-4ac2-8215-5080fa5953e6",
                            "region": "regionOne",
                            "volume_id": "f95879c2-5678-432e-a76d-3b18a6f958f5"
                        },
                        "meta": {
                            "e2bfb730-ecaa-11e6-8f88-34363bc7c4c0": {
                                "create": 600000000000,
                                "delete": 600000000000
                            }
                        },
                        "tainted": false
                    },
                    "deposed": [],
                    "provider": "provider.openstack"
                },
                "openstack_compute_volume_attach_v2.attach_databases_to_consumers.1": {
                    "type": "openstack_compute_volume_attach_v2",
                    "depends_on": [
                        "local.count",
                        "openstack_blockstorage_volume_v2.sequence_search_consumer_databases.*",
                        "openstack_compute_instance_v2.consumers.*"
                    ],
                    "primary": {
                        "id": "9faaa2fd-39da-4e99-93b8-9f629fc900ac/17576ff1-a501-4bfc-aa41-ae63f44fe9ce",
                        "attributes": {
                            "device": "/dev/vdb",
                            "id": "9faaa2fd-39da-4e99-93b8-9f629fc900ac/17576ff1-a501-4bfc-aa41-ae63f44fe9ce",
                            "instance_id": "9faaa2fd-39da-4e99-93b8-9f629fc900ac",
                            "region": "regionOne",
                            "volume_id": "17576ff1-a501-4bfc-aa41-ae63f44fe9ce"
                        },
                        "meta": {
                            "e2bfb730-ecaa-11e6-8f88-34363bc7c4c0": {
                                "create": 600000000000,
                                "delete": 600000000000
                            }
                        },
                        "tainted": false
                    },
                    "deposed": [],
                    "provider": "provider.openstack"
                },
                "openstack_compute_volume_attach_v2.attach_databases_to_consumers.2": {
                    "type": "openstack_compute_volume_attach_v2",
                    "depends_on": [
                        "local.count",
                        "openstack_blockstorage_volume_v2.sequence_search_consumer_databases.*",
                        "openstack_compute_instance_v2.consumers.*"
                    ],
                    "primary": {
                        "id": "2eb08034-9ed2-40e0-b5f9-09ecd065f362/2548c358-6a9b-4deb-a3b4-9b00a6475f7c",
                        "attributes": {
                            "device": "/dev/vdb",
                            "id": "2eb08034-9ed2-40e0-b5f9-09ecd065f362/2548c358-6a9b-4deb-a3b4-9b00a6475f7c",
                            "instance_id": "2eb08034-9ed2-40e0-b5f9-09ecd065f362",
                            "region": "regionOne",
                            "volume_id": "2548c358-6a9b-4deb-a3b4-9b00a6475f7c"
                        },
                        "meta": {
                            "e2bfb730-ecaa-11e6-8f88-34363bc7c4c0": {
                                "create": 600000000000,
                                "delete": 600000000000
                            }
                        },
                        "tainted": false
                    },
                    "deposed": [],
                    "provider": "provider.openstack"
                },
                "openstack_compute_volume_attach_v2.attach_databases_to_consumers.3": {
                    "type": "openstack_compute_volume_attach_v2",
                    "depends_on": [
                        "local.count",
                        "openstack_blockstorage_volume_v2.sequence_search_consumer_databases.*",
                        "openstack_compute_instance_v2.consumers.*"
                    ],
                    "primary": {
                        "id": "a946b170-250f-4dc5-a6f7-84a5f0d58f79/e2d547e9-00eb-4dbc-9acd-bdf030b1712e",
                        "attributes": {
                            "device": "/dev/vdb",
                            "id": "a946b170-250f-4dc5-a6f7-84a5f0d58f79/e2d547e9-00eb-4dbc-9acd-bdf030b1712e",
                            "instance_id": "a946b170-250f-4dc5-a6f7-84a5f0d58f79",
                            "region": "regionOne",
                            "volume_id": "e2d547e9-00eb-4dbc-9acd-bdf030b1712e"
                        },
                        "meta": {
                            "e2bfb730-ecaa-11e6-8f88-34363bc7c4c0": {
                                "create": 600000000000,
                                "delete": 600000000000
                            }
                        },
                        "tainted": false
                    },
                    "deposed": [],
                    "provider": "provider.openstack"
                },
                "openstack_compute_volume_attach_v2.attach_databases_to_consumers.4": {
                    "type": "openstack_compute_volume_attach_v2",
                    "depends_on": [
                        "local.count",
                        "openstack_blockstorage_volume_v2.sequence_search_consumer_databases.*",
                        "openstack_compute_instance_v2.consumers.*"
                    ],
                    "primary": {
                        "id": "9250e559-9181-4382-933d-04d8752c16b8/a9d0e0af-ff27-4bef-8fdf-ce22a9b7b908",
                        "attributes": {
                            "device": "/dev/vdb",
                            "id": "9250e559-9181-4382-933d-04d8752c16b8/a9d0e0af-ff27-4bef-8fdf-ce22a9b7b908",
                            "instance_id": "9250e559-9181-4382-933d-04d8752c16b8",
                            "region": "regionOne",
                            "volume_id": "a9d0e0af-ff27-4bef-8fdf-ce22a9b7b908"
                        },
                        "meta": {
                            "e2bfb730-ecaa-11e6-8f88-34363bc7c4c0": {
                                "create": 600000000000,
                                "delete": 600000000000
                            }
                        },
                        "tainted": false
                    },
                    "deposed": [],
                    "provider": "provider.openstack"
                },
                "openstack_compute_volume_attach_v2.attach_databases_to_producer": {
                    "type": "openstack_compute_volume_attach_v2",
                    "depends_on": [
                        "openstack_blockstorage_volume_v2.sequence_search_producer_databases",
                        "openstack_compute_instance_v2.producer"
                    ],
                    "primary": {
                        "id": "b5996633-f634-424b-9f72-394928f46786/c6544384-4bbe-4935-ac78-a68757390eff",
                        "attributes": {
                            "device": "/dev/vdb",
                            "id": "b5996633-f634-424b-9f72-394928f46786/c6544384-4bbe-4935-ac78-a68757390eff",
                            "instance_id": "b5996633-f634-424b-9f72-394928f46786",
                            "region": "regionOne",
                            "volume_id": "c6544384-4bbe-4935-ac78-a68757390eff"
                        },
                        "meta": {
                            "e2bfb730-ecaa-11e6-8f88-34363bc7c4c0": {
                                "create": 600000000000,
                                "delete": 600000000000
                            }
                        },
                        "tainted": false
                    },
                    "deposed": [],
                    "provider": "provider.openstack"
                },
                "openstack_networking_network_v2.sequence_search": {
                    "type": "openstack_networking_network_v2",
                    "depends_on": [],
                    "primary": {
                        "id": "a0c49112-e741-403e-ab23-579d29e37e99",
                        "attributes": {
                            "admin_state_up": "true",
                            "all_tags.#": "0",
                            "availability_zone_hints.#": "0",
                            "description": "",
                            "dns_domain": "",
                            "external": "false",
                            "id": "a0c49112-e741-403e-ab23-579d29e37e99",
                            "mtu": "1500",
                            "name": "test_sequence_search",
                            "port_security_enabled": "true",
                            "region": "regionOne",
                            "shared": "false",
                            "tags.#": "0",
                            "tenant_id": "bd631be0b7e641a7bd0c187493e7104e",
                            "transparent_vlan": "false"
                        },
                        "meta": {
                            "e2bfb730-ecaa-11e6-8f88-34363bc7c4c0": {
                                "create": 600000000000,
                                "delete": 600000000000
                            }
                        },
                        "tainted": false
                    },
                    "deposed": [],
                    "provider": "provider.openstack"
                },
                "openstack_networking_router_interface_v2.sequence_search": {
                    "type": "openstack_networking_router_interface_v2",
                    "depends_on": [
                        "openstack_networking_router_v2.sequence_search",
                        "openstack_networking_subnet_v2.sequence_search"
                    ],
                    "primary": {
                        "id": "1bc3680e-58e1-420e-99aa-e2c584e42e71",
                        "attributes": {
                            "id": "1bc3680e-58e1-420e-99aa-e2c584e42e71",
                            "port_id": "1bc3680e-58e1-420e-99aa-e2c584e42e71",
                            "region": "regionOne",
                            "router_id": "515b2ae1-a8be-4f41-85d2-bf4498fe3a92",
                            "subnet_id": "b211a9d3-1e30-4948-bd4d-391261df1a13"
                        },
                        "meta": {
                            "e2bfb730-ecaa-11e6-8f88-34363bc7c4c0": {
                                "create": 600000000000,
                                "delete": 600000000000
                            }
                        },
                        "tainted": false
                    },
                    "deposed": [],
                    "provider": "provider.openstack"
                },
                "openstack_networking_router_v2.sequence_search": {
                    "type": "openstack_networking_router_v2",
                    "depends_on": [],
                    "primary": {
                        "id": "515b2ae1-a8be-4f41-85d2-bf4498fe3a92",
                        "attributes": {
                            "admin_state_up": "true",
                            "all_tags.#": "0",
                            "availability_zone_hints.#": "0",
                            "description": "",
                            "distributed": "false",
                            "enable_snat": "true",
                            "external_fixed_ip.#": "1",
                            "external_fixed_ip.0.ip_address": "193.62.55.59",
                            "external_fixed_ip.0.subnet_id": "3c926da4-b320-4320-8d62-f70e2078a2fd",
                            "external_gateway": "e25c3173-bb5c-4bbc-83a7-f0551099c8cd",
                            "external_network_id": "e25c3173-bb5c-4bbc-83a7-f0551099c8cd",
                            "id": "515b2ae1-a8be-4f41-85d2-bf4498fe3a92",
                            "name": "test_sequence_search",
                            "region": "regionOne",
                            "tags.#": "0",
                            "tenant_id": "bd631be0b7e641a7bd0c187493e7104e"
                        },
                        "meta": {
                            "e2bfb730-ecaa-11e6-8f88-34363bc7c4c0": {
                                "create": 600000000000,
                                "delete": 600000000000
                            }
                        },
                        "tainted": false
                    },
                    "deposed": [],
                    "provider": "provider.openstack"
                },
                "openstack_networking_subnet_v2.sequence_search": {
                    "type": "openstack_networking_subnet_v2",
                    "depends_on": [
                        "openstack_networking_network_v2.sequence_search"
                    ],
                    "primary": {
                        "id": "b211a9d3-1e30-4948-bd4d-391261df1a13",
                        "attributes": {
                            "all_tags.#": "0",
                            "allocation_pools.#": "1",
                            "allocation_pools.0.end": "192.168.0.254",
                            "allocation_pools.0.start": "192.168.0.2",
                            "cidr": "192.168.0.0/24",
                            "description": "",
                            "dns_nameservers.#": "1",
                            "dns_nameservers.0": "8.8.8.8",
                            "enable_dhcp": "true",
                            "gateway_ip": "192.168.0.1",
                            "id": "b211a9d3-1e30-4948-bd4d-391261df1a13",
                            "ip_version": "4",
                            "ipv6_address_mode": "",
                            "ipv6_ra_mode": "",
                            "name": "test_sequence_search",
                            "network_id": "a0c49112-e741-403e-ab23-579d29e37e99",
                            "no_gateway": "false",
                            "region": "regionOne",
                            "subnetpool_id": "",
                            "tags.#": "0",
                            "tenant_id": "bd631be0b7e641a7bd0c187493e7104e"
                        },
                        "meta": {
                            "e2bfb730-ecaa-11e6-8f88-34363bc7c4c0": {
                                "create": 600000000000,
                                "delete": 600000000000
                            }
                        },
                        "tainted": false
                    },
                    "deposed": [],
                    "provider": "provider.openstack"
                }
            },
            "depends_on": []
        }
    ]
}
