{
    "version": 3,
    "terraform_version": "0.11.13",
    "serial": 107,
    "lineage": "78978210-6031-db8f-0439-fa0111c455fd",
    "modules": [
        {
            "path": [
                "root"
            ],
            "outputs": {
                "floating_ip": {
                    "sensitive": false,
                    "type": "list",
                    "value": [
                        "193.62.55.123"
                    ]
                },
                "tfstate_file": {
                    "sensitive": false,
                    "type": "list",
                    "value": [
                        "terraform.tfstate.d/test/terraform.tfstate"
                    ]
                }
            },
            "resources": {
                "null_resource.post_flight": {
                    "type": "null_resource",
                    "depends_on": [
                        "local.tfstate_file",
                        "null_resource.pre_flight"
                    ],
                    "primary": {
                        "id": "3915555419060506976",
                        "attributes": {
                            "id": "3915555419060506976",
                            "triggers.%": "1",
                            "triggers.before": "2522690495570575390"
                        },
                        "meta": {},
                        "tainted": false
                    },
                    "deposed": [],
                    "provider": "provider.null"
                },
                "null_resource.pre_flight": {
                    "type": "null_resource",
                    "depends_on": [
                        "local.floating_ip"
                    ],
                    "primary": {
                        "id": "2522690495570575390",
                        "attributes": {
                            "id": "2522690495570575390",
                            "triggers.%": "1",
                            "triggers.build_number": "2019-07-08T09:42:28Z"
                        },
                        "meta": {},
                        "tainted": false
                    },
                    "deposed": [],
                    "provider": "provider.null"
                },
                "openstack_blockstorage_volume_v2.nfs_volume": {
                    "type": "openstack_blockstorage_volume_v2",
                    "depends_on": [],
                    "primary": {
                        "id": "52e1b7a0-7c94-4ddd-a5e1-9f32d6d02d81",
                        "attributes": {
                            "attachment.#": "1",
                            "attachment.1628875421.device": "/dev/vdb",
                            "attachment.1628875421.id": "52e1b7a0-7c94-4ddd-a5e1-9f32d6d02d81",
                            "attachment.1628875421.instance_id": "0685146d-ec60-40ea-96e5-5bccff7aefcf",
                            "availability_zone": "nova",
                            "description": "",
                            "id": "52e1b7a0-7c94-4ddd-a5e1-9f32d6d02d81",
                            "metadata.%": "2",
                            "metadata.attached_mode": "rw",
                            "metadata.readonly": "False",
                            "name": "test-nfs-volume",
                            "region": "regionOne",
                            "size": "20",
                            "snapshot_id": "",
                            "source_vol_id": "",
                            "volume_type": ""
                        },
                        "meta": {
                            "e2bfb730-ecaa-11e6-8f88-34363bc7c4c0": {
                                "create": 600000000000,
                                "delete": 600000000000
                            }
                        },
                        "tainted": false
                    },
                    "deposed": [],
                    "provider": "provider.openstack"
                },
                "openstack_compute_floatingip_associate_v2.nfs_server_floating_ip": {
                    "type": "openstack_compute_floatingip_associate_v2",
                    "depends_on": [
                        "local.postgres_floating_ip",
                        "openstack_compute_instance_v2.nfs_server",
                        "openstack_networking_router_interface_v2.sequence_search"
                    ],
                    "primary": {
                        "id": "193.62.55.122/0685146d-ec60-40ea-96e5-5bccff7aefcf/",
                        "attributes": {
                            "fixed_ip": "",
                            "floating_ip": "193.62.55.122",
                            "id": "193.62.55.122/0685146d-ec60-40ea-96e5-5bccff7aefcf/",
                            "instance_id": "0685146d-ec60-40ea-96e5-5bccff7aefcf",
                            "region": "regionOne"
                        },
                        "meta": {
                            "e2bfb730-ecaa-11e6-8f88-34363bc7c4c0": {
                                "create": 600000000000
                            }
                        },
                        "tainted": false
                    },
                    "deposed": [],
                    "provider": "provider.openstack"
                },
                "openstack_compute_floatingip_associate_v2.sequence_search": {
                    "type": "openstack_compute_floatingip_associate_v2",
                    "depends_on": [
                        "local.floating_ip",
                        "openstack_compute_instance_v2.producer",
                        "openstack_networking_router_interface_v2.sequence_search"
                    ],
                    "primary": {
                        "id": "193.62.55.123/79ae1049-b76c-470b-8a93-761a3d4bfb53/",
                        "attributes": {
                            "fixed_ip": "",
                            "floating_ip": "193.62.55.123",
                            "id": "193.62.55.123/79ae1049-b76c-470b-8a93-761a3d4bfb53/",
                            "instance_id": "79ae1049-b76c-470b-8a93-761a3d4bfb53",
                            "region": "regionOne"
                        },
                        "meta": {
                            "e2bfb730-ecaa-11e6-8f88-34363bc7c4c0": {
                                "create": 600000000000
                            }
                        },
                        "tainted": false
                    },
                    "deposed": [],
                    "provider": "provider.openstack"
                },
                "openstack_compute_instance_v2.consumers.0": {
                    "type": "openstack_compute_instance_v2",
                    "depends_on": [
                        "local.count",
                        "openstack_compute_keypair_v2.sequence_search",
                        "openstack_compute_secgroup_v2.sequence_search",
                        "openstack_networking_network_v2.sequence_search"
                    ],
                    "primary": {
                        "id": "36d649cc-e7fd-4c40-a2ad-00b23df6da34",
                        "attributes": {
                            "access_ip_v4": "192.168.0.8",
                            "access_ip_v6": "",
                            "all_metadata.%": "0",
                            "availability_zone": "nova",
                            "flavor_id": "fa85f5f4-4560-4e1b-af95-21df6f714727",
                            "flavor_name": "s1.jumbo",
                            "force_delete": "false",
                            "id": "36d649cc-e7fd-4c40-a2ad-00b23df6da34",
                            "image_id": "3306bf44-c895-45b2-af05-0a3d23630ce6",
                            "image_name": "CentOS7-Cloud",
                            "key_pair": "test_sequence_search",
                            "name": "test-consumer-1",
                            "network.#": "1",
                            "network.0.access_network": "false",
                            "network.0.fixed_ip_v4": "192.168.0.8",
                            "network.0.fixed_ip_v6": "",
                            "network.0.floating_ip": "",
                            "network.0.mac": "fa:16:3e:c2:5b:41",
                            "network.0.name": "test_sequence_search",
                            "network.0.port": "",
                            "network.0.uuid": "4adf5d23-4347-43af-b668-68fbacec99fd",
                            "power_state": "active",
                            "region": "regionOne",
                            "security_groups.#": "1",
                            "security_groups.2922303371": "test_sequence_search",
                            "stop_before_destroy": "false"
                        },
                        "meta": {
                            "e2bfb730-ecaa-11e6-8f88-34363bc7c4c0": {
                                "create": 1800000000000,
                                "delete": 1800000000000,
                                "update": 1800000000000
                            }
                        },
                        "tainted": false
                    },
                    "deposed": [],
                    "provider": "provider.openstack"
                },
                "openstack_compute_instance_v2.consumers.1": {
                    "type": "openstack_compute_instance_v2",
                    "depends_on": [
                        "local.count",
                        "openstack_compute_keypair_v2.sequence_search",
                        "openstack_compute_secgroup_v2.sequence_search",
                        "openstack_networking_network_v2.sequence_search"
                    ],
                    "primary": {
                        "id": "b0901cb8-3171-4872-8c2a-bc69a59b129b",
                        "attributes": {
                            "access_ip_v4": "192.168.0.9",
                            "access_ip_v6": "",
                            "all_metadata.%": "0",
                            "availability_zone": "nova",
                            "flavor_id": "fa85f5f4-4560-4e1b-af95-21df6f714727",
                            "flavor_name": "s1.jumbo",
                            "force_delete": "false",
                            "id": "b0901cb8-3171-4872-8c2a-bc69a59b129b",
                            "image_id": "3306bf44-c895-45b2-af05-0a3d23630ce6",
                            "image_name": "CentOS7-Cloud",
                            "key_pair": "test_sequence_search",
                            "name": "test-consumer-2",
                            "network.#": "1",
                            "network.0.access_network": "false",
                            "network.0.fixed_ip_v4": "192.168.0.9",
                            "network.0.fixed_ip_v6": "",
                            "network.0.floating_ip": "",
                            "network.0.mac": "fa:16:3e:65:52:5e",
                            "network.0.name": "test_sequence_search",
                            "network.0.port": "",
                            "network.0.uuid": "4adf5d23-4347-43af-b668-68fbacec99fd",
                            "power_state": "active",
                            "region": "regionOne",
                            "security_groups.#": "1",
                            "security_groups.2922303371": "test_sequence_search",
                            "stop_before_destroy": "false"
                        },
                        "meta": {
                            "e2bfb730-ecaa-11e6-8f88-34363bc7c4c0": {
                                "create": 1800000000000,
                                "delete": 1800000000000,
                                "update": 1800000000000
                            }
                        },
                        "tainted": false
                    },
                    "deposed": [],
                    "provider": "provider.openstack"
                },
                "openstack_compute_instance_v2.nfs_server": {
                    "type": "openstack_compute_instance_v2",
                    "depends_on": [
                        "openstack_compute_keypair_v2.sequence_search",
                        "openstack_compute_secgroup_v2.sequence_search",
                        "openstack_networking_network_v2.sequence_search"
                    ],
                    "primary": {
                        "id": "0685146d-ec60-40ea-96e5-5bccff7aefcf",
                        "attributes": {
                            "access_ip_v4": "192.168.0.7",
                            "access_ip_v6": "",
                            "all_metadata.%": "0",
                            "availability_zone": "nova",
                            "flavor_id": "fa85f5f4-4560-4e1b-af95-21df6f714727",
                            "flavor_name": "s1.jumbo",
                            "force_delete": "false",
                            "id": "0685146d-ec60-40ea-96e5-5bccff7aefcf",
                            "image_id": "371604fb-b264-41fd-9336-9bc669a80667",
                            "image_name": "ubuntu-16.04",
                            "key_pair": "test_sequence_search",
                            "name": "test-nfs-server",
                            "network.#": "1",
                            "network.0.access_network": "false",
                            "network.0.fixed_ip_v4": "192.168.0.7",
                            "network.0.fixed_ip_v6": "",
                            "network.0.floating_ip": "",
                            "network.0.mac": "fa:16:3e:ce:69:47",
                            "network.0.name": "test_sequence_search",
                            "network.0.port": "",
                            "network.0.uuid": "4adf5d23-4347-43af-b668-68fbacec99fd",
                            "power_state": "active",
                            "region": "regionOne",
                            "security_groups.#": "1",
                            "security_groups.2922303371": "test_sequence_search",
                            "stop_before_destroy": "false"
                        },
                        "meta": {
                            "e2bfb730-ecaa-11e6-8f88-34363bc7c4c0": {
                                "create": 1800000000000,
                                "delete": 1800000000000,
                                "update": 1800000000000
                            }
                        },
                        "tainted": false
                    },
                    "deposed": [],
                    "provider": "provider.openstack"
                },
                "openstack_compute_instance_v2.postgres": {
                    "type": "openstack_compute_instance_v2",
                    "depends_on": [
                        "openstack_compute_keypair_v2.sequence_search",
                        "openstack_compute_secgroup_v2.sequence_search",
                        "openstack_networking_network_v2.sequence_search"
                    ],
                    "primary": {
                        "id": "2151f91f-95f3-45b8-a4b6-2c6a1b6066b6",
                        "attributes": {
                            "access_ip_v4": "192.168.0.6",
                            "access_ip_v6": "",
                            "all_metadata.%": "0",
                            "availability_zone": "nova",
                            "flavor_id": "fa85f5f4-4560-4e1b-af95-21df6f714727",
                            "flavor_name": "s1.jumbo",
                            "force_delete": "false",
                            "id": "2151f91f-95f3-45b8-a4b6-2c6a1b6066b6",
                            "image_id": "3306bf44-c895-45b2-af05-0a3d23630ce6",
                            "image_name": "CentOS7-Cloud",
                            "key_pair": "test_sequence_search",
                            "name": "test-postgres",
                            "network.#": "1",
                            "network.0.access_network": "false",
                            "network.0.fixed_ip_v4": "192.168.0.6",
                            "network.0.fixed_ip_v6": "",
                            "network.0.floating_ip": "",
                            "network.0.mac": "fa:16:3e:b7:cc:21",
                            "network.0.name": "test_sequence_search",
                            "network.0.port": "",
                            "network.0.uuid": "4adf5d23-4347-43af-b668-68fbacec99fd",
                            "power_state": "active",
                            "region": "regionOne",
                            "security_groups.#": "1",
                            "security_groups.2922303371": "test_sequence_search",
                            "stop_before_destroy": "false"
                        },
                        "meta": {
                            "e2bfb730-ecaa-11e6-8f88-34363bc7c4c0": {
                                "create": 1800000000000,
                                "delete": 1800000000000,
                                "update": 1800000000000
                            }
                        },
                        "tainted": false
                    },
                    "deposed": [],
                    "provider": "provider.openstack"
                },
                "openstack_compute_instance_v2.producer": {
                    "type": "openstack_compute_instance_v2",
                    "depends_on": [
                        "openstack_compute_keypair_v2.sequence_search",
                        "openstack_compute_secgroup_v2.sequence_search",
                        "openstack_networking_network_v2.sequence_search"
                    ],
                    "primary": {
                        "id": "79ae1049-b76c-470b-8a93-761a3d4bfb53",
                        "attributes": {
                            "access_ip_v4": "192.168.0.5",
                            "access_ip_v6": "",
                            "all_metadata.%": "0",
                            "availability_zone": "nova",
                            "flavor_id": "fa85f5f4-4560-4e1b-af95-21df6f714727",
                            "flavor_name": "s1.jumbo",
                            "force_delete": "false",
                            "id": "79ae1049-b76c-470b-8a93-761a3d4bfb53",
                            "image_id": "3306bf44-c895-45b2-af05-0a3d23630ce6",
                            "image_name": "CentOS7-Cloud",
                            "key_pair": "test_sequence_search",
                            "name": "test-producer",
                            "network.#": "1",
                            "network.0.access_network": "false",
                            "network.0.fixed_ip_v4": "192.168.0.5",
                            "network.0.fixed_ip_v6": "",
                            "network.0.floating_ip": "",
                            "network.0.mac": "fa:16:3e:bd:42:2b",
                            "network.0.name": "test_sequence_search",
                            "network.0.port": "",
                            "network.0.uuid": "4adf5d23-4347-43af-b668-68fbacec99fd",
                            "power_state": "active",
                            "region": "regionOne",
                            "security_groups.#": "1",
                            "security_groups.2922303371": "test_sequence_search",
                            "stop_before_destroy": "false"
                        },
                        "meta": {
                            "e2bfb730-ecaa-11e6-8f88-34363bc7c4c0": {
                                "create": 1800000000000,
                                "delete": 1800000000000,
                                "update": 1800000000000
                            }
                        },
                        "tainted": false
                    },
                    "deposed": [],
                    "provider": "provider.openstack"
                },
                "openstack_compute_keypair_v2.sequence_search": {
                    "type": "openstack_compute_keypair_v2",
                    "depends_on": [],
                    "primary": {
                        "id": "test_sequence_search",
                        "attributes": {
                            "fingerprint": "f5:ac:9f:4e:68:11:2e:49:27:40:22:47:fa:ba:f3:58",
                            "id": "test_sequence_search",
                            "name": "test_sequence_search",
                            "private_key": "",
                            "public_key": "ssh-rsa AAAAB3NzaC1yc2EAAAADAQABAAACAQC9BOKz+dYi+0TzjpH5RWorfguhIp8Vxn1NIKX3VLbvYrStYlu+59aCdWALWhSUzqt/BKhwteg2Ph5m5pYItqs3i9VLpY493UvfjjocYqf47xqkDsYYo6kZkZjvnKFfkZui88TmgiMUKDtK/uRXVJhG4QlvCbrXLn9GM5jWmtV3lO/BEw25U19eGClsGQ0T7TUZ+YmPv9aHycw+hEpOWOvMYquzLg+thwrm7fzvLvbkS7pQm5kr8OGEvJ0HgLgUFiL+8zrB+zoGuiaaiFg9pLq2zJ/wtoe9OxiyRTaQt/Kwo8n2Z/S84bgKOLQPi85shjqQx/6/nfzjLpWUR8Bci9VH8CJ5i/zIagMHoyIrh+Fq/77YEuES0lpqYNd6AQUjgu7CF9OyXlQLwh6TSXLwxYUWaWAVMABysEaUT78+KFp7J86xTdb0zciVjTnyNb+IACMfo4hyexyAN3cPoWxAM7i8ET2Iug8QXB6RO1mz5zjvdDtLP7J5HCglVsXAmlHyxX7twmgAG11f45c/5I8gq0cQpubh8e6oZWYJ2krsbuVZnYXich+MidDIzt/5X+j06Um5iC4xbUIMJppeA1tzjQipvoavVeXs1LPN6ICLVtVkymb2Fhkpjq55Tiwan6ftYiWRXWOpaY00Yfc8ZbY8rb+bEF7lu4K1sf1bKOFyKke8Rw== apetrov@apetrov-ml\n",
                            "region": "regionOne"
                        },
                        "meta": {},
                        "tainted": false
                    },
                    "deposed": [],
                    "provider": "provider.openstack"
                },
                "openstack_compute_secgroup_v2.sequence_search": {
                    "type": "openstack_compute_secgroup_v2",
                    "depends_on": [],
                    "primary": {
                        "id": "54378c26-3e2a-4866-8f86-563bd4b8b103",
                        "attributes": {
                            "description": "Security group for the sequence_search instances",
                            "id": "54378c26-3e2a-4866-8f86-563bd4b8b103",
                            "name": "test_sequence_search",
                            "region": "regionOne",
                            "rule.#": "10",
                            "rule.184303238.cidr": "0.0.0.0/0",
                            "rule.184303238.from_group_id": "",
                            "rule.184303238.from_port": "111",
                            "rule.184303238.id": "34f0e7a6-e1d2-401e-a5ba-4f1d6ae1ad0c",
                            "rule.184303238.ip_protocol": "tcp",
                            "rule.184303238.self": "false",
                            "rule.184303238.to_port": "111",
                            "rule.1952586635.cidr": "0.0.0.0/0",
                            "rule.1952586635.from_group_id": "",
                            "rule.1952586635.from_port": "111",
                            "rule.1952586635.id": "4cd54e88-3839-48e2-8416-034760f3bb4d",
                            "rule.1952586635.ip_protocol": "udp",
                            "rule.1952586635.self": "false",
                            "rule.1952586635.to_port": "111",
                            "rule.2180185248.cidr": "0.0.0.0/0",
                            "rule.2180185248.from_group_id": "",
                            "rule.2180185248.from_port": "-1",
                            "rule.2180185248.id": "b00a6825-9a07-4bf1-bdf0-152404bc9dd1",
                            "rule.2180185248.ip_protocol": "icmp",
                            "rule.2180185248.self": "false",
                            "rule.2180185248.to_port": "-1",
                            "rule.2742039536.cidr": "0.0.0.0/0",
                            "rule.2742039536.from_group_id": "",
                            "rule.2742039536.from_port": "2049",
                            "rule.2742039536.id": "fe165659-845f-407d-929a-e52d9fbbb03b",
                            "rule.2742039536.ip_protocol": "tcp",
                            "rule.2742039536.self": "false",
                            "rule.2742039536.to_port": "2049",
                            "rule.3467029331.cidr": "0.0.0.0/0",
                            "rule.3467029331.from_group_id": "",
                            "rule.3467029331.from_port": "8002",
                            "rule.3467029331.id": "ccbfe3e8-0213-4ddb-8b01-8df2a808691f",
                            "rule.3467029331.ip_protocol": "tcp",
                            "rule.3467029331.self": "false",
                            "rule.3467029331.to_port": "8002",
                            "rule.3719211069.cidr": "0.0.0.0/0",
                            "rule.3719211069.from_group_id": "",
                            "rule.3719211069.from_port": "80",
                            "rule.3719211069.id": "37955e93-a95e-4dd6-8f0d-dbd765ed2d26",
                            "rule.3719211069.ip_protocol": "tcp",
                            "rule.3719211069.self": "false",
                            "rule.3719211069.to_port": "80",
                            "rule.3723368189.cidr": "0.0.0.0/0",
                            "rule.3723368189.from_group_id": "",
                            "rule.3723368189.from_port": "2049",
                            "rule.3723368189.id": "b0cd936d-c24c-476a-bbdc-d216280e05a1",
                            "rule.3723368189.ip_protocol": "udp",
                            "rule.3723368189.self": "false",
                            "rule.3723368189.to_port": "2049",
                            "rule.3815358244.cidr": "0.0.0.0/0",
                            "rule.3815358244.from_group_id": "",
                            "rule.3815358244.from_port": "5432",
                            "rule.3815358244.id": "2cc5a318-e8b9-4190-b700-6eb1f1d48119",
                            "rule.3815358244.ip_protocol": "tcp",
                            "rule.3815358244.self": "false",
                            "rule.3815358244.to_port": "5432",
                            "rule.542868096.cidr": "0.0.0.0/0",
                            "rule.542868096.from_group_id": "",
                            "rule.542868096.from_port": "8000",
                            "rule.542868096.id": "7fdddfb7-2b72-4ee1-a7de-58441b99428c",
                            "rule.542868096.ip_protocol": "tcp",
                            "rule.542868096.self": "false",
                            "rule.542868096.to_port": "8000",
                            "rule.836640770.cidr": "0.0.0.0/0",
                            "rule.836640770.from_group_id": "",
                            "rule.836640770.from_port": "22",
                            "rule.836640770.id": "8c0e564f-bb8d-4664-b3dd-3328338ce27e",
                            "rule.836640770.ip_protocol": "tcp",
                            "rule.836640770.self": "false",
                            "rule.836640770.to_port": "22"
                        },
                        "meta": {
                            "e2bfb730-ecaa-11e6-8f88-34363bc7c4c0": {
                                "delete": 600000000000
                            }
                        },
                        "tainted": false
                    },
                    "deposed": [],
                    "provider": "provider.openstack"
                },
                "openstack_compute_volume_attach_v2.attached": {
                    "type": "openstack_compute_volume_attach_v2",
                    "depends_on": [
                        "openstack_blockstorage_volume_v2.nfs_volume",
                        "openstack_compute_instance_v2.nfs_server"
                    ],
                    "primary": {
                        "id": "0685146d-ec60-40ea-96e5-5bccff7aefcf/52e1b7a0-7c94-4ddd-a5e1-9f32d6d02d81",
                        "attributes": {
                            "device": "/dev/vdb",
                            "id": "0685146d-ec60-40ea-96e5-5bccff7aefcf/52e1b7a0-7c94-4ddd-a5e1-9f32d6d02d81",
                            "instance_id": "0685146d-ec60-40ea-96e5-5bccff7aefcf",
                            "region": "regionOne",
                            "volume_id": "52e1b7a0-7c94-4ddd-a5e1-9f32d6d02d81"
                        },
                        "meta": {
                            "e2bfb730-ecaa-11e6-8f88-34363bc7c4c0": {
                                "create": 600000000000,
                                "delete": 600000000000
                            }
                        },
                        "tainted": false
                    },
                    "deposed": [],
                    "provider": "provider.openstack"
                },
                "openstack_networking_network_v2.sequence_search": {
                    "type": "openstack_networking_network_v2",
                    "depends_on": [],
                    "primary": {
                        "id": "4adf5d23-4347-43af-b668-68fbacec99fd",
                        "attributes": {
                            "admin_state_up": "true",
                            "all_tags.#": "0",
                            "availability_zone_hints.#": "0",
                            "description": "",
                            "dns_domain": "",
                            "external": "false",
                            "id": "4adf5d23-4347-43af-b668-68fbacec99fd",
                            "mtu": "1500",
                            "name": "test_sequence_search",
                            "port_security_enabled": "true",
                            "region": "regionOne",
                            "shared": "false",
                            "tags.#": "0",
                            "tenant_id": "bd631be0b7e641a7bd0c187493e7104e",
                            "transparent_vlan": "false"
                        },
                        "meta": {
                            "e2bfb730-ecaa-11e6-8f88-34363bc7c4c0": {
                                "create": 600000000000,
                                "delete": 600000000000
                            }
                        },
                        "tainted": false
                    },
                    "deposed": [],
                    "provider": "provider.openstack"
                },
                "openstack_networking_router_interface_v2.sequence_search": {
                    "type": "openstack_networking_router_interface_v2",
                    "depends_on": [
                        "openstack_networking_router_v2.sequence_search",
                        "openstack_networking_subnet_v2.sequence_search"
                    ],
                    "primary": {
                        "id": "ec5fe563-f65c-4c06-9b47-45afcf344b69",
                        "attributes": {
                            "id": "ec5fe563-f65c-4c06-9b47-45afcf344b69",
                            "port_id": "ec5fe563-f65c-4c06-9b47-45afcf344b69",
                            "region": "regionOne",
                            "router_id": "27cf6ac8-92a3-43b4-9c9c-a3bef78d5a55",
                            "subnet_id": "61a3f236-aae7-437e-9e69-79a6deeca5b2"
                        },
                        "meta": {
                            "e2bfb730-ecaa-11e6-8f88-34363bc7c4c0": {
                                "create": 600000000000,
                                "delete": 600000000000
                            }
                        },
                        "tainted": false
                    },
                    "deposed": [],
                    "provider": "provider.openstack"
                },
                "openstack_networking_router_v2.sequence_search": {
                    "type": "openstack_networking_router_v2",
                    "depends_on": [],
                    "primary": {
                        "id": "27cf6ac8-92a3-43b4-9c9c-a3bef78d5a55",
                        "attributes": {
                            "admin_state_up": "true",
                            "all_tags.#": "0",
                            "availability_zone_hints.#": "0",
                            "description": "",
                            "distributed": "false",
                            "enable_snat": "true",
                            "external_fixed_ip.#": "1",
                            "external_fixed_ip.0.ip_address": "193.62.55.99",
                            "external_fixed_ip.0.subnet_id": "3c926da4-b320-4320-8d62-f70e2078a2fd",
                            "external_gateway": "e25c3173-bb5c-4bbc-83a7-f0551099c8cd",
                            "external_network_id": "e25c3173-bb5c-4bbc-83a7-f0551099c8cd",
                            "id": "27cf6ac8-92a3-43b4-9c9c-a3bef78d5a55",
                            "name": "test_sequence_search",
                            "region": "regionOne",
                            "tags.#": "0",
                            "tenant_id": "bd631be0b7e641a7bd0c187493e7104e"
                        },
                        "meta": {
                            "e2bfb730-ecaa-11e6-8f88-34363bc7c4c0": {
                                "create": 600000000000,
                                "delete": 600000000000
                            }
                        },
                        "tainted": false
                    },
                    "deposed": [],
                    "provider": "provider.openstack"
                },
                "openstack_networking_subnet_v2.sequence_search": {
                    "type": "openstack_networking_subnet_v2",
                    "depends_on": [
                        "openstack_networking_network_v2.sequence_search"
                    ],
                    "primary": {
                        "id": "61a3f236-aae7-437e-9e69-79a6deeca5b2",
                        "attributes": {
                            "all_tags.#": "0",
                            "allocation_pools.#": "1",
                            "allocation_pools.0.end": "192.168.0.254",
                            "allocation_pools.0.start": "192.168.0.2",
                            "cidr": "192.168.0.0/24",
                            "description": "",
                            "dns_nameservers.#": "1",
                            "dns_nameservers.0": "8.8.8.8",
                            "enable_dhcp": "true",
                            "gateway_ip": "192.168.0.1",
                            "id": "61a3f236-aae7-437e-9e69-79a6deeca5b2",
                            "ip_version": "4",
                            "ipv6_address_mode": "",
                            "ipv6_ra_mode": "",
                            "name": "test_sequence_search",
                            "network_id": "4adf5d23-4347-43af-b668-68fbacec99fd",
                            "no_gateway": "false",
                            "region": "regionOne",
                            "subnetpool_id": "",
                            "tags.#": "0",
                            "tenant_id": "bd631be0b7e641a7bd0c187493e7104e"
                        },
                        "meta": {
                            "e2bfb730-ecaa-11e6-8f88-34363bc7c4c0": {
                                "create": 600000000000,
                                "delete": 600000000000
                            }
                        },
                        "tainted": false
                    },
                    "deposed": [],
                    "provider": "provider.openstack"
                }
            },
            "depends_on": []
        }
    ]
}
