{
  "version": 4,
  "terraform_version": "0.12.6",
  "serial": 1440,
  "lineage": "78978210-6031-db8f-0439-fa0111c455fd",
  "outputs": {
    "floating_ip": {
      "value": [
        "193.62.55.123"
      ],
      "type": [
        "tuple",
        [
          "string"
        ]
      ]
    },
    "tfstate_file": {
      "value": [
        "terraform.tfstate.d/test/terraform.tfstate"
      ],
      "type": [
        "tuple",
        [
          "string"
        ]
      ]
    }
  },
  "resources": [
    {
      "mode": "managed",
      "type": "null_resource",
      "name": "pre_flight",
      "provider": "provider.null",
      "instances": [
        {
          "schema_version": 0,
          "attributes": {
            "id": "353670735521997038",
            "triggers": {
              "build_number": "2019-10-18T08:43:54Z"
            }
          },
          "private": "bnVsbA=="
        }
      ]
    },
    {
      "mode": "managed",
      "type": "openstack_blockstorage_volume_v2",
      "name": "nfs_volume",
      "provider": "provider.openstack",
      "instances": [
        {
          "schema_version": 0,
          "attributes": {
            "attachment": [],
            "availability_zone": "nova",
            "consistency_group_id": null,
            "description": "",
            "id": "104cafe1-cea6-4a9f-a61f-ada986bfefd1",
            "image_id": null,
            "metadata": {},
            "name": "test-nfs-volume",
            "region": "regionOne",
            "size": 20,
            "snapshot_id": "",
            "source_replica": null,
            "source_vol_id": "",
            "timeouts": null,
            "volume_type": ""
          },
          "private": "eyJlMmJmYjczMC1lY2FhLTExZTYtOGY4OC0zNDM2M2JjN2M0YzAiOnsiY3JlYXRlIjo2MDAwMDAwMDAwMDAsImRlbGV0ZSI6NjAwMDAwMDAwMDAwfX0="
        }
      ]
    },
    {
      "mode": "managed",
      "type": "openstack_compute_floatingip_associate_v2",
      "name": "nfs_server_floating_ip",
      "provider": "provider.openstack",
      "instances": [
        {
          "schema_version": 0,
          "attributes": {
            "fixed_ip": "",
            "floating_ip": "193.62.55.122",
            "id": "193.62.55.122/aa2b8fb6-7489-487a-a586-4cd953748490/",
            "instance_id": "aa2b8fb6-7489-487a-a586-4cd953748490",
            "region": "regionOne",
            "timeouts": null,
            "wait_until_associated": null
          },
          "private": "eyJlMmJmYjczMC1lY2FhLTExZTYtOGY4OC0zNDM2M2JjN2M0YzAiOnsiY3JlYXRlIjo2MDAwMDAwMDAwMDB9fQ==",
          "depends_on": [
            "openstack_compute_instance_v2.nfs_server",
            "openstack_networking_router_interface_v2.sequence_search"
          ]
        }
      ]
    },
    {
      "mode": "managed",
      "type": "openstack_compute_floatingip_associate_v2",
      "name": "sequence_search",
      "provider": "provider.openstack",
      "instances": [
        {
          "schema_version": 0,
          "attributes": {
            "fixed_ip": "",
            "floating_ip": "193.62.55.123",
            "id": "193.62.55.123/0eb57e73-1e13-4b9b-8c97-cf5485135b37/",
            "instance_id": "0eb57e73-1e13-4b9b-8c97-cf5485135b37",
            "region": "regionOne",
            "timeouts": null,
            "wait_until_associated": null
          },
          "private": "eyJlMmJmYjczMC1lY2FhLTExZTYtOGY4OC0zNDM2M2JjN2M0YzAiOnsiY3JlYXRlIjo2MDAwMDAwMDAwMDB9fQ==",
          "depends_on": [
            "openstack_compute_instance_v2.producer",
            "openstack_networking_router_interface_v2.sequence_search"
          ]
        }
      ]
    },
    {
      "mode": "managed",
      "type": "openstack_compute_instance_v2",
      "name": "consumers",
      "each": "list",
      "provider": "provider.openstack",
      "instances": [
        {
          "index_key": 0,
          "schema_version": 0,
          "attributes": {
            "access_ip_v4": "192.168.0.9",
            "access_ip_v6": "",
            "admin_pass": null,
            "all_metadata": {},
            "availability_zone": "nova",
            "block_device": [],
            "config_drive": null,
            "flavor_id": "91ba172b-cb4c-453c-b7fc-56cb79c78968",
            "flavor_name": "s1.capacious",
            "floating_ip": null,
            "force_delete": false,
            "id": "4a997a08-5e0e-4780-965d-922b5bc44989",
            "image_id": "3306bf44-c895-45b2-af05-0a3d23630ce6",
            "image_name": "CentOS7-Cloud",
            "key_pair": "test_sequence_search",
            "metadata": null,
            "name": "test-consumer-1",
            "network": [
              {
                "access_network": false,
                "fixed_ip_v4": "192.168.0.9",
                "fixed_ip_v6": "",
                "floating_ip": "",
                "mac": "fa:16:3e:e4:4d:f2",
                "name": "test_sequence_search",
                "port": "",
                "uuid": "4a5647a6-931e-48bf-9d8b-ac47ebe37089"
              }
            ],
            "personality": [],
            "power_state": "active",
            "region": "regionOne",
            "scheduler_hints": [],
            "security_groups": [
              "test_sequence_search"
            ],
            "stop_before_destroy": false,
            "timeouts": null,
            "user_data": null,
            "vendor_options": [],
            "volume": []
          },
          "private": "eyJlMmJmYjczMC1lY2FhLTExZTYtOGY4OC0zNDM2M2JjN2M0YzAiOnsiY3JlYXRlIjoxODAwMDAwMDAwMDAwLCJkZWxldGUiOjE4MDAwMDAwMDAwMDAsInVwZGF0ZSI6MTgwMDAwMDAwMDAwMH19",
          "depends_on": [
            "openstack_compute_keypair_v2.sequence_search",
            "openstack_compute_secgroup_v2.sequence_search",
            "openstack_networking_network_v2.sequence_search"
          ]
        },
        {
          "index_key": 1,
          "schema_version": 0,
          "attributes": {
            "access_ip_v4": "192.168.0.10",
            "access_ip_v6": "",
            "admin_pass": null,
            "all_metadata": {},
            "availability_zone": "nova",
            "block_device": [],
            "config_drive": null,
            "flavor_id": "91ba172b-cb4c-453c-b7fc-56cb79c78968",
            "flavor_name": "s1.capacious",
            "floating_ip": null,
            "force_delete": false,
            "id": "e2b29fe5-0d71-408c-acc1-127526da6eab",
            "image_id": "3306bf44-c895-45b2-af05-0a3d23630ce6",
            "image_name": "CentOS7-Cloud",
            "key_pair": "test_sequence_search",
            "metadata": null,
            "name": "test-consumer-2",
            "network": [
              {
                "access_network": false,
                "fixed_ip_v4": "192.168.0.10",
                "fixed_ip_v6": "",
                "floating_ip": "",
                "mac": "fa:16:3e:b3:9e:b6",
                "name": "test_sequence_search",
                "port": "",
                "uuid": "4a5647a6-931e-48bf-9d8b-ac47ebe37089"
              }
            ],
            "personality": [],
            "power_state": "active",
            "region": "regionOne",
            "scheduler_hints": [],
            "security_groups": [
              "test_sequence_search"
            ],
            "stop_before_destroy": false,
            "timeouts": null,
            "user_data": null,
            "vendor_options": [],
            "volume": []
          },
          "private": "eyJlMmJmYjczMC1lY2FhLTExZTYtOGY4OC0zNDM2M2JjN2M0YzAiOnsiY3JlYXRlIjoxODAwMDAwMDAwMDAwLCJkZWxldGUiOjE4MDAwMDAwMDAwMDAsInVwZGF0ZSI6MTgwMDAwMDAwMDAwMH19",
          "depends_on": [
            "openstack_compute_keypair_v2.sequence_search",
            "openstack_compute_secgroup_v2.sequence_search",
            "openstack_networking_network_v2.sequence_search"
          ]
        },
        {
          "index_key": 2,
          "schema_version": 0,
          "attributes": {
            "access_ip_v4": "192.168.0.11",
            "access_ip_v6": "",
            "admin_pass": null,
            "all_metadata": {},
            "availability_zone": "nova",
            "block_device": [],
            "config_drive": null,
            "flavor_id": "91ba172b-cb4c-453c-b7fc-56cb79c78968",
            "flavor_name": "s1.capacious",
            "floating_ip": null,
            "force_delete": false,
            "id": "8371c3cf-b067-4f87-abe3-2c1846dc5939",
            "image_id": "3306bf44-c895-45b2-af05-0a3d23630ce6",
            "image_name": "CentOS7-Cloud",
            "key_pair": "test_sequence_search",
            "metadata": null,
            "name": "test-consumer-3",
            "network": [
              {
                "access_network": false,
                "fixed_ip_v4": "192.168.0.11",
                "fixed_ip_v6": "",
                "floating_ip": "",
                "mac": "fa:16:3e:d4:fb:bb",
                "name": "test_sequence_search",
                "port": "",
                "uuid": "4a5647a6-931e-48bf-9d8b-ac47ebe37089"
              }
            ],
            "personality": [],
            "power_state": "active",
            "region": "regionOne",
            "scheduler_hints": [],
            "security_groups": [
              "test_sequence_search"
            ],
            "stop_before_destroy": false,
            "timeouts": null,
            "user_data": null,
            "vendor_options": [],
            "volume": []
          },
          "private": "eyJlMmJmYjczMC1lY2FhLTExZTYtOGY4OC0zNDM2M2JjN2M0YzAiOnsiY3JlYXRlIjoxODAwMDAwMDAwMDAwLCJkZWxldGUiOjE4MDAwMDAwMDAwMDAsInVwZGF0ZSI6MTgwMDAwMDAwMDAwMH19",
          "depends_on": [
            "openstack_compute_keypair_v2.sequence_search",
            "openstack_compute_secgroup_v2.sequence_search",
            "openstack_networking_network_v2.sequence_search"
          ]
        },
        {
          "index_key": 3,
          "schema_version": 0,
          "attributes": {
            "access_ip_v4": "192.168.0.12",
            "access_ip_v6": "",
            "admin_pass": null,
            "all_metadata": {},
            "availability_zone": "nova",
            "block_device": [],
            "config_drive": null,
            "flavor_id": "91ba172b-cb4c-453c-b7fc-56cb79c78968",
            "flavor_name": "s1.capacious",
            "floating_ip": null,
            "force_delete": false,
            "id": "d3e038c8-9b88-4e78-aa25-cdf188cbc379",
            "image_id": "3306bf44-c895-45b2-af05-0a3d23630ce6",
            "image_name": "CentOS7-Cloud",
            "key_pair": "test_sequence_search",
            "metadata": null,
            "name": "test-consumer-4",
            "network": [
              {
                "access_network": false,
                "fixed_ip_v4": "192.168.0.12",
                "fixed_ip_v6": "",
                "floating_ip": "",
                "mac": "fa:16:3e:1f:21:e9",
                "name": "test_sequence_search",
                "port": "",
                "uuid": "4a5647a6-931e-48bf-9d8b-ac47ebe37089"
              }
            ],
            "personality": [],
            "power_state": "active",
            "region": "regionOne",
            "scheduler_hints": [],
            "security_groups": [
              "test_sequence_search"
            ],
            "stop_before_destroy": false,
            "timeouts": null,
            "user_data": null,
            "vendor_options": [],
            "volume": []
          },
          "private": "eyJlMmJmYjczMC1lY2FhLTExZTYtOGY4OC0zNDM2M2JjN2M0YzAiOnsiY3JlYXRlIjoxODAwMDAwMDAwMDAwLCJkZWxldGUiOjE4MDAwMDAwMDAwMDAsInVwZGF0ZSI6MTgwMDAwMDAwMDAwMH19",
          "depends_on": [
            "openstack_compute_keypair_v2.sequence_search",
            "openstack_compute_secgroup_v2.sequence_search",
            "openstack_networking_network_v2.sequence_search"
          ]
        },
        {
          "index_key": 4,
          "schema_version": 0,
          "attributes": {
            "access_ip_v4": "192.168.0.13",
            "access_ip_v6": "",
            "admin_pass": null,
            "all_metadata": {},
            "availability_zone": "nova",
            "block_device": [],
            "config_drive": null,
            "flavor_id": "91ba172b-cb4c-453c-b7fc-56cb79c78968",
            "flavor_name": "s1.capacious",
            "floating_ip": null,
            "force_delete": false,
            "id": "33423851-f72f-41ac-b31b-96562e0bd3dd",
            "image_id": "3306bf44-c895-45b2-af05-0a3d23630ce6",
            "image_name": "CentOS7-Cloud",
            "key_pair": "test_sequence_search",
            "metadata": null,
            "name": "test-consumer-5",
            "network": [
              {
                "access_network": false,
                "fixed_ip_v4": "192.168.0.13",
                "fixed_ip_v6": "",
                "floating_ip": "",
                "mac": "fa:16:3e:ed:4d:4e",
                "name": "test_sequence_search",
                "port": "",
                "uuid": "4a5647a6-931e-48bf-9d8b-ac47ebe37089"
              }
            ],
            "personality": [],
            "power_state": "active",
            "region": "regionOne",
            "scheduler_hints": [],
            "security_groups": [
              "test_sequence_search"
            ],
            "stop_before_destroy": false,
            "timeouts": null,
            "user_data": null,
            "vendor_options": [],
            "volume": []
          },
          "private": "eyJlMmJmYjczMC1lY2FhLTExZTYtOGY4OC0zNDM2M2JjN2M0YzAiOnsiY3JlYXRlIjoxODAwMDAwMDAwMDAwLCJkZWxldGUiOjE4MDAwMDAwMDAwMDAsInVwZGF0ZSI6MTgwMDAwMDAwMDAwMH19",
          "depends_on": [
            "openstack_compute_keypair_v2.sequence_search",
            "openstack_compute_secgroup_v2.sequence_search",
            "openstack_networking_network_v2.sequence_search"
          ]
        },
        {
          "index_key": 5,
          "schema_version": 0,
          "attributes": {
            "access_ip_v4": "192.168.0.14",
            "access_ip_v6": "",
            "admin_pass": null,
            "all_metadata": {},
            "availability_zone": "nova",
            "block_device": [],
            "config_drive": null,
            "flavor_id": "91ba172b-cb4c-453c-b7fc-56cb79c78968",
            "flavor_name": "s1.capacious",
            "floating_ip": null,
            "force_delete": false,
            "id": "ac041b9c-2ced-486c-91b2-1096c2fdb95a",
            "image_id": "3306bf44-c895-45b2-af05-0a3d23630ce6",
            "image_name": "CentOS7-Cloud",
            "key_pair": "test_sequence_search",
            "metadata": null,
            "name": "test-consumer-6",
            "network": [
              {
                "access_network": false,
                "fixed_ip_v4": "192.168.0.14",
                "fixed_ip_v6": "",
                "floating_ip": "",
                "mac": "fa:16:3e:f8:ad:5b",
                "name": "test_sequence_search",
                "port": "",
                "uuid": "4a5647a6-931e-48bf-9d8b-ac47ebe37089"
              }
            ],
            "personality": [],
            "power_state": "active",
            "region": "regionOne",
            "scheduler_hints": [],
            "security_groups": [
              "test_sequence_search"
            ],
            "stop_before_destroy": false,
            "timeouts": null,
            "user_data": null,
            "vendor_options": [],
            "volume": []
          },
          "private": "eyJlMmJmYjczMC1lY2FhLTExZTYtOGY4OC0zNDM2M2JjN2M0YzAiOnsiY3JlYXRlIjoxODAwMDAwMDAwMDAwLCJkZWxldGUiOjE4MDAwMDAwMDAwMDAsInVwZGF0ZSI6MTgwMDAwMDAwMDAwMH19",
          "depends_on": [
            "openstack_compute_keypair_v2.sequence_search",
            "openstack_compute_secgroup_v2.sequence_search",
            "openstack_networking_network_v2.sequence_search"
          ]
        },
        {
          "index_key": 6,
          "schema_version": 0,
          "attributes": {
            "access_ip_v4": "192.168.0.15",
            "access_ip_v6": "",
            "admin_pass": null,
            "all_metadata": {},
            "availability_zone": "nova",
            "block_device": [],
            "config_drive": null,
            "flavor_id": "91ba172b-cb4c-453c-b7fc-56cb79c78968",
            "flavor_name": "s1.capacious",
            "floating_ip": null,
            "force_delete": false,
            "id": "b2c28801-390b-4640-88ef-4c597a6bc897",
            "image_id": "3306bf44-c895-45b2-af05-0a3d23630ce6",
            "image_name": "CentOS7-Cloud",
            "key_pair": "test_sequence_search",
            "metadata": null,
            "name": "test-consumer-7",
            "network": [
              {
                "access_network": false,
                "fixed_ip_v4": "192.168.0.15",
                "fixed_ip_v6": "",
                "floating_ip": "",
                "mac": "fa:16:3e:71:e6:29",
                "name": "test_sequence_search",
                "port": "",
                "uuid": "4a5647a6-931e-48bf-9d8b-ac47ebe37089"
              }
            ],
            "personality": [],
            "power_state": "active",
            "region": "regionOne",
            "scheduler_hints": [],
            "security_groups": [
              "test_sequence_search"
            ],
            "stop_before_destroy": false,
            "timeouts": null,
            "user_data": null,
            "vendor_options": [],
            "volume": []
          },
          "private": "eyJlMmJmYjczMC1lY2FhLTExZTYtOGY4OC0zNDM2M2JjN2M0YzAiOnsiY3JlYXRlIjoxODAwMDAwMDAwMDAwLCJkZWxldGUiOjE4MDAwMDAwMDAwMDAsInVwZGF0ZSI6MTgwMDAwMDAwMDAwMH19",
          "depends_on": [
            "openstack_compute_keypair_v2.sequence_search",
            "openstack_compute_secgroup_v2.sequence_search",
            "openstack_networking_network_v2.sequence_search"
          ]
        },
        {
          "index_key": 7,
          "schema_version": 0,
          "attributes": {
            "access_ip_v4": "192.168.0.16",
            "access_ip_v6": "",
            "admin_pass": null,
            "all_metadata": {},
            "availability_zone": "nova",
            "block_device": [],
            "config_drive": null,
            "flavor_id": "91ba172b-cb4c-453c-b7fc-56cb79c78968",
            "flavor_name": "s1.capacious",
            "floating_ip": null,
            "force_delete": false,
            "id": "8c66e3cc-5e57-4cdf-9b8f-840fc7603ae8",
            "image_id": "3306bf44-c895-45b2-af05-0a3d23630ce6",
            "image_name": "CentOS7-Cloud",
            "key_pair": "test_sequence_search",
            "metadata": null,
            "name": "test-consumer-8",
            "network": [
              {
                "access_network": false,
                "fixed_ip_v4": "192.168.0.16",
                "fixed_ip_v6": "",
                "floating_ip": "",
                "mac": "fa:16:3e:d0:de:6a",
                "name": "test_sequence_search",
                "port": "",
                "uuid": "4a5647a6-931e-48bf-9d8b-ac47ebe37089"
              }
            ],
            "personality": [],
            "power_state": "active",
            "region": "regionOne",
            "scheduler_hints": [],
            "security_groups": [
              "test_sequence_search"
            ],
            "stop_before_destroy": false,
            "timeouts": null,
            "user_data": null,
            "vendor_options": [],
            "volume": []
          },
          "private": "eyJlMmJmYjczMC1lY2FhLTExZTYtOGY4OC0zNDM2M2JjN2M0YzAiOnsiY3JlYXRlIjoxODAwMDAwMDAwMDAwLCJkZWxldGUiOjE4MDAwMDAwMDAwMDAsInVwZGF0ZSI6MTgwMDAwMDAwMDAwMH19",
          "depends_on": [
            "openstack_compute_keypair_v2.sequence_search",
            "openstack_compute_secgroup_v2.sequence_search",
            "openstack_networking_network_v2.sequence_search"
          ]
        },
        {
          "index_key": 8,
          "schema_version": 0,
          "attributes": {
            "access_ip_v4": "192.168.0.17",
            "access_ip_v6": "",
            "admin_pass": null,
            "all_metadata": {},
            "availability_zone": "nova",
            "block_device": [],
            "config_drive": null,
            "flavor_id": "91ba172b-cb4c-453c-b7fc-56cb79c78968",
            "flavor_name": "s1.capacious",
            "floating_ip": null,
            "force_delete": false,
            "id": "5651e7f1-b7fb-417a-82d1-70ad05b0d8df",
            "image_id": "3306bf44-c895-45b2-af05-0a3d23630ce6",
            "image_name": "CentOS7-Cloud",
            "key_pair": "test_sequence_search",
            "metadata": null,
            "name": "test-consumer-9",
            "network": [
              {
                "access_network": false,
                "fixed_ip_v4": "192.168.0.17",
                "fixed_ip_v6": "",
                "floating_ip": "",
                "mac": "fa:16:3e:e2:3a:19",
                "name": "test_sequence_search",
                "port": "",
                "uuid": "4a5647a6-931e-48bf-9d8b-ac47ebe37089"
              }
            ],
            "personality": [],
            "power_state": "active",
            "region": "regionOne",
            "scheduler_hints": [],
            "security_groups": [
              "test_sequence_search"
            ],
            "stop_before_destroy": false,
            "timeouts": null,
            "user_data": null,
            "vendor_options": [],
            "volume": []
          },
          "private": "eyJlMmJmYjczMC1lY2FhLTExZTYtOGY4OC0zNDM2M2JjN2M0YzAiOnsiY3JlYXRlIjoxODAwMDAwMDAwMDAwLCJkZWxldGUiOjE4MDAwMDAwMDAwMDAsInVwZGF0ZSI6MTgwMDAwMDAwMDAwMH19",
          "depends_on": [
            "openstack_compute_keypair_v2.sequence_search",
            "openstack_compute_secgroup_v2.sequence_search",
            "openstack_networking_network_v2.sequence_search"
          ]
        },
        {
          "index_key": 9,
          "schema_version": 0,
          "attributes": {
            "access_ip_v4": "192.168.0.18",
            "access_ip_v6": "",
            "admin_pass": null,
            "all_metadata": {},
            "availability_zone": "nova",
            "block_device": [],
            "config_drive": null,
            "flavor_id": "91ba172b-cb4c-453c-b7fc-56cb79c78968",
            "flavor_name": "s1.capacious",
            "floating_ip": null,
            "force_delete": false,
            "id": "8586e280-950f-49c6-a943-134c006b6c2e",
            "image_id": "3306bf44-c895-45b2-af05-0a3d23630ce6",
            "image_name": "CentOS7-Cloud",
            "key_pair": "test_sequence_search",
            "metadata": null,
            "name": "test-consumer-10",
            "network": [
              {
                "access_network": false,
                "fixed_ip_v4": "192.168.0.18",
                "fixed_ip_v6": "",
                "floating_ip": "",
                "mac": "fa:16:3e:8b:13:a2",
                "name": "test_sequence_search",
                "port": "",
                "uuid": "4a5647a6-931e-48bf-9d8b-ac47ebe37089"
              }
            ],
            "personality": [],
            "power_state": "active",
            "region": "regionOne",
            "scheduler_hints": [],
            "security_groups": [
              "test_sequence_search"
            ],
            "stop_before_destroy": false,
            "timeouts": null,
            "user_data": null,
            "vendor_options": [],
            "volume": []
          },
          "private": "eyJlMmJmYjczMC1lY2FhLTExZTYtOGY4OC0zNDM2M2JjN2M0YzAiOnsiY3JlYXRlIjoxODAwMDAwMDAwMDAwLCJkZWxldGUiOjE4MDAwMDAwMDAwMDAsInVwZGF0ZSI6MTgwMDAwMDAwMDAwMH19",
          "depends_on": [
            "openstack_compute_keypair_v2.sequence_search",
            "openstack_compute_secgroup_v2.sequence_search",
            "openstack_networking_network_v2.sequence_search"
          ]
        }
      ]
    },
    {
      "mode": "managed",
      "type": "openstack_compute_instance_v2",
      "name": "monitor",
      "provider": "provider.openstack",
      "instances": [
        {
          "schema_version": 0,
          "attributes": {
            "access_ip_v4": "192.168.0.8",
            "access_ip_v6": "",
            "admin_pass": null,
            "all_metadata": {},
            "availability_zone": "nova",
            "block_device": [],
            "config_drive": null,
            "flavor_id": "e9ca7478-7957-4237-b3d0-d4767e1de65f",
            "flavor_name": "s1.tiny",
            "floating_ip": null,
            "force_delete": false,
            "id": "afb24169-f30a-49ac-b758-025716b46148",
            "image_id": "3306bf44-c895-45b2-af05-0a3d23630ce6",
            "image_name": "CentOS7-Cloud",
            "key_pair": "test_sequence_search",
            "metadata": null,
            "name": "test-monitor",
            "network": [
              {
                "access_network": false,
                "fixed_ip_v4": "192.168.0.8",
                "fixed_ip_v6": "",
                "floating_ip": "",
                "mac": "fa:16:3e:71:ca:88",
                "name": "test_sequence_search",
                "port": "",
                "uuid": "4a5647a6-931e-48bf-9d8b-ac47ebe37089"
              }
            ],
            "personality": [],
            "power_state": "active",
            "region": "regionOne",
            "scheduler_hints": [],
            "security_groups": [
              "test_sequence_search"
            ],
            "stop_before_destroy": false,
            "timeouts": null,
            "user_data": null,
            "vendor_options": [],
            "volume": []
          },
          "private": "eyJlMmJmYjczMC1lY2FhLTExZTYtOGY4OC0zNDM2M2JjN2M0YzAiOnsiY3JlYXRlIjoxODAwMDAwMDAwMDAwLCJkZWxldGUiOjE4MDAwMDAwMDAwMDAsInVwZGF0ZSI6MTgwMDAwMDAwMDAwMH19",
          "depends_on": [
            "openstack_compute_keypair_v2.sequence_search",
            "openstack_compute_secgroup_v2.sequence_search",
            "openstack_networking_network_v2.sequence_search"
          ]
        }
      ]
    },
    {
      "mode": "managed",
      "type": "openstack_compute_instance_v2",
      "name": "nfs_server",
      "provider": "provider.openstack",
      "instances": [
        {
          "schema_version": 0,
          "attributes": {
            "access_ip_v4": "192.168.0.7",
            "access_ip_v6": "",
            "admin_pass": null,
            "all_metadata": {},
            "availability_zone": "nova",
            "block_device": [],
            "config_drive": null,
            "flavor_id": "91ba172b-cb4c-453c-b7fc-56cb79c78968",
            "flavor_name": "s1.capacious",
            "floating_ip": null,
            "force_delete": false,
            "id": "aa2b8fb6-7489-487a-a586-4cd953748490",
            "image_id": "371604fb-b264-41fd-9336-9bc669a80667",
            "image_name": "ubuntu-16.04",
            "key_pair": "test_sequence_search",
            "metadata": null,
            "name": "test-nfs-server",
            "network": [
              {
                "access_network": false,
                "fixed_ip_v4": "192.168.0.7",
                "fixed_ip_v6": "",
                "floating_ip": "",
                "mac": "fa:16:3e:db:58:5f",
                "name": "test_sequence_search",
                "port": "",
                "uuid": "4a5647a6-931e-48bf-9d8b-ac47ebe37089"
              }
            ],
            "personality": [],
            "power_state": "active",
            "region": "regionOne",
            "scheduler_hints": [],
            "security_groups": [
              "test_sequence_search_nfs_instance"
            ],
            "stop_before_destroy": false,
            "timeouts": null,
            "user_data": null,
            "vendor_options": [],
            "volume": []
          },
          "private": "eyJlMmJmYjczMC1lY2FhLTExZTYtOGY4OC0zNDM2M2JjN2M0YzAiOnsiY3JlYXRlIjoxODAwMDAwMDAwMDAwLCJkZWxldGUiOjE4MDAwMDAwMDAwMDAsInVwZGF0ZSI6MTgwMDAwMDAwMDAwMH19",
          "depends_on": [
            "openstack_compute_keypair_v2.sequence_search",
            "openstack_compute_secgroup_v2.sequence_search_nfs_instance",
            "openstack_networking_network_v2.sequence_search"
          ]
        }
      ]
    },
    {
      "mode": "managed",
      "type": "openstack_compute_instance_v2",
      "name": "postgres",
      "provider": "provider.openstack",
      "instances": [
        {
          "schema_version": 0,
          "attributes": {
            "access_ip_v4": "192.168.0.6",
            "access_ip_v6": "",
            "admin_pass": null,
            "all_metadata": {},
            "availability_zone": "nova",
            "block_device": [],
            "config_drive": null,
            "flavor_id": "91ba172b-cb4c-453c-b7fc-56cb79c78968",
            "flavor_name": "s1.capacious",
            "floating_ip": null,
            "force_delete": false,
            "id": "a03f5eb2-fe5b-4b96-8d34-a21308b99a7e",
            "image_id": "3306bf44-c895-45b2-af05-0a3d23630ce6",
            "image_name": "CentOS7-Cloud",
            "key_pair": "test_sequence_search",
            "metadata": null,
            "name": "test-postgres",
            "network": [
              {
                "access_network": false,
                "fixed_ip_v4": "192.168.0.6",
                "fixed_ip_v6": "",
                "floating_ip": "",
                "mac": "fa:16:3e:ad:a5:e9",
                "name": "test_sequence_search",
                "port": "",
                "uuid": "4a5647a6-931e-48bf-9d8b-ac47ebe37089"
              }
            ],
            "personality": [],
            "power_state": "active",
            "region": "regionOne",
            "scheduler_hints": [],
            "security_groups": [
              "test_sequence_search"
            ],
            "stop_before_destroy": false,
            "timeouts": null,
            "user_data": null,
            "vendor_options": [],
            "volume": []
          },
          "private": "eyJlMmJmYjczMC1lY2FhLTExZTYtOGY4OC0zNDM2M2JjN2M0YzAiOnsiY3JlYXRlIjoxODAwMDAwMDAwMDAwLCJkZWxldGUiOjE4MDAwMDAwMDAwMDAsInVwZGF0ZSI6MTgwMDAwMDAwMDAwMH19",
          "depends_on": [
            "openstack_compute_keypair_v2.sequence_search",
            "openstack_compute_secgroup_v2.sequence_search",
            "openstack_networking_network_v2.sequence_search"
          ]
        }
      ]
    },
    {
      "mode": "managed",
      "type": "openstack_compute_instance_v2",
      "name": "producer",
      "provider": "provider.openstack",
      "instances": [
        {
          "schema_version": 0,
          "attributes": {
            "access_ip_v4": "192.168.0.5",
            "access_ip_v6": "",
            "admin_pass": null,
            "all_metadata": {},
            "availability_zone": "nova",
            "block_device": [],
            "config_drive": null,
            "flavor_id": "91ba172b-cb4c-453c-b7fc-56cb79c78968",
            "flavor_name": "s1.capacious",
            "floating_ip": null,
            "force_delete": false,
            "id": "0eb57e73-1e13-4b9b-8c97-cf5485135b37",
            "image_id": "3306bf44-c895-45b2-af05-0a3d23630ce6",
            "image_name": "CentOS7-Cloud",
            "key_pair": "test_sequence_search",
            "metadata": null,
            "name": "test-producer",
            "network": [
              {
                "access_network": false,
                "fixed_ip_v4": "192.168.0.5",
                "fixed_ip_v6": "",
                "floating_ip": "",
                "mac": "fa:16:3e:0a:d1:7e",
                "name": "test_sequence_search",
                "port": "",
                "uuid": "4a5647a6-931e-48bf-9d8b-ac47ebe37089"
              }
            ],
            "personality": [],
            "power_state": "active",
            "region": "regionOne",
            "scheduler_hints": [],
            "security_groups": [
              "test_sequence_search"
            ],
            "stop_before_destroy": false,
            "timeouts": null,
            "user_data": null,
            "vendor_options": [],
            "volume": []
          },
          "private": "eyJlMmJmYjczMC1lY2FhLTExZTYtOGY4OC0zNDM2M2JjN2M0YzAiOnsiY3JlYXRlIjoxODAwMDAwMDAwMDAwLCJkZWxldGUiOjE4MDAwMDAwMDAwMDAsInVwZGF0ZSI6MTgwMDAwMDAwMDAwMH19",
          "depends_on": [
            "openstack_compute_keypair_v2.sequence_search",
            "openstack_compute_secgroup_v2.sequence_search",
            "openstack_networking_network_v2.sequence_search"
          ]
        }
      ]
    },
    {
      "mode": "managed",
      "type": "openstack_compute_keypair_v2",
      "name": "sequence_search",
      "provider": "provider.openstack",
      "instances": [
        {
          "schema_version": 0,
          "attributes": {
            "fingerprint": "f5:ac:9f:4e:68:11:2e:49:27:40:22:47:fa:ba:f3:58",
            "id": "test_sequence_search",
            "name": "test_sequence_search",
            "private_key": "",
            "public_key": "ssh-rsa AAAAB3NzaC1yc2EAAAADAQABAAACAQC9BOKz+dYi+0TzjpH5RWorfguhIp8Vxn1NIKX3VLbvYrStYlu+59aCdWALWhSUzqt/BKhwteg2Ph5m5pYItqs3i9VLpY493UvfjjocYqf47xqkDsYYo6kZkZjvnKFfkZui88TmgiMUKDtK/uRXVJhG4QlvCbrXLn9GM5jWmtV3lO/BEw25U19eGClsGQ0T7TUZ+YmPv9aHycw+hEpOWOvMYquzLg+thwrm7fzvLvbkS7pQm5kr8OGEvJ0HgLgUFiL+8zrB+zoGuiaaiFg9pLq2zJ/wtoe9OxiyRTaQt/Kwo8n2Z/S84bgKOLQPi85shjqQx/6/nfzjLpWUR8Bci9VH8CJ5i/zIagMHoyIrh+Fq/77YEuES0lpqYNd6AQUjgu7CF9OyXlQLwh6TSXLwxYUWaWAVMABysEaUT78+KFp7J86xTdb0zciVjTnyNb+IACMfo4hyexyAN3cPoWxAM7i8ET2Iug8QXB6RO1mz5zjvdDtLP7J5HCglVsXAmlHyxX7twmgAG11f45c/5I8gq0cQpubh8e6oZWYJ2krsbuVZnYXich+MidDIzt/5X+j06Um5iC4xbUIMJppeA1tzjQipvoavVeXs1LPN6ICLVtVkymb2Fhkpjq55Tiwan6ftYiWRXWOpaY00Yfc8ZbY8rb+bEF7lu4K1sf1bKOFyKke8Rw== apetrov@apetrov-ml\n",
            "region": "regionOne",
            "value_specs": null
          },
          "private": "bnVsbA=="
        }
      ]
    },
    {
      "mode": "managed",
      "type": "openstack_compute_secgroup_v2",
      "name": "sequence_search",
      "provider": "provider.openstack",
      "instances": [
        {
          "schema_version": 0,
          "attributes": {
            "description": "Security group for the sequence_search instances (except NFS)",
            "id": "00406782-39d4-43ad-a8cb-da9d214f4601",
            "name": "test_sequence_search",
            "region": "regionOne",
            "rule": [
              {
                "cidr": "0.0.0.0/0",
                "from_group_id": "",
                "from_port": -1,
                "id": "448bde6d-b257-4a99-a6d2-1c66732ad142",
                "ip_protocol": "icmp",
                "self": false,
                "to_port": -1
              },
              {
                "cidr": "0.0.0.0/0",
                "from_group_id": "",
                "from_port": 22,
                "id": "cd3c3cba-4de8-4c76-8472-d041aa2e8fbd",
                "ip_protocol": "tcp",
                "self": false,
                "to_port": 22
              },
              {
                "cidr": "0.0.0.0/0",
                "from_group_id": "",
                "from_port": 8002,
                "id": "59eb0de6-293b-451f-8e5a-44086589fb57",
                "ip_protocol": "tcp",
                "self": false,
                "to_port": 8002
              },
              {
                "cidr": "192.168.0.0/24",
                "from_group_id": "",
                "from_port": 5432,
                "id": "a34b2dfb-f28e-4ae5-989b-2797edff5993",
                "ip_protocol": "tcp",
                "self": false,
                "to_port": 5432
              },
              {
                "cidr": "192.168.0.0/24",
                "from_group_id": "",
                "from_port": 8000,
                "id": "0e6d4c19-3242-4f58-b193-8914588e6426",
                "ip_protocol": "tcp",
                "self": false,
                "to_port": 8000
              }
            ],
            "timeouts": null
          },
          "private": "eyJlMmJmYjczMC1lY2FhLTExZTYtOGY4OC0zNDM2M2JjN2M0YzAiOnsiZGVsZXRlIjo2MDAwMDAwMDAwMDB9fQ=="
        }
      ]
    },
    {
      "mode": "managed",
      "type": "openstack_compute_secgroup_v2",
      "name": "sequence_search_nfs_instance",
      "provider": "provider.openstack",
      "instances": [
        {
          "schema_version": 0,
          "attributes": {
            "description": "Security group for the NFS instance",
            "id": "87a09f56-4580-41e8-9b92-1a52fa4881fa",
            "name": "test_sequence_search_nfs_instance",
            "region": "regionOne",
            "rule": [
              {
                "cidr": "0.0.0.0/0",
                "from_group_id": "",
                "from_port": -1,
                "id": "de204af2-00af-4ea5-a7ae-feca4fa16731",
                "ip_protocol": "icmp",
                "self": false,
                "to_port": -1
              },
              {
                "cidr": "0.0.0.0/0",
                "from_group_id": "",
                "from_port": 22,
                "id": "eb6abd7e-6de4-4481-8053-6ebc37466d48",
                "ip_protocol": "tcp",
                "self": false,
                "to_port": 22
              },
              {
                "cidr": "192.168.0.0/24",
                "from_group_id": "",
                "from_port": 111,
                "id": "43d1c4a2-803a-4361-9b24-d01bc22a7a85",
                "ip_protocol": "tcp",
                "self": false,
                "to_port": 111
              },
              {
                "cidr": "192.168.0.0/24",
                "from_group_id": "",
                "from_port": 111,
                "id": "8da579da-edf8-4afd-b0ef-c6e76f7caa2d",
                "ip_protocol": "udp",
                "self": false,
                "to_port": 111
              },
              {
                "cidr": "192.168.0.0/24",
                "from_group_id": "",
                "from_port": 2049,
                "id": "88d773b9-3fb3-47f9-a179-4491985cfab9",
                "ip_protocol": "udp",
                "self": false,
                "to_port": 2049
              },
              {
                "cidr": "192.168.0.0/24",
                "from_group_id": "",
                "from_port": 2049,
                "id": "f6933f87-44ed-4f73-8c4e-ec81be27d643",
                "ip_protocol": "tcp",
                "self": false,
                "to_port": 2049
              }
            ],
            "timeouts": null
          },
          "private": "eyJlMmJmYjczMC1lY2FhLTExZTYtOGY4OC0zNDM2M2JjN2M0YzAiOnsiZGVsZXRlIjo2MDAwMDAwMDAwMDB9fQ=="
        }
      ]
    },
    {
      "mode": "managed",
      "type": "openstack_compute_volume_attach_v2",
      "name": "attached",
      "provider": "provider.openstack",
      "instances": [
        {
          "schema_version": 0,
          "attributes": {
            "device": "/dev/vdb",
            "id": "aa2b8fb6-7489-487a-a586-4cd953748490/104cafe1-cea6-4a9f-a61f-ada986bfefd1",
            "instance_id": "aa2b8fb6-7489-487a-a586-4cd953748490",
            "multiattach": null,
            "region": "regionOne",
            "timeouts": null,
            "volume_id": "104cafe1-cea6-4a9f-a61f-ada986bfefd1"
          },
          "private": "eyJlMmJmYjczMC1lY2FhLTExZTYtOGY4OC0zNDM2M2JjN2M0YzAiOnsiY3JlYXRlIjo2MDAwMDAwMDAwMDAsImRlbGV0ZSI6NjAwMDAwMDAwMDAwfX0=",
          "depends_on": [
            "openstack_blockstorage_volume_v2.nfs_volume",
            "openstack_compute_instance_v2.nfs_server"
          ]
        }
      ]
    },
    {
      "mode": "managed",
      "type": "openstack_networking_network_v2",
      "name": "sequence_search",
      "provider": "provider.openstack",
      "instances": [
        {
          "schema_version": 0,
          "attributes": {
            "admin_state_up": true,
            "all_tags": [],
            "availability_zone_hints": [],
            "description": "",
            "dns_domain": "",
            "external": false,
            "id": "4a5647a6-931e-48bf-9d8b-ac47ebe37089",
            "mtu": 1500,
            "name": "test_sequence_search",
            "port_security_enabled": true,
            "qos_policy_id": "",
            "region": "regionOne",
            "segments": [],
            "shared": false,
            "tags": null,
            "tenant_id": "bd631be0b7e641a7bd0c187493e7104e",
            "timeouts": null,
            "transparent_vlan": false,
            "value_specs": null
          },
          "private": "eyJlMmJmYjczMC1lY2FhLTExZTYtOGY4OC0zNDM2M2JjN2M0YzAiOnsiY3JlYXRlIjo2MDAwMDAwMDAwMDAsImRlbGV0ZSI6NjAwMDAwMDAwMDAwfX0="
        }
      ]
    },
    {
      "mode": "managed",
      "type": "openstack_networking_router_interface_v2",
      "name": "sequence_search",
      "provider": "provider.openstack",
      "instances": [
        {
          "schema_version": 0,
          "attributes": {
            "id": "17bbbf63-e071-462a-afbd-0154cfe51ed6",
            "port_id": "17bbbf63-e071-462a-afbd-0154cfe51ed6",
            "region": "regionOne",
            "router_id": "f458a741-64e5-41d2-896c-34cf7d4c3d91",
            "subnet_id": "3f1ee994-449f-4ef7-8336-a54021cc436d",
            "timeouts": null
          },
          "private": "eyJlMmJmYjczMC1lY2FhLTExZTYtOGY4OC0zNDM2M2JjN2M0YzAiOnsiY3JlYXRlIjo2MDAwMDAwMDAwMDAsImRlbGV0ZSI6NjAwMDAwMDAwMDAwfX0=",
          "depends_on": [
            "openstack_networking_router_v2.sequence_search",
            "openstack_networking_subnet_v2.sequence_search"
          ]
        }
      ]
    },
    {
      "mode": "managed",
      "type": "openstack_networking_router_v2",
      "name": "sequence_search",
      "provider": "provider.openstack",
      "instances": [
        {
          "schema_version": 0,
          "attributes": {
            "admin_state_up": true,
            "all_tags": [],
            "availability_zone_hints": [],
            "description": "",
            "distributed": false,
            "enable_snat": true,
            "external_fixed_ip": [
              {
                "ip_address": "193.62.55.26",
                "subnet_id": "3c926da4-b320-4320-8d62-f70e2078a2fd"
              }
            ],
            "external_gateway": "e25c3173-bb5c-4bbc-83a7-f0551099c8cd",
            "external_network_id": "e25c3173-bb5c-4bbc-83a7-f0551099c8cd",
            "id": "f458a741-64e5-41d2-896c-34cf7d4c3d91",
            "name": "test_sequence_search",
            "region": "regionOne",
            "tags": null,
            "tenant_id": "bd631be0b7e641a7bd0c187493e7104e",
            "timeouts": null,
            "value_specs": null,
            "vendor_options": []
          },
          "private": "eyJlMmJmYjczMC1lY2FhLTExZTYtOGY4OC0zNDM2M2JjN2M0YzAiOnsiY3JlYXRlIjo2MDAwMDAwMDAwMDAsImRlbGV0ZSI6NjAwMDAwMDAwMDAwfX0="
        }
      ]
    },
    {
      "mode": "managed",
      "type": "openstack_networking_subnet_v2",
      "name": "sequence_search",
      "provider": "provider.openstack",
      "instances": [
        {
          "schema_version": 0,
          "attributes": {
            "all_tags": [],
            "allocation_pool": [
              {
                "end": "192.168.0.254",
                "start": "192.168.0.2"
              }
            ],
            "allocation_pools": [
              {
                "end": "192.168.0.254",
                "start": "192.168.0.2"
              }
            ],
            "cidr": "192.168.0.0/24",
            "description": "",
            "dns_nameservers": [
              "8.8.8.8"
            ],
            "enable_dhcp": true,
            "gateway_ip": "192.168.0.1",
            "host_routes": [],
            "id": "3f1ee994-449f-4ef7-8336-a54021cc436d",
            "ip_version": 4,
            "ipv6_address_mode": "",
            "ipv6_ra_mode": "",
            "name": "test_sequence_search",
            "network_id": "4a5647a6-931e-48bf-9d8b-ac47ebe37089",
            "no_gateway": false,
            "prefix_length": null,
            "region": "regionOne",
            "subnetpool_id": "",
            "tags": null,
            "tenant_id": "bd631be0b7e641a7bd0c187493e7104e",
            "timeouts": null,
            "value_specs": null
          },
          "private": "eyJlMmJmYjczMC1lY2FhLTExZTYtOGY4OC0zNDM2M2JjN2M0YzAiOnsiY3JlYXRlIjo2MDAwMDAwMDAwMDAsImRlbGV0ZSI6NjAwMDAwMDAwMDAwfX0=",
          "depends_on": [
            "openstack_networking_network_v2.sequence_search"
          ]
        }
      ]
    }
  ]
}
