{
  "version": 4,
  "terraform_version": "1.0.1",
  "serial": 996,
  "lineage": "58d1277d-9d00-a1da-1018-18b124ec57db",
  "outputs": {
    "floating_ip": {
      "value": [
        "45.88.81.147"
      ],
      "type": [
        "tuple",
        [
          "string"
        ]
      ]
    },
    "tfstate_file": {
      "value": [
        "terraform.tfstate"
      ],
      "type": [
        "tuple",
        [
          "string"
        ]
      ]
    }
  },
  "resources": [
    {
      "mode": "managed",
      "type": "null_resource",
      "name": "pre_flight",
      "provider": "provider[\"registry.terraform.io/hashicorp/null\"]",
      "instances": [
        {
          "schema_version": 0,
          "attributes": {
            "id": "73377598164373379",
            "triggers": {
              "build_number": "2021-08-24T10:55:13Z"
            }
          },
          "sensitive_attributes": [],
          "private": "bnVsbA=="
        }
      ]
    },
    {
      "mode": "managed",
      "type": "openstack_blockstorage_volume_v2",
      "name": "db_volume",
      "provider": "provider[\"registry.terraform.io/terraform-provider-openstack/openstack\"]",
      "instances": [
        {
          "schema_version": 0,
          "attributes": {
            "attachment": [
              {
                "device": "/dev/vdb",
                "id": "bb113e5b-f208-4b1e-aeec-a2c443bbecbb",
                "instance_id": "14de0c52-8de1-40d0-a1ac-ba8711a26332"
              }
            ],
            "availability_zone": "nova",
            "consistency_group_id": null,
            "description": "",
            "id": "bb113e5b-f208-4b1e-aeec-a2c443bbecbb",
            "image_id": null,
            "metadata": {},
            "name": "default-db-volume",
            "region": "RegionOne",
            "scheduler_hints": [],
            "size": 200,
            "snapshot_id": "",
            "source_replica": null,
            "source_vol_id": "",
            "timeouts": null,
            "volume_type": "__DEFAULT__"
          },
          "sensitive_attributes": [],
          "private": "eyJlMmJmYjczMC1lY2FhLTExZTYtOGY4OC0zNDM2M2JjN2M0YzAiOnsiY3JlYXRlIjo2MDAwMDAwMDAwMDAsImRlbGV0ZSI6NjAwMDAwMDAwMDAwfX0="
        }
      ]
    },
    {
      "mode": "managed",
      "type": "openstack_blockstorage_volume_v2",
      "name": "nfs_volume",
      "provider": "provider[\"registry.terraform.io/terraform-provider-openstack/openstack\"]",
      "instances": [
        {
          "schema_version": 0,
          "attributes": {
            "attachment": [
              {
                "device": "/dev/vdb",
                "id": "a48b2a98-f517-429a-a6d8-f36dec104c1b",
                "instance_id": "3a93af7d-714f-483d-9316-656fdaa9ab4c"
              }
            ],
            "availability_zone": "nova",
            "consistency_group_id": null,
            "description": "",
            "id": "a48b2a98-f517-429a-a6d8-f36dec104c1b",
            "image_id": null,
            "metadata": {},
            "name": "default-nfs-volume",
            "region": "RegionOne",
            "scheduler_hints": [],
            "size": 100,
            "snapshot_id": "",
            "source_replica": null,
            "source_vol_id": "",
            "timeouts": null,
            "volume_type": "__DEFAULT__"
          },
          "sensitive_attributes": [],
          "private": "eyJlMmJmYjczMC1lY2FhLTExZTYtOGY4OC0zNDM2M2JjN2M0YzAiOnsiY3JlYXRlIjo2MDAwMDAwMDAwMDAsImRlbGV0ZSI6NjAwMDAwMDAwMDAwfX0="
        }
      ]
    },
    {
      "mode": "managed",
      "type": "openstack_compute_floatingip_associate_v2",
      "name": "sequence_search",
      "provider": "provider[\"registry.terraform.io/terraform-provider-openstack/openstack\"]",
      "instances": [
        {
          "schema_version": 0,
          "attributes": {
            "fixed_ip": "",
            "floating_ip": "45.88.81.147",
            "id": "45.88.81.147/3ef716ca-9a8b-458b-82cf-04caaab2f130/",
            "instance_id": "3ef716ca-9a8b-458b-82cf-04caaab2f130",
            "region": "RegionOne",
            "timeouts": null,
            "wait_until_associated": null
          },
          "sensitive_attributes": [],
          "private": "eyJlMmJmYjczMC1lY2FhLTExZTYtOGY4OC0zNDM2M2JjN2M0YzAiOnsiY3JlYXRlIjo2MDAwMDAwMDAwMDB9fQ==",
          "dependencies": [
            "openstack_compute_instance_v2.producer",
            "openstack_compute_keypair_v2.sequence_search",
            "openstack_compute_secgroup_v2.sequence_search",
            "openstack_networking_network_v2.sequence_search",
            "openstack_networking_router_interface_v2.sequence_search",
            "openstack_networking_router_v2.sequence_search",
            "openstack_networking_subnet_v2.sequence_search"
          ]
        }
      ]
    },
    {
      "mode": "managed",
      "type": "openstack_compute_instance_v2",
      "name": "consumers",
      "provider": "provider[\"registry.terraform.io/terraform-provider-openstack/openstack\"]",
      "instances": [
        {
          "index_key": 0,
          "schema_version": 0,
          "attributes": {
            "access_ip_v4": "192.168.0.9",
            "access_ip_v6": "",
            "admin_pass": null,
            "all_metadata": {},
            "all_tags": [],
            "availability_zone": "nova",
            "availability_zone_hints": null,
            "block_device": [],
            "config_drive": null,
            "flavor_id": "e69dd9e7-4425-4296-bd6e-a26bfc8f3e00",
            "flavor_name": "4c8m80d",
            "floating_ip": null,
            "force_delete": false,
            "id": "430ec2da-d9d6-46a6-8001-ff50f6fd6651",
            "image_id": "2ce60bfc-de17-42d3-9220-07cd292a9584",
            "image_name": "CentOS-8-GenericCloud-8.1",
            "key_pair": "default_sequence_search",
            "metadata": null,
            "name": "default-consumer-1",
            "network": [
              {
                "access_network": false,
                "fixed_ip_v4": "192.168.0.9",
                "fixed_ip_v6": "",
                "floating_ip": "",
                "mac": "fa:16:3e:3f:3b:a4",
                "name": "default_sequence_search",
                "port": "",
                "uuid": "70ba89a5-e3f5-4308-adc5-97deef3cb770"
              }
            ],
            "network_mode": null,
            "personality": [],
            "power_state": "active",
            "region": "RegionOne",
            "scheduler_hints": [],
            "security_groups": [
              "default_sequence_search"
            ],
            "stop_before_destroy": false,
            "tags": [],
            "timeouts": null,
            "user_data": null,
            "vendor_options": [],
            "volume": []
          },
          "sensitive_attributes": [],
          "private": "eyJlMmJmYjczMC1lY2FhLTExZTYtOGY4OC0zNDM2M2JjN2M0YzAiOnsiY3JlYXRlIjoxODAwMDAwMDAwMDAwLCJkZWxldGUiOjE4MDAwMDAwMDAwMDAsInVwZGF0ZSI6MTgwMDAwMDAwMDAwMH19",
          "dependencies": [
            "openstack_compute_keypair_v2.sequence_search",
            "openstack_compute_secgroup_v2.sequence_search",
            "openstack_networking_network_v2.sequence_search",
            "openstack_networking_subnet_v2.sequence_search"
          ]
        },
        {
          "index_key": 1,
          "schema_version": 0,
          "attributes": {
            "access_ip_v4": "192.168.0.10",
            "access_ip_v6": "",
            "admin_pass": null,
            "all_metadata": {},
            "all_tags": [],
            "availability_zone": "nova",
            "availability_zone_hints": null,
            "block_device": [],
            "config_drive": null,
            "flavor_id": "e69dd9e7-4425-4296-bd6e-a26bfc8f3e00",
            "flavor_name": "4c8m80d",
            "floating_ip": null,
            "force_delete": false,
            "id": "3add2834-4d08-4f19-af3d-8f4023ebc99f",
            "image_id": "2ce60bfc-de17-42d3-9220-07cd292a9584",
            "image_name": "CentOS-8-GenericCloud-8.1",
            "key_pair": "default_sequence_search",
            "metadata": null,
            "name": "default-consumer-2",
            "network": [
              {
                "access_network": false,
                "fixed_ip_v4": "192.168.0.10",
                "fixed_ip_v6": "",
                "floating_ip": "",
                "mac": "fa:16:3e:ae:ec:33",
                "name": "default_sequence_search",
                "port": "",
                "uuid": "70ba89a5-e3f5-4308-adc5-97deef3cb770"
              }
            ],
            "network_mode": null,
            "personality": [],
            "power_state": "active",
            "region": "RegionOne",
            "scheduler_hints": [],
            "security_groups": [
              "default_sequence_search"
            ],
            "stop_before_destroy": false,
            "tags": [],
            "timeouts": null,
            "user_data": null,
            "vendor_options": [],
            "volume": []
          },
          "sensitive_attributes": [],
          "private": "eyJlMmJmYjczMC1lY2FhLTExZTYtOGY4OC0zNDM2M2JjN2M0YzAiOnsiY3JlYXRlIjoxODAwMDAwMDAwMDAwLCJkZWxldGUiOjE4MDAwMDAwMDAwMDAsInVwZGF0ZSI6MTgwMDAwMDAwMDAwMH19",
          "dependencies": [
            "openstack_compute_keypair_v2.sequence_search",
            "openstack_compute_secgroup_v2.sequence_search",
            "openstack_networking_network_v2.sequence_search",
            "openstack_networking_subnet_v2.sequence_search"
          ]
        },
        {
          "index_key": 2,
          "schema_version": 0,
          "attributes": {
            "access_ip_v4": "192.168.0.11",
            "access_ip_v6": "",
            "admin_pass": null,
            "all_metadata": {},
            "all_tags": [],
            "availability_zone": "nova",
            "availability_zone_hints": null,
            "block_device": [],
            "config_drive": null,
            "flavor_id": "e69dd9e7-4425-4296-bd6e-a26bfc8f3e00",
            "flavor_name": "4c8m80d",
            "floating_ip": null,
            "force_delete": false,
            "id": "27d6d9f6-f9a4-45ea-a569-20afd2647c4e",
            "image_id": "2ce60bfc-de17-42d3-9220-07cd292a9584",
            "image_name": "CentOS-8-GenericCloud-8.1",
            "key_pair": "default_sequence_search",
            "metadata": null,
            "name": "default-consumer-3",
            "network": [
              {
                "access_network": false,
                "fixed_ip_v4": "192.168.0.11",
                "fixed_ip_v6": "",
                "floating_ip": "",
                "mac": "fa:16:3e:f6:01:4f",
                "name": "default_sequence_search",
                "port": "",
                "uuid": "70ba89a5-e3f5-4308-adc5-97deef3cb770"
              }
            ],
            "network_mode": null,
            "personality": [],
            "power_state": "active",
            "region": "RegionOne",
            "scheduler_hints": [],
            "security_groups": [
              "default_sequence_search"
            ],
            "stop_before_destroy": false,
            "tags": [],
            "timeouts": null,
            "user_data": null,
            "vendor_options": [],
            "volume": []
          },
          "sensitive_attributes": [],
          "private": "eyJlMmJmYjczMC1lY2FhLTExZTYtOGY4OC0zNDM2M2JjN2M0YzAiOnsiY3JlYXRlIjoxODAwMDAwMDAwMDAwLCJkZWxldGUiOjE4MDAwMDAwMDAwMDAsInVwZGF0ZSI6MTgwMDAwMDAwMDAwMH19",
          "dependencies": [
            "openstack_compute_keypair_v2.sequence_search",
            "openstack_compute_secgroup_v2.sequence_search",
            "openstack_networking_network_v2.sequence_search",
            "openstack_networking_subnet_v2.sequence_search"
          ]
        },
        {
          "index_key": 3,
          "schema_version": 0,
          "attributes": {
            "access_ip_v4": "192.168.0.12",
            "access_ip_v6": "",
            "admin_pass": null,
            "all_metadata": {},
            "all_tags": [],
            "availability_zone": "nova",
            "availability_zone_hints": null,
            "block_device": [],
            "config_drive": null,
            "flavor_id": "e69dd9e7-4425-4296-bd6e-a26bfc8f3e00",
            "flavor_name": "4c8m80d",
            "floating_ip": null,
            "force_delete": false,
            "id": "30d9eb50-1ae1-45b3-ab05-244e3e2ae6f9",
            "image_id": "2ce60bfc-de17-42d3-9220-07cd292a9584",
            "image_name": "CentOS-8-GenericCloud-8.1",
            "key_pair": "default_sequence_search",
            "metadata": null,
            "name": "default-consumer-4",
            "network": [
              {
                "access_network": false,
                "fixed_ip_v4": "192.168.0.12",
                "fixed_ip_v6": "",
                "floating_ip": "",
                "mac": "fa:16:3e:3d:60:45",
                "name": "default_sequence_search",
                "port": "",
                "uuid": "70ba89a5-e3f5-4308-adc5-97deef3cb770"
              }
            ],
            "network_mode": null,
            "personality": [],
            "power_state": "active",
            "region": "RegionOne",
            "scheduler_hints": [],
            "security_groups": [
              "default_sequence_search"
            ],
            "stop_before_destroy": false,
            "tags": [],
            "timeouts": null,
            "user_data": null,
            "vendor_options": [],
            "volume": []
          },
          "sensitive_attributes": [],
          "private": "eyJlMmJmYjczMC1lY2FhLTExZTYtOGY4OC0zNDM2M2JjN2M0YzAiOnsiY3JlYXRlIjoxODAwMDAwMDAwMDAwLCJkZWxldGUiOjE4MDAwMDAwMDAwMDAsInVwZGF0ZSI6MTgwMDAwMDAwMDAwMH19",
          "dependencies": [
            "openstack_networking_subnet_v2.sequence_search",
            "openstack_compute_keypair_v2.sequence_search",
            "openstack_compute_secgroup_v2.sequence_search",
            "openstack_networking_network_v2.sequence_search"
          ]
        },
        {
          "index_key": 4,
          "schema_version": 0,
          "attributes": {
            "access_ip_v4": "192.168.0.13",
            "access_ip_v6": "",
            "admin_pass": null,
            "all_metadata": {},
            "all_tags": [],
            "availability_zone": "nova",
            "availability_zone_hints": null,
            "block_device": [],
            "config_drive": null,
            "flavor_id": "e69dd9e7-4425-4296-bd6e-a26bfc8f3e00",
            "flavor_name": "4c8m80d",
            "floating_ip": null,
            "force_delete": false,
            "id": "80600ef3-6ddf-458b-965e-dc83479dad7a",
            "image_id": "2ce60bfc-de17-42d3-9220-07cd292a9584",
            "image_name": "CentOS-8-GenericCloud-8.1",
            "key_pair": "default_sequence_search",
            "metadata": null,
            "name": "default-consumer-5",
            "network": [
              {
                "access_network": false,
                "fixed_ip_v4": "192.168.0.13",
                "fixed_ip_v6": "",
                "floating_ip": "",
                "mac": "fa:16:3e:c1:f7:a0",
                "name": "default_sequence_search",
                "port": "",
                "uuid": "70ba89a5-e3f5-4308-adc5-97deef3cb770"
              }
            ],
            "network_mode": null,
            "personality": [],
            "power_state": "active",
            "region": "RegionOne",
            "scheduler_hints": [],
            "security_groups": [
              "default_sequence_search"
            ],
            "stop_before_destroy": false,
            "tags": [],
            "timeouts": null,
            "user_data": null,
            "vendor_options": [],
            "volume": []
          },
          "sensitive_attributes": [],
          "private": "eyJlMmJmYjczMC1lY2FhLTExZTYtOGY4OC0zNDM2M2JjN2M0YzAiOnsiY3JlYXRlIjoxODAwMDAwMDAwMDAwLCJkZWxldGUiOjE4MDAwMDAwMDAwMDAsInVwZGF0ZSI6MTgwMDAwMDAwMDAwMH19",
          "dependencies": [
            "openstack_compute_keypair_v2.sequence_search",
            "openstack_compute_secgroup_v2.sequence_search",
            "openstack_networking_network_v2.sequence_search",
            "openstack_networking_subnet_v2.sequence_search"
          ]
        },
        {
          "index_key": 5,
          "schema_version": 0,
          "attributes": {
            "access_ip_v4": "192.168.0.14",
            "access_ip_v6": "",
            "admin_pass": null,
            "all_metadata": {},
            "all_tags": [],
            "availability_zone": "nova",
            "availability_zone_hints": null,
            "block_device": [],
            "config_drive": null,
            "flavor_id": "e69dd9e7-4425-4296-bd6e-a26bfc8f3e00",
            "flavor_name": "4c8m80d",
            "floating_ip": null,
            "force_delete": false,
            "id": "0fa58daf-1877-432a-ae38-72c3cd9c10db",
            "image_id": "2ce60bfc-de17-42d3-9220-07cd292a9584",
            "image_name": "CentOS-8-GenericCloud-8.1",
            "key_pair": "default_sequence_search",
            "metadata": null,
            "name": "default-consumer-6",
            "network": [
              {
                "access_network": false,
                "fixed_ip_v4": "192.168.0.14",
                "fixed_ip_v6": "",
                "floating_ip": "",
                "mac": "fa:16:3e:ea:e6:64",
                "name": "default_sequence_search",
                "port": "",
                "uuid": "70ba89a5-e3f5-4308-adc5-97deef3cb770"
              }
            ],
            "network_mode": null,
            "personality": [],
            "power_state": "active",
            "region": "RegionOne",
            "scheduler_hints": [],
            "security_groups": [
              "default_sequence_search"
            ],
            "stop_before_destroy": false,
            "tags": null,
            "timeouts": null,
            "user_data": null,
            "vendor_options": [],
            "volume": []
          },
          "sensitive_attributes": [],
          "private": "eyJlMmJmYjczMC1lY2FhLTExZTYtOGY4OC0zNDM2M2JjN2M0YzAiOnsiY3JlYXRlIjoxODAwMDAwMDAwMDAwLCJkZWxldGUiOjE4MDAwMDAwMDAwMDAsInVwZGF0ZSI6MTgwMDAwMDAwMDAwMH19",
          "dependencies": [
            "openstack_compute_keypair_v2.sequence_search",
            "openstack_compute_secgroup_v2.sequence_search",
            "openstack_networking_network_v2.sequence_search",
            "openstack_networking_subnet_v2.sequence_search"
          ]
        },
        {
          "index_key": 6,
          "schema_version": 0,
          "attributes": {
            "access_ip_v4": "192.168.0.15",
            "access_ip_v6": "",
            "admin_pass": null,
            "all_metadata": {},
            "all_tags": [],
            "availability_zone": "nova",
            "availability_zone_hints": null,
            "block_device": [],
            "config_drive": null,
            "flavor_id": "e69dd9e7-4425-4296-bd6e-a26bfc8f3e00",
            "flavor_name": "4c8m80d",
            "floating_ip": null,
            "force_delete": false,
            "id": "04a4fc5b-7526-4513-a176-f82ff87507b8",
            "image_id": "2ce60bfc-de17-42d3-9220-07cd292a9584",
            "image_name": "CentOS-8-GenericCloud-8.1",
            "key_pair": "default_sequence_search",
            "metadata": null,
            "name": "default-consumer-7",
            "network": [
              {
                "access_network": false,
                "fixed_ip_v4": "192.168.0.15",
                "fixed_ip_v6": "",
                "floating_ip": "",
                "mac": "fa:16:3e:c3:65:8c",
                "name": "default_sequence_search",
                "port": "",
                "uuid": "70ba89a5-e3f5-4308-adc5-97deef3cb770"
              }
            ],
            "network_mode": null,
            "personality": [],
            "power_state": "active",
            "region": "RegionOne",
            "scheduler_hints": [],
            "security_groups": [
              "default_sequence_search"
            ],
            "stop_before_destroy": false,
            "tags": [],
            "timeouts": null,
            "user_data": null,
            "vendor_options": [],
            "volume": []
          },
          "sensitive_attributes": [],
          "private": "eyJlMmJmYjczMC1lY2FhLTExZTYtOGY4OC0zNDM2M2JjN2M0YzAiOnsiY3JlYXRlIjoxODAwMDAwMDAwMDAwLCJkZWxldGUiOjE4MDAwMDAwMDAwMDAsInVwZGF0ZSI6MTgwMDAwMDAwMDAwMH19",
          "dependencies": [
            "openstack_compute_secgroup_v2.sequence_search",
            "openstack_networking_network_v2.sequence_search",
            "openstack_networking_subnet_v2.sequence_search",
            "openstack_compute_keypair_v2.sequence_search"
          ]
        },
        {
          "index_key": 7,
          "schema_version": 0,
          "attributes": {
            "access_ip_v4": "192.168.0.16",
            "access_ip_v6": "",
            "admin_pass": null,
            "all_metadata": {},
            "all_tags": [],
            "availability_zone": "nova",
            "availability_zone_hints": null,
            "block_device": [],
            "config_drive": null,
            "flavor_id": "e69dd9e7-4425-4296-bd6e-a26bfc8f3e00",
            "flavor_name": "4c8m80d",
            "floating_ip": null,
            "force_delete": false,
            "id": "3beb66fa-16de-4379-bad1-dae2c3a16d37",
            "image_id": "2ce60bfc-de17-42d3-9220-07cd292a9584",
            "image_name": "CentOS-8-GenericCloud-8.1",
            "key_pair": "default_sequence_search",
            "metadata": null,
            "name": "default-consumer-8",
            "network": [
              {
                "access_network": false,
                "fixed_ip_v4": "192.168.0.16",
                "fixed_ip_v6": "",
                "floating_ip": "",
                "mac": "fa:16:3e:de:d1:64",
                "name": "default_sequence_search",
                "port": "",
                "uuid": "70ba89a5-e3f5-4308-adc5-97deef3cb770"
              }
            ],
            "network_mode": null,
            "personality": [],
            "power_state": "active",
            "region": "RegionOne",
            "scheduler_hints": [],
            "security_groups": [
              "default_sequence_search"
            ],
            "stop_before_destroy": false,
            "tags": [],
            "timeouts": null,
            "user_data": null,
            "vendor_options": [],
            "volume": []
          },
          "sensitive_attributes": [],
          "private": "eyJlMmJmYjczMC1lY2FhLTExZTYtOGY4OC0zNDM2M2JjN2M0YzAiOnsiY3JlYXRlIjoxODAwMDAwMDAwMDAwLCJkZWxldGUiOjE4MDAwMDAwMDAwMDAsInVwZGF0ZSI6MTgwMDAwMDAwMDAwMH19",
          "dependencies": [
            "openstack_compute_keypair_v2.sequence_search",
            "openstack_compute_secgroup_v2.sequence_search",
            "openstack_networking_network_v2.sequence_search",
            "openstack_networking_subnet_v2.sequence_search"
          ]
        },
        {
          "index_key": 8,
          "schema_version": 0,
          "attributes": {
            "access_ip_v4": "192.168.0.17",
            "access_ip_v6": "",
            "admin_pass": null,
            "all_metadata": {},
            "all_tags": [],
            "availability_zone": "nova",
            "availability_zone_hints": null,
            "block_device": [],
            "config_drive": null,
            "flavor_id": "e69dd9e7-4425-4296-bd6e-a26bfc8f3e00",
            "flavor_name": "4c8m80d",
            "floating_ip": null,
            "force_delete": false,
            "id": "56e36764-3419-40fe-89f0-befc31783f93",
            "image_id": "2ce60bfc-de17-42d3-9220-07cd292a9584",
            "image_name": "CentOS-8-GenericCloud-8.1",
            "key_pair": "default_sequence_search",
            "metadata": null,
            "name": "default-consumer-9",
            "network": [
              {
                "access_network": false,
                "fixed_ip_v4": "192.168.0.17",
                "fixed_ip_v6": "",
                "floating_ip": "",
                "mac": "fa:16:3e:d4:88:76",
                "name": "default_sequence_search",
                "port": "",
                "uuid": "70ba89a5-e3f5-4308-adc5-97deef3cb770"
              }
            ],
            "network_mode": null,
            "personality": [],
            "power_state": "active",
            "region": "RegionOne",
            "scheduler_hints": [],
            "security_groups": [
              "default_sequence_search"
            ],
            "stop_before_destroy": false,
            "tags": [],
            "timeouts": null,
            "user_data": null,
            "vendor_options": [],
            "volume": []
          },
          "sensitive_attributes": [],
          "private": "eyJlMmJmYjczMC1lY2FhLTExZTYtOGY4OC0zNDM2M2JjN2M0YzAiOnsiY3JlYXRlIjoxODAwMDAwMDAwMDAwLCJkZWxldGUiOjE4MDAwMDAwMDAwMDAsInVwZGF0ZSI6MTgwMDAwMDAwMDAwMH19",
          "dependencies": [
            "openstack_compute_secgroup_v2.sequence_search",
            "openstack_networking_network_v2.sequence_search",
            "openstack_networking_subnet_v2.sequence_search",
            "openstack_compute_keypair_v2.sequence_search"
          ]
        },
        {
          "index_key": 9,
          "schema_version": 0,
          "attributes": {
            "access_ip_v4": "192.168.0.18",
            "access_ip_v6": "",
            "admin_pass": null,
            "all_metadata": {},
            "all_tags": [],
            "availability_zone": "nova",
            "availability_zone_hints": null,
            "block_device": [],
            "config_drive": null,
            "flavor_id": "e69dd9e7-4425-4296-bd6e-a26bfc8f3e00",
            "flavor_name": "4c8m80d",
            "floating_ip": null,
            "force_delete": false,
            "id": "5f086323-00dc-45a1-aa8c-8b39e9e35bcb",
            "image_id": "2ce60bfc-de17-42d3-9220-07cd292a9584",
            "image_name": "CentOS-8-GenericCloud-8.1",
            "key_pair": "default_sequence_search",
            "metadata": null,
            "name": "default-consumer-10",
            "network": [
              {
                "access_network": false,
                "fixed_ip_v4": "192.168.0.18",
                "fixed_ip_v6": "",
                "floating_ip": "",
                "mac": "fa:16:3e:4f:95:48",
                "name": "default_sequence_search",
                "port": "",
                "uuid": "70ba89a5-e3f5-4308-adc5-97deef3cb770"
              }
            ],
            "network_mode": null,
            "personality": [],
            "power_state": "active",
            "region": "RegionOne",
            "scheduler_hints": [],
            "security_groups": [
              "default_sequence_search"
            ],
            "stop_before_destroy": false,
            "tags": [],
            "timeouts": null,
            "user_data": null,
            "vendor_options": [],
            "volume": []
          },
          "sensitive_attributes": [],
          "private": "eyJlMmJmYjczMC1lY2FhLTExZTYtOGY4OC0zNDM2M2JjN2M0YzAiOnsiY3JlYXRlIjoxODAwMDAwMDAwMDAwLCJkZWxldGUiOjE4MDAwMDAwMDAwMDAsInVwZGF0ZSI6MTgwMDAwMDAwMDAwMH19",
          "dependencies": [
            "openstack_compute_keypair_v2.sequence_search",
            "openstack_compute_secgroup_v2.sequence_search",
            "openstack_networking_network_v2.sequence_search",
            "openstack_networking_subnet_v2.sequence_search"
          ]
        },
        {
          "index_key": 10,
          "schema_version": 0,
          "attributes": {
            "access_ip_v4": "192.168.0.19",
            "access_ip_v6": "",
            "admin_pass": null,
            "all_metadata": {},
            "all_tags": [],
            "availability_zone": "nova",
            "availability_zone_hints": null,
            "block_device": [],
            "config_drive": null,
            "flavor_id": "e69dd9e7-4425-4296-bd6e-a26bfc8f3e00",
            "flavor_name": "4c8m80d",
            "floating_ip": null,
            "force_delete": false,
            "id": "c19a45da-6e37-426a-9b5b-010b0dfc360f",
            "image_id": "2ce60bfc-de17-42d3-9220-07cd292a9584",
            "image_name": "CentOS-8-GenericCloud-8.1",
            "key_pair": "default_sequence_search",
            "metadata": null,
            "name": "default-consumer-11",
            "network": [
              {
                "access_network": false,
                "fixed_ip_v4": "192.168.0.19",
                "fixed_ip_v6": "",
                "floating_ip": "",
                "mac": "fa:16:3e:f0:e7:c8",
                "name": "default_sequence_search",
                "port": "",
                "uuid": "70ba89a5-e3f5-4308-adc5-97deef3cb770"
              }
            ],
            "network_mode": null,
            "personality": [],
            "power_state": "active",
            "region": "RegionOne",
            "scheduler_hints": [],
            "security_groups": [
              "default_sequence_search"
            ],
            "stop_before_destroy": false,
            "tags": [],
            "timeouts": null,
            "user_data": null,
            "vendor_options": [],
            "volume": []
          },
          "sensitive_attributes": [],
          "private": "eyJlMmJmYjczMC1lY2FhLTExZTYtOGY4OC0zNDM2M2JjN2M0YzAiOnsiY3JlYXRlIjoxODAwMDAwMDAwMDAwLCJkZWxldGUiOjE4MDAwMDAwMDAwMDAsInVwZGF0ZSI6MTgwMDAwMDAwMDAwMH19",
          "dependencies": [
            "openstack_compute_secgroup_v2.sequence_search",
            "openstack_networking_network_v2.sequence_search",
            "openstack_networking_subnet_v2.sequence_search",
            "openstack_compute_keypair_v2.sequence_search"
          ]
        },
        {
          "index_key": 11,
          "schema_version": 0,
          "attributes": {
            "access_ip_v4": "192.168.0.20",
            "access_ip_v6": "",
            "admin_pass": null,
            "all_metadata": {},
            "all_tags": [],
            "availability_zone": "nova",
            "availability_zone_hints": null,
            "block_device": [],
            "config_drive": null,
            "flavor_id": "e69dd9e7-4425-4296-bd6e-a26bfc8f3e00",
            "flavor_name": "4c8m80d",
            "floating_ip": null,
            "force_delete": false,
            "id": "f8c1e3ea-f095-45fc-ad54-d13e8f842d3a",
            "image_id": "2ce60bfc-de17-42d3-9220-07cd292a9584",
            "image_name": "CentOS-8-GenericCloud-8.1",
            "key_pair": "default_sequence_search",
            "metadata": null,
            "name": "default-consumer-12",
            "network": [
              {
                "access_network": false,
                "fixed_ip_v4": "192.168.0.20",
                "fixed_ip_v6": "",
                "floating_ip": "",
                "mac": "fa:16:3e:fb:76:02",
                "name": "default_sequence_search",
                "port": "",
                "uuid": "70ba89a5-e3f5-4308-adc5-97deef3cb770"
              }
            ],
            "network_mode": null,
            "personality": [],
            "power_state": "active",
            "region": "RegionOne",
            "scheduler_hints": [],
            "security_groups": [
              "default_sequence_search"
            ],
            "stop_before_destroy": false,
            "tags": [],
            "timeouts": null,
            "user_data": null,
            "vendor_options": [],
            "volume": []
          },
          "sensitive_attributes": [],
          "private": "eyJlMmJmYjczMC1lY2FhLTExZTYtOGY4OC0zNDM2M2JjN2M0YzAiOnsiY3JlYXRlIjoxODAwMDAwMDAwMDAwLCJkZWxldGUiOjE4MDAwMDAwMDAwMDAsInVwZGF0ZSI6MTgwMDAwMDAwMDAwMH19",
          "dependencies": [
            "openstack_compute_secgroup_v2.sequence_search",
            "openstack_networking_network_v2.sequence_search",
            "openstack_networking_subnet_v2.sequence_search",
            "openstack_compute_keypair_v2.sequence_search"
          ]
        },
        {
          "index_key": 12,
          "schema_version": 0,
          "attributes": {
            "access_ip_v4": "192.168.0.21",
            "access_ip_v6": "",
            "admin_pass": null,
            "all_metadata": {},
            "all_tags": [],
            "availability_zone": "nova",
            "availability_zone_hints": null,
            "block_device": [],
            "config_drive": null,
            "flavor_id": "e69dd9e7-4425-4296-bd6e-a26bfc8f3e00",
            "flavor_name": "4c8m80d",
            "floating_ip": null,
            "force_delete": false,
            "id": "9762840c-622f-4456-a57f-0827d3493816",
            "image_id": "2ce60bfc-de17-42d3-9220-07cd292a9584",
            "image_name": "CentOS-8-GenericCloud-8.1",
            "key_pair": "default_sequence_search",
            "metadata": null,
            "name": "default-consumer-13",
            "network": [
              {
                "access_network": false,
                "fixed_ip_v4": "192.168.0.21",
                "fixed_ip_v6": "",
                "floating_ip": "",
                "mac": "fa:16:3e:26:c6:7f",
                "name": "default_sequence_search",
                "port": "",
                "uuid": "70ba89a5-e3f5-4308-adc5-97deef3cb770"
              }
            ],
            "network_mode": null,
            "personality": [],
            "power_state": "active",
            "region": "RegionOne",
            "scheduler_hints": [],
            "security_groups": [
              "default_sequence_search"
            ],
            "stop_before_destroy": false,
            "tags": [],
            "timeouts": null,
            "user_data": null,
            "vendor_options": [],
            "volume": []
          },
          "sensitive_attributes": [],
          "private": "eyJlMmJmYjczMC1lY2FhLTExZTYtOGY4OC0zNDM2M2JjN2M0YzAiOnsiY3JlYXRlIjoxODAwMDAwMDAwMDAwLCJkZWxldGUiOjE4MDAwMDAwMDAwMDAsInVwZGF0ZSI6MTgwMDAwMDAwMDAwMH19",
          "dependencies": [
            "openstack_compute_keypair_v2.sequence_search",
            "openstack_compute_secgroup_v2.sequence_search",
            "openstack_networking_network_v2.sequence_search",
            "openstack_networking_subnet_v2.sequence_search"
          ]
        },
        {
          "index_key": 13,
          "schema_version": 0,
          "attributes": {
            "access_ip_v4": "192.168.0.22",
            "access_ip_v6": "",
            "admin_pass": null,
            "all_metadata": {},
            "all_tags": [],
            "availability_zone": "nova",
            "availability_zone_hints": null,
            "block_device": [],
            "config_drive": null,
            "flavor_id": "e69dd9e7-4425-4296-bd6e-a26bfc8f3e00",
            "flavor_name": "4c8m80d",
            "floating_ip": null,
            "force_delete": false,
            "id": "f3c740fc-d62f-4665-864b-82b26bfedd65",
            "image_id": "2ce60bfc-de17-42d3-9220-07cd292a9584",
            "image_name": "CentOS-8-GenericCloud-8.1",
            "key_pair": "default_sequence_search",
            "metadata": null,
            "name": "default-consumer-14",
            "network": [
              {
                "access_network": false,
                "fixed_ip_v4": "192.168.0.22",
                "fixed_ip_v6": "",
                "floating_ip": "",
                "mac": "fa:16:3e:90:90:0a",
                "name": "default_sequence_search",
                "port": "",
                "uuid": "70ba89a5-e3f5-4308-adc5-97deef3cb770"
              }
            ],
            "network_mode": null,
            "personality": [],
            "power_state": "active",
            "region": "RegionOne",
            "scheduler_hints": [],
            "security_groups": [
              "default_sequence_search"
            ],
            "stop_before_destroy": false,
            "tags": [],
            "timeouts": null,
            "user_data": null,
            "vendor_options": [],
            "volume": []
          },
          "sensitive_attributes": [],
          "private": "eyJlMmJmYjczMC1lY2FhLTExZTYtOGY4OC0zNDM2M2JjN2M0YzAiOnsiY3JlYXRlIjoxODAwMDAwMDAwMDAwLCJkZWxldGUiOjE4MDAwMDAwMDAwMDAsInVwZGF0ZSI6MTgwMDAwMDAwMDAwMH19",
          "dependencies": [
            "openstack_compute_secgroup_v2.sequence_search",
            "openstack_networking_network_v2.sequence_search",
            "openstack_networking_subnet_v2.sequence_search",
            "openstack_compute_keypair_v2.sequence_search"
          ]
        },
        {
          "index_key": 14,
          "schema_version": 0,
          "attributes": {
            "access_ip_v4": "192.168.0.23",
            "access_ip_v6": "",
            "admin_pass": null,
            "all_metadata": {},
            "all_tags": [],
            "availability_zone": "nova",
            "availability_zone_hints": null,
            "block_device": [],
            "config_drive": null,
            "flavor_id": "e69dd9e7-4425-4296-bd6e-a26bfc8f3e00",
            "flavor_name": "4c8m80d",
            "floating_ip": null,
            "force_delete": false,
            "id": "7ddaf7e4-0168-4393-abf5-39f96a266e18",
            "image_id": "2ce60bfc-de17-42d3-9220-07cd292a9584",
            "image_name": "CentOS-8-GenericCloud-8.1",
            "key_pair": "default_sequence_search",
            "metadata": null,
            "name": "default-consumer-15",
            "network": [
              {
                "access_network": false,
                "fixed_ip_v4": "192.168.0.23",
                "fixed_ip_v6": "",
                "floating_ip": "",
                "mac": "fa:16:3e:49:f1:23",
                "name": "default_sequence_search",
                "port": "",
                "uuid": "70ba89a5-e3f5-4308-adc5-97deef3cb770"
              }
            ],
            "network_mode": null,
            "personality": [],
            "power_state": "active",
            "region": "RegionOne",
            "scheduler_hints": [],
            "security_groups": [
              "default_sequence_search"
            ],
            "stop_before_destroy": false,
            "tags": [],
            "timeouts": null,
            "user_data": null,
            "vendor_options": [],
            "volume": []
          },
          "sensitive_attributes": [],
          "private": "eyJlMmJmYjczMC1lY2FhLTExZTYtOGY4OC0zNDM2M2JjN2M0YzAiOnsiY3JlYXRlIjoxODAwMDAwMDAwMDAwLCJkZWxldGUiOjE4MDAwMDAwMDAwMDAsInVwZGF0ZSI6MTgwMDAwMDAwMDAwMH19",
          "dependencies": [
            "openstack_networking_subnet_v2.sequence_search",
            "openstack_compute_keypair_v2.sequence_search",
            "openstack_compute_secgroup_v2.sequence_search",
            "openstack_networking_network_v2.sequence_search"
          ]
        },
        {
          "index_key": 15,
          "schema_version": 0,
          "attributes": {
            "access_ip_v4": "192.168.0.24",
            "access_ip_v6": "",
            "admin_pass": null,
            "all_metadata": {},
            "all_tags": [],
            "availability_zone": "nova",
            "availability_zone_hints": null,
            "block_device": [],
            "config_drive": null,
            "flavor_id": "e69dd9e7-4425-4296-bd6e-a26bfc8f3e00",
            "flavor_name": "4c8m80d",
            "floating_ip": null,
            "force_delete": false,
            "id": "a0d941a4-1c2d-4e4f-9a33-95101e82cebe",
            "image_id": "2ce60bfc-de17-42d3-9220-07cd292a9584",
            "image_name": "CentOS-8-GenericCloud-8.1",
            "key_pair": "default_sequence_search",
            "metadata": null,
            "name": "default-consumer-16",
            "network": [
              {
                "access_network": false,
                "fixed_ip_v4": "192.168.0.24",
                "fixed_ip_v6": "",
                "floating_ip": "",
                "mac": "fa:16:3e:ec:f2:25",
                "name": "default_sequence_search",
                "port": "",
                "uuid": "70ba89a5-e3f5-4308-adc5-97deef3cb770"
              }
            ],
            "network_mode": null,
            "personality": [],
            "power_state": "active",
            "region": "RegionOne",
            "scheduler_hints": [],
            "security_groups": [
              "default_sequence_search"
            ],
            "stop_before_destroy": false,
            "tags": [],
            "timeouts": null,
            "user_data": null,
            "vendor_options": [],
            "volume": []
          },
          "sensitive_attributes": [],
          "private": "eyJlMmJmYjczMC1lY2FhLTExZTYtOGY4OC0zNDM2M2JjN2M0YzAiOnsiY3JlYXRlIjoxODAwMDAwMDAwMDAwLCJkZWxldGUiOjE4MDAwMDAwMDAwMDAsInVwZGF0ZSI6MTgwMDAwMDAwMDAwMH19",
          "dependencies": [
            "openstack_compute_keypair_v2.sequence_search",
            "openstack_compute_secgroup_v2.sequence_search",
            "openstack_networking_network_v2.sequence_search",
            "openstack_networking_subnet_v2.sequence_search"
          ]
        },
        {
          "index_key": 16,
          "schema_version": 0,
          "attributes": {
            "access_ip_v4": "192.168.0.25",
            "access_ip_v6": "",
            "admin_pass": null,
            "all_metadata": {},
            "all_tags": [],
            "availability_zone": "nova",
            "availability_zone_hints": null,
            "block_device": [],
            "config_drive": null,
            "flavor_id": "e69dd9e7-4425-4296-bd6e-a26bfc8f3e00",
            "flavor_name": "4c8m80d",
            "floating_ip": null,
            "force_delete": false,
            "id": "6f68d9f1-8010-4dc6-88ab-f101aad91a2e",
            "image_id": "2ce60bfc-de17-42d3-9220-07cd292a9584",
            "image_name": "CentOS-8-GenericCloud-8.1",
            "key_pair": "default_sequence_search",
            "metadata": null,
            "name": "default-consumer-17",
            "network": [
              {
                "access_network": false,
                "fixed_ip_v4": "192.168.0.25",
                "fixed_ip_v6": "",
                "floating_ip": "",
                "mac": "fa:16:3e:6b:df:de",
                "name": "default_sequence_search",
                "port": "",
                "uuid": "70ba89a5-e3f5-4308-adc5-97deef3cb770"
              }
            ],
            "network_mode": null,
            "personality": [],
            "power_state": "active",
            "region": "RegionOne",
            "scheduler_hints": [],
            "security_groups": [
              "default_sequence_search"
            ],
            "stop_before_destroy": false,
            "tags": [],
            "timeouts": null,
            "user_data": null,
            "vendor_options": [],
            "volume": []
          },
          "sensitive_attributes": [],
          "private": "eyJlMmJmYjczMC1lY2FhLTExZTYtOGY4OC0zNDM2M2JjN2M0YzAiOnsiY3JlYXRlIjoxODAwMDAwMDAwMDAwLCJkZWxldGUiOjE4MDAwMDAwMDAwMDAsInVwZGF0ZSI6MTgwMDAwMDAwMDAwMH19",
          "dependencies": [
            "openstack_compute_keypair_v2.sequence_search",
            "openstack_compute_secgroup_v2.sequence_search",
            "openstack_networking_network_v2.sequence_search",
            "openstack_networking_subnet_v2.sequence_search"
          ]
        },
        {
          "index_key": 17,
          "schema_version": 0,
          "attributes": {
            "access_ip_v4": "192.168.0.26",
            "access_ip_v6": "",
            "admin_pass": null,
            "all_metadata": {},
            "all_tags": [],
            "availability_zone": "nova",
            "availability_zone_hints": null,
            "block_device": [],
            "config_drive": null,
            "flavor_id": "e69dd9e7-4425-4296-bd6e-a26bfc8f3e00",
            "flavor_name": "4c8m80d",
            "floating_ip": null,
            "force_delete": false,
            "id": "037de8d6-6a4c-476b-bb10-99540eff92b5",
            "image_id": "2ce60bfc-de17-42d3-9220-07cd292a9584",
            "image_name": "CentOS-8-GenericCloud-8.1",
            "key_pair": "default_sequence_search",
            "metadata": null,
            "name": "default-consumer-18",
            "network": [
              {
                "access_network": false,
                "fixed_ip_v4": "192.168.0.26",
                "fixed_ip_v6": "",
                "floating_ip": "",
                "mac": "fa:16:3e:47:a7:47",
                "name": "default_sequence_search",
                "port": "",
                "uuid": "70ba89a5-e3f5-4308-adc5-97deef3cb770"
              }
            ],
            "network_mode": null,
            "personality": [],
            "power_state": "active",
            "region": "RegionOne",
            "scheduler_hints": [],
            "security_groups": [
              "default_sequence_search"
            ],
            "stop_before_destroy": false,
            "tags": [],
            "timeouts": null,
            "user_data": null,
            "vendor_options": [],
            "volume": []
          },
          "sensitive_attributes": [],
          "private": "eyJlMmJmYjczMC1lY2FhLTExZTYtOGY4OC0zNDM2M2JjN2M0YzAiOnsiY3JlYXRlIjoxODAwMDAwMDAwMDAwLCJkZWxldGUiOjE4MDAwMDAwMDAwMDAsInVwZGF0ZSI6MTgwMDAwMDAwMDAwMH19",
          "dependencies": [
            "openstack_compute_keypair_v2.sequence_search",
            "openstack_compute_secgroup_v2.sequence_search",
            "openstack_networking_network_v2.sequence_search",
            "openstack_networking_subnet_v2.sequence_search"
          ]
        },
        {
          "index_key": 18,
          "schema_version": 0,
          "attributes": {
            "access_ip_v4": "192.168.0.27",
            "access_ip_v6": "",
            "admin_pass": null,
            "all_metadata": {},
            "all_tags": [],
            "availability_zone": "nova",
            "availability_zone_hints": null,
            "block_device": [],
            "config_drive": null,
            "flavor_id": "e69dd9e7-4425-4296-bd6e-a26bfc8f3e00",
            "flavor_name": "4c8m80d",
            "floating_ip": null,
            "force_delete": false,
            "id": "d3194364-71bd-4325-891c-3af13ae68014",
            "image_id": "2ce60bfc-de17-42d3-9220-07cd292a9584",
            "image_name": "CentOS-8-GenericCloud-8.1",
            "key_pair": "default_sequence_search",
            "metadata": null,
            "name": "default-consumer-19",
            "network": [
              {
                "access_network": false,
                "fixed_ip_v4": "192.168.0.27",
                "fixed_ip_v6": "",
                "floating_ip": "",
                "mac": "fa:16:3e:a4:7e:1c",
                "name": "default_sequence_search",
                "port": "",
                "uuid": "70ba89a5-e3f5-4308-adc5-97deef3cb770"
              }
            ],
            "network_mode": null,
            "personality": [],
            "power_state": "active",
            "region": "RegionOne",
            "scheduler_hints": [],
            "security_groups": [
              "default_sequence_search"
            ],
            "stop_before_destroy": false,
            "tags": [],
            "timeouts": null,
            "user_data": null,
            "vendor_options": [],
            "volume": []
          },
          "sensitive_attributes": [],
          "private": "eyJlMmJmYjczMC1lY2FhLTExZTYtOGY4OC0zNDM2M2JjN2M0YzAiOnsiY3JlYXRlIjoxODAwMDAwMDAwMDAwLCJkZWxldGUiOjE4MDAwMDAwMDAwMDAsInVwZGF0ZSI6MTgwMDAwMDAwMDAwMH19",
          "dependencies": [
            "openstack_networking_network_v2.sequence_search",
            "openstack_networking_subnet_v2.sequence_search",
            "openstack_compute_keypair_v2.sequence_search",
            "openstack_compute_secgroup_v2.sequence_search"
          ]
        },
        {
          "index_key": 19,
          "schema_version": 0,
          "attributes": {
            "access_ip_v4": "192.168.0.28",
            "access_ip_v6": "",
            "admin_pass": null,
            "all_metadata": {},
            "all_tags": [],
            "availability_zone": "nova",
            "availability_zone_hints": null,
            "block_device": [],
            "config_drive": null,
            "flavor_id": "e69dd9e7-4425-4296-bd6e-a26bfc8f3e00",
            "flavor_name": "4c8m80d",
            "floating_ip": null,
            "force_delete": false,
            "id": "d184310c-f5b7-4276-b3d3-00568955dbb4",
            "image_id": "2ce60bfc-de17-42d3-9220-07cd292a9584",
            "image_name": "CentOS-8-GenericCloud-8.1",
            "key_pair": "default_sequence_search",
            "metadata": null,
            "name": "default-consumer-20",
            "network": [
              {
                "access_network": false,
                "fixed_ip_v4": "192.168.0.28",
                "fixed_ip_v6": "",
                "floating_ip": "",
                "mac": "fa:16:3e:35:15:14",
                "name": "default_sequence_search",
                "port": "",
                "uuid": "70ba89a5-e3f5-4308-adc5-97deef3cb770"
              }
            ],
            "network_mode": null,
            "personality": [],
            "power_state": "active",
            "region": "RegionOne",
            "scheduler_hints": [],
            "security_groups": [
              "default_sequence_search"
            ],
            "stop_before_destroy": false,
            "tags": [],
            "timeouts": null,
            "user_data": null,
            "vendor_options": [],
            "volume": []
          },
          "sensitive_attributes": [],
          "private": "eyJlMmJmYjczMC1lY2FhLTExZTYtOGY4OC0zNDM2M2JjN2M0YzAiOnsiY3JlYXRlIjoxODAwMDAwMDAwMDAwLCJkZWxldGUiOjE4MDAwMDAwMDAwMDAsInVwZGF0ZSI6MTgwMDAwMDAwMDAwMH19",
          "dependencies": [
            "openstack_compute_keypair_v2.sequence_search",
            "openstack_compute_secgroup_v2.sequence_search",
            "openstack_networking_network_v2.sequence_search",
            "openstack_networking_subnet_v2.sequence_search"
          ]
        },
        {
          "index_key": 20,
          "schema_version": 0,
          "attributes": {
            "access_ip_v4": "192.168.0.29",
            "access_ip_v6": "",
            "admin_pass": null,
            "all_metadata": {},
            "all_tags": [],
            "availability_zone": "nova",
            "availability_zone_hints": null,
            "block_device": [],
            "config_drive": null,
            "flavor_id": "e69dd9e7-4425-4296-bd6e-a26bfc8f3e00",
            "flavor_name": "4c8m80d",
            "floating_ip": null,
            "force_delete": false,
            "id": "bc3b0908-5f51-4903-9dd5-58a9d7b48d16",
            "image_id": "2ce60bfc-de17-42d3-9220-07cd292a9584",
            "image_name": "CentOS-8-GenericCloud-8.1",
            "key_pair": "default_sequence_search",
            "metadata": null,
            "name": "default-consumer-21",
            "network": [
              {
                "access_network": false,
                "fixed_ip_v4": "192.168.0.29",
                "fixed_ip_v6": "",
                "floating_ip": "",
                "mac": "fa:16:3e:50:c1:2e",
                "name": "default_sequence_search",
                "port": "",
                "uuid": "70ba89a5-e3f5-4308-adc5-97deef3cb770"
              }
            ],
            "network_mode": null,
            "personality": [],
            "power_state": "active",
            "region": "RegionOne",
            "scheduler_hints": [],
            "security_groups": [
              "default_sequence_search"
            ],
            "stop_before_destroy": false,
            "tags": [],
            "timeouts": null,
            "user_data": null,
            "vendor_options": [],
            "volume": []
          },
          "sensitive_attributes": [],
          "private": "eyJlMmJmYjczMC1lY2FhLTExZTYtOGY4OC0zNDM2M2JjN2M0YzAiOnsiY3JlYXRlIjoxODAwMDAwMDAwMDAwLCJkZWxldGUiOjE4MDAwMDAwMDAwMDAsInVwZGF0ZSI6MTgwMDAwMDAwMDAwMH19",
          "dependencies": [
            "openstack_compute_secgroup_v2.sequence_search",
            "openstack_networking_network_v2.sequence_search",
            "openstack_networking_subnet_v2.sequence_search",
            "openstack_compute_keypair_v2.sequence_search"
          ]
        },
        {
          "index_key": 21,
          "schema_version": 0,
          "attributes": {
            "access_ip_v4": "192.168.0.30",
            "access_ip_v6": "",
            "admin_pass": null,
            "all_metadata": {},
            "all_tags": [],
            "availability_zone": "nova",
            "availability_zone_hints": null,
            "block_device": [],
            "config_drive": null,
            "flavor_id": "e69dd9e7-4425-4296-bd6e-a26bfc8f3e00",
            "flavor_name": "4c8m80d",
            "floating_ip": null,
            "force_delete": false,
            "id": "ba3c483b-8380-4542-8014-303b2e52928c",
            "image_id": "2ce60bfc-de17-42d3-9220-07cd292a9584",
            "image_name": "CentOS-8-GenericCloud-8.1",
            "key_pair": "default_sequence_search",
            "metadata": null,
            "name": "default-consumer-22",
            "network": [
              {
                "access_network": false,
                "fixed_ip_v4": "192.168.0.30",
                "fixed_ip_v6": "",
                "floating_ip": "",
                "mac": "fa:16:3e:27:4e:2e",
                "name": "default_sequence_search",
                "port": "",
                "uuid": "70ba89a5-e3f5-4308-adc5-97deef3cb770"
              }
            ],
            "network_mode": null,
            "personality": [],
            "power_state": "active",
            "region": "RegionOne",
            "scheduler_hints": [],
            "security_groups": [
              "default_sequence_search"
            ],
            "stop_before_destroy": false,
            "tags": [],
            "timeouts": null,
            "user_data": null,
            "vendor_options": [],
            "volume": []
          },
          "sensitive_attributes": [],
          "private": "eyJlMmJmYjczMC1lY2FhLTExZTYtOGY4OC0zNDM2M2JjN2M0YzAiOnsiY3JlYXRlIjoxODAwMDAwMDAwMDAwLCJkZWxldGUiOjE4MDAwMDAwMDAwMDAsInVwZGF0ZSI6MTgwMDAwMDAwMDAwMH19",
          "dependencies": [
            "openstack_compute_keypair_v2.sequence_search",
            "openstack_compute_secgroup_v2.sequence_search",
            "openstack_networking_network_v2.sequence_search",
            "openstack_networking_subnet_v2.sequence_search"
          ]
        },
        {
          "index_key": 22,
          "schema_version": 0,
          "attributes": {
            "access_ip_v4": "192.168.0.31",
            "access_ip_v6": "",
            "admin_pass": null,
            "all_metadata": {},
            "all_tags": [],
            "availability_zone": "nova",
            "availability_zone_hints": null,
            "block_device": [],
            "config_drive": null,
            "flavor_id": "e69dd9e7-4425-4296-bd6e-a26bfc8f3e00",
            "flavor_name": "4c8m80d",
            "floating_ip": null,
            "force_delete": false,
            "id": "9e4e3c2f-8209-48df-81b2-44bf4e4dfab2",
            "image_id": "2ce60bfc-de17-42d3-9220-07cd292a9584",
            "image_name": "CentOS-8-GenericCloud-8.1",
            "key_pair": "default_sequence_search",
            "metadata": null,
            "name": "default-consumer-23",
            "network": [
              {
                "access_network": false,
                "fixed_ip_v4": "192.168.0.31",
                "fixed_ip_v6": "",
                "floating_ip": "",
                "mac": "fa:16:3e:08:73:e5",
                "name": "default_sequence_search",
                "port": "",
                "uuid": "70ba89a5-e3f5-4308-adc5-97deef3cb770"
              }
            ],
            "network_mode": null,
            "personality": [],
            "power_state": "active",
            "region": "RegionOne",
            "scheduler_hints": [],
            "security_groups": [
              "default_sequence_search"
            ],
            "stop_before_destroy": false,
            "tags": [],
            "timeouts": null,
            "user_data": null,
            "vendor_options": [],
            "volume": []
          },
          "sensitive_attributes": [],
          "private": "eyJlMmJmYjczMC1lY2FhLTExZTYtOGY4OC0zNDM2M2JjN2M0YzAiOnsiY3JlYXRlIjoxODAwMDAwMDAwMDAwLCJkZWxldGUiOjE4MDAwMDAwMDAwMDAsInVwZGF0ZSI6MTgwMDAwMDAwMDAwMH19",
          "dependencies": [
            "openstack_compute_keypair_v2.sequence_search",
            "openstack_compute_secgroup_v2.sequence_search",
            "openstack_networking_network_v2.sequence_search",
            "openstack_networking_subnet_v2.sequence_search"
          ]
        },
        {
          "index_key": 23,
          "schema_version": 0,
          "attributes": {
            "access_ip_v4": "192.168.0.32",
            "access_ip_v6": "",
            "admin_pass": null,
            "all_metadata": {},
            "all_tags": [],
            "availability_zone": "nova",
            "availability_zone_hints": null,
            "block_device": [],
            "config_drive": null,
            "flavor_id": "e69dd9e7-4425-4296-bd6e-a26bfc8f3e00",
            "flavor_name": "4c8m80d",
            "floating_ip": null,
            "force_delete": false,
            "id": "f312a6aa-1614-48eb-8ccd-acd678a7f696",
            "image_id": "2ce60bfc-de17-42d3-9220-07cd292a9584",
            "image_name": "CentOS-8-GenericCloud-8.1",
            "key_pair": "default_sequence_search",
            "metadata": null,
            "name": "default-consumer-24",
            "network": [
              {
                "access_network": false,
                "fixed_ip_v4": "192.168.0.32",
                "fixed_ip_v6": "",
                "floating_ip": "",
                "mac": "fa:16:3e:aa:df:86",
                "name": "default_sequence_search",
                "port": "",
                "uuid": "70ba89a5-e3f5-4308-adc5-97deef3cb770"
              }
            ],
            "network_mode": null,
            "personality": [],
            "power_state": "active",
            "region": "RegionOne",
            "scheduler_hints": [],
            "security_groups": [
              "default_sequence_search"
            ],
            "stop_before_destroy": false,
            "tags": null,
            "timeouts": null,
            "user_data": null,
            "vendor_options": [],
            "volume": []
          },
          "sensitive_attributes": [],
          "private": "eyJlMmJmYjczMC1lY2FhLTExZTYtOGY4OC0zNDM2M2JjN2M0YzAiOnsiY3JlYXRlIjoxODAwMDAwMDAwMDAwLCJkZWxldGUiOjE4MDAwMDAwMDAwMDAsInVwZGF0ZSI6MTgwMDAwMDAwMDAwMH19",
          "dependencies": [
            "openstack_compute_keypair_v2.sequence_search",
            "openstack_compute_secgroup_v2.sequence_search",
            "openstack_networking_network_v2.sequence_search",
            "openstack_networking_subnet_v2.sequence_search"
          ]
        },
        {
          "index_key": 24,
          "schema_version": 0,
          "attributes": {
            "access_ip_v4": "192.168.0.33",
            "access_ip_v6": "",
            "admin_pass": null,
            "all_metadata": {},
            "all_tags": [],
            "availability_zone": "nova",
            "availability_zone_hints": null,
            "block_device": [],
            "config_drive": null,
            "flavor_id": "e69dd9e7-4425-4296-bd6e-a26bfc8f3e00",
            "flavor_name": "4c8m80d",
            "floating_ip": null,
            "force_delete": false,
            "id": "2f2108e5-988b-4ad7-a68c-6cac5aad7f7c",
            "image_id": "2ce60bfc-de17-42d3-9220-07cd292a9584",
            "image_name": "CentOS-8-GenericCloud-8.1",
            "key_pair": "default_sequence_search",
            "metadata": null,
            "name": "default-consumer-25",
            "network": [
              {
                "access_network": false,
                "fixed_ip_v4": "192.168.0.33",
                "fixed_ip_v6": "",
                "floating_ip": "",
                "mac": "fa:16:3e:57:09:1f",
                "name": "default_sequence_search",
                "port": "",
                "uuid": "70ba89a5-e3f5-4308-adc5-97deef3cb770"
              }
            ],
            "network_mode": null,
            "personality": [],
            "power_state": "active",
            "region": "RegionOne",
            "scheduler_hints": [],
            "security_groups": [
              "default_sequence_search"
            ],
            "stop_before_destroy": false,
            "tags": [],
            "timeouts": null,
            "user_data": null,
            "vendor_options": [],
            "volume": []
          },
          "sensitive_attributes": [],
          "private": "eyJlMmJmYjczMC1lY2FhLTExZTYtOGY4OC0zNDM2M2JjN2M0YzAiOnsiY3JlYXRlIjoxODAwMDAwMDAwMDAwLCJkZWxldGUiOjE4MDAwMDAwMDAwMDAsInVwZGF0ZSI6MTgwMDAwMDAwMDAwMH19",
          "dependencies": [
            "openstack_compute_keypair_v2.sequence_search",
            "openstack_compute_secgroup_v2.sequence_search",
            "openstack_networking_network_v2.sequence_search",
            "openstack_networking_subnet_v2.sequence_search"
          ]
        }
      ]
    },
    {
      "mode": "managed",
      "type": "openstack_compute_instance_v2",
      "name": "monitor",
      "provider": "provider[\"registry.terraform.io/terraform-provider-openstack/openstack\"]",
      "instances": [
        {
          "schema_version": 0,
          "attributes": {
            "access_ip_v4": "192.168.0.8",
            "access_ip_v6": "",
            "admin_pass": null,
            "all_metadata": {},
            "all_tags": [],
            "availability_zone": "nova",
            "availability_zone_hints": null,
            "block_device": [],
            "config_drive": null,
            "flavor_id": "c8b96dee-35be-4462-ae59-a90cb2981526",
            "flavor_name": "1c2m20d",
            "floating_ip": null,
            "force_delete": false,
            "id": "010c3a89-59cd-4c7c-a87b-017f92387a2f",
            "image_id": "2ce60bfc-de17-42d3-9220-07cd292a9584",
            "image_name": "CentOS-8-GenericCloud-8.1",
            "key_pair": "default_sequence_search",
            "metadata": null,
            "name": "default-monitor",
            "network": [
              {
                "access_network": false,
                "fixed_ip_v4": "192.168.0.8",
                "fixed_ip_v6": "",
                "floating_ip": "",
                "mac": "fa:16:3e:8f:6b:89",
                "name": "default_sequence_search",
                "port": "",
                "uuid": "70ba89a5-e3f5-4308-adc5-97deef3cb770"
              }
            ],
            "network_mode": null,
            "personality": [],
            "power_state": "active",
            "region": "RegionOne",
            "scheduler_hints": [],
            "security_groups": [
              "default_sequence_search_monitor_instance"
            ],
            "stop_before_destroy": false,
            "tags": [],
            "timeouts": null,
            "user_data": null,
            "vendor_options": [],
            "volume": []
          },
          "sensitive_attributes": [],
          "private": "eyJlMmJmYjczMC1lY2FhLTExZTYtOGY4OC0zNDM2M2JjN2M0YzAiOnsiY3JlYXRlIjoxODAwMDAwMDAwMDAwLCJkZWxldGUiOjE4MDAwMDAwMDAwMDAsInVwZGF0ZSI6MTgwMDAwMDAwMDAwMH19",
          "dependencies": [
            "openstack_networking_subnet_v2.sequence_search",
            "openstack_compute_keypair_v2.sequence_search",
            "openstack_compute_secgroup_v2.sequence_search_monitor_instance",
            "openstack_networking_network_v2.sequence_search"
          ]
        }
      ]
    },
    {
      "mode": "managed",
      "type": "openstack_compute_instance_v2",
      "name": "nfs_server",
      "provider": "provider[\"registry.terraform.io/terraform-provider-openstack/openstack\"]",
      "instances": [
        {
          "schema_version": 0,
          "attributes": {
            "access_ip_v4": "192.168.0.7",
            "access_ip_v6": "",
            "admin_pass": null,
            "all_metadata": {},
            "all_tags": [],
            "availability_zone": "nova",
            "availability_zone_hints": null,
            "block_device": [],
            "config_drive": null,
            "flavor_id": "e69dd9e7-4425-4296-bd6e-a26bfc8f3e00",
            "flavor_name": "4c8m80d",
            "floating_ip": null,
            "force_delete": false,
            "id": "3a93af7d-714f-483d-9316-656fdaa9ab4c",
            "image_id": "fe772dd2-65ed-4592-8024-0a71c2ab751e",
            "image_name": "Ubuntu-18.04",
            "key_pair": "default_sequence_search",
            "metadata": null,
            "name": "default-nfs-server",
            "network": [
              {
                "access_network": false,
                "fixed_ip_v4": "192.168.0.7",
                "fixed_ip_v6": "",
                "floating_ip": "",
                "mac": "fa:16:3e:92:2d:99",
                "name": "default_sequence_search",
                "port": "",
                "uuid": "70ba89a5-e3f5-4308-adc5-97deef3cb770"
              }
            ],
            "network_mode": null,
            "personality": [],
            "power_state": "active",
            "region": "RegionOne",
            "scheduler_hints": [],
            "security_groups": [
              "default_sequence_search_nfs_instance"
            ],
            "stop_before_destroy": false,
            "tags": [],
            "timeouts": null,
            "user_data": null,
            "vendor_options": [],
            "volume": []
          },
          "sensitive_attributes": [],
          "private": "eyJlMmJmYjczMC1lY2FhLTExZTYtOGY4OC0zNDM2M2JjN2M0YzAiOnsiY3JlYXRlIjoxODAwMDAwMDAwMDAwLCJkZWxldGUiOjE4MDAwMDAwMDAwMDAsInVwZGF0ZSI6MTgwMDAwMDAwMDAwMH19",
          "dependencies": [
            "openstack_compute_keypair_v2.sequence_search",
            "openstack_compute_secgroup_v2.sequence_search_nfs_instance",
            "openstack_networking_network_v2.sequence_search",
            "openstack_networking_subnet_v2.sequence_search"
          ]
        }
      ]
    },
    {
      "mode": "managed",
      "type": "openstack_compute_instance_v2",
      "name": "postgres",
      "provider": "provider[\"registry.terraform.io/terraform-provider-openstack/openstack\"]",
      "instances": [
        {
          "schema_version": 0,
          "attributes": {
            "access_ip_v4": "192.168.0.6",
            "access_ip_v6": "",
            "admin_pass": null,
            "all_metadata": {},
            "all_tags": [],
            "availability_zone": "nova",
            "availability_zone_hints": null,
            "block_device": [],
            "config_drive": null,
            "flavor_id": "e69dd9e7-4425-4296-bd6e-a26bfc8f3e00",
            "flavor_name": "4c8m80d",
            "floating_ip": null,
            "force_delete": false,
            "id": "14de0c52-8de1-40d0-a1ac-ba8711a26332",
            "image_id": "2ce60bfc-de17-42d3-9220-07cd292a9584",
            "image_name": "CentOS-8-GenericCloud-8.1",
            "key_pair": "default_sequence_search",
            "metadata": null,
            "name": "default-postgres",
            "network": [
              {
                "access_network": false,
                "fixed_ip_v4": "192.168.0.6",
                "fixed_ip_v6": "",
                "floating_ip": "",
                "mac": "fa:16:3e:c9:65:bd",
                "name": "default_sequence_search",
                "port": "",
                "uuid": "70ba89a5-e3f5-4308-adc5-97deef3cb770"
              }
            ],
            "network_mode": null,
            "personality": [],
            "power_state": "active",
            "region": "RegionOne",
            "scheduler_hints": [],
            "security_groups": [
              "default_sequence_search"
            ],
            "stop_before_destroy": false,
            "tags": [],
            "timeouts": null,
            "user_data": null,
            "vendor_options": [],
            "volume": []
          },
          "sensitive_attributes": [],
          "private": "eyJlMmJmYjczMC1lY2FhLTExZTYtOGY4OC0zNDM2M2JjN2M0YzAiOnsiY3JlYXRlIjoxODAwMDAwMDAwMDAwLCJkZWxldGUiOjE4MDAwMDAwMDAwMDAsInVwZGF0ZSI6MTgwMDAwMDAwMDAwMH19",
          "dependencies": [
            "openstack_compute_keypair_v2.sequence_search",
            "openstack_compute_secgroup_v2.sequence_search",
            "openstack_networking_network_v2.sequence_search",
            "openstack_networking_subnet_v2.sequence_search"
          ]
        }
      ]
    },
    {
      "mode": "managed",
      "type": "openstack_compute_instance_v2",
      "name": "producer",
      "provider": "provider[\"registry.terraform.io/terraform-provider-openstack/openstack\"]",
      "instances": [
        {
          "schema_version": 0,
          "attributes": {
            "access_ip_v4": "192.168.0.5",
            "access_ip_v6": "",
            "admin_pass": null,
            "all_metadata": {},
            "all_tags": [],
            "availability_zone": "nova",
            "availability_zone_hints": null,
            "block_device": [],
            "config_drive": null,
            "flavor_id": "e69dd9e7-4425-4296-bd6e-a26bfc8f3e00",
            "flavor_name": "4c8m80d",
            "floating_ip": null,
            "force_delete": false,
            "id": "3ef716ca-9a8b-458b-82cf-04caaab2f130",
            "image_id": "2ce60bfc-de17-42d3-9220-07cd292a9584",
            "image_name": "CentOS-8-GenericCloud-8.1",
            "key_pair": "default_sequence_search",
            "metadata": null,
            "name": "default-producer",
            "network": [
              {
                "access_network": false,
                "fixed_ip_v4": "192.168.0.5",
                "fixed_ip_v6": "",
                "floating_ip": "",
                "mac": "fa:16:3e:65:bb:93",
                "name": "default_sequence_search",
                "port": "",
                "uuid": "70ba89a5-e3f5-4308-adc5-97deef3cb770"
              }
            ],
            "network_mode": null,
            "personality": [],
            "power_state": "active",
            "region": "RegionOne",
            "scheduler_hints": [],
            "security_groups": [
              "default_sequence_search"
            ],
            "stop_before_destroy": false,
            "tags": [],
            "timeouts": null,
            "user_data": null,
            "vendor_options": [],
            "volume": []
          },
          "sensitive_attributes": [],
          "private": "eyJlMmJmYjczMC1lY2FhLTExZTYtOGY4OC0zNDM2M2JjN2M0YzAiOnsiY3JlYXRlIjoxODAwMDAwMDAwMDAwLCJkZWxldGUiOjE4MDAwMDAwMDAwMDAsInVwZGF0ZSI6MTgwMDAwMDAwMDAwMH19",
          "dependencies": [
            "openstack_networking_subnet_v2.sequence_search",
            "openstack_compute_keypair_v2.sequence_search",
            "openstack_compute_secgroup_v2.sequence_search",
            "openstack_networking_network_v2.sequence_search"
          ]
        }
      ]
    },
    {
      "mode": "managed",
      "type": "openstack_compute_keypair_v2",
      "name": "sequence_search",
      "provider": "provider[\"registry.terraform.io/terraform-provider-openstack/openstack\"]",
      "instances": [
        {
          "schema_version": 0,
          "attributes": {
            "fingerprint": "f5:ac:9f:4e:68:11:2e:49:27:40:22:47:fa:ba:f3:58",
            "id": "default_sequence_search",
            "name": "default_sequence_search",
            "private_key": "",
            "public_key": "ssh-rsa AAAAB3NzaC1yc2EAAAADAQABAAACAQC9BOKz+dYi+0TzjpH5RWorfguhIp8Vxn1NIKX3VLbvYrStYlu+59aCdWALWhSUzqt/BKhwteg2Ph5m5pYItqs3i9VLpY493UvfjjocYqf47xqkDsYYo6kZkZjvnKFfkZui88TmgiMUKDtK/uRXVJhG4QlvCbrXLn9GM5jWmtV3lO/BEw25U19eGClsGQ0T7TUZ+YmPv9aHycw+hEpOWOvMYquzLg+thwrm7fzvLvbkS7pQm5kr8OGEvJ0HgLgUFiL+8zrB+zoGuiaaiFg9pLq2zJ/wtoe9OxiyRTaQt/Kwo8n2Z/S84bgKOLQPi85shjqQx/6/nfzjLpWUR8Bci9VH8CJ5i/zIagMHoyIrh+Fq/77YEuES0lpqYNd6AQUjgu7CF9OyXlQLwh6TSXLwxYUWaWAVMABysEaUT78+KFp7J86xTdb0zciVjTnyNb+IACMfo4hyexyAN3cPoWxAM7i8ET2Iug8QXB6RO1mz5zjvdDtLP7J5HCglVsXAmlHyxX7twmgAG11f45c/5I8gq0cQpubh8e6oZWYJ2krsbuVZnYXich+MidDIzt/5X+j06Um5iC4xbUIMJppeA1tzjQipvoavVeXs1LPN6ICLVtVkymb2Fhkpjq55Tiwan6ftYiWRXWOpaY00Yfc8ZbY8rb+bEF7lu4K1sf1bKOFyKke8Rw== apetrov@apetrov-ml\n",
            "region": "RegionOne",
            "value_specs": null
          },
          "sensitive_attributes": [],
          "private": "bnVsbA=="
        }
      ]
    },
    {
      "mode": "managed",
      "type": "openstack_compute_secgroup_v2",
      "name": "sequence_search",
      "provider": "provider[\"registry.terraform.io/terraform-provider-openstack/openstack\"]",
      "instances": [
        {
          "schema_version": 0,
          "attributes": {
            "description": "Security group for the sequence_search instances (except NFS and monitor)",
            "id": "b9ba6f5d-d28d-4292-8998-ebd80c529cd2",
            "name": "default_sequence_search",
            "region": "RegionOne",
            "rule": [
              {
                "cidr": "0.0.0.0/0",
                "from_group_id": "",
                "from_port": -1,
                "id": "fd6723c2-7768-41b6-8c16-d853693ef1d0",
                "ip_protocol": "icmp",
                "self": false,
                "to_port": -1
              },
              {
                "cidr": "0.0.0.0/0",
                "from_group_id": "",
                "from_port": 22,
                "id": "c7d3d6c3-3aae-4012-9aff-939c623aa915",
                "ip_protocol": "tcp",
                "self": false,
                "to_port": 22
              },
              {
                "cidr": "0.0.0.0/0",
                "from_group_id": "",
                "from_port": 8002,
                "id": "9eddbbb7-f750-4b0d-ba79-7cb11576b6c7",
                "ip_protocol": "tcp",
                "self": false,
                "to_port": 8002
              },
              {
                "cidr": "0.0.0.0/0",
                "from_group_id": "",
                "from_port": 8080,
                "id": "70550acc-2759-462b-a05c-a8857837940a",
                "ip_protocol": "tcp",
                "self": false,
                "to_port": 8080
              },
              {
                "cidr": "192.168.0.0/24",
                "from_group_id": "",
                "from_port": 5432,
                "id": "f47e1b2c-13b2-483b-b484-c975e2573260",
                "ip_protocol": "tcp",
                "self": false,
                "to_port": 5432
              },
              {
                "cidr": "192.168.0.0/24",
                "from_group_id": "",
                "from_port": 8000,
                "id": "11f71d22-e4d2-4d86-8e26-e60102dcabe5",
                "ip_protocol": "tcp",
                "self": false,
                "to_port": 8000
              },
              {
                "cidr": "192.168.0.0/24",
                "from_group_id": "",
                "from_port": 8081,
                "id": "fae7f344-0cbc-4ac1-b04b-7189c9eaed42",
                "ip_protocol": "tcp",
                "self": false,
                "to_port": 8081
              }
            ],
            "timeouts": null
          },
          "sensitive_attributes": [],
          "private": "eyJlMmJmYjczMC1lY2FhLTExZTYtOGY4OC0zNDM2M2JjN2M0YzAiOnsiZGVsZXRlIjo2MDAwMDAwMDAwMDB9fQ=="
        }
      ]
    },
    {
      "mode": "managed",
      "type": "openstack_compute_secgroup_v2",
      "name": "sequence_search_monitor_instance",
      "provider": "provider[\"registry.terraform.io/terraform-provider-openstack/openstack\"]",
      "instances": [
        {
          "schema_version": 0,
          "attributes": {
            "description": "Security group for the monitor instance",
            "id": "5d9e4320-17f9-4ce4-957b-e54ec820881d",
            "name": "default_sequence_search_monitor_instance",
            "region": "RegionOne",
            "rule": [
              {
                "cidr": "0.0.0.0/0",
                "from_group_id": "",
                "from_port": -1,
                "id": "6b3604d3-ae04-4e12-a7cd-74de992918b0",
                "ip_protocol": "icmp",
                "self": false,
                "to_port": -1
              },
              {
                "cidr": "0.0.0.0/0",
                "from_group_id": "",
                "from_port": 22,
                "id": "803e3a55-73c7-46dc-9f58-29e385a7b70c",
                "ip_protocol": "tcp",
                "self": false,
                "to_port": 22
              },
              {
                "cidr": "192.168.0.0/24",
                "from_group_id": "",
                "from_port": 11211,
                "id": "d282d0f6-c577-473a-b037-0fa6948c6b7b",
                "ip_protocol": "tcp",
                "self": false,
                "to_port": 11211
              }
            ],
            "timeouts": null
          },
          "sensitive_attributes": [],
          "private": "eyJlMmJmYjczMC1lY2FhLTExZTYtOGY4OC0zNDM2M2JjN2M0YzAiOnsiZGVsZXRlIjo2MDAwMDAwMDAwMDB9fQ=="
        }
      ]
    },
    {
      "mode": "managed",
      "type": "openstack_compute_secgroup_v2",
      "name": "sequence_search_nfs_instance",
      "provider": "provider[\"registry.terraform.io/terraform-provider-openstack/openstack\"]",
      "instances": [
        {
          "schema_version": 0,
          "attributes": {
            "description": "Security group for the NFS instance",
            "id": "2c2350be-fa26-4a2c-868c-71a0bb5c27fc",
            "name": "default_sequence_search_nfs_instance",
            "region": "RegionOne",
            "rule": [
              {
                "cidr": "0.0.0.0/0",
                "from_group_id": "",
                "from_port": -1,
                "id": "a0a55dcd-8f6e-4c5f-8344-3a789dda9eac",
                "ip_protocol": "icmp",
                "self": false,
                "to_port": -1
              },
              {
                "cidr": "0.0.0.0/0",
                "from_group_id": "",
                "from_port": 22,
                "id": "82e78d63-3101-4a2f-aede-74c2a83231d2",
                "ip_protocol": "tcp",
                "self": false,
                "to_port": 22
              },
              {
                "cidr": "192.168.0.0/24",
                "from_group_id": "",
                "from_port": 111,
                "id": "477661ce-f1ca-42e4-b19d-5c50f7f49a12",
                "ip_protocol": "tcp",
                "self": false,
                "to_port": 111
              },
              {
                "cidr": "192.168.0.0/24",
                "from_group_id": "",
                "from_port": 111,
                "id": "58f99513-49e2-41ea-a330-6153e2e14ce5",
                "ip_protocol": "udp",
                "self": false,
                "to_port": 111
              },
              {
                "cidr": "192.168.0.0/24",
                "from_group_id": "",
                "from_port": 2049,
                "id": "4e257afc-30ab-4b93-9548-6aaf832cf2a0",
                "ip_protocol": "udp",
                "self": false,
                "to_port": 2049
              },
              {
                "cidr": "192.168.0.0/24",
                "from_group_id": "",
                "from_port": 2049,
                "id": "f9455b58-788e-4a88-99c4-c004a395d9fc",
                "ip_protocol": "tcp",
                "self": false,
                "to_port": 2049
              }
            ],
            "timeouts": null
          },
          "sensitive_attributes": [],
          "private": "eyJlMmJmYjczMC1lY2FhLTExZTYtOGY4OC0zNDM2M2JjN2M0YzAiOnsiZGVsZXRlIjo2MDAwMDAwMDAwMDB9fQ=="
        }
      ]
    },
    {
      "mode": "managed",
      "type": "openstack_compute_volume_attach_v2",
      "name": "attach_db",
      "provider": "provider[\"registry.terraform.io/terraform-provider-openstack/openstack\"]",
      "instances": [
        {
          "schema_version": 0,
          "attributes": {
            "device": "/dev/vdb",
            "id": "14de0c52-8de1-40d0-a1ac-ba8711a26332/bb113e5b-f208-4b1e-aeec-a2c443bbecbb",
            "instance_id": "14de0c52-8de1-40d0-a1ac-ba8711a26332",
            "multiattach": null,
            "region": "RegionOne",
            "timeouts": null,
            "vendor_options": [],
            "volume_id": "bb113e5b-f208-4b1e-aeec-a2c443bbecbb"
          },
          "sensitive_attributes": [],
          "private": "eyJlMmJmYjczMC1lY2FhLTExZTYtOGY4OC0zNDM2M2JjN2M0YzAiOnsiY3JlYXRlIjo2MDAwMDAwMDAwMDAsImRlbGV0ZSI6NjAwMDAwMDAwMDAwfX0=",
          "dependencies": [
            "openstack_blockstorage_volume_v2.db_volume",
            "openstack_compute_instance_v2.postgres",
            "openstack_compute_keypair_v2.sequence_search",
            "openstack_compute_secgroup_v2.sequence_search",
            "openstack_networking_network_v2.sequence_search",
            "openstack_networking_subnet_v2.sequence_search"
          ]
        }
      ]
    },
    {
      "mode": "managed",
      "type": "openstack_compute_volume_attach_v2",
      "name": "attached",
      "provider": "provider[\"registry.terraform.io/terraform-provider-openstack/openstack\"]",
      "instances": [
        {
          "schema_version": 0,
          "attributes": {
            "device": "/dev/vdb",
            "id": "3a93af7d-714f-483d-9316-656fdaa9ab4c/a48b2a98-f517-429a-a6d8-f36dec104c1b",
            "instance_id": "3a93af7d-714f-483d-9316-656fdaa9ab4c",
            "multiattach": null,
            "region": "RegionOne",
            "timeouts": null,
            "vendor_options": [],
            "volume_id": "a48b2a98-f517-429a-a6d8-f36dec104c1b"
          },
          "sensitive_attributes": [],
          "private": "eyJlMmJmYjczMC1lY2FhLTExZTYtOGY4OC0zNDM2M2JjN2M0YzAiOnsiY3JlYXRlIjo2MDAwMDAwMDAwMDAsImRlbGV0ZSI6NjAwMDAwMDAwMDAwfX0=",
          "dependencies": [
            "openstack_compute_instance_v2.nfs_server",
            "openstack_compute_keypair_v2.sequence_search",
            "openstack_compute_secgroup_v2.sequence_search_nfs_instance",
            "openstack_networking_network_v2.sequence_search",
            "openstack_networking_subnet_v2.sequence_search",
            "openstack_blockstorage_volume_v2.nfs_volume"
          ]
        }
      ]
    },
    {
      "mode": "managed",
      "type": "openstack_networking_network_v2",
      "name": "sequence_search",
      "provider": "provider[\"registry.terraform.io/terraform-provider-openstack/openstack\"]",
      "instances": [
        {
          "schema_version": 0,
          "attributes": {
            "admin_state_up": true,
            "all_tags": [],
            "availability_zone_hints": [],
            "description": "",
            "dns_domain": "",
            "external": false,
            "id": "70ba89a5-e3f5-4308-adc5-97deef3cb770",
            "mtu": 8942,
            "name": "default_sequence_search",
            "port_security_enabled": true,
            "qos_policy_id": "",
            "region": "RegionOne",
            "segments": [],
            "shared": false,
            "tags": [],
            "tenant_id": "224be250ac6a45a4a5fadb360981af4a",
            "timeouts": null,
            "transparent_vlan": false,
            "value_specs": null
          },
          "sensitive_attributes": [],
          "private": "eyJlMmJmYjczMC1lY2FhLTExZTYtOGY4OC0zNDM2M2JjN2M0YzAiOnsiY3JlYXRlIjo2MDAwMDAwMDAwMDAsImRlbGV0ZSI6NjAwMDAwMDAwMDAwfX0="
        }
      ]
    },
    {
      "mode": "managed",
      "type": "openstack_networking_router_interface_v2",
      "name": "sequence_search",
      "provider": "provider[\"registry.terraform.io/terraform-provider-openstack/openstack\"]",
      "instances": [
        {
          "schema_version": 0,
          "attributes": {
            "id": "69ef569a-295e-465e-9eb4-67631ed01d38",
            "port_id": "69ef569a-295e-465e-9eb4-67631ed01d38",
            "region": "RegionOne",
            "router_id": "162a3cea-6bb8-40c3-81f6-9e898ef635ce",
            "subnet_id": "eda7c411-5257-4d0d-bf57-3fa252324521",
            "timeouts": null
          },
          "sensitive_attributes": [],
          "private": "eyJlMmJmYjczMC1lY2FhLTExZTYtOGY4OC0zNDM2M2JjN2M0YzAiOnsiY3JlYXRlIjo2MDAwMDAwMDAwMDAsImRlbGV0ZSI6NjAwMDAwMDAwMDAwfX0=",
          "dependencies": [
            "openstack_networking_network_v2.sequence_search",
            "openstack_networking_router_v2.sequence_search",
            "openstack_networking_subnet_v2.sequence_search"
          ]
        }
      ]
    },
    {
      "mode": "managed",
      "type": "openstack_networking_router_v2",
      "name": "sequence_search",
      "provider": "provider[\"registry.terraform.io/terraform-provider-openstack/openstack\"]",
      "instances": [
        {
          "schema_version": 0,
          "attributes": {
            "admin_state_up": true,
            "all_tags": [],
            "availability_zone_hints": [],
            "description": "",
            "distributed": false,
            "enable_snat": true,
            "external_fixed_ip": [
              {
                "ip_address": "45.88.80.219",
                "subnet_id": "56d4feda-a1b4-4ecc-97a7-9c74da5a1db8"
              }
            ],
            "external_gateway": "9948edde-640b-482b-a6bc-ad1466000d86",
            "external_network_id": "9948edde-640b-482b-a6bc-ad1466000d86",
            "id": "162a3cea-6bb8-40c3-81f6-9e898ef635ce",
            "name": "default_sequence_search",
            "region": "RegionOne",
            "tags": [],
            "tenant_id": "224be250ac6a45a4a5fadb360981af4a",
            "timeouts": null,
            "value_specs": null,
            "vendor_options": []
          },
          "sensitive_attributes": [],
          "private": "eyJlMmJmYjczMC1lY2FhLTExZTYtOGY4OC0zNDM2M2JjN2M0YzAiOnsiY3JlYXRlIjo2MDAwMDAwMDAwMDAsImRlbGV0ZSI6NjAwMDAwMDAwMDAwfX0="
        }
      ]
    },
    {
      "mode": "managed",
      "type": "openstack_networking_subnet_v2",
      "name": "sequence_search",
      "provider": "provider[\"registry.terraform.io/terraform-provider-openstack/openstack\"]",
      "instances": [
        {
          "schema_version": 0,
          "attributes": {
            "all_tags": [],
            "allocation_pool": [
              {
                "end": "192.168.0.254",
                "start": "192.168.0.2"
              }
            ],
            "allocation_pools": [
              {
                "end": "192.168.0.254",
                "start": "192.168.0.2"
              }
            ],
            "cidr": "192.168.0.0/24",
            "description": "",
            "dns_nameservers": [
              "8.8.8.8"
            ],
            "enable_dhcp": true,
            "gateway_ip": "192.168.0.1",
            "host_routes": [],
            "id": "eda7c411-5257-4d0d-bf57-3fa252324521",
            "ip_version": 4,
            "ipv6_address_mode": "",
            "ipv6_ra_mode": "",
            "name": "default_sequence_search",
            "network_id": "70ba89a5-e3f5-4308-adc5-97deef3cb770",
            "no_gateway": false,
            "prefix_length": null,
            "region": "RegionOne",
            "subnetpool_id": "",
            "tags": [],
            "tenant_id": "224be250ac6a45a4a5fadb360981af4a",
            "timeouts": null,
            "value_specs": null
          },
          "sensitive_attributes": [],
          "private": "eyJlMmJmYjczMC1lY2FhLTExZTYtOGY4OC0zNDM2M2JjN2M0YzAiOnsiY3JlYXRlIjo2MDAwMDAwMDAwMDAsImRlbGV0ZSI6NjAwMDAwMDAwMDAwfX0=",
          "dependencies": [
            "openstack_networking_network_v2.sequence_search"
          ]
        }
      ]
    }
  ]
}
