{
    "version": 3,
    "terraform_version": "0.11.13",
    "serial": 28,
    "lineage": "b3e8e88c-53d9-e061-7720-e7f72e33bfaf",
    "modules": [
        {
            "path": [
                "root"
            ],
            "outputs": {
                "floating_ip": {
                    "sensitive": false,
                    "type": "list",
                    "value": [
                        "193.62.55.44"
                    ]
                },
                "tfstate_file": {
                    "sensitive": false,
                    "type": "list",
                    "value": [
                        "terraform.tfstate"
                    ]
                }
            },
            "resources": {
                "null_resource.post-flight": {
                    "type": "null_resource",
                    "depends_on": [
                        "local.tfstate_file"
                    ],
                    "primary": {
                        "id": "3325950797931051188",
                        "attributes": {
                            "id": "3325950797931051188",
                            "triggers.%": "1",
                            "triggers.build_number": "2019-05-15T14:02:59Z"
                        },
                        "meta": {},
                        "tainted": false
                    },
                    "deposed": [],
                    "provider": "provider.null"
                },
                "null_resource.pre-flight": {
                    "type": "null_resource",
                    "depends_on": [
                        "local.floating_ip"
                    ],
                    "primary": {
                        "id": "702727941483313346",
                        "attributes": {
                            "id": "702727941483313346",
                            "triggers.%": "1",
                            "triggers.build_number": "2019-05-15T14:02:59Z"
                        },
                        "meta": {},
                        "tainted": false
                    },
                    "deposed": [],
                    "provider": "provider.null"
                },
                "openstack_blockstorage_volume_v2.sequence_search_consumer_databases.0": {
                    "type": "openstack_blockstorage_volume_v2",
                    "depends_on": [
                        "local.count"
                    ],
                    "primary": {
                        "id": "c0271ea4-b9b0-40f1-a9c5-2283fd12e377",
                        "attributes": {
                            "attachment.#": "1",
                            "attachment.346449816.device": "/dev/vdb",
                            "attachment.346449816.id": "c0271ea4-b9b0-40f1-a9c5-2283fd12e377",
                            "attachment.346449816.instance_id": "0b1592ea-84ca-4be1-a0df-b70c3d1a8f19",
                            "availability_zone": "nova",
                            "description": "",
                            "id": "c0271ea4-b9b0-40f1-a9c5-2283fd12e377",
                            "image_id": "sequence_search_databases",
                            "metadata.%": "2",
                            "metadata.attached_mode": "rw",
                            "metadata.readonly": "False",
                            "name": "default-sequence-search-consumer-databases-1",
                            "region": "regionOne",
                            "size": "12",
                            "snapshot_id": "",
                            "source_vol_id": "",
                            "volume_type": ""
                        },
                        "meta": {
                            "e2bfb730-ecaa-11e6-8f88-34363bc7c4c0": {
                                "create": 600000000000,
                                "delete": 600000000000
                            }
                        },
                        "tainted": false
                    },
                    "deposed": [],
                    "provider": "provider.openstack"
                },
                "openstack_blockstorage_volume_v2.sequence_search_consumer_databases.1": {
                    "type": "openstack_blockstorage_volume_v2",
                    "depends_on": [
                        "local.count"
                    ],
                    "primary": {
                        "id": "26e07dfe-0198-48be-b246-aa716a51e9d5",
                        "attributes": {
                            "attachment.#": "1",
                            "attachment.1330223736.device": "/dev/vdb",
                            "attachment.1330223736.id": "26e07dfe-0198-48be-b246-aa716a51e9d5",
                            "attachment.1330223736.instance_id": "3695bf79-25d4-4550-a32b-c74a35f86d08",
                            "availability_zone": "nova",
                            "description": "",
                            "id": "26e07dfe-0198-48be-b246-aa716a51e9d5",
                            "image_id": "sequence_search_databases",
                            "metadata.%": "2",
                            "metadata.attached_mode": "rw",
                            "metadata.readonly": "False",
                            "name": "default-sequence-search-consumer-databases-2",
                            "region": "regionOne",
                            "size": "12",
                            "snapshot_id": "",
                            "source_vol_id": "",
                            "volume_type": ""
                        },
                        "meta": {
                            "e2bfb730-ecaa-11e6-8f88-34363bc7c4c0": {
                                "create": 600000000000,
                                "delete": 600000000000
                            }
                        },
                        "tainted": false
                    },
                    "deposed": [],
                    "provider": "provider.openstack"
                },
                "openstack_blockstorage_volume_v2.sequence_search_consumer_databases.10": {
                    "type": "openstack_blockstorage_volume_v2",
                    "depends_on": [
                        "local.count"
                    ],
                    "primary": {
                        "id": "53bcdbec-5fa6-41de-bada-fcc35db33e45",
                        "attributes": {
                            "attachment.#": "1",
                            "attachment.3369702334.device": "/dev/vdb",
                            "attachment.3369702334.id": "53bcdbec-5fa6-41de-bada-fcc35db33e45",
                            "attachment.3369702334.instance_id": "a16395de-20e6-40f2-b7b0-583dd3b29f79",
                            "availability_zone": "nova",
                            "description": "",
                            "id": "53bcdbec-5fa6-41de-bada-fcc35db33e45",
                            "image_id": "sequence_search_databases",
                            "metadata.%": "2",
                            "metadata.attached_mode": "rw",
                            "metadata.readonly": "False",
                            "name": "default-sequence-search-consumer-databases-11",
                            "region": "regionOne",
                            "size": "12",
                            "snapshot_id": "",
                            "source_vol_id": "",
                            "volume_type": ""
                        },
                        "meta": {
                            "e2bfb730-ecaa-11e6-8f88-34363bc7c4c0": {
                                "create": 600000000000,
                                "delete": 600000000000
                            }
                        },
                        "tainted": false
                    },
                    "deposed": [],
                    "provider": "provider.openstack"
                },
                "openstack_blockstorage_volume_v2.sequence_search_consumer_databases.11": {
                    "type": "openstack_blockstorage_volume_v2",
                    "depends_on": [
                        "local.count"
                    ],
                    "primary": {
                        "id": "37c067f6-d779-4c29-ac55-fb7e7ea3c802",
                        "attributes": {
                            "attachment.#": "1",
                            "attachment.247821398.device": "/dev/vdb",
                            "attachment.247821398.id": "37c067f6-d779-4c29-ac55-fb7e7ea3c802",
                            "attachment.247821398.instance_id": "bc6eb824-8f82-4a26-8ecd-1928a30acedf",
                            "availability_zone": "nova",
                            "description": "",
                            "id": "37c067f6-d779-4c29-ac55-fb7e7ea3c802",
                            "image_id": "sequence_search_databases",
                            "metadata.%": "2",
                            "metadata.attached_mode": "rw",
                            "metadata.readonly": "False",
                            "name": "default-sequence-search-consumer-databases-12",
                            "region": "regionOne",
                            "size": "12",
                            "snapshot_id": "",
                            "source_vol_id": "",
                            "volume_type": ""
                        },
                        "meta": {
                            "e2bfb730-ecaa-11e6-8f88-34363bc7c4c0": {
                                "create": 600000000000,
                                "delete": 600000000000
                            }
                        },
                        "tainted": false
                    },
                    "deposed": [],
                    "provider": "provider.openstack"
                },
                "openstack_blockstorage_volume_v2.sequence_search_consumer_databases.12": {
                    "type": "openstack_blockstorage_volume_v2",
                    "depends_on": [
                        "local.count"
                    ],
                    "primary": {
                        "id": "cf7e008a-0659-4030-b543-696f154f2a67",
                        "attributes": {
                            "attachment.#": "1",
                            "attachment.1682479239.device": "/dev/vdb",
                            "attachment.1682479239.id": "cf7e008a-0659-4030-b543-696f154f2a67",
                            "attachment.1682479239.instance_id": "4164883d-c843-444a-b97d-1f3047cc6ff8",
                            "availability_zone": "nova",
                            "description": "",
                            "id": "cf7e008a-0659-4030-b543-696f154f2a67",
                            "image_id": "sequence_search_databases",
                            "metadata.%": "2",
                            "metadata.attached_mode": "rw",
                            "metadata.readonly": "False",
                            "name": "default-sequence-search-consumer-databases-13",
                            "region": "regionOne",
                            "size": "12",
                            "snapshot_id": "",
                            "source_vol_id": "",
                            "volume_type": ""
                        },
                        "meta": {
                            "e2bfb730-ecaa-11e6-8f88-34363bc7c4c0": {
                                "create": 600000000000,
                                "delete": 600000000000
                            }
                        },
                        "tainted": false
                    },
                    "deposed": [],
                    "provider": "provider.openstack"
                },
                "openstack_blockstorage_volume_v2.sequence_search_consumer_databases.13": {
                    "type": "openstack_blockstorage_volume_v2",
                    "depends_on": [
                        "local.count"
                    ],
                    "primary": {
                        "id": "7e7f4cb0-9a68-474d-b7ed-4ec9250ba2f3",
                        "attributes": {
                            "attachment.#": "1",
                            "attachment.1056568319.device": "/dev/vdb",
                            "attachment.1056568319.id": "7e7f4cb0-9a68-474d-b7ed-4ec9250ba2f3",
                            "attachment.1056568319.instance_id": "24d6cd5d-ece2-4b26-9bdc-ea85f4f77e05",
                            "availability_zone": "nova",
                            "description": "",
                            "id": "7e7f4cb0-9a68-474d-b7ed-4ec9250ba2f3",
                            "image_id": "sequence_search_databases",
                            "metadata.%": "2",
                            "metadata.attached_mode": "rw",
                            "metadata.readonly": "False",
                            "name": "default-sequence-search-consumer-databases-14",
                            "region": "regionOne",
                            "size": "12",
                            "snapshot_id": "",
                            "source_vol_id": "",
                            "volume_type": ""
                        },
                        "meta": {
                            "e2bfb730-ecaa-11e6-8f88-34363bc7c4c0": {
                                "create": 600000000000,
                                "delete": 600000000000
                            }
                        },
                        "tainted": false
                    },
                    "deposed": [],
                    "provider": "provider.openstack"
                },
                "openstack_blockstorage_volume_v2.sequence_search_consumer_databases.14": {
                    "type": "openstack_blockstorage_volume_v2",
                    "depends_on": [
                        "local.count"
                    ],
                    "primary": {
                        "id": "a6c1d4db-ed3c-4d50-bacc-b8324dadb5fd",
                        "attributes": {
                            "attachment.#": "1",
                            "attachment.1349393557.device": "/dev/vdb",
                            "attachment.1349393557.id": "a6c1d4db-ed3c-4d50-bacc-b8324dadb5fd",
                            "attachment.1349393557.instance_id": "92ed3fb1-7735-4a1a-9aad-8ff19dda3e89",
                            "availability_zone": "nova",
                            "description": "",
                            "id": "a6c1d4db-ed3c-4d50-bacc-b8324dadb5fd",
                            "image_id": "sequence_search_databases",
                            "metadata.%": "2",
                            "metadata.attached_mode": "rw",
                            "metadata.readonly": "False",
                            "name": "default-sequence-search-consumer-databases-15",
                            "region": "regionOne",
                            "size": "12",
                            "snapshot_id": "",
                            "source_vol_id": "",
                            "volume_type": ""
                        },
                        "meta": {
                            "e2bfb730-ecaa-11e6-8f88-34363bc7c4c0": {
                                "create": 600000000000,
                                "delete": 600000000000
                            }
                        },
                        "tainted": false
                    },
                    "deposed": [],
                    "provider": "provider.openstack"
                },
                "openstack_blockstorage_volume_v2.sequence_search_consumer_databases.2": {
                    "type": "openstack_blockstorage_volume_v2",
                    "depends_on": [
                        "local.count"
                    ],
                    "primary": {
                        "id": "8454b726-fe7b-471f-8a75-415eea7d8245",
                        "attributes": {
                            "attachment.#": "1",
                            "attachment.171003606.device": "/dev/vdb",
                            "attachment.171003606.id": "8454b726-fe7b-471f-8a75-415eea7d8245",
                            "attachment.171003606.instance_id": "48f58ff1-1f0c-4da1-bac5-1b7919981d6e",
                            "availability_zone": "nova",
                            "description": "",
                            "id": "8454b726-fe7b-471f-8a75-415eea7d8245",
                            "image_id": "sequence_search_databases",
                            "metadata.%": "2",
                            "metadata.attached_mode": "rw",
                            "metadata.readonly": "False",
                            "name": "default-sequence-search-consumer-databases-3",
                            "region": "regionOne",
                            "size": "12",
                            "snapshot_id": "",
                            "source_vol_id": "",
                            "volume_type": ""
                        },
                        "meta": {
                            "e2bfb730-ecaa-11e6-8f88-34363bc7c4c0": {
                                "create": 600000000000,
                                "delete": 600000000000
                            }
                        },
                        "tainted": false
                    },
                    "deposed": [],
                    "provider": "provider.openstack"
                },
                "openstack_blockstorage_volume_v2.sequence_search_consumer_databases.3": {
                    "type": "openstack_blockstorage_volume_v2",
                    "depends_on": [
                        "local.count"
                    ],
                    "primary": {
                        "id": "bf2f7ff6-e66b-4e1f-a962-c827c2e659a5",
                        "attributes": {
                            "attachment.#": "1",
                            "attachment.1921371559.device": "/dev/vdb",
                            "attachment.1921371559.id": "bf2f7ff6-e66b-4e1f-a962-c827c2e659a5",
                            "attachment.1921371559.instance_id": "8a496b79-139c-45f2-bc68-f419e7d80fa4",
                            "availability_zone": "nova",
                            "description": "",
                            "id": "bf2f7ff6-e66b-4e1f-a962-c827c2e659a5",
                            "image_id": "sequence_search_databases",
                            "metadata.%": "2",
                            "metadata.attached_mode": "rw",
                            "metadata.readonly": "False",
                            "name": "default-sequence-search-consumer-databases-4",
                            "region": "regionOne",
                            "size": "12",
                            "snapshot_id": "",
                            "source_vol_id": "",
                            "volume_type": ""
                        },
                        "meta": {
                            "e2bfb730-ecaa-11e6-8f88-34363bc7c4c0": {
                                "create": 600000000000,
                                "delete": 600000000000
                            }
                        },
                        "tainted": false
                    },
                    "deposed": [],
                    "provider": "provider.openstack"
                },
                "openstack_blockstorage_volume_v2.sequence_search_consumer_databases.4": {
                    "type": "openstack_blockstorage_volume_v2",
                    "depends_on": [
                        "local.count"
                    ],
                    "primary": {
                        "id": "07ec4ffa-4051-45c5-a9f2-6a44ec5cadb3",
                        "attributes": {
                            "attachment.#": "1",
                            "attachment.1662129120.device": "/dev/vdb",
                            "attachment.1662129120.id": "07ec4ffa-4051-45c5-a9f2-6a44ec5cadb3",
                            "attachment.1662129120.instance_id": "bb82cb2b-e5a0-487f-bb36-26c0f66a69be",
                            "availability_zone": "nova",
                            "description": "",
                            "id": "07ec4ffa-4051-45c5-a9f2-6a44ec5cadb3",
                            "image_id": "sequence_search_databases",
                            "metadata.%": "2",
                            "metadata.attached_mode": "rw",
                            "metadata.readonly": "False",
                            "name": "default-sequence-search-consumer-databases-5",
                            "region": "regionOne",
                            "size": "12",
                            "snapshot_id": "",
                            "source_vol_id": "",
                            "volume_type": ""
                        },
                        "meta": {
                            "e2bfb730-ecaa-11e6-8f88-34363bc7c4c0": {
                                "create": 600000000000,
                                "delete": 600000000000
                            }
                        },
                        "tainted": false
                    },
                    "deposed": [],
                    "provider": "provider.openstack"
                },
                "openstack_blockstorage_volume_v2.sequence_search_consumer_databases.5": {
                    "type": "openstack_blockstorage_volume_v2",
                    "depends_on": [
                        "local.count"
                    ],
                    "primary": {
                        "id": "891aaf09-5a85-472e-b403-b7153b583f91",
                        "attributes": {
                            "attachment.#": "1",
                            "attachment.1746535327.device": "/dev/vdb",
                            "attachment.1746535327.id": "891aaf09-5a85-472e-b403-b7153b583f91",
                            "attachment.1746535327.instance_id": "1cd15338-30bb-4f42-a38a-7dcc0f4ed495",
                            "availability_zone": "nova",
                            "description": "",
                            "id": "891aaf09-5a85-472e-b403-b7153b583f91",
                            "image_id": "sequence_search_databases",
                            "metadata.%": "2",
                            "metadata.attached_mode": "rw",
                            "metadata.readonly": "False",
                            "name": "default-sequence-search-consumer-databases-6",
                            "region": "regionOne",
                            "size": "12",
                            "snapshot_id": "",
                            "source_vol_id": "",
                            "volume_type": ""
                        },
                        "meta": {
                            "e2bfb730-ecaa-11e6-8f88-34363bc7c4c0": {
                                "create": 600000000000,
                                "delete": 600000000000
                            }
                        },
                        "tainted": false
                    },
                    "deposed": [],
                    "provider": "provider.openstack"
                },
                "openstack_blockstorage_volume_v2.sequence_search_consumer_databases.6": {
                    "type": "openstack_blockstorage_volume_v2",
                    "depends_on": [
                        "local.count"
                    ],
                    "primary": {
                        "id": "fd58c506-435d-4029-a1c9-1901e1614393",
                        "attributes": {
                            "attachment.#": "1",
                            "attachment.1368702637.device": "/dev/vdb",
                            "attachment.1368702637.id": "fd58c506-435d-4029-a1c9-1901e1614393",
                            "attachment.1368702637.instance_id": "d343dd09-6596-4b7e-88b4-1e471d1cf77c",
                            "availability_zone": "nova",
                            "description": "",
                            "id": "fd58c506-435d-4029-a1c9-1901e1614393",
                            "image_id": "sequence_search_databases",
                            "metadata.%": "2",
                            "metadata.attached_mode": "rw",
                            "metadata.readonly": "False",
                            "name": "default-sequence-search-consumer-databases-7",
                            "region": "regionOne",
                            "size": "12",
                            "snapshot_id": "",
                            "source_vol_id": "",
                            "volume_type": ""
                        },
                        "meta": {
                            "e2bfb730-ecaa-11e6-8f88-34363bc7c4c0": {
                                "create": 600000000000,
                                "delete": 600000000000
                            }
                        },
                        "tainted": false
                    },
                    "deposed": [],
                    "provider": "provider.openstack"
                },
                "openstack_blockstorage_volume_v2.sequence_search_consumer_databases.7": {
                    "type": "openstack_blockstorage_volume_v2",
                    "depends_on": [
                        "local.count"
                    ],
                    "primary": {
                        "id": "480ffbda-35cf-4f29-ae90-e6b47670604c",
                        "attributes": {
                            "attachment.#": "1",
                            "attachment.3041013046.device": "/dev/vdb",
                            "attachment.3041013046.id": "480ffbda-35cf-4f29-ae90-e6b47670604c",
                            "attachment.3041013046.instance_id": "8eb17f2a-226e-47b5-a59e-e40e94d7fdea",
                            "availability_zone": "nova",
                            "description": "",
                            "id": "480ffbda-35cf-4f29-ae90-e6b47670604c",
                            "image_id": "sequence_search_databases",
                            "metadata.%": "2",
                            "metadata.attached_mode": "rw",
                            "metadata.readonly": "False",
                            "name": "default-sequence-search-consumer-databases-8",
                            "region": "regionOne",
                            "size": "12",
                            "snapshot_id": "",
                            "source_vol_id": "",
                            "volume_type": ""
                        },
                        "meta": {
                            "e2bfb730-ecaa-11e6-8f88-34363bc7c4c0": {
                                "create": 600000000000,
                                "delete": 600000000000
                            }
                        },
                        "tainted": false
                    },
                    "deposed": [],
                    "provider": "provider.openstack"
                },
                "openstack_blockstorage_volume_v2.sequence_search_consumer_databases.8": {
                    "type": "openstack_blockstorage_volume_v2",
                    "depends_on": [
                        "local.count"
                    ],
                    "primary": {
                        "id": "4b82eaf9-0111-4618-8844-aa1930206ca2",
                        "attributes": {
                            "attachment.#": "1",
                            "attachment.2096928459.device": "/dev/vdb",
                            "attachment.2096928459.id": "4b82eaf9-0111-4618-8844-aa1930206ca2",
                            "attachment.2096928459.instance_id": "69606076-919d-430d-a6a6-e466bb6c69a8",
                            "availability_zone": "nova",
                            "description": "",
                            "id": "4b82eaf9-0111-4618-8844-aa1930206ca2",
                            "image_id": "sequence_search_databases",
                            "metadata.%": "2",
                            "metadata.attached_mode": "rw",
                            "metadata.readonly": "False",
                            "name": "default-sequence-search-consumer-databases-9",
                            "region": "regionOne",
                            "size": "12",
                            "snapshot_id": "",
                            "source_vol_id": "",
                            "volume_type": ""
                        },
                        "meta": {
                            "e2bfb730-ecaa-11e6-8f88-34363bc7c4c0": {
                                "create": 600000000000,
                                "delete": 600000000000
                            }
                        },
                        "tainted": false
                    },
                    "deposed": [],
                    "provider": "provider.openstack"
                },
                "openstack_blockstorage_volume_v2.sequence_search_consumer_databases.9": {
                    "type": "openstack_blockstorage_volume_v2",
                    "depends_on": [
                        "local.count"
                    ],
                    "primary": {
                        "id": "3875e785-93ae-4e0d-9840-9ccf057abaa5",
                        "attributes": {
                            "attachment.#": "1",
                            "attachment.1021147561.device": "/dev/vdb",
                            "attachment.1021147561.id": "3875e785-93ae-4e0d-9840-9ccf057abaa5",
                            "attachment.1021147561.instance_id": "c82062f5-0b81-4bd9-8df3-9effc6ebf63a",
                            "availability_zone": "nova",
                            "description": "",
                            "id": "3875e785-93ae-4e0d-9840-9ccf057abaa5",
                            "image_id": "sequence_search_databases",
                            "metadata.%": "2",
                            "metadata.attached_mode": "rw",
                            "metadata.readonly": "False",
                            "name": "default-sequence-search-consumer-databases-10",
                            "region": "regionOne",
                            "size": "12",
                            "snapshot_id": "",
                            "source_vol_id": "",
                            "volume_type": ""
                        },
                        "meta": {
                            "e2bfb730-ecaa-11e6-8f88-34363bc7c4c0": {
                                "create": 600000000000,
                                "delete": 600000000000
                            }
                        },
                        "tainted": false
                    },
                    "deposed": [],
                    "provider": "provider.openstack"
                },
                "openstack_blockstorage_volume_v2.sequence_search_producer_databases": {
                    "type": "openstack_blockstorage_volume_v2",
                    "depends_on": [],
                    "primary": {
                        "id": "bdd58d57-77e3-4e10-aba1-c800656c032b",
                        "attributes": {
                            "attachment.#": "1",
                            "attachment.4055519179.device": "/dev/vdb",
                            "attachment.4055519179.id": "bdd58d57-77e3-4e10-aba1-c800656c032b",
                            "attachment.4055519179.instance_id": "d529cb4d-8645-4928-9310-763deb80ad48",
                            "availability_zone": "nova",
                            "description": "",
                            "id": "bdd58d57-77e3-4e10-aba1-c800656c032b",
                            "image_id": "sequence_search_databases",
                            "metadata.%": "2",
                            "metadata.attached_mode": "rw",
                            "metadata.readonly": "False",
                            "name": "default-sequence-search-producer-databases",
                            "region": "regionOne",
                            "size": "12",
                            "snapshot_id": "",
                            "source_vol_id": "",
                            "volume_type": ""
                        },
                        "meta": {
                            "e2bfb730-ecaa-11e6-8f88-34363bc7c4c0": {
                                "create": 600000000000,
                                "delete": 600000000000
                            }
                        },
                        "tainted": false
                    },
                    "deposed": [],
                    "provider": "provider.openstack"
                },
                "openstack_compute_floatingip_associate_v2.associate_postgres_floating_ip": {
                    "type": "openstack_compute_floatingip_associate_v2",
                    "depends_on": [
                        "local.postgres_floating_ip",
                        "openstack_compute_instance_v2.postgres",
                        "openstack_networking_router_interface_v2.sequence_search"
                    ],
                    "primary": {
                        "id": "193.62.55.116/c1a98462-62ad-4194-aa13-181c61bcc963/",
                        "attributes": {
                            "fixed_ip": "",
                            "floating_ip": "193.62.55.116",
                            "id": "193.62.55.116/c1a98462-62ad-4194-aa13-181c61bcc963/",
                            "instance_id": "c1a98462-62ad-4194-aa13-181c61bcc963",
                            "region": "regionOne"
                        },
                        "meta": {
                            "e2bfb730-ecaa-11e6-8f88-34363bc7c4c0": {
                                "create": 600000000000
                            }
                        },
                        "tainted": false
                    },
                    "deposed": [],
                    "provider": "provider.openstack"
                },
                "openstack_compute_floatingip_associate_v2.sequence_search": {
                    "type": "openstack_compute_floatingip_associate_v2",
                    "depends_on": [
                        "openstack_compute_instance_v2.producer",
                        "openstack_networking_router_interface_v2.sequence_search"
                    ],
                    "primary": {
                        "id": "193.62.55.44/d529cb4d-8645-4928-9310-763deb80ad48/",
                        "attributes": {
                            "fixed_ip": "",
                            "floating_ip": "193.62.55.44",
                            "id": "193.62.55.44/d529cb4d-8645-4928-9310-763deb80ad48/",
                            "instance_id": "d529cb4d-8645-4928-9310-763deb80ad48",
                            "region": "regionOne"
                        },
                        "meta": {
                            "e2bfb730-ecaa-11e6-8f88-34363bc7c4c0": {
                                "create": 600000000000
                            }
                        },
                        "tainted": false
                    },
                    "deposed": [],
                    "provider": "provider.openstack"
                },
                "openstack_compute_instance_v2.consumers.0": {
                    "type": "openstack_compute_instance_v2",
                    "depends_on": [
                        "local.count",
                        "openstack_compute_keypair_v2.sequence_search",
                        "openstack_compute_secgroup_v2.sequence_search",
                        "openstack_networking_network_v2.sequence_search"
                    ],
                    "primary": {
                        "id": "0b1592ea-84ca-4be1-a0df-b70c3d1a8f19",
                        "attributes": {
                            "access_ip_v4": "192.168.0.7",
                            "access_ip_v6": "",
                            "all_metadata.%": "0",
                            "availability_zone": "nova",
                            "flavor_id": "fa85f5f4-4560-4e1b-af95-21df6f714727",
                            "flavor_name": "s1.jumbo",
                            "force_delete": "false",
                            "id": "0b1592ea-84ca-4be1-a0df-b70c3d1a8f19",
                            "image_id": "3306bf44-c895-45b2-af05-0a3d23630ce6",
                            "image_name": "CentOS7-Cloud",
                            "key_pair": "default_sequence_search",
                            "name": "default-consumer-1",
                            "network.#": "1",
                            "network.0.access_network": "false",
                            "network.0.fixed_ip_v4": "192.168.0.7",
                            "network.0.fixed_ip_v6": "",
                            "network.0.floating_ip": "",
                            "network.0.mac": "fa:16:3e:9f:25:8b",
                            "network.0.name": "default_sequence_search",
                            "network.0.port": "",
                            "network.0.uuid": "70bb2861-1002-4f11-8172-04eff143a53d",
                            "power_state": "active",
                            "region": "regionOne",
                            "security_groups.#": "1",
                            "security_groups.1219909394": "default_sequence_search",
                            "stop_before_destroy": "false"
                        },
                        "meta": {
                            "e2bfb730-ecaa-11e6-8f88-34363bc7c4c0": {
                                "create": 1800000000000,
                                "delete": 1800000000000,
                                "update": 1800000000000
                            }
                        },
                        "tainted": false
                    },
                    "deposed": [],
                    "provider": "provider.openstack"
                },
                "openstack_compute_instance_v2.consumers.1": {
                    "type": "openstack_compute_instance_v2",
                    "depends_on": [
                        "local.count",
                        "openstack_compute_keypair_v2.sequence_search",
                        "openstack_compute_secgroup_v2.sequence_search",
                        "openstack_networking_network_v2.sequence_search"
                    ],
                    "primary": {
                        "id": "3695bf79-25d4-4550-a32b-c74a35f86d08",
                        "attributes": {
                            "access_ip_v4": "192.168.0.8",
                            "access_ip_v6": "",
                            "all_metadata.%": "0",
                            "availability_zone": "nova",
                            "flavor_id": "fa85f5f4-4560-4e1b-af95-21df6f714727",
                            "flavor_name": "s1.jumbo",
                            "force_delete": "false",
                            "id": "3695bf79-25d4-4550-a32b-c74a35f86d08",
                            "image_id": "3306bf44-c895-45b2-af05-0a3d23630ce6",
                            "image_name": "CentOS7-Cloud",
                            "key_pair": "default_sequence_search",
                            "name": "default-consumer-2",
                            "network.#": "1",
                            "network.0.access_network": "false",
                            "network.0.fixed_ip_v4": "192.168.0.8",
                            "network.0.fixed_ip_v6": "",
                            "network.0.floating_ip": "",
                            "network.0.mac": "fa:16:3e:72:66:31",
                            "network.0.name": "default_sequence_search",
                            "network.0.port": "",
                            "network.0.uuid": "70bb2861-1002-4f11-8172-04eff143a53d",
                            "power_state": "active",
                            "region": "regionOne",
                            "security_groups.#": "1",
                            "security_groups.1219909394": "default_sequence_search",
                            "stop_before_destroy": "false"
                        },
                        "meta": {
                            "e2bfb730-ecaa-11e6-8f88-34363bc7c4c0": {
                                "create": 1800000000000,
                                "delete": 1800000000000,
                                "update": 1800000000000
                            }
                        },
                        "tainted": false
                    },
                    "deposed": [],
                    "provider": "provider.openstack"
                },
                "openstack_compute_instance_v2.consumers.10": {
                    "type": "openstack_compute_instance_v2",
                    "depends_on": [
                        "local.count",
                        "openstack_compute_keypair_v2.sequence_search",
                        "openstack_compute_secgroup_v2.sequence_search",
                        "openstack_networking_network_v2.sequence_search"
                    ],
                    "primary": {
                        "id": "a16395de-20e6-40f2-b7b0-583dd3b29f79",
                        "attributes": {
                            "access_ip_v4": "192.168.0.17",
                            "access_ip_v6": "",
                            "all_metadata.%": "0",
                            "availability_zone": "nova",
                            "flavor_id": "fa85f5f4-4560-4e1b-af95-21df6f714727",
                            "flavor_name": "s1.jumbo",
                            "force_delete": "false",
                            "id": "a16395de-20e6-40f2-b7b0-583dd3b29f79",
                            "image_id": "3306bf44-c895-45b2-af05-0a3d23630ce6",
                            "image_name": "CentOS7-Cloud",
                            "key_pair": "default_sequence_search",
                            "name": "default-consumer-11",
                            "network.#": "1",
                            "network.0.access_network": "false",
                            "network.0.fixed_ip_v4": "192.168.0.17",
                            "network.0.fixed_ip_v6": "",
                            "network.0.floating_ip": "",
                            "network.0.mac": "fa:16:3e:6a:e9:89",
                            "network.0.name": "default_sequence_search",
                            "network.0.port": "",
                            "network.0.uuid": "70bb2861-1002-4f11-8172-04eff143a53d",
                            "power_state": "active",
                            "region": "regionOne",
                            "security_groups.#": "1",
                            "security_groups.1219909394": "default_sequence_search",
                            "stop_before_destroy": "false"
                        },
                        "meta": {
                            "e2bfb730-ecaa-11e6-8f88-34363bc7c4c0": {
                                "create": 1800000000000,
                                "delete": 1800000000000,
                                "update": 1800000000000
                            }
                        },
                        "tainted": false
                    },
                    "deposed": [],
                    "provider": "provider.openstack"
                },
                "openstack_compute_instance_v2.consumers.11": {
                    "type": "openstack_compute_instance_v2",
                    "depends_on": [
                        "local.count",
                        "openstack_compute_keypair_v2.sequence_search",
                        "openstack_compute_secgroup_v2.sequence_search",
                        "openstack_networking_network_v2.sequence_search"
                    ],
                    "primary": {
                        "id": "bc6eb824-8f82-4a26-8ecd-1928a30acedf",
                        "attributes": {
                            "access_ip_v4": "192.168.0.18",
                            "access_ip_v6": "",
                            "all_metadata.%": "0",
                            "availability_zone": "nova",
                            "flavor_id": "fa85f5f4-4560-4e1b-af95-21df6f714727",
                            "flavor_name": "s1.jumbo",
                            "force_delete": "false",
                            "id": "bc6eb824-8f82-4a26-8ecd-1928a30acedf",
                            "image_id": "3306bf44-c895-45b2-af05-0a3d23630ce6",
                            "image_name": "CentOS7-Cloud",
                            "key_pair": "default_sequence_search",
                            "name": "default-consumer-12",
                            "network.#": "1",
                            "network.0.access_network": "false",
                            "network.0.fixed_ip_v4": "192.168.0.18",
                            "network.0.fixed_ip_v6": "",
                            "network.0.floating_ip": "",
                            "network.0.mac": "fa:16:3e:3a:64:9b",
                            "network.0.name": "default_sequence_search",
                            "network.0.port": "",
                            "network.0.uuid": "70bb2861-1002-4f11-8172-04eff143a53d",
                            "power_state": "active",
                            "region": "regionOne",
                            "security_groups.#": "1",
                            "security_groups.1219909394": "default_sequence_search",
                            "stop_before_destroy": "false"
                        },
                        "meta": {
                            "e2bfb730-ecaa-11e6-8f88-34363bc7c4c0": {
                                "create": 1800000000000,
                                "delete": 1800000000000,
                                "update": 1800000000000
                            }
                        },
                        "tainted": false
                    },
                    "deposed": [],
                    "provider": "provider.openstack"
                },
                "openstack_compute_instance_v2.consumers.12": {
                    "type": "openstack_compute_instance_v2",
                    "depends_on": [
                        "local.count",
                        "openstack_compute_keypair_v2.sequence_search",
                        "openstack_compute_secgroup_v2.sequence_search",
                        "openstack_networking_network_v2.sequence_search"
                    ],
                    "primary": {
                        "id": "4164883d-c843-444a-b97d-1f3047cc6ff8",
                        "attributes": {
                            "access_ip_v4": "192.168.0.19",
                            "access_ip_v6": "",
                            "all_metadata.%": "0",
                            "availability_zone": "nova",
                            "flavor_id": "fa85f5f4-4560-4e1b-af95-21df6f714727",
                            "flavor_name": "s1.jumbo",
                            "force_delete": "false",
                            "id": "4164883d-c843-444a-b97d-1f3047cc6ff8",
                            "image_id": "3306bf44-c895-45b2-af05-0a3d23630ce6",
                            "image_name": "CentOS7-Cloud",
                            "key_pair": "default_sequence_search",
                            "name": "default-consumer-13",
                            "network.#": "1",
                            "network.0.access_network": "false",
                            "network.0.fixed_ip_v4": "192.168.0.19",
                            "network.0.fixed_ip_v6": "",
                            "network.0.floating_ip": "",
                            "network.0.mac": "fa:16:3e:3d:b4:7f",
                            "network.0.name": "default_sequence_search",
                            "network.0.port": "",
                            "network.0.uuid": "70bb2861-1002-4f11-8172-04eff143a53d",
                            "power_state": "active",
                            "region": "regionOne",
                            "security_groups.#": "1",
                            "security_groups.1219909394": "default_sequence_search",
                            "stop_before_destroy": "false"
                        },
                        "meta": {
                            "e2bfb730-ecaa-11e6-8f88-34363bc7c4c0": {
                                "create": 1800000000000,
                                "delete": 1800000000000,
                                "update": 1800000000000
                            }
                        },
                        "tainted": false
                    },
                    "deposed": [],
                    "provider": "provider.openstack"
                },
                "openstack_compute_instance_v2.consumers.13": {
                    "type": "openstack_compute_instance_v2",
                    "depends_on": [
                        "local.count",
                        "openstack_compute_keypair_v2.sequence_search",
                        "openstack_compute_secgroup_v2.sequence_search",
                        "openstack_networking_network_v2.sequence_search"
                    ],
                    "primary": {
                        "id": "24d6cd5d-ece2-4b26-9bdc-ea85f4f77e05",
                        "attributes": {
                            "access_ip_v4": "192.168.0.20",
                            "access_ip_v6": "",
                            "all_metadata.%": "0",
                            "availability_zone": "nova",
                            "flavor_id": "fa85f5f4-4560-4e1b-af95-21df6f714727",
                            "flavor_name": "s1.jumbo",
                            "force_delete": "false",
                            "id": "24d6cd5d-ece2-4b26-9bdc-ea85f4f77e05",
                            "image_id": "3306bf44-c895-45b2-af05-0a3d23630ce6",
                            "image_name": "CentOS7-Cloud",
                            "key_pair": "default_sequence_search",
                            "name": "default-consumer-14",
                            "network.#": "1",
                            "network.0.access_network": "false",
                            "network.0.fixed_ip_v4": "192.168.0.20",
                            "network.0.fixed_ip_v6": "",
                            "network.0.floating_ip": "",
                            "network.0.mac": "fa:16:3e:7e:c1:bc",
                            "network.0.name": "default_sequence_search",
                            "network.0.port": "",
                            "network.0.uuid": "70bb2861-1002-4f11-8172-04eff143a53d",
                            "power_state": "active",
                            "region": "regionOne",
                            "security_groups.#": "1",
                            "security_groups.1219909394": "default_sequence_search",
                            "stop_before_destroy": "false"
                        },
                        "meta": {
                            "e2bfb730-ecaa-11e6-8f88-34363bc7c4c0": {
                                "create": 1800000000000,
                                "delete": 1800000000000,
                                "update": 1800000000000
                            }
                        },
                        "tainted": false
                    },
                    "deposed": [],
                    "provider": "provider.openstack"
                },
                "openstack_compute_instance_v2.consumers.14": {
                    "type": "openstack_compute_instance_v2",
                    "depends_on": [
                        "local.count",
                        "openstack_compute_keypair_v2.sequence_search",
                        "openstack_compute_secgroup_v2.sequence_search",
                        "openstack_networking_network_v2.sequence_search"
                    ],
                    "primary": {
                        "id": "92ed3fb1-7735-4a1a-9aad-8ff19dda3e89",
                        "attributes": {
                            "access_ip_v4": "192.168.0.21",
                            "access_ip_v6": "",
                            "all_metadata.%": "0",
                            "availability_zone": "nova",
                            "flavor_id": "fa85f5f4-4560-4e1b-af95-21df6f714727",
                            "flavor_name": "s1.jumbo",
                            "force_delete": "false",
                            "id": "92ed3fb1-7735-4a1a-9aad-8ff19dda3e89",
                            "image_id": "3306bf44-c895-45b2-af05-0a3d23630ce6",
                            "image_name": "CentOS7-Cloud",
                            "key_pair": "default_sequence_search",
                            "name": "default-consumer-15",
                            "network.#": "1",
                            "network.0.access_network": "false",
                            "network.0.fixed_ip_v4": "192.168.0.21",
                            "network.0.fixed_ip_v6": "",
                            "network.0.floating_ip": "",
                            "network.0.mac": "fa:16:3e:3f:83:7c",
                            "network.0.name": "default_sequence_search",
                            "network.0.port": "",
                            "network.0.uuid": "70bb2861-1002-4f11-8172-04eff143a53d",
                            "power_state": "active",
                            "region": "regionOne",
                            "security_groups.#": "1",
                            "security_groups.1219909394": "default_sequence_search",
                            "stop_before_destroy": "false"
                        },
                        "meta": {
                            "e2bfb730-ecaa-11e6-8f88-34363bc7c4c0": {
                                "create": 1800000000000,
                                "delete": 1800000000000,
                                "update": 1800000000000
                            }
                        },
                        "tainted": false
                    },
                    "deposed": [],
                    "provider": "provider.openstack"
                },
                "openstack_compute_instance_v2.consumers.2": {
                    "type": "openstack_compute_instance_v2",
                    "depends_on": [
                        "local.count",
                        "openstack_compute_keypair_v2.sequence_search",
                        "openstack_compute_secgroup_v2.sequence_search",
                        "openstack_networking_network_v2.sequence_search"
                    ],
                    "primary": {
                        "id": "48f58ff1-1f0c-4da1-bac5-1b7919981d6e",
                        "attributes": {
                            "access_ip_v4": "192.168.0.9",
                            "access_ip_v6": "",
                            "all_metadata.%": "0",
                            "availability_zone": "nova",
                            "flavor_id": "fa85f5f4-4560-4e1b-af95-21df6f714727",
                            "flavor_name": "s1.jumbo",
                            "force_delete": "false",
                            "id": "48f58ff1-1f0c-4da1-bac5-1b7919981d6e",
                            "image_id": "3306bf44-c895-45b2-af05-0a3d23630ce6",
                            "image_name": "CentOS7-Cloud",
                            "key_pair": "default_sequence_search",
                            "name": "default-consumer-3",
                            "network.#": "1",
                            "network.0.access_network": "false",
                            "network.0.fixed_ip_v4": "192.168.0.9",
                            "network.0.fixed_ip_v6": "",
                            "network.0.floating_ip": "",
                            "network.0.mac": "fa:16:3e:0c:c4:74",
                            "network.0.name": "default_sequence_search",
                            "network.0.port": "",
                            "network.0.uuid": "70bb2861-1002-4f11-8172-04eff143a53d",
                            "power_state": "active",
                            "region": "regionOne",
                            "security_groups.#": "1",
                            "security_groups.1219909394": "default_sequence_search",
                            "stop_before_destroy": "false"
                        },
                        "meta": {
                            "e2bfb730-ecaa-11e6-8f88-34363bc7c4c0": {
                                "create": 1800000000000,
                                "delete": 1800000000000,
                                "update": 1800000000000
                            }
                        },
                        "tainted": false
                    },
                    "deposed": [],
                    "provider": "provider.openstack"
                },
                "openstack_compute_instance_v2.consumers.3": {
                    "type": "openstack_compute_instance_v2",
                    "depends_on": [
                        "local.count",
                        "openstack_compute_keypair_v2.sequence_search",
                        "openstack_compute_secgroup_v2.sequence_search",
                        "openstack_networking_network_v2.sequence_search"
                    ],
                    "primary": {
                        "id": "8a496b79-139c-45f2-bc68-f419e7d80fa4",
                        "attributes": {
                            "access_ip_v4": "192.168.0.10",
                            "access_ip_v6": "",
                            "all_metadata.%": "0",
                            "availability_zone": "nova",
                            "flavor_id": "fa85f5f4-4560-4e1b-af95-21df6f714727",
                            "flavor_name": "s1.jumbo",
                            "force_delete": "false",
                            "id": "8a496b79-139c-45f2-bc68-f419e7d80fa4",
                            "image_id": "3306bf44-c895-45b2-af05-0a3d23630ce6",
                            "image_name": "CentOS7-Cloud",
                            "key_pair": "default_sequence_search",
                            "name": "default-consumer-4",
                            "network.#": "1",
                            "network.0.access_network": "false",
                            "network.0.fixed_ip_v4": "192.168.0.10",
                            "network.0.fixed_ip_v6": "",
                            "network.0.floating_ip": "",
                            "network.0.mac": "fa:16:3e:ca:ff:f2",
                            "network.0.name": "default_sequence_search",
                            "network.0.port": "",
                            "network.0.uuid": "70bb2861-1002-4f11-8172-04eff143a53d",
                            "power_state": "active",
                            "region": "regionOne",
                            "security_groups.#": "1",
                            "security_groups.1219909394": "default_sequence_search",
                            "stop_before_destroy": "false"
                        },
                        "meta": {
                            "e2bfb730-ecaa-11e6-8f88-34363bc7c4c0": {
                                "create": 1800000000000,
                                "delete": 1800000000000,
                                "update": 1800000000000
                            }
                        },
                        "tainted": false
                    },
                    "deposed": [],
                    "provider": "provider.openstack"
                },
                "openstack_compute_instance_v2.consumers.4": {
                    "type": "openstack_compute_instance_v2",
                    "depends_on": [
                        "local.count",
                        "openstack_compute_keypair_v2.sequence_search",
                        "openstack_compute_secgroup_v2.sequence_search",
                        "openstack_networking_network_v2.sequence_search"
                    ],
                    "primary": {
                        "id": "bb82cb2b-e5a0-487f-bb36-26c0f66a69be",
                        "attributes": {
                            "access_ip_v4": "192.168.0.11",
                            "access_ip_v6": "",
                            "all_metadata.%": "0",
                            "availability_zone": "nova",
                            "flavor_id": "fa85f5f4-4560-4e1b-af95-21df6f714727",
                            "flavor_name": "s1.jumbo",
                            "force_delete": "false",
                            "id": "bb82cb2b-e5a0-487f-bb36-26c0f66a69be",
                            "image_id": "3306bf44-c895-45b2-af05-0a3d23630ce6",
                            "image_name": "CentOS7-Cloud",
                            "key_pair": "default_sequence_search",
                            "name": "default-consumer-5",
                            "network.#": "1",
                            "network.0.access_network": "false",
                            "network.0.fixed_ip_v4": "192.168.0.11",
                            "network.0.fixed_ip_v6": "",
                            "network.0.floating_ip": "",
                            "network.0.mac": "fa:16:3e:7a:1a:53",
                            "network.0.name": "default_sequence_search",
                            "network.0.port": "",
                            "network.0.uuid": "70bb2861-1002-4f11-8172-04eff143a53d",
                            "power_state": "active",
                            "region": "regionOne",
                            "security_groups.#": "1",
                            "security_groups.1219909394": "default_sequence_search",
                            "stop_before_destroy": "false"
                        },
                        "meta": {
                            "e2bfb730-ecaa-11e6-8f88-34363bc7c4c0": {
                                "create": 1800000000000,
                                "delete": 1800000000000,
                                "update": 1800000000000
                            }
                        },
                        "tainted": false
                    },
                    "deposed": [],
                    "provider": "provider.openstack"
                },
                "openstack_compute_instance_v2.consumers.5": {
                    "type": "openstack_compute_instance_v2",
                    "depends_on": [
                        "local.count",
                        "openstack_compute_keypair_v2.sequence_search",
                        "openstack_compute_secgroup_v2.sequence_search",
                        "openstack_networking_network_v2.sequence_search"
                    ],
                    "primary": {
                        "id": "1cd15338-30bb-4f42-a38a-7dcc0f4ed495",
                        "attributes": {
                            "access_ip_v4": "192.168.0.12",
                            "access_ip_v6": "",
                            "all_metadata.%": "0",
                            "availability_zone": "nova",
                            "flavor_id": "fa85f5f4-4560-4e1b-af95-21df6f714727",
                            "flavor_name": "s1.jumbo",
                            "force_delete": "false",
                            "id": "1cd15338-30bb-4f42-a38a-7dcc0f4ed495",
                            "image_id": "3306bf44-c895-45b2-af05-0a3d23630ce6",
                            "image_name": "CentOS7-Cloud",
                            "key_pair": "default_sequence_search",
                            "name": "default-consumer-6",
                            "network.#": "1",
                            "network.0.access_network": "false",
                            "network.0.fixed_ip_v4": "192.168.0.12",
                            "network.0.fixed_ip_v6": "",
                            "network.0.floating_ip": "",
                            "network.0.mac": "fa:16:3e:1d:03:d1",
                            "network.0.name": "default_sequence_search",
                            "network.0.port": "",
                            "network.0.uuid": "70bb2861-1002-4f11-8172-04eff143a53d",
                            "power_state": "active",
                            "region": "regionOne",
                            "security_groups.#": "1",
                            "security_groups.1219909394": "default_sequence_search",
                            "stop_before_destroy": "false"
                        },
                        "meta": {
                            "e2bfb730-ecaa-11e6-8f88-34363bc7c4c0": {
                                "create": 1800000000000,
                                "delete": 1800000000000,
                                "update": 1800000000000
                            }
                        },
                        "tainted": false
                    },
                    "deposed": [],
                    "provider": "provider.openstack"
                },
                "openstack_compute_instance_v2.consumers.6": {
                    "type": "openstack_compute_instance_v2",
                    "depends_on": [
                        "local.count",
                        "openstack_compute_keypair_v2.sequence_search",
                        "openstack_compute_secgroup_v2.sequence_search",
                        "openstack_networking_network_v2.sequence_search"
                    ],
                    "primary": {
                        "id": "d343dd09-6596-4b7e-88b4-1e471d1cf77c",
                        "attributes": {
                            "access_ip_v4": "192.168.0.13",
                            "access_ip_v6": "",
                            "all_metadata.%": "0",
                            "availability_zone": "nova",
                            "flavor_id": "fa85f5f4-4560-4e1b-af95-21df6f714727",
                            "flavor_name": "s1.jumbo",
                            "force_delete": "false",
                            "id": "d343dd09-6596-4b7e-88b4-1e471d1cf77c",
                            "image_id": "3306bf44-c895-45b2-af05-0a3d23630ce6",
                            "image_name": "CentOS7-Cloud",
                            "key_pair": "default_sequence_search",
                            "name": "default-consumer-7",
                            "network.#": "1",
                            "network.0.access_network": "false",
                            "network.0.fixed_ip_v4": "192.168.0.13",
                            "network.0.fixed_ip_v6": "",
                            "network.0.floating_ip": "",
                            "network.0.mac": "fa:16:3e:e5:ba:bc",
                            "network.0.name": "default_sequence_search",
                            "network.0.port": "",
                            "network.0.uuid": "70bb2861-1002-4f11-8172-04eff143a53d",
                            "power_state": "active",
                            "region": "regionOne",
                            "security_groups.#": "1",
                            "security_groups.1219909394": "default_sequence_search",
                            "stop_before_destroy": "false"
                        },
                        "meta": {
                            "e2bfb730-ecaa-11e6-8f88-34363bc7c4c0": {
                                "create": 1800000000000,
                                "delete": 1800000000000,
                                "update": 1800000000000
                            }
                        },
                        "tainted": false
                    },
                    "deposed": [],
                    "provider": "provider.openstack"
                },
                "openstack_compute_instance_v2.consumers.7": {
                    "type": "openstack_compute_instance_v2",
                    "depends_on": [
                        "local.count",
                        "openstack_compute_keypair_v2.sequence_search",
                        "openstack_compute_secgroup_v2.sequence_search",
                        "openstack_networking_network_v2.sequence_search"
                    ],
                    "primary": {
                        "id": "8eb17f2a-226e-47b5-a59e-e40e94d7fdea",
                        "attributes": {
                            "access_ip_v4": "192.168.0.14",
                            "access_ip_v6": "",
                            "all_metadata.%": "0",
                            "availability_zone": "nova",
                            "flavor_id": "fa85f5f4-4560-4e1b-af95-21df6f714727",
                            "flavor_name": "s1.jumbo",
                            "force_delete": "false",
                            "id": "8eb17f2a-226e-47b5-a59e-e40e94d7fdea",
                            "image_id": "3306bf44-c895-45b2-af05-0a3d23630ce6",
                            "image_name": "CentOS7-Cloud",
                            "key_pair": "default_sequence_search",
                            "name": "default-consumer-8",
                            "network.#": "1",
                            "network.0.access_network": "false",
                            "network.0.fixed_ip_v4": "192.168.0.14",
                            "network.0.fixed_ip_v6": "",
                            "network.0.floating_ip": "",
                            "network.0.mac": "fa:16:3e:62:11:34",
                            "network.0.name": "default_sequence_search",
                            "network.0.port": "",
                            "network.0.uuid": "70bb2861-1002-4f11-8172-04eff143a53d",
                            "power_state": "active",
                            "region": "regionOne",
                            "security_groups.#": "1",
                            "security_groups.1219909394": "default_sequence_search",
                            "stop_before_destroy": "false"
                        },
                        "meta": {
                            "e2bfb730-ecaa-11e6-8f88-34363bc7c4c0": {
                                "create": 1800000000000,
                                "delete": 1800000000000,
                                "update": 1800000000000
                            }
                        },
                        "tainted": false
                    },
                    "deposed": [],
                    "provider": "provider.openstack"
                },
                "openstack_compute_instance_v2.consumers.8": {
                    "type": "openstack_compute_instance_v2",
                    "depends_on": [
                        "local.count",
                        "openstack_compute_keypair_v2.sequence_search",
                        "openstack_compute_secgroup_v2.sequence_search",
                        "openstack_networking_network_v2.sequence_search"
                    ],
                    "primary": {
                        "id": "69606076-919d-430d-a6a6-e466bb6c69a8",
                        "attributes": {
                            "access_ip_v4": "192.168.0.15",
                            "access_ip_v6": "",
                            "all_metadata.%": "0",
                            "availability_zone": "nova",
                            "flavor_id": "fa85f5f4-4560-4e1b-af95-21df6f714727",
                            "flavor_name": "s1.jumbo",
                            "force_delete": "false",
                            "id": "69606076-919d-430d-a6a6-e466bb6c69a8",
                            "image_id": "3306bf44-c895-45b2-af05-0a3d23630ce6",
                            "image_name": "CentOS7-Cloud",
                            "key_pair": "default_sequence_search",
                            "name": "default-consumer-9",
                            "network.#": "1",
                            "network.0.access_network": "false",
                            "network.0.fixed_ip_v4": "192.168.0.15",
                            "network.0.fixed_ip_v6": "",
                            "network.0.floating_ip": "",
                            "network.0.mac": "fa:16:3e:11:d2:9d",
                            "network.0.name": "default_sequence_search",
                            "network.0.port": "",
                            "network.0.uuid": "70bb2861-1002-4f11-8172-04eff143a53d",
                            "power_state": "active",
                            "region": "regionOne",
                            "security_groups.#": "1",
                            "security_groups.1219909394": "default_sequence_search",
                            "stop_before_destroy": "false"
                        },
                        "meta": {
                            "e2bfb730-ecaa-11e6-8f88-34363bc7c4c0": {
                                "create": 1800000000000,
                                "delete": 1800000000000,
                                "update": 1800000000000
                            }
                        },
                        "tainted": false
                    },
                    "deposed": [],
                    "provider": "provider.openstack"
                },
                "openstack_compute_instance_v2.consumers.9": {
                    "type": "openstack_compute_instance_v2",
                    "depends_on": [
                        "local.count",
                        "openstack_compute_keypair_v2.sequence_search",
                        "openstack_compute_secgroup_v2.sequence_search",
                        "openstack_networking_network_v2.sequence_search"
                    ],
                    "primary": {
                        "id": "c82062f5-0b81-4bd9-8df3-9effc6ebf63a",
                        "attributes": {
                            "access_ip_v4": "192.168.0.16",
                            "access_ip_v6": "",
                            "all_metadata.%": "0",
                            "availability_zone": "nova",
                            "flavor_id": "fa85f5f4-4560-4e1b-af95-21df6f714727",
                            "flavor_name": "s1.jumbo",
                            "force_delete": "false",
                            "id": "c82062f5-0b81-4bd9-8df3-9effc6ebf63a",
                            "image_id": "3306bf44-c895-45b2-af05-0a3d23630ce6",
                            "image_name": "CentOS7-Cloud",
                            "key_pair": "default_sequence_search",
                            "name": "default-consumer-10",
                            "network.#": "1",
                            "network.0.access_network": "false",
                            "network.0.fixed_ip_v4": "192.168.0.16",
                            "network.0.fixed_ip_v6": "",
                            "network.0.floating_ip": "",
                            "network.0.mac": "fa:16:3e:aa:e0:fb",
                            "network.0.name": "default_sequence_search",
                            "network.0.port": "",
                            "network.0.uuid": "70bb2861-1002-4f11-8172-04eff143a53d",
                            "power_state": "active",
                            "region": "regionOne",
                            "security_groups.#": "1",
                            "security_groups.1219909394": "default_sequence_search",
                            "stop_before_destroy": "false"
                        },
                        "meta": {
                            "e2bfb730-ecaa-11e6-8f88-34363bc7c4c0": {
                                "create": 1800000000000,
                                "delete": 1800000000000,
                                "update": 1800000000000
                            }
                        },
                        "tainted": false
                    },
                    "deposed": [],
                    "provider": "provider.openstack"
                },
                "openstack_compute_instance_v2.postgres": {
                    "type": "openstack_compute_instance_v2",
                    "depends_on": [
                        "openstack_compute_keypair_v2.sequence_search",
                        "openstack_compute_secgroup_v2.sequence_search",
                        "openstack_networking_network_v2.sequence_search"
                    ],
                    "primary": {
                        "id": "c1a98462-62ad-4194-aa13-181c61bcc963",
                        "attributes": {
                            "access_ip_v4": "192.168.0.6",
                            "access_ip_v6": "",
                            "all_metadata.%": "0",
                            "availability_zone": "nova",
                            "flavor_id": "fa85f5f4-4560-4e1b-af95-21df6f714727",
                            "flavor_name": "s1.jumbo",
                            "force_delete": "false",
                            "id": "c1a98462-62ad-4194-aa13-181c61bcc963",
                            "image_id": "3306bf44-c895-45b2-af05-0a3d23630ce6",
                            "image_name": "CentOS7-Cloud",
                            "key_pair": "default_sequence_search",
                            "name": "default-postgres",
                            "network.#": "1",
                            "network.0.access_network": "false",
                            "network.0.fixed_ip_v4": "192.168.0.6",
                            "network.0.fixed_ip_v6": "",
                            "network.0.floating_ip": "",
                            "network.0.mac": "fa:16:3e:ed:80:12",
                            "network.0.name": "default_sequence_search",
                            "network.0.port": "",
                            "network.0.uuid": "70bb2861-1002-4f11-8172-04eff143a53d",
                            "power_state": "active",
                            "region": "regionOne",
                            "security_groups.#": "1",
                            "security_groups.1219909394": "default_sequence_search",
                            "stop_before_destroy": "false"
                        },
                        "meta": {
                            "e2bfb730-ecaa-11e6-8f88-34363bc7c4c0": {
                                "create": 1800000000000,
                                "delete": 1800000000000,
                                "update": 1800000000000
                            }
                        },
                        "tainted": false
                    },
                    "deposed": [],
                    "provider": "provider.openstack"
                },
                "openstack_compute_instance_v2.producer": {
                    "type": "openstack_compute_instance_v2",
                    "depends_on": [
                        "openstack_compute_keypair_v2.sequence_search",
                        "openstack_compute_secgroup_v2.sequence_search",
                        "openstack_networking_network_v2.sequence_search"
                    ],
                    "primary": {
                        "id": "d529cb4d-8645-4928-9310-763deb80ad48",
                        "attributes": {
                            "access_ip_v4": "192.168.0.5",
                            "access_ip_v6": "",
                            "all_metadata.%": "0",
                            "availability_zone": "nova",
                            "flavor_id": "fa85f5f4-4560-4e1b-af95-21df6f714727",
                            "flavor_name": "s1.jumbo",
                            "force_delete": "false",
                            "id": "d529cb4d-8645-4928-9310-763deb80ad48",
                            "image_id": "3306bf44-c895-45b2-af05-0a3d23630ce6",
                            "image_name": "CentOS7-Cloud",
                            "key_pair": "default_sequence_search",
                            "name": "default-producer",
                            "network.#": "1",
                            "network.0.access_network": "false",
                            "network.0.fixed_ip_v4": "192.168.0.5",
                            "network.0.fixed_ip_v6": "",
                            "network.0.floating_ip": "",
                            "network.0.mac": "fa:16:3e:2c:84:35",
                            "network.0.name": "default_sequence_search",
                            "network.0.port": "",
                            "network.0.uuid": "70bb2861-1002-4f11-8172-04eff143a53d",
                            "power_state": "active",
                            "region": "regionOne",
                            "security_groups.#": "1",
                            "security_groups.1219909394": "default_sequence_search",
                            "stop_before_destroy": "false"
                        },
                        "meta": {
                            "e2bfb730-ecaa-11e6-8f88-34363bc7c4c0": {
                                "create": 1800000000000,
                                "delete": 1800000000000,
                                "update": 1800000000000
                            }
                        },
                        "tainted": false
                    },
                    "deposed": [],
                    "provider": "provider.openstack"
                },
                "openstack_compute_keypair_v2.sequence_search": {
                    "type": "openstack_compute_keypair_v2",
                    "depends_on": [],
                    "primary": {
                        "id": "default_sequence_search",
                        "attributes": {
                            "fingerprint": "f5:ac:9f:4e:68:11:2e:49:27:40:22:47:fa:ba:f3:58",
                            "id": "default_sequence_search",
                            "name": "default_sequence_search",
                            "private_key": "",
                            "public_key": "ssh-rsa AAAAB3NzaC1yc2EAAAADAQABAAACAQC9BOKz+dYi+0TzjpH5RWorfguhIp8Vxn1NIKX3VLbvYrStYlu+59aCdWALWhSUzqt/BKhwteg2Ph5m5pYItqs3i9VLpY493UvfjjocYqf47xqkDsYYo6kZkZjvnKFfkZui88TmgiMUKDtK/uRXVJhG4QlvCbrXLn9GM5jWmtV3lO/BEw25U19eGClsGQ0T7TUZ+YmPv9aHycw+hEpOWOvMYquzLg+thwrm7fzvLvbkS7pQm5kr8OGEvJ0HgLgUFiL+8zrB+zoGuiaaiFg9pLq2zJ/wtoe9OxiyRTaQt/Kwo8n2Z/S84bgKOLQPi85shjqQx/6/nfzjLpWUR8Bci9VH8CJ5i/zIagMHoyIrh+Fq/77YEuES0lpqYNd6AQUjgu7CF9OyXlQLwh6TSXLwxYUWaWAVMABysEaUT78+KFp7J86xTdb0zciVjTnyNb+IACMfo4hyexyAN3cPoWxAM7i8ET2Iug8QXB6RO1mz5zjvdDtLP7J5HCglVsXAmlHyxX7twmgAG11f45c/5I8gq0cQpubh8e6oZWYJ2krsbuVZnYXich+MidDIzt/5X+j06Um5iC4xbUIMJppeA1tzjQipvoavVeXs1LPN6ICLVtVkymb2Fhkpjq55Tiwan6ftYiWRXWOpaY00Yfc8ZbY8rb+bEF7lu4K1sf1bKOFyKke8Rw== apetrov@apetrov-ml\n",
                            "region": "regionOne"
                        },
                        "meta": {},
                        "tainted": false
                    },
                    "deposed": [],
                    "provider": "provider.openstack"
                },
                "openstack_compute_secgroup_v2.sequence_search": {
                    "type": "openstack_compute_secgroup_v2",
                    "depends_on": [],
                    "primary": {
                        "id": "b904f5b3-8a80-48c8-ad7d-0c9618994333",
                        "attributes": {
                            "description": "Security group for the sequence_search instances",
                            "id": "b904f5b3-8a80-48c8-ad7d-0c9618994333",
                            "name": "default_sequence_search",
                            "region": "regionOne",
                            "rule.#": "6",
                            "rule.2180185248.cidr": "0.0.0.0/0",
                            "rule.2180185248.from_group_id": "",
                            "rule.2180185248.from_port": "-1",
                            "rule.2180185248.id": "a62b18a3-9cf3-4c87-bf9a-77e37c594b96",
                            "rule.2180185248.ip_protocol": "icmp",
                            "rule.2180185248.self": "false",
                            "rule.2180185248.to_port": "-1",
                            "rule.3467029331.cidr": "0.0.0.0/0",
                            "rule.3467029331.from_group_id": "",
                            "rule.3467029331.from_port": "8002",
                            "rule.3467029331.id": "034a7d30-7815-4d0e-a1fe-a6f5c9cedce7",
                            "rule.3467029331.ip_protocol": "tcp",
                            "rule.3467029331.self": "false",
                            "rule.3467029331.to_port": "8002",
                            "rule.3719211069.cidr": "0.0.0.0/0",
                            "rule.3719211069.from_group_id": "",
                            "rule.3719211069.from_port": "80",
                            "rule.3719211069.id": "9d73c844-e80f-49e4-81c9-aa3ce547d008",
                            "rule.3719211069.ip_protocol": "tcp",
                            "rule.3719211069.self": "false",
                            "rule.3719211069.to_port": "80",
                            "rule.3815358244.cidr": "0.0.0.0/0",
                            "rule.3815358244.from_group_id": "",
                            "rule.3815358244.from_port": "5432",
                            "rule.3815358244.id": "98fae1af-5f23-49f4-bfee-011eb379148e",
                            "rule.3815358244.ip_protocol": "tcp",
                            "rule.3815358244.self": "false",
                            "rule.3815358244.to_port": "5432",
                            "rule.542868096.cidr": "0.0.0.0/0",
                            "rule.542868096.from_group_id": "",
                            "rule.542868096.from_port": "8000",
                            "rule.542868096.id": "3afa20e9-a3a0-4ff4-97a4-570e030bf69f",
                            "rule.542868096.ip_protocol": "tcp",
                            "rule.542868096.self": "false",
                            "rule.542868096.to_port": "8000",
                            "rule.836640770.cidr": "0.0.0.0/0",
                            "rule.836640770.from_group_id": "",
                            "rule.836640770.from_port": "22",
                            "rule.836640770.id": "3c3fa1d2-4b52-4537-bfca-f45222bbe1b7",
                            "rule.836640770.ip_protocol": "tcp",
                            "rule.836640770.self": "false",
                            "rule.836640770.to_port": "22"
                        },
                        "meta": {
                            "e2bfb730-ecaa-11e6-8f88-34363bc7c4c0": {
                                "delete": 600000000000
                            }
                        },
                        "tainted": false
                    },
                    "deposed": [],
                    "provider": "provider.openstack"
                },
                "openstack_compute_volume_attach_v2.attach_databases_to_consumers.0": {
                    "type": "openstack_compute_volume_attach_v2",
                    "depends_on": [
                        "local.count",
                        "openstack_blockstorage_volume_v2.sequence_search_consumer_databases.*",
                        "openstack_compute_instance_v2.consumers.*"
                    ],
                    "primary": {
                        "id": "0b1592ea-84ca-4be1-a0df-b70c3d1a8f19/c0271ea4-b9b0-40f1-a9c5-2283fd12e377",
                        "attributes": {
                            "device": "/dev/vdb",
                            "id": "0b1592ea-84ca-4be1-a0df-b70c3d1a8f19/c0271ea4-b9b0-40f1-a9c5-2283fd12e377",
                            "instance_id": "0b1592ea-84ca-4be1-a0df-b70c3d1a8f19",
                            "region": "regionOne",
                            "volume_id": "c0271ea4-b9b0-40f1-a9c5-2283fd12e377"
                        },
                        "meta": {
                            "e2bfb730-ecaa-11e6-8f88-34363bc7c4c0": {
                                "create": 600000000000,
                                "delete": 600000000000
                            }
                        },
                        "tainted": false
                    },
                    "deposed": [],
                    "provider": "provider.openstack"
                },
                "openstack_compute_volume_attach_v2.attach_databases_to_consumers.1": {
                    "type": "openstack_compute_volume_attach_v2",
                    "depends_on": [
                        "local.count",
                        "openstack_blockstorage_volume_v2.sequence_search_consumer_databases.*",
                        "openstack_compute_instance_v2.consumers.*"
                    ],
                    "primary": {
                        "id": "3695bf79-25d4-4550-a32b-c74a35f86d08/26e07dfe-0198-48be-b246-aa716a51e9d5",
                        "attributes": {
                            "device": "/dev/vdb",
                            "id": "3695bf79-25d4-4550-a32b-c74a35f86d08/26e07dfe-0198-48be-b246-aa716a51e9d5",
                            "instance_id": "3695bf79-25d4-4550-a32b-c74a35f86d08",
                            "region": "regionOne",
                            "volume_id": "26e07dfe-0198-48be-b246-aa716a51e9d5"
                        },
                        "meta": {
                            "e2bfb730-ecaa-11e6-8f88-34363bc7c4c0": {
                                "create": 600000000000,
                                "delete": 600000000000
                            }
                        },
                        "tainted": false
                    },
                    "deposed": [],
                    "provider": "provider.openstack"
                },
                "openstack_compute_volume_attach_v2.attach_databases_to_consumers.10": {
                    "type": "openstack_compute_volume_attach_v2",
                    "depends_on": [
                        "local.count",
                        "openstack_blockstorage_volume_v2.sequence_search_consumer_databases.*",
                        "openstack_compute_instance_v2.consumers.*"
                    ],
                    "primary": {
                        "id": "a16395de-20e6-40f2-b7b0-583dd3b29f79/53bcdbec-5fa6-41de-bada-fcc35db33e45",
                        "attributes": {
                            "device": "/dev/vdb",
                            "id": "a16395de-20e6-40f2-b7b0-583dd3b29f79/53bcdbec-5fa6-41de-bada-fcc35db33e45",
                            "instance_id": "a16395de-20e6-40f2-b7b0-583dd3b29f79",
                            "region": "regionOne",
                            "volume_id": "53bcdbec-5fa6-41de-bada-fcc35db33e45"
                        },
                        "meta": {
                            "e2bfb730-ecaa-11e6-8f88-34363bc7c4c0": {
                                "create": 600000000000,
                                "delete": 600000000000
                            }
                        },
                        "tainted": false
                    },
                    "deposed": [],
                    "provider": "provider.openstack"
                },
                "openstack_compute_volume_attach_v2.attach_databases_to_consumers.11": {
                    "type": "openstack_compute_volume_attach_v2",
                    "depends_on": [
                        "local.count",
                        "openstack_blockstorage_volume_v2.sequence_search_consumer_databases.*",
                        "openstack_compute_instance_v2.consumers.*"
                    ],
                    "primary": {
                        "id": "bc6eb824-8f82-4a26-8ecd-1928a30acedf/37c067f6-d779-4c29-ac55-fb7e7ea3c802",
                        "attributes": {
                            "device": "/dev/vdb",
                            "id": "bc6eb824-8f82-4a26-8ecd-1928a30acedf/37c067f6-d779-4c29-ac55-fb7e7ea3c802",
                            "instance_id": "bc6eb824-8f82-4a26-8ecd-1928a30acedf",
                            "region": "regionOne",
                            "volume_id": "37c067f6-d779-4c29-ac55-fb7e7ea3c802"
                        },
                        "meta": {
                            "e2bfb730-ecaa-11e6-8f88-34363bc7c4c0": {
                                "create": 600000000000,
                                "delete": 600000000000
                            }
                        },
                        "tainted": false
                    },
                    "deposed": [],
                    "provider": "provider.openstack"
                },
                "openstack_compute_volume_attach_v2.attach_databases_to_consumers.12": {
                    "type": "openstack_compute_volume_attach_v2",
                    "depends_on": [
                        "local.count",
                        "openstack_blockstorage_volume_v2.sequence_search_consumer_databases.*",
                        "openstack_compute_instance_v2.consumers.*"
                    ],
                    "primary": {
                        "id": "4164883d-c843-444a-b97d-1f3047cc6ff8/cf7e008a-0659-4030-b543-696f154f2a67",
                        "attributes": {
                            "device": "/dev/vdb",
                            "id": "4164883d-c843-444a-b97d-1f3047cc6ff8/cf7e008a-0659-4030-b543-696f154f2a67",
                            "instance_id": "4164883d-c843-444a-b97d-1f3047cc6ff8",
                            "region": "regionOne",
                            "volume_id": "cf7e008a-0659-4030-b543-696f154f2a67"
                        },
                        "meta": {
                            "e2bfb730-ecaa-11e6-8f88-34363bc7c4c0": {
                                "create": 600000000000,
                                "delete": 600000000000
                            }
                        },
                        "tainted": false
                    },
                    "deposed": [],
                    "provider": "provider.openstack"
                },
                "openstack_compute_volume_attach_v2.attach_databases_to_consumers.13": {
                    "type": "openstack_compute_volume_attach_v2",
                    "depends_on": [
                        "local.count",
                        "openstack_blockstorage_volume_v2.sequence_search_consumer_databases.*",
                        "openstack_compute_instance_v2.consumers.*"
                    ],
                    "primary": {
                        "id": "24d6cd5d-ece2-4b26-9bdc-ea85f4f77e05/7e7f4cb0-9a68-474d-b7ed-4ec9250ba2f3",
                        "attributes": {
                            "device": "/dev/vdb",
                            "id": "24d6cd5d-ece2-4b26-9bdc-ea85f4f77e05/7e7f4cb0-9a68-474d-b7ed-4ec9250ba2f3",
                            "instance_id": "24d6cd5d-ece2-4b26-9bdc-ea85f4f77e05",
                            "region": "regionOne",
                            "volume_id": "7e7f4cb0-9a68-474d-b7ed-4ec9250ba2f3"
                        },
                        "meta": {
                            "e2bfb730-ecaa-11e6-8f88-34363bc7c4c0": {
                                "create": 600000000000,
                                "delete": 600000000000
                            }
                        },
                        "tainted": false
                    },
                    "deposed": [],
                    "provider": "provider.openstack"
                },
                "openstack_compute_volume_attach_v2.attach_databases_to_consumers.14": {
                    "type": "openstack_compute_volume_attach_v2",
                    "depends_on": [
                        "local.count",
                        "openstack_blockstorage_volume_v2.sequence_search_consumer_databases.*",
                        "openstack_compute_instance_v2.consumers.*"
                    ],
                    "primary": {
                        "id": "92ed3fb1-7735-4a1a-9aad-8ff19dda3e89/a6c1d4db-ed3c-4d50-bacc-b8324dadb5fd",
                        "attributes": {
                            "device": "/dev/vdb",
                            "id": "92ed3fb1-7735-4a1a-9aad-8ff19dda3e89/a6c1d4db-ed3c-4d50-bacc-b8324dadb5fd",
                            "instance_id": "92ed3fb1-7735-4a1a-9aad-8ff19dda3e89",
                            "region": "regionOne",
                            "volume_id": "a6c1d4db-ed3c-4d50-bacc-b8324dadb5fd"
                        },
                        "meta": {
                            "e2bfb730-ecaa-11e6-8f88-34363bc7c4c0": {
                                "create": 600000000000,
                                "delete": 600000000000
                            }
                        },
                        "tainted": false
                    },
                    "deposed": [],
                    "provider": "provider.openstack"
                },
                "openstack_compute_volume_attach_v2.attach_databases_to_consumers.2": {
                    "type": "openstack_compute_volume_attach_v2",
                    "depends_on": [
                        "local.count",
                        "openstack_blockstorage_volume_v2.sequence_search_consumer_databases.*",
                        "openstack_compute_instance_v2.consumers.*"
                    ],
                    "primary": {
                        "id": "48f58ff1-1f0c-4da1-bac5-1b7919981d6e/8454b726-fe7b-471f-8a75-415eea7d8245",
                        "attributes": {
                            "device": "/dev/vdb",
                            "id": "48f58ff1-1f0c-4da1-bac5-1b7919981d6e/8454b726-fe7b-471f-8a75-415eea7d8245",
                            "instance_id": "48f58ff1-1f0c-4da1-bac5-1b7919981d6e",
                            "region": "regionOne",
                            "volume_id": "8454b726-fe7b-471f-8a75-415eea7d8245"
                        },
                        "meta": {
                            "e2bfb730-ecaa-11e6-8f88-34363bc7c4c0": {
                                "create": 600000000000,
                                "delete": 600000000000
                            }
                        },
                        "tainted": false
                    },
                    "deposed": [],
                    "provider": "provider.openstack"
                },
                "openstack_compute_volume_attach_v2.attach_databases_to_consumers.3": {
                    "type": "openstack_compute_volume_attach_v2",
                    "depends_on": [
                        "local.count",
                        "openstack_blockstorage_volume_v2.sequence_search_consumer_databases.*",
                        "openstack_compute_instance_v2.consumers.*"
                    ],
                    "primary": {
                        "id": "8a496b79-139c-45f2-bc68-f419e7d80fa4/bf2f7ff6-e66b-4e1f-a962-c827c2e659a5",
                        "attributes": {
                            "device": "/dev/vdb",
                            "id": "8a496b79-139c-45f2-bc68-f419e7d80fa4/bf2f7ff6-e66b-4e1f-a962-c827c2e659a5",
                            "instance_id": "8a496b79-139c-45f2-bc68-f419e7d80fa4",
                            "region": "regionOne",
                            "volume_id": "bf2f7ff6-e66b-4e1f-a962-c827c2e659a5"
                        },
                        "meta": {
                            "e2bfb730-ecaa-11e6-8f88-34363bc7c4c0": {
                                "create": 600000000000,
                                "delete": 600000000000
                            }
                        },
                        "tainted": false
                    },
                    "deposed": [],
                    "provider": "provider.openstack"
                },
                "openstack_compute_volume_attach_v2.attach_databases_to_consumers.4": {
                    "type": "openstack_compute_volume_attach_v2",
                    "depends_on": [
                        "local.count",
                        "openstack_blockstorage_volume_v2.sequence_search_consumer_databases.*",
                        "openstack_compute_instance_v2.consumers.*"
                    ],
                    "primary": {
                        "id": "bb82cb2b-e5a0-487f-bb36-26c0f66a69be/07ec4ffa-4051-45c5-a9f2-6a44ec5cadb3",
                        "attributes": {
                            "device": "/dev/vdb",
                            "id": "bb82cb2b-e5a0-487f-bb36-26c0f66a69be/07ec4ffa-4051-45c5-a9f2-6a44ec5cadb3",
                            "instance_id": "bb82cb2b-e5a0-487f-bb36-26c0f66a69be",
                            "region": "regionOne",
                            "volume_id": "07ec4ffa-4051-45c5-a9f2-6a44ec5cadb3"
                        },
                        "meta": {
                            "e2bfb730-ecaa-11e6-8f88-34363bc7c4c0": {
                                "create": 600000000000,
                                "delete": 600000000000
                            }
                        },
                        "tainted": false
                    },
                    "deposed": [],
                    "provider": "provider.openstack"
                },
                "openstack_compute_volume_attach_v2.attach_databases_to_consumers.5": {
                    "type": "openstack_compute_volume_attach_v2",
                    "depends_on": [
                        "local.count",
                        "openstack_blockstorage_volume_v2.sequence_search_consumer_databases.*",
                        "openstack_compute_instance_v2.consumers.*"
                    ],
                    "primary": {
                        "id": "1cd15338-30bb-4f42-a38a-7dcc0f4ed495/891aaf09-5a85-472e-b403-b7153b583f91",
                        "attributes": {
                            "device": "/dev/vdb",
                            "id": "1cd15338-30bb-4f42-a38a-7dcc0f4ed495/891aaf09-5a85-472e-b403-b7153b583f91",
                            "instance_id": "1cd15338-30bb-4f42-a38a-7dcc0f4ed495",
                            "region": "regionOne",
                            "volume_id": "891aaf09-5a85-472e-b403-b7153b583f91"
                        },
                        "meta": {
                            "e2bfb730-ecaa-11e6-8f88-34363bc7c4c0": {
                                "create": 600000000000,
                                "delete": 600000000000
                            }
                        },
                        "tainted": false
                    },
                    "deposed": [],
                    "provider": "provider.openstack"
                },
                "openstack_compute_volume_attach_v2.attach_databases_to_consumers.6": {
                    "type": "openstack_compute_volume_attach_v2",
                    "depends_on": [
                        "local.count",
                        "openstack_blockstorage_volume_v2.sequence_search_consumer_databases.*",
                        "openstack_compute_instance_v2.consumers.*"
                    ],
                    "primary": {
                        "id": "d343dd09-6596-4b7e-88b4-1e471d1cf77c/fd58c506-435d-4029-a1c9-1901e1614393",
                        "attributes": {
                            "device": "/dev/vdb",
                            "id": "d343dd09-6596-4b7e-88b4-1e471d1cf77c/fd58c506-435d-4029-a1c9-1901e1614393",
                            "instance_id": "d343dd09-6596-4b7e-88b4-1e471d1cf77c",
                            "region": "regionOne",
                            "volume_id": "fd58c506-435d-4029-a1c9-1901e1614393"
                        },
                        "meta": {
                            "e2bfb730-ecaa-11e6-8f88-34363bc7c4c0": {
                                "create": 600000000000,
                                "delete": 600000000000
                            }
                        },
                        "tainted": false
                    },
                    "deposed": [],
                    "provider": "provider.openstack"
                },
                "openstack_compute_volume_attach_v2.attach_databases_to_consumers.7": {
                    "type": "openstack_compute_volume_attach_v2",
                    "depends_on": [
                        "local.count",
                        "openstack_blockstorage_volume_v2.sequence_search_consumer_databases.*",
                        "openstack_compute_instance_v2.consumers.*"
                    ],
                    "primary": {
                        "id": "8eb17f2a-226e-47b5-a59e-e40e94d7fdea/480ffbda-35cf-4f29-ae90-e6b47670604c",
                        "attributes": {
                            "device": "/dev/vdb",
                            "id": "8eb17f2a-226e-47b5-a59e-e40e94d7fdea/480ffbda-35cf-4f29-ae90-e6b47670604c",
                            "instance_id": "8eb17f2a-226e-47b5-a59e-e40e94d7fdea",
                            "region": "regionOne",
                            "volume_id": "480ffbda-35cf-4f29-ae90-e6b47670604c"
                        },
                        "meta": {
                            "e2bfb730-ecaa-11e6-8f88-34363bc7c4c0": {
                                "create": 600000000000,
                                "delete": 600000000000
                            }
                        },
                        "tainted": false
                    },
                    "deposed": [],
                    "provider": "provider.openstack"
                },
                "openstack_compute_volume_attach_v2.attach_databases_to_consumers.8": {
                    "type": "openstack_compute_volume_attach_v2",
                    "depends_on": [
                        "local.count",
                        "openstack_blockstorage_volume_v2.sequence_search_consumer_databases.*",
                        "openstack_compute_instance_v2.consumers.*"
                    ],
                    "primary": {
                        "id": "69606076-919d-430d-a6a6-e466bb6c69a8/4b82eaf9-0111-4618-8844-aa1930206ca2",
                        "attributes": {
                            "device": "/dev/vdb",
                            "id": "69606076-919d-430d-a6a6-e466bb6c69a8/4b82eaf9-0111-4618-8844-aa1930206ca2",
                            "instance_id": "69606076-919d-430d-a6a6-e466bb6c69a8",
                            "region": "regionOne",
                            "volume_id": "4b82eaf9-0111-4618-8844-aa1930206ca2"
                        },
                        "meta": {
                            "e2bfb730-ecaa-11e6-8f88-34363bc7c4c0": {
                                "create": 600000000000,
                                "delete": 600000000000
                            }
                        },
                        "tainted": false
                    },
                    "deposed": [],
                    "provider": "provider.openstack"
                },
                "openstack_compute_volume_attach_v2.attach_databases_to_consumers.9": {
                    "type": "openstack_compute_volume_attach_v2",
                    "depends_on": [
                        "local.count",
                        "openstack_blockstorage_volume_v2.sequence_search_consumer_databases.*",
                        "openstack_compute_instance_v2.consumers.*"
                    ],
                    "primary": {
                        "id": "c82062f5-0b81-4bd9-8df3-9effc6ebf63a/3875e785-93ae-4e0d-9840-9ccf057abaa5",
                        "attributes": {
                            "device": "/dev/vdb",
                            "id": "c82062f5-0b81-4bd9-8df3-9effc6ebf63a/3875e785-93ae-4e0d-9840-9ccf057abaa5",
                            "instance_id": "c82062f5-0b81-4bd9-8df3-9effc6ebf63a",
                            "region": "regionOne",
                            "volume_id": "3875e785-93ae-4e0d-9840-9ccf057abaa5"
                        },
                        "meta": {
                            "e2bfb730-ecaa-11e6-8f88-34363bc7c4c0": {
                                "create": 600000000000,
                                "delete": 600000000000
                            }
                        },
                        "tainted": false
                    },
                    "deposed": [],
                    "provider": "provider.openstack"
                },
                "openstack_compute_volume_attach_v2.attach_databases_to_producer": {
                    "type": "openstack_compute_volume_attach_v2",
                    "depends_on": [
                        "openstack_blockstorage_volume_v2.sequence_search_producer_databases",
                        "openstack_compute_instance_v2.producer"
                    ],
                    "primary": {
                        "id": "d529cb4d-8645-4928-9310-763deb80ad48/bdd58d57-77e3-4e10-aba1-c800656c032b",
                        "attributes": {
                            "device": "/dev/vdb",
                            "id": "d529cb4d-8645-4928-9310-763deb80ad48/bdd58d57-77e3-4e10-aba1-c800656c032b",
                            "instance_id": "d529cb4d-8645-4928-9310-763deb80ad48",
                            "region": "regionOne",
                            "volume_id": "bdd58d57-77e3-4e10-aba1-c800656c032b"
                        },
                        "meta": {
                            "e2bfb730-ecaa-11e6-8f88-34363bc7c4c0": {
                                "create": 600000000000,
                                "delete": 600000000000
                            }
                        },
                        "tainted": false
                    },
                    "deposed": [],
                    "provider": "provider.openstack"
                },
                "openstack_networking_network_v2.sequence_search": {
                    "type": "openstack_networking_network_v2",
                    "depends_on": [],
                    "primary": {
                        "id": "70bb2861-1002-4f11-8172-04eff143a53d",
                        "attributes": {
                            "admin_state_up": "true",
                            "all_tags.#": "0",
                            "availability_zone_hints.#": "0",
                            "description": "",
                            "dns_domain": "",
                            "external": "false",
                            "id": "70bb2861-1002-4f11-8172-04eff143a53d",
                            "mtu": "1500",
                            "name": "default_sequence_search",
                            "port_security_enabled": "true",
                            "region": "regionOne",
                            "shared": "false",
                            "tags.#": "0",
                            "tenant_id": "bd631be0b7e641a7bd0c187493e7104e",
                            "transparent_vlan": "false"
                        },
                        "meta": {
                            "e2bfb730-ecaa-11e6-8f88-34363bc7c4c0": {
                                "create": 600000000000,
                                "delete": 600000000000
                            }
                        },
                        "tainted": false
                    },
                    "deposed": [],
                    "provider": "provider.openstack"
                },
                "openstack_networking_router_interface_v2.sequence_search": {
                    "type": "openstack_networking_router_interface_v2",
                    "depends_on": [
                        "openstack_networking_router_v2.sequence_search",
                        "openstack_networking_subnet_v2.sequence_search"
                    ],
                    "primary": {
                        "id": "2265b022-9628-4cda-a076-4f5eba212fb9",
                        "attributes": {
                            "id": "2265b022-9628-4cda-a076-4f5eba212fb9",
                            "port_id": "2265b022-9628-4cda-a076-4f5eba212fb9",
                            "region": "regionOne",
                            "router_id": "8fdfddb4-4c5b-43a4-a67a-aa556cd63219",
                            "subnet_id": "3f0121c0-d722-485e-ac71-6fd1e1260f08"
                        },
                        "meta": {
                            "e2bfb730-ecaa-11e6-8f88-34363bc7c4c0": {
                                "create": 600000000000,
                                "delete": 600000000000
                            }
                        },
                        "tainted": false
                    },
                    "deposed": [],
                    "provider": "provider.openstack"
                },
                "openstack_networking_router_v2.sequence_search": {
                    "type": "openstack_networking_router_v2",
                    "depends_on": [],
                    "primary": {
                        "id": "8fdfddb4-4c5b-43a4-a67a-aa556cd63219",
                        "attributes": {
                            "admin_state_up": "true",
                            "all_tags.#": "0",
                            "availability_zone_hints.#": "0",
                            "description": "",
                            "distributed": "false",
                            "enable_snat": "true",
                            "external_fixed_ip.#": "1",
                            "external_fixed_ip.0.ip_address": "193.62.55.117",
                            "external_fixed_ip.0.subnet_id": "3c926da4-b320-4320-8d62-f70e2078a2fd",
                            "external_gateway": "e25c3173-bb5c-4bbc-83a7-f0551099c8cd",
                            "external_network_id": "e25c3173-bb5c-4bbc-83a7-f0551099c8cd",
                            "id": "8fdfddb4-4c5b-43a4-a67a-aa556cd63219",
                            "name": "default_sequence_search",
                            "region": "regionOne",
                            "tags.#": "0",
                            "tenant_id": "bd631be0b7e641a7bd0c187493e7104e"
                        },
                        "meta": {
                            "e2bfb730-ecaa-11e6-8f88-34363bc7c4c0": {
                                "create": 600000000000,
                                "delete": 600000000000
                            }
                        },
                        "tainted": false
                    },
                    "deposed": [],
                    "provider": "provider.openstack"
                },
                "openstack_networking_subnet_v2.sequence_search": {
                    "type": "openstack_networking_subnet_v2",
                    "depends_on": [
                        "openstack_networking_network_v2.sequence_search"
                    ],
                    "primary": {
                        "id": "3f0121c0-d722-485e-ac71-6fd1e1260f08",
                        "attributes": {
                            "all_tags.#": "0",
                            "allocation_pools.#": "1",
                            "allocation_pools.0.end": "192.168.0.254",
                            "allocation_pools.0.start": "192.168.0.2",
                            "cidr": "192.168.0.0/24",
                            "description": "",
                            "dns_nameservers.#": "1",
                            "dns_nameservers.0": "8.8.8.8",
                            "enable_dhcp": "true",
                            "gateway_ip": "192.168.0.1",
                            "id": "3f0121c0-d722-485e-ac71-6fd1e1260f08",
                            "ip_version": "4",
                            "ipv6_address_mode": "",
                            "ipv6_ra_mode": "",
                            "name": "default_sequence_search",
                            "network_id": "70bb2861-1002-4f11-8172-04eff143a53d",
                            "no_gateway": "false",
                            "region": "regionOne",
                            "subnetpool_id": "",
                            "tags.#": "0",
                            "tenant_id": "bd631be0b7e641a7bd0c187493e7104e"
                        },
                        "meta": {
                            "e2bfb730-ecaa-11e6-8f88-34363bc7c4c0": {
                                "create": 600000000000,
                                "delete": 600000000000
                            }
                        },
                        "tainted": false
                    },
                    "deposed": [],
                    "provider": "provider.openstack"
                }
            },
            "depends_on": []
        }
    ]
}
