{
    "version": 3,
    "terraform_version": "0.11.13",
    "serial": 6,
    "lineage": "b3e8e88c-53d9-e061-7720-e7f72e33bfaf",
    "modules": [
        {
            "path": [
                "root"
            ],
            "outputs": {},
            "resources": {
                "openstack_blockstorage_volume_v2.sequence_search_consumer_databases.0": {
                    "type": "openstack_blockstorage_volume_v2",
                    "depends_on": [],
                    "primary": {
                        "id": "ebd70eda-ce6f-4eb3-b996-5ec316953756",
                        "attributes": {
                            "attachment.#": "1",
                            "attachment.2405739344.device": "/dev/vdb",
                            "attachment.2405739344.id": "ebd70eda-ce6f-4eb3-b996-5ec316953756",
                            "attachment.2405739344.instance_id": "9dad409a-55e6-46e0-8f24-fd5c87f3dc23",
                            "availability_zone": "nova",
                            "description": "",
                            "id": "ebd70eda-ce6f-4eb3-b996-5ec316953756",
                            "image_id": "sequence_search_databases",
                            "metadata.%": "2",
                            "metadata.attached_mode": "rw",
                            "metadata.readonly": "False",
                            "name": "sequence-search-consumer-databases-1",
                            "region": "regionOne",
                            "size": "12",
                            "snapshot_id": "",
                            "source_vol_id": "",
                            "volume_type": ""
                        },
                        "meta": {
                            "e2bfb730-ecaa-11e6-8f88-34363bc7c4c0": {
                                "create": 600000000000,
                                "delete": 600000000000
                            }
                        },
                        "tainted": false
                    },
                    "deposed": [],
                    "provider": "provider.openstack"
                },
                "openstack_blockstorage_volume_v2.sequence_search_consumer_databases.1": {
                    "type": "openstack_blockstorage_volume_v2",
                    "depends_on": [],
                    "primary": {
                        "id": "291fdfbb-a62a-4e79-925f-99e73cac5880",
                        "attributes": {
                            "attachment.#": "1",
                            "attachment.1019342677.device": "/dev/vdb",
                            "attachment.1019342677.id": "291fdfbb-a62a-4e79-925f-99e73cac5880",
                            "attachment.1019342677.instance_id": "b157f754-28bc-49d6-978d-65c8e8a2004c",
                            "availability_zone": "nova",
                            "description": "",
                            "id": "291fdfbb-a62a-4e79-925f-99e73cac5880",
                            "image_id": "sequence_search_databases",
                            "metadata.%": "2",
                            "metadata.attached_mode": "rw",
                            "metadata.readonly": "False",
                            "name": "sequence-search-consumer-databases-2",
                            "region": "regionOne",
                            "size": "12",
                            "snapshot_id": "",
                            "source_vol_id": "",
                            "volume_type": ""
                        },
                        "meta": {
                            "e2bfb730-ecaa-11e6-8f88-34363bc7c4c0": {
                                "create": 600000000000,
                                "delete": 600000000000
                            }
                        },
                        "tainted": false
                    },
                    "deposed": [],
                    "provider": "provider.openstack"
                },
                "openstack_blockstorage_volume_v2.sequence_search_consumer_databases.2": {
                    "type": "openstack_blockstorage_volume_v2",
                    "depends_on": [],
                    "primary": {
                        "id": "5c6412ec-69aa-4daf-a0c8-090438117d72",
                        "attributes": {
                            "attachment.#": "1",
                            "attachment.936452601.device": "/dev/vdb",
                            "attachment.936452601.id": "5c6412ec-69aa-4daf-a0c8-090438117d72",
                            "attachment.936452601.instance_id": "0861df09-291d-41a4-99b7-65d50afed8a8",
                            "availability_zone": "nova",
                            "description": "",
                            "id": "5c6412ec-69aa-4daf-a0c8-090438117d72",
                            "image_id": "sequence_search_databases",
                            "metadata.%": "2",
                            "metadata.attached_mode": "rw",
                            "metadata.readonly": "False",
                            "name": "sequence-search-consumer-databases-3",
                            "region": "regionOne",
                            "size": "12",
                            "snapshot_id": "",
                            "source_vol_id": "",
                            "volume_type": ""
                        },
                        "meta": {
                            "e2bfb730-ecaa-11e6-8f88-34363bc7c4c0": {
                                "create": 600000000000,
                                "delete": 600000000000
                            }
                        },
                        "tainted": false
                    },
                    "deposed": [],
                    "provider": "provider.openstack"
                },
                "openstack_blockstorage_volume_v2.sequence_search_consumer_databases.3": {
                    "type": "openstack_blockstorage_volume_v2",
                    "depends_on": [],
                    "primary": {
                        "id": "cc6cb13a-f87d-4553-992f-9bf3742d377c",
                        "attributes": {
                            "attachment.#": "1",
                            "attachment.2760423359.device": "/dev/vdb",
                            "attachment.2760423359.id": "cc6cb13a-f87d-4553-992f-9bf3742d377c",
                            "attachment.2760423359.instance_id": "c84ad5a1-eb46-4f84-b12e-04436d6eb09f",
                            "availability_zone": "nova",
                            "description": "",
                            "id": "cc6cb13a-f87d-4553-992f-9bf3742d377c",
                            "image_id": "sequence_search_databases",
                            "metadata.%": "2",
                            "metadata.attached_mode": "rw",
                            "metadata.readonly": "False",
                            "name": "sequence-search-consumer-databases-4",
                            "region": "regionOne",
                            "size": "12",
                            "snapshot_id": "",
                            "source_vol_id": "",
                            "volume_type": ""
                        },
                        "meta": {
                            "e2bfb730-ecaa-11e6-8f88-34363bc7c4c0": {
                                "create": 600000000000,
                                "delete": 600000000000
                            }
                        },
                        "tainted": false
                    },
                    "deposed": [],
                    "provider": "provider.openstack"
                },
                "openstack_blockstorage_volume_v2.sequence_search_consumer_databases.4": {
                    "type": "openstack_blockstorage_volume_v2",
                    "depends_on": [],
                    "primary": {
                        "id": "9e4212b1-d5e4-40d8-ab2b-6c52c70afdff",
                        "attributes": {
                            "attachment.#": "1",
                            "attachment.4016531761.device": "/dev/vdb",
                            "attachment.4016531761.id": "9e4212b1-d5e4-40d8-ab2b-6c52c70afdff",
                            "attachment.4016531761.instance_id": "01ccea30-2922-4827-bfa8-08261f0fe006",
                            "availability_zone": "nova",
                            "description": "",
                            "id": "9e4212b1-d5e4-40d8-ab2b-6c52c70afdff",
                            "image_id": "sequence_search_databases",
                            "metadata.%": "2",
                            "metadata.attached_mode": "rw",
                            "metadata.readonly": "False",
                            "name": "sequence-search-consumer-databases-5",
                            "region": "regionOne",
                            "size": "12",
                            "snapshot_id": "",
                            "source_vol_id": "",
                            "volume_type": ""
                        },
                        "meta": {
                            "e2bfb730-ecaa-11e6-8f88-34363bc7c4c0": {
                                "create": 600000000000,
                                "delete": 600000000000
                            }
                        },
                        "tainted": false
                    },
                    "deposed": [],
                    "provider": "provider.openstack"
                },
                "openstack_blockstorage_volume_v2.sequence_search_consumer_databases.5": {
                    "type": "openstack_blockstorage_volume_v2",
                    "depends_on": [],
                    "primary": {
                        "id": "20c9fa73-6610-477a-b753-e32b26cb839f",
                        "attributes": {
                            "attachment.#": "1",
                            "attachment.3312186924.device": "/dev/vdb",
                            "attachment.3312186924.id": "20c9fa73-6610-477a-b753-e32b26cb839f",
                            "attachment.3312186924.instance_id": "17de3bfa-ccc5-48e2-a11e-853e548dfdc0",
                            "availability_zone": "nova",
                            "description": "",
                            "id": "20c9fa73-6610-477a-b753-e32b26cb839f",
                            "image_id": "sequence_search_databases",
                            "metadata.%": "2",
                            "metadata.attached_mode": "rw",
                            "metadata.readonly": "False",
                            "name": "sequence-search-consumer-databases-6",
                            "region": "regionOne",
                            "size": "12",
                            "snapshot_id": "",
                            "source_vol_id": "",
                            "volume_type": ""
                        },
                        "meta": {
                            "e2bfb730-ecaa-11e6-8f88-34363bc7c4c0": {
                                "create": 600000000000,
                                "delete": 600000000000
                            }
                        },
                        "tainted": false
                    },
                    "deposed": [],
                    "provider": "provider.openstack"
                },
                "openstack_blockstorage_volume_v2.sequence_search_consumer_databases.6": {
                    "type": "openstack_blockstorage_volume_v2",
                    "depends_on": [],
                    "primary": {
                        "id": "cd6ed47e-bb9b-4697-987d-a5e228e749a3",
                        "attributes": {
                            "attachment.#": "1",
                            "attachment.1823498733.device": "/dev/vdb",
                            "attachment.1823498733.id": "cd6ed47e-bb9b-4697-987d-a5e228e749a3",
                            "attachment.1823498733.instance_id": "6e7b5e61-75c9-43be-bc3a-937da6c9fc0e",
                            "availability_zone": "nova",
                            "description": "",
                            "id": "cd6ed47e-bb9b-4697-987d-a5e228e749a3",
                            "image_id": "sequence_search_databases",
                            "metadata.%": "2",
                            "metadata.attached_mode": "rw",
                            "metadata.readonly": "False",
                            "name": "sequence-search-consumer-databases-7",
                            "region": "regionOne",
                            "size": "12",
                            "snapshot_id": "",
                            "source_vol_id": "",
                            "volume_type": ""
                        },
                        "meta": {
                            "e2bfb730-ecaa-11e6-8f88-34363bc7c4c0": {
                                "create": 600000000000,
                                "delete": 600000000000
                            }
                        },
                        "tainted": false
                    },
                    "deposed": [],
                    "provider": "provider.openstack"
                },
                "openstack_blockstorage_volume_v2.sequence_search_consumer_databases.7": {
                    "type": "openstack_blockstorage_volume_v2",
                    "depends_on": [],
                    "primary": {
                        "id": "2e4d61f0-41fb-4059-b3fe-123f8c952031",
                        "attributes": {
                            "attachment.#": "1",
                            "attachment.3094034629.device": "/dev/vdb",
                            "attachment.3094034629.id": "2e4d61f0-41fb-4059-b3fe-123f8c952031",
                            "attachment.3094034629.instance_id": "d6274064-6c0c-4127-9312-7c35ad5b6338",
                            "availability_zone": "nova",
                            "description": "",
                            "id": "2e4d61f0-41fb-4059-b3fe-123f8c952031",
                            "image_id": "sequence_search_databases",
                            "metadata.%": "2",
                            "metadata.attached_mode": "rw",
                            "metadata.readonly": "False",
                            "name": "sequence-search-consumer-databases-8",
                            "region": "regionOne",
                            "size": "12",
                            "snapshot_id": "",
                            "source_vol_id": "",
                            "volume_type": ""
                        },
                        "meta": {
                            "e2bfb730-ecaa-11e6-8f88-34363bc7c4c0": {
                                "create": 600000000000,
                                "delete": 600000000000
                            }
                        },
                        "tainted": false
                    },
                    "deposed": [],
                    "provider": "provider.openstack"
                },
                "openstack_blockstorage_volume_v2.sequence_search_consumer_databases.8": {
                    "type": "openstack_blockstorage_volume_v2",
                    "depends_on": [],
                    "primary": {
                        "id": "518baf6c-aacf-4d18-98ec-4f50e7d1bc44",
                        "attributes": {
                            "attachment.#": "1",
                            "attachment.625051018.device": "/dev/vdb",
                            "attachment.625051018.id": "518baf6c-aacf-4d18-98ec-4f50e7d1bc44",
                            "attachment.625051018.instance_id": "be3c9f7f-3a61-4de7-8296-aff617c007df",
                            "availability_zone": "nova",
                            "description": "",
                            "id": "518baf6c-aacf-4d18-98ec-4f50e7d1bc44",
                            "image_id": "sequence_search_databases",
                            "metadata.%": "2",
                            "metadata.attached_mode": "rw",
                            "metadata.readonly": "False",
                            "name": "sequence-search-consumer-databases-9",
                            "region": "regionOne",
                            "size": "12",
                            "snapshot_id": "",
                            "source_vol_id": "",
                            "volume_type": ""
                        },
                        "meta": {
                            "e2bfb730-ecaa-11e6-8f88-34363bc7c4c0": {
                                "create": 600000000000,
                                "delete": 600000000000
                            }
                        },
                        "tainted": false
                    },
                    "deposed": [],
                    "provider": "provider.openstack"
                },
                "openstack_blockstorage_volume_v2.sequence_search_consumer_databases.9": {
                    "type": "openstack_blockstorage_volume_v2",
                    "depends_on": [],
                    "primary": {
                        "id": "47fc7135-6c14-43d5-8382-a0ca7e33dfa1",
                        "attributes": {
                            "attachment.#": "1",
                            "attachment.2259095939.device": "/dev/vdb",
                            "attachment.2259095939.id": "47fc7135-6c14-43d5-8382-a0ca7e33dfa1",
                            "attachment.2259095939.instance_id": "b717fbc2-8152-4208-bf53-5ee163978d1a",
                            "availability_zone": "nova",
                            "description": "",
                            "id": "47fc7135-6c14-43d5-8382-a0ca7e33dfa1",
                            "image_id": "sequence_search_databases",
                            "metadata.%": "2",
                            "metadata.attached_mode": "rw",
                            "metadata.readonly": "False",
                            "name": "sequence-search-consumer-databases-10",
                            "region": "regionOne",
                            "size": "12",
                            "snapshot_id": "",
                            "source_vol_id": "",
                            "volume_type": ""
                        },
                        "meta": {
                            "e2bfb730-ecaa-11e6-8f88-34363bc7c4c0": {
                                "create": 600000000000,
                                "delete": 600000000000
                            }
                        },
                        "tainted": false
                    },
                    "deposed": [],
                    "provider": "provider.openstack"
                },
                "openstack_blockstorage_volume_v2.sequence_search_producer_databases": {
                    "type": "openstack_blockstorage_volume_v2",
                    "depends_on": [],
                    "primary": {
                        "id": "bdd58d57-77e3-4e10-aba1-c800656c032b",
                        "attributes": {
                            "attachment.#": "1",
                            "attachment.2353763757.device": "/dev/vdb",
                            "attachment.2353763757.id": "bdd58d57-77e3-4e10-aba1-c800656c032b",
                            "attachment.2353763757.instance_id": "84609c80-47df-4da1-9afa-b367008dd240",
                            "availability_zone": "nova",
                            "description": "",
                            "id": "bdd58d57-77e3-4e10-aba1-c800656c032b",
                            "image_id": "sequence_search_databases",
                            "metadata.%": "2",
                            "metadata.attached_mode": "rw",
                            "metadata.readonly": "False",
                            "name": "sequence-search-producer-databases",
                            "region": "regionOne",
                            "size": "12",
                            "snapshot_id": "",
                            "source_vol_id": "",
                            "volume_type": ""
                        },
                        "meta": {
                            "e2bfb730-ecaa-11e6-8f88-34363bc7c4c0": {
                                "create": 600000000000,
                                "delete": 600000000000
                            }
                        },
                        "tainted": false
                    },
                    "deposed": [],
                    "provider": "provider.openstack"
                },
                "openstack_compute_floatingip_associate_v2.sequence_search": {
                    "type": "openstack_compute_floatingip_associate_v2",
                    "depends_on": [
                        "openstack_compute_instance_v2.producer",
                        "openstack_networking_router_interface_v2.sequence_search"
                    ],
                    "primary": {
                        "id": "193.62.55.44/84609c80-47df-4da1-9afa-b367008dd240/",
                        "attributes": {
                            "fixed_ip": "",
                            "floating_ip": "193.62.55.44",
                            "id": "193.62.55.44/84609c80-47df-4da1-9afa-b367008dd240/",
                            "instance_id": "84609c80-47df-4da1-9afa-b367008dd240",
                            "region": "regionOne"
                        },
                        "meta": {
                            "e2bfb730-ecaa-11e6-8f88-34363bc7c4c0": {
                                "create": 600000000000
                            }
                        },
                        "tainted": false
                    },
                    "deposed": [],
                    "provider": "provider.openstack"
                },
                "openstack_compute_instance_v2.consumer.0": {
                    "type": "openstack_compute_instance_v2",
                    "depends_on": [
                        "openstack_compute_keypair_v2.sequence_search",
                        "openstack_compute_secgroup_v2.sequence_search",
                        "openstack_networking_network_v2.sequence_search"
                    ],
                    "primary": {
                        "id": "9dad409a-55e6-46e0-8f24-fd5c87f3dc23",
                        "attributes": {
                            "access_ip_v4": "192.168.0.7",
                            "access_ip_v6": "",
                            "all_metadata.%": "0",
                            "availability_zone": "nova",
                            "flavor_id": "fa85f5f4-4560-4e1b-af95-21df6f714727",
                            "flavor_name": "s1.jumbo",
                            "force_delete": "false",
                            "id": "9dad409a-55e6-46e0-8f24-fd5c87f3dc23",
                            "image_id": "3306bf44-c895-45b2-af05-0a3d23630ce6",
                            "image_name": "CentOS7-Cloud",
                            "key_pair": "sequence_search",
                            "name": "consumer-1",
                            "network.#": "1",
                            "network.0.access_network": "false",
                            "network.0.fixed_ip_v4": "192.168.0.7",
                            "network.0.fixed_ip_v6": "",
                            "network.0.floating_ip": "",
                            "network.0.mac": "fa:16:3e:d3:11:d9",
                            "network.0.name": "sequence_search",
                            "network.0.port": "",
                            "network.0.uuid": "70bb2861-1002-4f11-8172-04eff143a53d",
                            "power_state": "active",
                            "region": "regionOne",
                            "security_groups.#": "1",
                            "security_groups.3504406478": "sequence_search",
                            "stop_before_destroy": "false"
                        },
                        "meta": {
                            "e2bfb730-ecaa-11e6-8f88-34363bc7c4c0": {
                                "create": 1800000000000,
                                "delete": 1800000000000,
                                "update": 1800000000000
                            }
                        },
                        "tainted": false
                    },
                    "deposed": [],
                    "provider": "provider.openstack"
                },
                "openstack_compute_instance_v2.consumer.1": {
                    "type": "openstack_compute_instance_v2",
                    "depends_on": [
                        "openstack_compute_keypair_v2.sequence_search",
                        "openstack_compute_secgroup_v2.sequence_search",
                        "openstack_networking_network_v2.sequence_search"
                    ],
                    "primary": {
                        "id": "b157f754-28bc-49d6-978d-65c8e8a2004c",
                        "attributes": {
                            "access_ip_v4": "192.168.0.8",
                            "access_ip_v6": "",
                            "all_metadata.%": "0",
                            "availability_zone": "nova",
                            "flavor_id": "fa85f5f4-4560-4e1b-af95-21df6f714727",
                            "flavor_name": "s1.jumbo",
                            "force_delete": "false",
                            "id": "b157f754-28bc-49d6-978d-65c8e8a2004c",
                            "image_id": "3306bf44-c895-45b2-af05-0a3d23630ce6",
                            "image_name": "CentOS7-Cloud",
                            "key_pair": "sequence_search",
                            "name": "consumer-2",
                            "network.#": "1",
                            "network.0.access_network": "false",
                            "network.0.fixed_ip_v4": "192.168.0.8",
                            "network.0.fixed_ip_v6": "",
                            "network.0.floating_ip": "",
                            "network.0.mac": "fa:16:3e:ef:61:3f",
                            "network.0.name": "sequence_search",
                            "network.0.port": "",
                            "network.0.uuid": "70bb2861-1002-4f11-8172-04eff143a53d",
                            "power_state": "active",
                            "region": "regionOne",
                            "security_groups.#": "1",
                            "security_groups.3504406478": "sequence_search",
                            "stop_before_destroy": "false"
                        },
                        "meta": {
                            "e2bfb730-ecaa-11e6-8f88-34363bc7c4c0": {
                                "create": 1800000000000,
                                "delete": 1800000000000,
                                "update": 1800000000000
                            }
                        },
                        "tainted": false
                    },
                    "deposed": [],
                    "provider": "provider.openstack"
                },
                "openstack_compute_instance_v2.consumer.2": {
                    "type": "openstack_compute_instance_v2",
                    "depends_on": [
                        "openstack_compute_keypair_v2.sequence_search",
                        "openstack_compute_secgroup_v2.sequence_search",
                        "openstack_networking_network_v2.sequence_search"
                    ],
                    "primary": {
                        "id": "0861df09-291d-41a4-99b7-65d50afed8a8",
                        "attributes": {
                            "access_ip_v4": "192.168.0.9",
                            "access_ip_v6": "",
                            "all_metadata.%": "0",
                            "availability_zone": "nova",
                            "flavor_id": "fa85f5f4-4560-4e1b-af95-21df6f714727",
                            "flavor_name": "s1.jumbo",
                            "force_delete": "false",
                            "id": "0861df09-291d-41a4-99b7-65d50afed8a8",
                            "image_id": "3306bf44-c895-45b2-af05-0a3d23630ce6",
                            "image_name": "CentOS7-Cloud",
                            "key_pair": "sequence_search",
                            "name": "consumer-3",
                            "network.#": "1",
                            "network.0.access_network": "false",
                            "network.0.fixed_ip_v4": "192.168.0.9",
                            "network.0.fixed_ip_v6": "",
                            "network.0.floating_ip": "",
                            "network.0.mac": "fa:16:3e:75:b9:8c",
                            "network.0.name": "sequence_search",
                            "network.0.port": "",
                            "network.0.uuid": "70bb2861-1002-4f11-8172-04eff143a53d",
                            "power_state": "active",
                            "region": "regionOne",
                            "security_groups.#": "1",
                            "security_groups.3504406478": "sequence_search",
                            "stop_before_destroy": "false"
                        },
                        "meta": {
                            "e2bfb730-ecaa-11e6-8f88-34363bc7c4c0": {
                                "create": 1800000000000,
                                "delete": 1800000000000,
                                "update": 1800000000000
                            }
                        },
                        "tainted": false
                    },
                    "deposed": [],
                    "provider": "provider.openstack"
                },
                "openstack_compute_instance_v2.consumer.3": {
                    "type": "openstack_compute_instance_v2",
                    "depends_on": [
                        "openstack_compute_keypair_v2.sequence_search",
                        "openstack_compute_secgroup_v2.sequence_search",
                        "openstack_networking_network_v2.sequence_search"
                    ],
                    "primary": {
                        "id": "c84ad5a1-eb46-4f84-b12e-04436d6eb09f",
                        "attributes": {
                            "access_ip_v4": "192.168.0.10",
                            "access_ip_v6": "",
                            "all_metadata.%": "0",
                            "availability_zone": "nova",
                            "flavor_id": "fa85f5f4-4560-4e1b-af95-21df6f714727",
                            "flavor_name": "s1.jumbo",
                            "force_delete": "false",
                            "id": "c84ad5a1-eb46-4f84-b12e-04436d6eb09f",
                            "image_id": "3306bf44-c895-45b2-af05-0a3d23630ce6",
                            "image_name": "CentOS7-Cloud",
                            "key_pair": "sequence_search",
                            "name": "consumer-4",
                            "network.#": "1",
                            "network.0.access_network": "false",
                            "network.0.fixed_ip_v4": "192.168.0.10",
                            "network.0.fixed_ip_v6": "",
                            "network.0.floating_ip": "",
                            "network.0.mac": "fa:16:3e:46:28:17",
                            "network.0.name": "sequence_search",
                            "network.0.port": "",
                            "network.0.uuid": "70bb2861-1002-4f11-8172-04eff143a53d",
                            "power_state": "active",
                            "region": "regionOne",
                            "security_groups.#": "1",
                            "security_groups.3504406478": "sequence_search",
                            "stop_before_destroy": "false"
                        },
                        "meta": {
                            "e2bfb730-ecaa-11e6-8f88-34363bc7c4c0": {
                                "create": 1800000000000,
                                "delete": 1800000000000,
                                "update": 1800000000000
                            }
                        },
                        "tainted": false
                    },
                    "deposed": [],
                    "provider": "provider.openstack"
                },
                "openstack_compute_instance_v2.consumer.4": {
                    "type": "openstack_compute_instance_v2",
                    "depends_on": [
                        "openstack_compute_keypair_v2.sequence_search",
                        "openstack_compute_secgroup_v2.sequence_search",
                        "openstack_networking_network_v2.sequence_search"
                    ],
                    "primary": {
                        "id": "01ccea30-2922-4827-bfa8-08261f0fe006",
                        "attributes": {
                            "access_ip_v4": "192.168.0.11",
                            "access_ip_v6": "",
                            "all_metadata.%": "0",
                            "availability_zone": "nova",
                            "flavor_id": "fa85f5f4-4560-4e1b-af95-21df6f714727",
                            "flavor_name": "s1.jumbo",
                            "force_delete": "false",
                            "id": "01ccea30-2922-4827-bfa8-08261f0fe006",
                            "image_id": "3306bf44-c895-45b2-af05-0a3d23630ce6",
                            "image_name": "CentOS7-Cloud",
                            "key_pair": "sequence_search",
                            "name": "consumer-5",
                            "network.#": "1",
                            "network.0.access_network": "false",
                            "network.0.fixed_ip_v4": "192.168.0.11",
                            "network.0.fixed_ip_v6": "",
                            "network.0.floating_ip": "",
                            "network.0.mac": "fa:16:3e:21:cb:f9",
                            "network.0.name": "sequence_search",
                            "network.0.port": "",
                            "network.0.uuid": "70bb2861-1002-4f11-8172-04eff143a53d",
                            "power_state": "active",
                            "region": "regionOne",
                            "security_groups.#": "1",
                            "security_groups.3504406478": "sequence_search",
                            "stop_before_destroy": "false"
                        },
                        "meta": {
                            "e2bfb730-ecaa-11e6-8f88-34363bc7c4c0": {
                                "create": 1800000000000,
                                "delete": 1800000000000,
                                "update": 1800000000000
                            }
                        },
                        "tainted": false
                    },
                    "deposed": [],
                    "provider": "provider.openstack"
                },
                "openstack_compute_instance_v2.consumer.5": {
                    "type": "openstack_compute_instance_v2",
                    "depends_on": [
                        "openstack_compute_keypair_v2.sequence_search",
                        "openstack_compute_secgroup_v2.sequence_search",
                        "openstack_networking_network_v2.sequence_search"
                    ],
                    "primary": {
                        "id": "17de3bfa-ccc5-48e2-a11e-853e548dfdc0",
                        "attributes": {
                            "access_ip_v4": "192.168.0.12",
                            "access_ip_v6": "",
                            "all_metadata.%": "0",
                            "availability_zone": "nova",
                            "flavor_id": "fa85f5f4-4560-4e1b-af95-21df6f714727",
                            "flavor_name": "s1.jumbo",
                            "force_delete": "false",
                            "id": "17de3bfa-ccc5-48e2-a11e-853e548dfdc0",
                            "image_id": "3306bf44-c895-45b2-af05-0a3d23630ce6",
                            "image_name": "CentOS7-Cloud",
                            "key_pair": "sequence_search",
                            "name": "consumer-6",
                            "network.#": "1",
                            "network.0.access_network": "false",
                            "network.0.fixed_ip_v4": "192.168.0.12",
                            "network.0.fixed_ip_v6": "",
                            "network.0.floating_ip": "",
                            "network.0.mac": "fa:16:3e:03:82:0e",
                            "network.0.name": "sequence_search",
                            "network.0.port": "",
                            "network.0.uuid": "70bb2861-1002-4f11-8172-04eff143a53d",
                            "power_state": "active",
                            "region": "regionOne",
                            "security_groups.#": "1",
                            "security_groups.3504406478": "sequence_search",
                            "stop_before_destroy": "false"
                        },
                        "meta": {
                            "e2bfb730-ecaa-11e6-8f88-34363bc7c4c0": {
                                "create": 1800000000000,
                                "delete": 1800000000000,
                                "update": 1800000000000
                            }
                        },
                        "tainted": false
                    },
                    "deposed": [],
                    "provider": "provider.openstack"
                },
                "openstack_compute_instance_v2.consumer.6": {
                    "type": "openstack_compute_instance_v2",
                    "depends_on": [
                        "openstack_compute_keypair_v2.sequence_search",
                        "openstack_compute_secgroup_v2.sequence_search",
                        "openstack_networking_network_v2.sequence_search"
                    ],
                    "primary": {
                        "id": "6e7b5e61-75c9-43be-bc3a-937da6c9fc0e",
                        "attributes": {
                            "access_ip_v4": "192.168.0.13",
                            "access_ip_v6": "",
                            "all_metadata.%": "0",
                            "availability_zone": "nova",
                            "flavor_id": "fa85f5f4-4560-4e1b-af95-21df6f714727",
                            "flavor_name": "s1.jumbo",
                            "force_delete": "false",
                            "id": "6e7b5e61-75c9-43be-bc3a-937da6c9fc0e",
                            "image_id": "3306bf44-c895-45b2-af05-0a3d23630ce6",
                            "image_name": "CentOS7-Cloud",
                            "key_pair": "sequence_search",
                            "name": "consumer-7",
                            "network.#": "1",
                            "network.0.access_network": "false",
                            "network.0.fixed_ip_v4": "192.168.0.13",
                            "network.0.fixed_ip_v6": "",
                            "network.0.floating_ip": "",
                            "network.0.mac": "fa:16:3e:44:26:41",
                            "network.0.name": "sequence_search",
                            "network.0.port": "",
                            "network.0.uuid": "70bb2861-1002-4f11-8172-04eff143a53d",
                            "power_state": "active",
                            "region": "regionOne",
                            "security_groups.#": "1",
                            "security_groups.3504406478": "sequence_search",
                            "stop_before_destroy": "false"
                        },
                        "meta": {
                            "e2bfb730-ecaa-11e6-8f88-34363bc7c4c0": {
                                "create": 1800000000000,
                                "delete": 1800000000000,
                                "update": 1800000000000
                            }
                        },
                        "tainted": false
                    },
                    "deposed": [],
                    "provider": "provider.openstack"
                },
                "openstack_compute_instance_v2.consumer.7": {
                    "type": "openstack_compute_instance_v2",
                    "depends_on": [
                        "openstack_compute_keypair_v2.sequence_search",
                        "openstack_compute_secgroup_v2.sequence_search",
                        "openstack_networking_network_v2.sequence_search"
                    ],
                    "primary": {
                        "id": "d6274064-6c0c-4127-9312-7c35ad5b6338",
                        "attributes": {
                            "access_ip_v4": "192.168.0.14",
                            "access_ip_v6": "",
                            "all_metadata.%": "0",
                            "availability_zone": "nova",
                            "flavor_id": "fa85f5f4-4560-4e1b-af95-21df6f714727",
                            "flavor_name": "s1.jumbo",
                            "force_delete": "false",
                            "id": "d6274064-6c0c-4127-9312-7c35ad5b6338",
                            "image_id": "3306bf44-c895-45b2-af05-0a3d23630ce6",
                            "image_name": "CentOS7-Cloud",
                            "key_pair": "sequence_search",
                            "name": "consumer-8",
                            "network.#": "1",
                            "network.0.access_network": "false",
                            "network.0.fixed_ip_v4": "192.168.0.14",
                            "network.0.fixed_ip_v6": "",
                            "network.0.floating_ip": "",
                            "network.0.mac": "fa:16:3e:7d:1d:89",
                            "network.0.name": "sequence_search",
                            "network.0.port": "",
                            "network.0.uuid": "70bb2861-1002-4f11-8172-04eff143a53d",
                            "power_state": "active",
                            "region": "regionOne",
                            "security_groups.#": "1",
                            "security_groups.3504406478": "sequence_search",
                            "stop_before_destroy": "false"
                        },
                        "meta": {
                            "e2bfb730-ecaa-11e6-8f88-34363bc7c4c0": {
                                "create": 1800000000000,
                                "delete": 1800000000000,
                                "update": 1800000000000
                            }
                        },
                        "tainted": false
                    },
                    "deposed": [],
                    "provider": "provider.openstack"
                },
                "openstack_compute_instance_v2.consumer.8": {
                    "type": "openstack_compute_instance_v2",
                    "depends_on": [
                        "openstack_compute_keypair_v2.sequence_search",
                        "openstack_compute_secgroup_v2.sequence_search",
                        "openstack_networking_network_v2.sequence_search"
                    ],
                    "primary": {
                        "id": "be3c9f7f-3a61-4de7-8296-aff617c007df",
                        "attributes": {
                            "access_ip_v4": "192.168.0.15",
                            "access_ip_v6": "",
                            "all_metadata.%": "0",
                            "availability_zone": "nova",
                            "flavor_id": "fa85f5f4-4560-4e1b-af95-21df6f714727",
                            "flavor_name": "s1.jumbo",
                            "force_delete": "false",
                            "id": "be3c9f7f-3a61-4de7-8296-aff617c007df",
                            "image_id": "3306bf44-c895-45b2-af05-0a3d23630ce6",
                            "image_name": "CentOS7-Cloud",
                            "key_pair": "sequence_search",
                            "name": "consumer-9",
                            "network.#": "1",
                            "network.0.access_network": "false",
                            "network.0.fixed_ip_v4": "192.168.0.15",
                            "network.0.fixed_ip_v6": "",
                            "network.0.floating_ip": "",
                            "network.0.mac": "fa:16:3e:1c:2f:44",
                            "network.0.name": "sequence_search",
                            "network.0.port": "",
                            "network.0.uuid": "70bb2861-1002-4f11-8172-04eff143a53d",
                            "power_state": "active",
                            "region": "regionOne",
                            "security_groups.#": "1",
                            "security_groups.3504406478": "sequence_search",
                            "stop_before_destroy": "false"
                        },
                        "meta": {
                            "e2bfb730-ecaa-11e6-8f88-34363bc7c4c0": {
                                "create": 1800000000000,
                                "delete": 1800000000000,
                                "update": 1800000000000
                            }
                        },
                        "tainted": false
                    },
                    "deposed": [],
                    "provider": "provider.openstack"
                },
                "openstack_compute_instance_v2.consumer.9": {
                    "type": "openstack_compute_instance_v2",
                    "depends_on": [
                        "openstack_compute_keypair_v2.sequence_search",
                        "openstack_compute_secgroup_v2.sequence_search",
                        "openstack_networking_network_v2.sequence_search"
                    ],
                    "primary": {
                        "id": "b717fbc2-8152-4208-bf53-5ee163978d1a",
                        "attributes": {
                            "access_ip_v4": "192.168.0.16",
                            "access_ip_v6": "",
                            "all_metadata.%": "0",
                            "availability_zone": "nova",
                            "flavor_id": "fa85f5f4-4560-4e1b-af95-21df6f714727",
                            "flavor_name": "s1.jumbo",
                            "force_delete": "false",
                            "id": "b717fbc2-8152-4208-bf53-5ee163978d1a",
                            "image_id": "3306bf44-c895-45b2-af05-0a3d23630ce6",
                            "image_name": "CentOS7-Cloud",
                            "key_pair": "sequence_search",
                            "name": "consumer-10",
                            "network.#": "1",
                            "network.0.access_network": "false",
                            "network.0.fixed_ip_v4": "192.168.0.16",
                            "network.0.fixed_ip_v6": "",
                            "network.0.floating_ip": "",
                            "network.0.mac": "fa:16:3e:13:11:60",
                            "network.0.name": "sequence_search",
                            "network.0.port": "",
                            "network.0.uuid": "70bb2861-1002-4f11-8172-04eff143a53d",
                            "power_state": "active",
                            "region": "regionOne",
                            "security_groups.#": "1",
                            "security_groups.3504406478": "sequence_search",
                            "stop_before_destroy": "false"
                        },
                        "meta": {
                            "e2bfb730-ecaa-11e6-8f88-34363bc7c4c0": {
                                "create": 1800000000000,
                                "delete": 1800000000000,
                                "update": 1800000000000
                            }
                        },
                        "tainted": false
                    },
                    "deposed": [],
                    "provider": "provider.openstack"
                },
                "openstack_compute_instance_v2.postgres": {
                    "type": "openstack_compute_instance_v2",
                    "depends_on": [
                        "openstack_compute_keypair_v2.sequence_search",
                        "openstack_compute_secgroup_v2.sequence_search",
                        "openstack_networking_network_v2.sequence_search"
                    ],
                    "primary": {
                        "id": "8ab16cb9-67e5-4a64-a5fc-95ef784e37cf",
                        "attributes": {
                            "access_ip_v4": "192.168.0.6",
                            "access_ip_v6": "",
                            "all_metadata.%": "0",
                            "availability_zone": "nova",
                            "flavor_id": "fa85f5f4-4560-4e1b-af95-21df6f714727",
                            "flavor_name": "s1.jumbo",
                            "force_delete": "false",
                            "id": "8ab16cb9-67e5-4a64-a5fc-95ef784e37cf",
                            "image_id": "3306bf44-c895-45b2-af05-0a3d23630ce6",
                            "image_name": "CentOS7-Cloud",
                            "key_pair": "sequence_search",
                            "name": "postgres",
                            "network.#": "1",
                            "network.0.access_network": "false",
                            "network.0.fixed_ip_v4": "192.168.0.6",
                            "network.0.fixed_ip_v6": "",
                            "network.0.floating_ip": "",
                            "network.0.mac": "fa:16:3e:5a:9b:27",
                            "network.0.name": "sequence_search",
                            "network.0.port": "",
                            "network.0.uuid": "70bb2861-1002-4f11-8172-04eff143a53d",
                            "power_state": "active",
                            "region": "regionOne",
                            "security_groups.#": "1",
                            "security_groups.3504406478": "sequence_search",
                            "stop_before_destroy": "false"
                        },
                        "meta": {
                            "e2bfb730-ecaa-11e6-8f88-34363bc7c4c0": {
                                "create": 1800000000000,
                                "delete": 1800000000000,
                                "update": 1800000000000
                            }
                        },
                        "tainted": false
                    },
                    "deposed": [],
                    "provider": "provider.openstack"
                },
                "openstack_compute_instance_v2.producer": {
                    "type": "openstack_compute_instance_v2",
                    "depends_on": [
                        "openstack_compute_keypair_v2.sequence_search",
                        "openstack_compute_secgroup_v2.sequence_search",
                        "openstack_networking_network_v2.sequence_search"
                    ],
                    "primary": {
                        "id": "84609c80-47df-4da1-9afa-b367008dd240",
                        "attributes": {
                            "access_ip_v4": "192.168.0.5",
                            "access_ip_v6": "",
                            "all_metadata.%": "0",
                            "availability_zone": "nova",
                            "flavor_id": "fa85f5f4-4560-4e1b-af95-21df6f714727",
                            "flavor_name": "s1.jumbo",
                            "force_delete": "false",
                            "id": "84609c80-47df-4da1-9afa-b367008dd240",
                            "image_id": "3306bf44-c895-45b2-af05-0a3d23630ce6",
                            "image_name": "CentOS7-Cloud",
                            "key_pair": "sequence_search",
                            "name": "producer",
                            "network.#": "1",
                            "network.0.access_network": "false",
                            "network.0.fixed_ip_v4": "192.168.0.5",
                            "network.0.fixed_ip_v6": "",
                            "network.0.floating_ip": "",
                            "network.0.mac": "fa:16:3e:45:09:fe",
                            "network.0.name": "sequence_search",
                            "network.0.port": "",
                            "network.0.uuid": "70bb2861-1002-4f11-8172-04eff143a53d",
                            "power_state": "active",
                            "region": "regionOne",
                            "security_groups.#": "1",
                            "security_groups.3504406478": "sequence_search",
                            "stop_before_destroy": "false"
                        },
                        "meta": {
                            "e2bfb730-ecaa-11e6-8f88-34363bc7c4c0": {
                                "create": 1800000000000,
                                "delete": 1800000000000,
                                "update": 1800000000000
                            }
                        },
                        "tainted": false
                    },
                    "deposed": [],
                    "provider": "provider.openstack"
                },
                "openstack_compute_keypair_v2.sequence_search": {
                    "type": "openstack_compute_keypair_v2",
                    "depends_on": [],
                    "primary": {
                        "id": "sequence_search",
                        "attributes": {
                            "fingerprint": "f5:ac:9f:4e:68:11:2e:49:27:40:22:47:fa:ba:f3:58",
                            "id": "sequence_search",
                            "name": "sequence_search",
                            "private_key": "",
                            "public_key": "ssh-rsa AAAAB3NzaC1yc2EAAAADAQABAAACAQC9BOKz+dYi+0TzjpH5RWorfguhIp8Vxn1NIKX3VLbvYrStYlu+59aCdWALWhSUzqt/BKhwteg2Ph5m5pYItqs3i9VLpY493UvfjjocYqf47xqkDsYYo6kZkZjvnKFfkZui88TmgiMUKDtK/uRXVJhG4QlvCbrXLn9GM5jWmtV3lO/BEw25U19eGClsGQ0T7TUZ+YmPv9aHycw+hEpOWOvMYquzLg+thwrm7fzvLvbkS7pQm5kr8OGEvJ0HgLgUFiL+8zrB+zoGuiaaiFg9pLq2zJ/wtoe9OxiyRTaQt/Kwo8n2Z/S84bgKOLQPi85shjqQx/6/nfzjLpWUR8Bci9VH8CJ5i/zIagMHoyIrh+Fq/77YEuES0lpqYNd6AQUjgu7CF9OyXlQLwh6TSXLwxYUWaWAVMABysEaUT78+KFp7J86xTdb0zciVjTnyNb+IACMfo4hyexyAN3cPoWxAM7i8ET2Iug8QXB6RO1mz5zjvdDtLP7J5HCglVsXAmlHyxX7twmgAG11f45c/5I8gq0cQpubh8e6oZWYJ2krsbuVZnYXich+MidDIzt/5X+j06Um5iC4xbUIMJppeA1tzjQipvoavVeXs1LPN6ICLVtVkymb2Fhkpjq55Tiwan6ftYiWRXWOpaY00Yfc8ZbY8rb+bEF7lu4K1sf1bKOFyKke8Rw== apetrov@apetrov-ml\n",
                            "region": "regionOne"
                        },
                        "meta": {},
                        "tainted": false
                    },
                    "deposed": [],
                    "provider": "provider.openstack"
                },
                "openstack_compute_secgroup_v2.sequence_search": {
                    "type": "openstack_compute_secgroup_v2",
                    "depends_on": [],
                    "primary": {
                        "id": "b904f5b3-8a80-48c8-ad7d-0c9618994333",
                        "attributes": {
                            "description": "Security group for the sequence_search instances",
                            "id": "b904f5b3-8a80-48c8-ad7d-0c9618994333",
                            "name": "sequence_search",
                            "region": "regionOne",
                            "rule.#": "6",
                            "rule.2180185248.cidr": "0.0.0.0/0",
                            "rule.2180185248.from_group_id": "",
                            "rule.2180185248.from_port": "-1",
                            "rule.2180185248.id": "a62b18a3-9cf3-4c87-bf9a-77e37c594b96",
                            "rule.2180185248.ip_protocol": "icmp",
                            "rule.2180185248.self": "false",
                            "rule.2180185248.to_port": "-1",
                            "rule.3467029331.cidr": "0.0.0.0/0",
                            "rule.3467029331.from_group_id": "",
                            "rule.3467029331.from_port": "8002",
                            "rule.3467029331.id": "034a7d30-7815-4d0e-a1fe-a6f5c9cedce7",
                            "rule.3467029331.ip_protocol": "tcp",
                            "rule.3467029331.self": "false",
                            "rule.3467029331.to_port": "8002",
                            "rule.3719211069.cidr": "0.0.0.0/0",
                            "rule.3719211069.from_group_id": "",
                            "rule.3719211069.from_port": "80",
                            "rule.3719211069.id": "9d73c844-e80f-49e4-81c9-aa3ce547d008",
                            "rule.3719211069.ip_protocol": "tcp",
                            "rule.3719211069.self": "false",
                            "rule.3719211069.to_port": "80",
                            "rule.3815358244.cidr": "0.0.0.0/0",
                            "rule.3815358244.from_group_id": "",
                            "rule.3815358244.from_port": "5432",
                            "rule.3815358244.id": "98fae1af-5f23-49f4-bfee-011eb379148e",
                            "rule.3815358244.ip_protocol": "tcp",
                            "rule.3815358244.self": "false",
                            "rule.3815358244.to_port": "5432",
                            "rule.542868096.cidr": "0.0.0.0/0",
                            "rule.542868096.from_group_id": "",
                            "rule.542868096.from_port": "8000",
                            "rule.542868096.id": "3afa20e9-a3a0-4ff4-97a4-570e030bf69f",
                            "rule.542868096.ip_protocol": "tcp",
                            "rule.542868096.self": "false",
                            "rule.542868096.to_port": "8000",
                            "rule.836640770.cidr": "0.0.0.0/0",
                            "rule.836640770.from_group_id": "",
                            "rule.836640770.from_port": "22",
                            "rule.836640770.id": "3c3fa1d2-4b52-4537-bfca-f45222bbe1b7",
                            "rule.836640770.ip_protocol": "tcp",
                            "rule.836640770.self": "false",
                            "rule.836640770.to_port": "22"
                        },
                        "meta": {
                            "e2bfb730-ecaa-11e6-8f88-34363bc7c4c0": {
                                "delete": 600000000000
                            }
                        },
                        "tainted": false
                    },
                    "deposed": [],
                    "provider": "provider.openstack"
                },
                "openstack_compute_volume_attach_v2.attach_databases_to_consumers.0": {
                    "type": "openstack_compute_volume_attach_v2",
                    "depends_on": [
                        "openstack_blockstorage_volume_v2.sequence_search_consumer_databases.*",
                        "openstack_compute_instance_v2.consumer.*"
                    ],
                    "primary": {
                        "id": "9dad409a-55e6-46e0-8f24-fd5c87f3dc23/ebd70eda-ce6f-4eb3-b996-5ec316953756",
                        "attributes": {
                            "device": "/dev/vdb",
                            "id": "9dad409a-55e6-46e0-8f24-fd5c87f3dc23/ebd70eda-ce6f-4eb3-b996-5ec316953756",
                            "instance_id": "9dad409a-55e6-46e0-8f24-fd5c87f3dc23",
                            "region": "regionOne",
                            "volume_id": "ebd70eda-ce6f-4eb3-b996-5ec316953756"
                        },
                        "meta": {
                            "e2bfb730-ecaa-11e6-8f88-34363bc7c4c0": {
                                "create": 600000000000,
                                "delete": 600000000000
                            }
                        },
                        "tainted": false
                    },
                    "deposed": [],
                    "provider": "provider.openstack"
                },
                "openstack_compute_volume_attach_v2.attach_databases_to_consumers.1": {
                    "type": "openstack_compute_volume_attach_v2",
                    "depends_on": [
                        "openstack_blockstorage_volume_v2.sequence_search_consumer_databases.*",
                        "openstack_compute_instance_v2.consumer.*"
                    ],
                    "primary": {
                        "id": "b157f754-28bc-49d6-978d-65c8e8a2004c/291fdfbb-a62a-4e79-925f-99e73cac5880",
                        "attributes": {
                            "device": "/dev/vdb",
                            "id": "b157f754-28bc-49d6-978d-65c8e8a2004c/291fdfbb-a62a-4e79-925f-99e73cac5880",
                            "instance_id": "b157f754-28bc-49d6-978d-65c8e8a2004c",
                            "region": "regionOne",
                            "volume_id": "291fdfbb-a62a-4e79-925f-99e73cac5880"
                        },
                        "meta": {
                            "e2bfb730-ecaa-11e6-8f88-34363bc7c4c0": {
                                "create": 600000000000,
                                "delete": 600000000000
                            }
                        },
                        "tainted": false
                    },
                    "deposed": [],
                    "provider": "provider.openstack"
                },
                "openstack_compute_volume_attach_v2.attach_databases_to_consumers.2": {
                    "type": "openstack_compute_volume_attach_v2",
                    "depends_on": [
                        "openstack_blockstorage_volume_v2.sequence_search_consumer_databases.*",
                        "openstack_compute_instance_v2.consumer.*"
                    ],
                    "primary": {
                        "id": "0861df09-291d-41a4-99b7-65d50afed8a8/5c6412ec-69aa-4daf-a0c8-090438117d72",
                        "attributes": {
                            "device": "/dev/vdb",
                            "id": "0861df09-291d-41a4-99b7-65d50afed8a8/5c6412ec-69aa-4daf-a0c8-090438117d72",
                            "instance_id": "0861df09-291d-41a4-99b7-65d50afed8a8",
                            "region": "regionOne",
                            "volume_id": "5c6412ec-69aa-4daf-a0c8-090438117d72"
                        },
                        "meta": {
                            "e2bfb730-ecaa-11e6-8f88-34363bc7c4c0": {
                                "create": 600000000000,
                                "delete": 600000000000
                            }
                        },
                        "tainted": false
                    },
                    "deposed": [],
                    "provider": "provider.openstack"
                },
                "openstack_compute_volume_attach_v2.attach_databases_to_consumers.3": {
                    "type": "openstack_compute_volume_attach_v2",
                    "depends_on": [
                        "openstack_blockstorage_volume_v2.sequence_search_consumer_databases.*",
                        "openstack_compute_instance_v2.consumer.*"
                    ],
                    "primary": {
                        "id": "c84ad5a1-eb46-4f84-b12e-04436d6eb09f/cc6cb13a-f87d-4553-992f-9bf3742d377c",
                        "attributes": {
                            "device": "/dev/vdb",
                            "id": "c84ad5a1-eb46-4f84-b12e-04436d6eb09f/cc6cb13a-f87d-4553-992f-9bf3742d377c",
                            "instance_id": "c84ad5a1-eb46-4f84-b12e-04436d6eb09f",
                            "region": "regionOne",
                            "volume_id": "cc6cb13a-f87d-4553-992f-9bf3742d377c"
                        },
                        "meta": {
                            "e2bfb730-ecaa-11e6-8f88-34363bc7c4c0": {
                                "create": 600000000000,
                                "delete": 600000000000
                            }
                        },
                        "tainted": false
                    },
                    "deposed": [],
                    "provider": "provider.openstack"
                },
                "openstack_compute_volume_attach_v2.attach_databases_to_consumers.4": {
                    "type": "openstack_compute_volume_attach_v2",
                    "depends_on": [
                        "openstack_blockstorage_volume_v2.sequence_search_consumer_databases.*",
                        "openstack_compute_instance_v2.consumer.*"
                    ],
                    "primary": {
                        "id": "01ccea30-2922-4827-bfa8-08261f0fe006/9e4212b1-d5e4-40d8-ab2b-6c52c70afdff",
                        "attributes": {
                            "device": "/dev/vdb",
                            "id": "01ccea30-2922-4827-bfa8-08261f0fe006/9e4212b1-d5e4-40d8-ab2b-6c52c70afdff",
                            "instance_id": "01ccea30-2922-4827-bfa8-08261f0fe006",
                            "region": "regionOne",
                            "volume_id": "9e4212b1-d5e4-40d8-ab2b-6c52c70afdff"
                        },
                        "meta": {
                            "e2bfb730-ecaa-11e6-8f88-34363bc7c4c0": {
                                "create": 600000000000,
                                "delete": 600000000000
                            }
                        },
                        "tainted": false
                    },
                    "deposed": [],
                    "provider": "provider.openstack"
                },
                "openstack_compute_volume_attach_v2.attach_databases_to_consumers.5": {
                    "type": "openstack_compute_volume_attach_v2",
                    "depends_on": [
                        "openstack_blockstorage_volume_v2.sequence_search_consumer_databases.*",
                        "openstack_compute_instance_v2.consumer.*"
                    ],
                    "primary": {
                        "id": "17de3bfa-ccc5-48e2-a11e-853e548dfdc0/20c9fa73-6610-477a-b753-e32b26cb839f",
                        "attributes": {
                            "device": "/dev/vdb",
                            "id": "17de3bfa-ccc5-48e2-a11e-853e548dfdc0/20c9fa73-6610-477a-b753-e32b26cb839f",
                            "instance_id": "17de3bfa-ccc5-48e2-a11e-853e548dfdc0",
                            "region": "regionOne",
                            "volume_id": "20c9fa73-6610-477a-b753-e32b26cb839f"
                        },
                        "meta": {
                            "e2bfb730-ecaa-11e6-8f88-34363bc7c4c0": {
                                "create": 600000000000,
                                "delete": 600000000000
                            }
                        },
                        "tainted": false
                    },
                    "deposed": [],
                    "provider": "provider.openstack"
                },
                "openstack_compute_volume_attach_v2.attach_databases_to_consumers.6": {
                    "type": "openstack_compute_volume_attach_v2",
                    "depends_on": [
                        "openstack_blockstorage_volume_v2.sequence_search_consumer_databases.*",
                        "openstack_compute_instance_v2.consumer.*"
                    ],
                    "primary": {
                        "id": "6e7b5e61-75c9-43be-bc3a-937da6c9fc0e/cd6ed47e-bb9b-4697-987d-a5e228e749a3",
                        "attributes": {
                            "device": "/dev/vdb",
                            "id": "6e7b5e61-75c9-43be-bc3a-937da6c9fc0e/cd6ed47e-bb9b-4697-987d-a5e228e749a3",
                            "instance_id": "6e7b5e61-75c9-43be-bc3a-937da6c9fc0e",
                            "region": "regionOne",
                            "volume_id": "cd6ed47e-bb9b-4697-987d-a5e228e749a3"
                        },
                        "meta": {
                            "e2bfb730-ecaa-11e6-8f88-34363bc7c4c0": {
                                "create": 600000000000,
                                "delete": 600000000000
                            }
                        },
                        "tainted": false
                    },
                    "deposed": [],
                    "provider": "provider.openstack"
                },
                "openstack_compute_volume_attach_v2.attach_databases_to_consumers.7": {
                    "type": "openstack_compute_volume_attach_v2",
                    "depends_on": [
                        "openstack_blockstorage_volume_v2.sequence_search_consumer_databases.*",
                        "openstack_compute_instance_v2.consumer.*"
                    ],
                    "primary": {
                        "id": "d6274064-6c0c-4127-9312-7c35ad5b6338/2e4d61f0-41fb-4059-b3fe-123f8c952031",
                        "attributes": {
                            "device": "/dev/vdb",
                            "id": "d6274064-6c0c-4127-9312-7c35ad5b6338/2e4d61f0-41fb-4059-b3fe-123f8c952031",
                            "instance_id": "d6274064-6c0c-4127-9312-7c35ad5b6338",
                            "region": "regionOne",
                            "volume_id": "2e4d61f0-41fb-4059-b3fe-123f8c952031"
                        },
                        "meta": {
                            "e2bfb730-ecaa-11e6-8f88-34363bc7c4c0": {
                                "create": 600000000000,
                                "delete": 600000000000
                            }
                        },
                        "tainted": false
                    },
                    "deposed": [],
                    "provider": "provider.openstack"
                },
                "openstack_compute_volume_attach_v2.attach_databases_to_consumers.8": {
                    "type": "openstack_compute_volume_attach_v2",
                    "depends_on": [
                        "openstack_blockstorage_volume_v2.sequence_search_consumer_databases.*",
                        "openstack_compute_instance_v2.consumer.*"
                    ],
                    "primary": {
                        "id": "be3c9f7f-3a61-4de7-8296-aff617c007df/518baf6c-aacf-4d18-98ec-4f50e7d1bc44",
                        "attributes": {
                            "device": "/dev/vdb",
                            "id": "be3c9f7f-3a61-4de7-8296-aff617c007df/518baf6c-aacf-4d18-98ec-4f50e7d1bc44",
                            "instance_id": "be3c9f7f-3a61-4de7-8296-aff617c007df",
                            "region": "regionOne",
                            "volume_id": "518baf6c-aacf-4d18-98ec-4f50e7d1bc44"
                        },
                        "meta": {
                            "e2bfb730-ecaa-11e6-8f88-34363bc7c4c0": {
                                "create": 600000000000,
                                "delete": 600000000000
                            }
                        },
                        "tainted": false
                    },
                    "deposed": [],
                    "provider": "provider.openstack"
                },
                "openstack_compute_volume_attach_v2.attach_databases_to_consumers.9": {
                    "type": "openstack_compute_volume_attach_v2",
                    "depends_on": [
                        "openstack_blockstorage_volume_v2.sequence_search_consumer_databases.*",
                        "openstack_compute_instance_v2.consumer.*"
                    ],
                    "primary": {
                        "id": "b717fbc2-8152-4208-bf53-5ee163978d1a/47fc7135-6c14-43d5-8382-a0ca7e33dfa1",
                        "attributes": {
                            "device": "/dev/vdb",
                            "id": "b717fbc2-8152-4208-bf53-5ee163978d1a/47fc7135-6c14-43d5-8382-a0ca7e33dfa1",
                            "instance_id": "b717fbc2-8152-4208-bf53-5ee163978d1a",
                            "region": "regionOne",
                            "volume_id": "47fc7135-6c14-43d5-8382-a0ca7e33dfa1"
                        },
                        "meta": {
                            "e2bfb730-ecaa-11e6-8f88-34363bc7c4c0": {
                                "create": 600000000000,
                                "delete": 600000000000
                            }
                        },
                        "tainted": false
                    },
                    "deposed": [],
                    "provider": "provider.openstack"
                },
                "openstack_compute_volume_attach_v2.attach_databases_to_producer": {
                    "type": "openstack_compute_volume_attach_v2",
                    "depends_on": [
                        "openstack_blockstorage_volume_v2.sequence_search_producer_databases",
                        "openstack_compute_instance_v2.producer"
                    ],
                    "primary": {
                        "id": "84609c80-47df-4da1-9afa-b367008dd240/bdd58d57-77e3-4e10-aba1-c800656c032b",
                        "attributes": {
                            "device": "/dev/vdb",
                            "id": "84609c80-47df-4da1-9afa-b367008dd240/bdd58d57-77e3-4e10-aba1-c800656c032b",
                            "instance_id": "84609c80-47df-4da1-9afa-b367008dd240",
                            "region": "regionOne",
                            "volume_id": "bdd58d57-77e3-4e10-aba1-c800656c032b"
                        },
                        "meta": {
                            "e2bfb730-ecaa-11e6-8f88-34363bc7c4c0": {
                                "create": 600000000000,
                                "delete": 600000000000
                            }
                        },
                        "tainted": false
                    },
                    "deposed": [],
                    "provider": "provider.openstack"
                },
                "openstack_networking_network_v2.sequence_search": {
                    "type": "openstack_networking_network_v2",
                    "depends_on": [],
                    "primary": {
                        "id": "70bb2861-1002-4f11-8172-04eff143a53d",
                        "attributes": {
                            "admin_state_up": "true",
                            "all_tags.#": "0",
                            "availability_zone_hints.#": "0",
                            "description": "",
                            "dns_domain": "",
                            "external": "false",
                            "id": "70bb2861-1002-4f11-8172-04eff143a53d",
                            "mtu": "1500",
                            "name": "sequence_search",
                            "port_security_enabled": "true",
                            "region": "regionOne",
                            "shared": "false",
                            "tags.#": "0",
                            "tenant_id": "bd631be0b7e641a7bd0c187493e7104e",
                            "transparent_vlan": "false"
                        },
                        "meta": {
                            "e2bfb730-ecaa-11e6-8f88-34363bc7c4c0": {
                                "create": 600000000000,
                                "delete": 600000000000
                            }
                        },
                        "tainted": false
                    },
                    "deposed": [],
                    "provider": "provider.openstack"
                },
                "openstack_networking_router_interface_v2.sequence_search": {
                    "type": "openstack_networking_router_interface_v2",
                    "depends_on": [
                        "openstack_networking_router_v2.sequence_search",
                        "openstack_networking_subnet_v2.sequence_search"
                    ],
                    "primary": {
                        "id": "2265b022-9628-4cda-a076-4f5eba212fb9",
                        "attributes": {
                            "id": "2265b022-9628-4cda-a076-4f5eba212fb9",
                            "port_id": "2265b022-9628-4cda-a076-4f5eba212fb9",
                            "region": "regionOne",
                            "router_id": "8fdfddb4-4c5b-43a4-a67a-aa556cd63219",
                            "subnet_id": "3f0121c0-d722-485e-ac71-6fd1e1260f08"
                        },
                        "meta": {
                            "e2bfb730-ecaa-11e6-8f88-34363bc7c4c0": {
                                "create": 600000000000,
                                "delete": 600000000000
                            }
                        },
                        "tainted": false
                    },
                    "deposed": [],
                    "provider": "provider.openstack"
                },
                "openstack_networking_router_v2.sequence_search": {
                    "type": "openstack_networking_router_v2",
                    "depends_on": [],
                    "primary": {
                        "id": "8fdfddb4-4c5b-43a4-a67a-aa556cd63219",
                        "attributes": {
                            "admin_state_up": "true",
                            "all_tags.#": "0",
                            "availability_zone_hints.#": "0",
                            "description": "",
                            "distributed": "false",
                            "enable_snat": "true",
                            "external_fixed_ip.#": "1",
                            "external_fixed_ip.0.ip_address": "193.62.55.117",
                            "external_fixed_ip.0.subnet_id": "3c926da4-b320-4320-8d62-f70e2078a2fd",
                            "external_gateway": "e25c3173-bb5c-4bbc-83a7-f0551099c8cd",
                            "external_network_id": "e25c3173-bb5c-4bbc-83a7-f0551099c8cd",
                            "id": "8fdfddb4-4c5b-43a4-a67a-aa556cd63219",
                            "name": "sequence_search",
                            "region": "regionOne",
                            "tags.#": "0",
                            "tenant_id": "bd631be0b7e641a7bd0c187493e7104e"
                        },
                        "meta": {
                            "e2bfb730-ecaa-11e6-8f88-34363bc7c4c0": {
                                "create": 600000000000,
                                "delete": 600000000000
                            }
                        },
                        "tainted": false
                    },
                    "deposed": [],
                    "provider": "provider.openstack"
                },
                "openstack_networking_subnet_v2.sequence_search": {
                    "type": "openstack_networking_subnet_v2",
                    "depends_on": [
                        "openstack_networking_network_v2.sequence_search"
                    ],
                    "primary": {
                        "id": "3f0121c0-d722-485e-ac71-6fd1e1260f08",
                        "attributes": {
                            "all_tags.#": "0",
                            "allocation_pools.#": "1",
                            "allocation_pools.0.end": "192.168.0.254",
                            "allocation_pools.0.start": "192.168.0.2",
                            "cidr": "192.168.0.0/24",
                            "description": "",
                            "dns_nameservers.#": "1",
                            "dns_nameservers.0": "8.8.8.8",
                            "enable_dhcp": "true",
                            "gateway_ip": "192.168.0.1",
                            "id": "3f0121c0-d722-485e-ac71-6fd1e1260f08",
                            "ip_version": "4",
                            "ipv6_address_mode": "",
                            "ipv6_ra_mode": "",
                            "name": "sequence_search",
                            "network_id": "70bb2861-1002-4f11-8172-04eff143a53d",
                            "no_gateway": "false",
                            "region": "regionOne",
                            "subnetpool_id": "",
                            "tags.#": "0",
                            "tenant_id": "bd631be0b7e641a7bd0c187493e7104e"
                        },
                        "meta": {
                            "e2bfb730-ecaa-11e6-8f88-34363bc7c4c0": {
                                "create": 600000000000,
                                "delete": 600000000000
                            }
                        },
                        "tainted": false
                    },
                    "deposed": [],
                    "provider": "provider.openstack"
                }
            },
            "depends_on": []
        }
    ]
}
