{
  "version": 4,
  "terraform_version": "0.12.6",
  "serial": 94,
  "lineage": "ea33fa7e-0e4e-5768-9b40-a4beb55880fe",
  "outputs": {},
  "resources": [
    {
      "mode": "managed",
      "type": "openstack_compute_floatingip_associate_v2",
      "name": "load_balancer",
      "provider": "provider.openstack",
      "instances": [
        {
          "schema_version": 0,
          "attributes": {
            "fixed_ip": "",
            "floating_ip": "193.62.55.93",
            "id": "193.62.55.93/4d4b1c08-c212-4da9-af5e-33e5896a4ef2/",
            "instance_id": "4d4b1c08-c212-4da9-af5e-33e5896a4ef2",
            "region": "regionOne",
            "timeouts": null,
            "wait_until_associated": null
          },
          "private": "eyJlMmJmYjczMC1lY2FhLTExZTYtOGY4OC0zNDM2M2JjN2M0YzAiOnsiY3JlYXRlIjo2MDAwMDAwMDAwMDB9fQ==",
          "depends_on": [
            "openstack_compute_instance_v2.load_balancer",
            "openstack_networking_router_interface_v2.load_balancer"
          ]
        }
      ]
    },
    {
      "mode": "managed",
      "type": "openstack_compute_instance_v2",
      "name": "load_balancer",
      "provider": "provider.openstack",
      "instances": [
        {
          "schema_version": 0,
          "attributes": {
            "access_ip_v4": "192.168.0.5",
            "access_ip_v6": "",
            "admin_pass": null,
            "all_metadata": {},
            "availability_zone": "nova",
            "block_device": [],
            "config_drive": null,
            "flavor_id": "e9ca7478-7957-4237-b3d0-d4767e1de65f",
            "flavor_name": "s1.tiny",
            "floating_ip": null,
            "force_delete": false,
            "id": "4d4b1c08-c212-4da9-af5e-33e5896a4ef2",
            "image_id": "3306bf44-c895-45b2-af05-0a3d23630ce6",
            "image_name": "CentOS7-Cloud",
            "key_pair": "load_balancer",
            "metadata": null,
            "name": "load_balancer",
            "network": [
              {
                "access_network": false,
                "fixed_ip_v4": "192.168.0.5",
                "fixed_ip_v6": "",
                "floating_ip": "",
                "mac": "fa:16:3e:df:af:df",
                "name": "load_balancer",
                "port": "",
                "uuid": "900fdca9-3d59-48b1-9e6c-784beb42b1fb"
              }
            ],
            "personality": [],
            "power_state": "active",
            "region": "regionOne",
            "scheduler_hints": [],
            "security_groups": [
              "load_balancer"
            ],
            "stop_before_destroy": false,
            "timeouts": null,
            "user_data": null,
            "vendor_options": [],
            "volume": []
          },
          "private": "eyJlMmJmYjczMC1lY2FhLTExZTYtOGY4OC0zNDM2M2JjN2M0YzAiOnsiY3JlYXRlIjoxODAwMDAwMDAwMDAwLCJkZWxldGUiOjE4MDAwMDAwMDAwMDAsInVwZGF0ZSI6MTgwMDAwMDAwMDAwMH19",
          "depends_on": [
            "openstack_compute_keypair_v2.load_balancer",
            "openstack_compute_secgroup_v2.load_balancer",
            "openstack_networking_network_v2.load_balancer"
          ]
        }
      ]
    },
    {
      "mode": "managed",
      "type": "openstack_compute_keypair_v2",
      "name": "load_balancer",
      "provider": "provider.openstack",
      "instances": [
        {
          "schema_version": 0,
          "attributes": {
            "fingerprint": "8e:0c:bd:04:70:c2:a9:7c:1e:cf:ba:ca:fd:21:ae:b2",
            "id": "load_balancer",
            "name": "load_balancer",
            "private_key": "",
            "public_key": "ssh-rsa AAAAB3NzaC1yc2EAAAADAQABAAACAQDLu7VufeAoticJfNdDqLy2OWUjteO9peA3845pq+/d3lPJ7p7PxxuNzqN6l2NUlu31psgQ2blFNtsVOMC7FvHBpVjO/ncmz69z9SZgY/ZDNJI3es18NPFCaHcR81Uc2Zi/tyMQqdIX9v5QtydV4NOwbaiUveEoHfWC1ktmbsUwCezE8PDA0vN6hZjmp1p38iqCAhCaQdDosQkVScIinJWS30rNIQ/ROvAA8EPXH0d77awkIsd9ANO18d89pYsafIt5HeHRp66xna9e3QmIU2jsN7XGlZkIX1N4gopvy2CfghgtDJ7q7oJTDOywpEHyQWOeT8GQEuu8KnEWzmxXTCMDpkK0F7dWbWvJFIJihuoM4w4MPaFjqK2tS5wS7X+madlZBylY7cCDP2ygx2GHsuZDxhgoRcnOEl5IDIJzas/q5j0QMttmLfGSeQ5jEpHxK9Rb5PiBQUYJXKB3Z+/myRYDoLBt3riLf6Vzd1iY3Lhme2x2ByWo49TDPj7gJxgXaeEkb0HYKOBCv9l0htYugWyqSj/h3dEuHTppx7ICgUxCr8DGKNtEcmrC55xy4HZgfbqAWDS28ae7Stu9sjQlOQ34igpfFqIAp8XO5zmw51beH7qETsumOVsnL/vF25w9WBqixogyh+24LnPJdCpFClFYLcftY5RtsKhthRx65cHL5w== apetrov@apetrov-ml\n\n",
            "region": "regionOne",
            "value_specs": null
          },
          "private": "bnVsbA=="
        }
      ]
    },
    {
      "mode": "managed",
      "type": "openstack_compute_secgroup_v2",
      "name": "load_balancer",
      "provider": "provider.openstack",
      "instances": [
        {
          "schema_version": 0,
          "attributes": {
            "description": "Security group for the load_balancer instance",
            "id": "b27f8bb4-d928-4100-90a6-8389b0e36bc3",
            "name": "load_balancer",
            "region": "regionOne",
            "rule": [
              {
                "cidr": "0.0.0.0/0",
                "from_group_id": "",
                "from_port": -1,
                "id": "b9bcd6cc-07b5-493a-a33a-0671edbcc57a",
                "ip_protocol": "icmp",
                "self": false,
                "to_port": -1
              },
              {
                "cidr": "0.0.0.0/0",
                "from_group_id": "",
                "from_port": 22,
                "id": "e60dfaeb-8ce5-4f90-a2ea-ec9f254b2492",
                "ip_protocol": "tcp",
                "self": false,
                "to_port": 22
              },
              {
                "cidr": "0.0.0.0/0",
                "from_group_id": "",
                "from_port": 5432,
                "id": "3c3c6146-7d96-46df-b0eb-d370b254380b",
                "ip_protocol": "tcp",
                "self": false,
                "to_port": 5432
              },
              {
                "cidr": "0.0.0.0/0",
                "from_group_id": "",
                "from_port": 8000,
                "id": "31a58b6c-69ba-4848-9f9b-913dadcaefe3",
                "ip_protocol": "tcp",
                "self": false,
                "to_port": 8000
              },
              {
                "cidr": "0.0.0.0/0",
                "from_group_id": "",
                "from_port": 8002,
                "id": "b26542bc-85f2-4472-9e1c-62e098d6a7f2",
                "ip_protocol": "tcp",
                "self": false,
                "to_port": 8002
              },
              {
                "cidr": "0.0.0.0/0",
                "from_group_id": "",
                "from_port": 80,
                "id": "a1b72570-21a1-493f-9409-b6dd1008a970",
                "ip_protocol": "tcp",
                "self": false,
                "to_port": 80
              }
            ],
            "timeouts": null
          },
          "private": "eyJlMmJmYjczMC1lY2FhLTExZTYtOGY4OC0zNDM2M2JjN2M0YzAiOnsiZGVsZXRlIjo2MDAwMDAwMDAwMDB9fQ=="
        }
      ]
    },
    {
      "mode": "managed",
      "type": "openstack_networking_network_v2",
      "name": "load_balancer",
      "provider": "provider.openstack",
      "instances": [
        {
          "schema_version": 0,
          "attributes": {
            "admin_state_up": true,
            "all_tags": [],
            "availability_zone_hints": [],
            "description": "",
            "dns_domain": "",
            "external": false,
            "id": "900fdca9-3d59-48b1-9e6c-784beb42b1fb",
            "mtu": 1500,
            "name": "load_balancer",
            "port_security_enabled": true,
            "qos_policy_id": "",
            "region": "regionOne",
            "segments": [],
            "shared": false,
            "tags": null,
            "tenant_id": "bd631be0b7e641a7bd0c187493e7104e",
            "timeouts": null,
            "transparent_vlan": false,
            "value_specs": null
          },
          "private": "eyJlMmJmYjczMC1lY2FhLTExZTYtOGY4OC0zNDM2M2JjN2M0YzAiOnsiY3JlYXRlIjo2MDAwMDAwMDAwMDAsImRlbGV0ZSI6NjAwMDAwMDAwMDAwfX0="
        }
      ]
    },
    {
      "mode": "managed",
      "type": "openstack_networking_router_interface_v2",
      "name": "load_balancer",
      "provider": "provider.openstack",
      "instances": [
        {
          "schema_version": 0,
          "attributes": {
            "id": "79bf500b-a4b7-4563-9875-2316804accf1",
            "port_id": "79bf500b-a4b7-4563-9875-2316804accf1",
            "region": "regionOne",
            "router_id": "7f20d4b6-5e9c-4aa7-90ad-a23d0666c7d0",
            "subnet_id": "e843fc79-3ea6-4dd5-9a19-9f92ac8c658d",
            "timeouts": null
          },
          "private": "eyJlMmJmYjczMC1lY2FhLTExZTYtOGY4OC0zNDM2M2JjN2M0YzAiOnsiY3JlYXRlIjo2MDAwMDAwMDAwMDAsImRlbGV0ZSI6NjAwMDAwMDAwMDAwfX0=",
          "depends_on": [
            "openstack_networking_router_v2.load_balancer",
            "openstack_networking_subnet_v2.load_balancer"
          ]
        }
      ]
    },
    {
      "mode": "managed",
      "type": "openstack_networking_router_v2",
      "name": "load_balancer",
      "provider": "provider.openstack",
      "instances": [
        {
          "schema_version": 0,
          "attributes": {
            "admin_state_up": true,
            "all_tags": [],
            "availability_zone_hints": [],
            "description": "",
            "distributed": false,
            "enable_snat": true,
            "external_fixed_ip": [
              {
                "ip_address": "193.62.55.122",
                "subnet_id": "3c926da4-b320-4320-8d62-f70e2078a2fd"
              }
            ],
            "external_gateway": "e25c3173-bb5c-4bbc-83a7-f0551099c8cd",
            "external_network_id": "e25c3173-bb5c-4bbc-83a7-f0551099c8cd",
            "id": "7f20d4b6-5e9c-4aa7-90ad-a23d0666c7d0",
            "name": "load_balancer",
            "region": "regionOne",
            "tags": null,
            "tenant_id": "bd631be0b7e641a7bd0c187493e7104e",
            "timeouts": null,
            "value_specs": null,
            "vendor_options": []
          },
          "private": "eyJlMmJmYjczMC1lY2FhLTExZTYtOGY4OC0zNDM2M2JjN2M0YzAiOnsiY3JlYXRlIjo2MDAwMDAwMDAwMDAsImRlbGV0ZSI6NjAwMDAwMDAwMDAwfX0="
        }
      ]
    },
    {
      "mode": "managed",
      "type": "openstack_networking_subnet_v2",
      "name": "load_balancer",
      "provider": "provider.openstack",
      "instances": [
        {
          "schema_version": 0,
          "attributes": {
            "all_tags": [],
            "allocation_pool": [
              {
                "end": "192.168.0.254",
                "start": "192.168.0.2"
              }
            ],
            "allocation_pools": [
              {
                "end": "192.168.0.254",
                "start": "192.168.0.2"
              }
            ],
            "cidr": "192.168.0.0/24",
            "description": "",
            "dns_nameservers": [
              "8.8.8.8"
            ],
            "enable_dhcp": true,
            "gateway_ip": "192.168.0.1",
            "host_routes": [],
            "id": "e843fc79-3ea6-4dd5-9a19-9f92ac8c658d",
            "ip_version": 4,
            "ipv6_address_mode": "",
            "ipv6_ra_mode": "",
            "name": "load_balancer",
            "network_id": "900fdca9-3d59-48b1-9e6c-784beb42b1fb",
            "no_gateway": false,
            "prefix_length": null,
            "region": "regionOne",
            "subnetpool_id": "",
            "tags": null,
            "tenant_id": "bd631be0b7e641a7bd0c187493e7104e",
            "timeouts": null,
            "value_specs": null
          },
          "private": "eyJlMmJmYjczMC1lY2FhLTExZTYtOGY4OC0zNDM2M2JjN2M0YzAiOnsiY3JlYXRlIjo2MDAwMDAwMDAwMDAsImRlbGV0ZSI6NjAwMDAwMDAwMDAwfX0=",
          "depends_on": [
            "openstack_networking_network_v2.load_balancer"
          ]
        }
      ]
    }
  ]
}
