{
    "version": 3,
    "terraform_version": "0.11.7",
    "serial": 5,
    "lineage": "ea33fa7e-0e4e-5768-9b40-a4beb55880fe",
    "modules": [
        {
            "path": [
                "root"
            ],
            "outputs": {},
            "resources": {
                "openstack_compute_floatingip_associate_v2.load_balancer": {
                    "type": "openstack_compute_floatingip_associate_v2",
                    "depends_on": [
                        "openstack_compute_instance_v2.load_balancer",
                        "openstack_networking_router_interface_v2.load_balancer"
                    ],
                    "primary": {
                        "id": "193.62.55.45/27dafd6c-2cf5-48ca-9848-102daeda918a/",
                        "attributes": {
                            "fixed_ip": "",
                            "floating_ip": "193.62.55.45",
                            "id": "193.62.55.45/27dafd6c-2cf5-48ca-9848-102daeda918a/",
                            "instance_id": "27dafd6c-2cf5-48ca-9848-102daeda918a",
                            "region": "regionOne"
                        },
                        "meta": {
                            "e2bfb730-ecaa-11e6-8f88-34363bc7c4c0": {
                                "create": 600000000000
                            }
                        },
                        "tainted": false
                    },
                    "deposed": [],
                    "provider": "provider.openstack"
                },
                "openstack_compute_instance_v2.load_balancer": {
                    "type": "openstack_compute_instance_v2",
                    "depends_on": [
                        "openstack_compute_keypair_v2.load_balancer",
                        "openstack_compute_secgroup_v2.load_balancer",
                        "openstack_networking_network_v2.load_balancer"
                    ],
                    "primary": {
                        "id": "27dafd6c-2cf5-48ca-9848-102daeda918a",
                        "attributes": {
                            "access_ip_v4": "192.168.0.5",
                            "access_ip_v6": "",
                            "all_metadata.%": "0",
                            "availability_zone": "nova",
                            "flavor_id": "fa85f5f4-4560-4e1b-af95-21df6f714727",
                            "flavor_name": "s1.jumbo",
                            "force_delete": "false",
                            "id": "27dafd6c-2cf5-48ca-9848-102daeda918a",
                            "image_id": "3306bf44-c895-45b2-af05-0a3d23630ce6",
                            "image_name": "CentOS7-Cloud",
                            "key_pair": "load_balancer",
                            "name": "load_balancer",
                            "network.#": "1",
                            "network.0.access_network": "false",
                            "network.0.fixed_ip_v4": "192.168.0.5",
                            "network.0.fixed_ip_v6": "",
                            "network.0.floating_ip": "",
                            "network.0.mac": "fa:16:3e:3f:21:39",
                            "network.0.name": "load_balancer",
                            "network.0.port": "",
                            "network.0.uuid": "e954b68c-5381-418b-be4a-9261accab8f1",
                            "power_state": "active",
                            "region": "regionOne",
                            "security_groups.#": "1",
                            "security_groups.1992605435": "load_balancer",
                            "stop_before_destroy": "false"
                        },
                        "meta": {
                            "e2bfb730-ecaa-11e6-8f88-34363bc7c4c0": {
                                "create": 1800000000000,
                                "delete": 1800000000000,
                                "update": 1800000000000
                            }
                        },
                        "tainted": false
                    },
                    "deposed": [],
                    "provider": "provider.openstack"
                },
                "openstack_compute_keypair_v2.load_balancer": {
                    "type": "openstack_compute_keypair_v2",
                    "depends_on": [],
                    "primary": {
                        "id": "load_balancer",
                        "attributes": {
                            "fingerprint": "db:93:96:aa:59:6a:8b:19:b5:9e:ed:72:56:44:19:d0",
                            "id": "load_balancer",
                            "name": "load_balancer",
                            "private_key": "",
                            "public_key": "ssh-rsa AAAAB3NzaC1yc2EAAAADAQABAAACAQDCPmS71YL7Fi+CQCVYEmY9OybENvDFkIXdsBeYFZ+INMskzt8UKu8rpoPOtTibX6to/4PBg9K0CMj+SRncQOzGoKyro6ToSnyPYS5hOYXefIecv60N6OLqZ4NNIqhN4APfGgSaZ6P5EJ0mhA9UQmNt+KZG07SPY0Sq6f1ZB1xspsVZNAGvHkFGvNNeIKw5dC4blMnLHo+s1r5wFIAMqe22Q84ETjjUYQQPmjjdjkXpYk/Gxs5rZs0D2LBCrRbGOw2vDcqrsQ6PkSsi+Lct28zf8ix/V8AirLlZJtmpsZVJz0X8H3UEAbTIS53kXKT3h7Pi/aZOPbne9ufG2urnn0/v8ILDs9H2sRGi5aa7RRkmb0bQG2ivLX80LeXuZ+0nfZQA0rdzamVcQVUjxx/kUkoepEtXYEITvwHcD/JYIo0K26GKDBdC53Oiv0zXh2WcjntOCuoAXPkHNuiTtscSyQhvxyuutrh6ZrnZeFtG24BdS6IDM0HwimLbw/SlTiwBaRk/73qGp7F6su0BanZAdrZPQUcDeSwmbTtQovNXROT38K2/zCy2SsOSXTiOCYDqXBmgWnlYde8+vgawxtEwDLY6LMeNHKgABmHlKrz2tAABPjLpx2VJnPQcMNikQczaxFEBbYmtWJfIAvzYofWNNUk9LVnFTwj2bVAyp1WLDSq4Iw== burkov@burkov-ml\n",
                            "region": "regionOne"
                        },
                        "meta": {},
                        "tainted": false
                    },
                    "deposed": [],
                    "provider": "provider.openstack"
                },
                "openstack_compute_secgroup_v2.load_balancer": {
                    "type": "openstack_compute_secgroup_v2",
                    "depends_on": [],
                    "primary": {
                        "id": "da72f435-f0d5-4338-b84b-1a0dd6b23d4c",
                        "attributes": {
                            "description": "Security group for the load_balancer instance",
                            "id": "da72f435-f0d5-4338-b84b-1a0dd6b23d4c",
                            "name": "load_balancer",
                            "region": "regionOne",
                            "rule.#": "6",
                            "rule.2180185248.cidr": "0.0.0.0/0",
                            "rule.2180185248.from_group_id": "",
                            "rule.2180185248.from_port": "-1",
                            "rule.2180185248.id": "75b8ebd5-d186-4d99-8a3f-9151661ea4cb",
                            "rule.2180185248.ip_protocol": "icmp",
                            "rule.2180185248.self": "false",
                            "rule.2180185248.to_port": "-1",
                            "rule.3467029331.cidr": "0.0.0.0/0",
                            "rule.3467029331.from_group_id": "",
                            "rule.3467029331.from_port": "8002",
                            "rule.3467029331.id": "4213340c-7f4a-48fa-a6b8-c056cd776ded",
                            "rule.3467029331.ip_protocol": "tcp",
                            "rule.3467029331.self": "false",
                            "rule.3467029331.to_port": "8002",
                            "rule.3719211069.cidr": "0.0.0.0/0",
                            "rule.3719211069.from_group_id": "",
                            "rule.3719211069.from_port": "80",
                            "rule.3719211069.id": "fe951e7b-fd8b-4e31-99ce-dff419980abe",
                            "rule.3719211069.ip_protocol": "tcp",
                            "rule.3719211069.self": "false",
                            "rule.3719211069.to_port": "80",
                            "rule.3815358244.cidr": "0.0.0.0/0",
                            "rule.3815358244.from_group_id": "",
                            "rule.3815358244.from_port": "5432",
                            "rule.3815358244.id": "3802be1b-d092-4f2b-a1f0-c0dc6d76ff86",
                            "rule.3815358244.ip_protocol": "tcp",
                            "rule.3815358244.self": "false",
                            "rule.3815358244.to_port": "5432",
                            "rule.542868096.cidr": "0.0.0.0/0",
                            "rule.542868096.from_group_id": "",
                            "rule.542868096.from_port": "8000",
                            "rule.542868096.id": "d889f58e-ce2f-405a-b56e-3cc3d7df19aa",
                            "rule.542868096.ip_protocol": "tcp",
                            "rule.542868096.self": "false",
                            "rule.542868096.to_port": "8000",
                            "rule.836640770.cidr": "0.0.0.0/0",
                            "rule.836640770.from_group_id": "",
                            "rule.836640770.from_port": "22",
                            "rule.836640770.id": "4b6e5b0e-6aee-4c86-a3bd-dea29485f6c6",
                            "rule.836640770.ip_protocol": "tcp",
                            "rule.836640770.self": "false",
                            "rule.836640770.to_port": "22"
                        },
                        "meta": {
                            "e2bfb730-ecaa-11e6-8f88-34363bc7c4c0": {
                                "delete": 600000000000
                            }
                        },
                        "tainted": false
                    },
                    "deposed": [],
                    "provider": "provider.openstack"
                },
                "openstack_networking_network_v2.load_balancer": {
                    "type": "openstack_networking_network_v2",
                    "depends_on": [],
                    "primary": {
                        "id": "e954b68c-5381-418b-be4a-9261accab8f1",
                        "attributes": {
                            "admin_state_up": "true",
                            "all_tags.#": "0",
                            "availability_zone_hints.#": "0",
                            "description": "",
                            "dns_domain": "",
                            "external": "false",
                            "id": "e954b68c-5381-418b-be4a-9261accab8f1",
                            "mtu": "1500",
                            "name": "load_balancer",
                            "port_security_enabled": "true",
                            "region": "regionOne",
                            "shared": "false",
                            "tags.#": "0",
                            "tenant_id": "bd631be0b7e641a7bd0c187493e7104e",
                            "transparent_vlan": "false"
                        },
                        "meta": {
                            "e2bfb730-ecaa-11e6-8f88-34363bc7c4c0": {
                                "create": 600000000000,
                                "delete": 600000000000
                            }
                        },
                        "tainted": false
                    },
                    "deposed": [],
                    "provider": "provider.openstack"
                },
                "openstack_networking_router_interface_v2.load_balancer": {
                    "type": "openstack_networking_router_interface_v2",
                    "depends_on": [
                        "openstack_networking_router_v2.load_balancer",
                        "openstack_networking_subnet_v2.load_balancer"
                    ],
                    "primary": {
                        "id": "3b41a063-b907-4ba3-b32d-5b06a13f6c12",
                        "attributes": {
                            "id": "3b41a063-b907-4ba3-b32d-5b06a13f6c12",
                            "port_id": "3b41a063-b907-4ba3-b32d-5b06a13f6c12",
                            "region": "regionOne",
                            "router_id": "b9a7cb2e-301c-4b40-8940-6e8d7d9ea9a4",
                            "subnet_id": "f6158398-977f-4fc6-a54f-00d6b0aebd35"
                        },
                        "meta": {
                            "e2bfb730-ecaa-11e6-8f88-34363bc7c4c0": {
                                "create": 600000000000,
                                "delete": 600000000000
                            }
                        },
                        "tainted": false
                    },
                    "deposed": [],
                    "provider": "provider.openstack"
                },
                "openstack_networking_router_v2.load_balancer": {
                    "type": "openstack_networking_router_v2",
                    "depends_on": [],
                    "primary": {
                        "id": "b9a7cb2e-301c-4b40-8940-6e8d7d9ea9a4",
                        "attributes": {
                            "admin_state_up": "true",
                            "all_tags.#": "0",
                            "availability_zone_hints.#": "0",
                            "description": "",
                            "distributed": "false",
                            "enable_snat": "true",
                            "external_fixed_ip.#": "1",
                            "external_fixed_ip.0.ip_address": "193.62.55.50",
                            "external_fixed_ip.0.subnet_id": "3c926da4-b320-4320-8d62-f70e2078a2fd",
                            "external_gateway": "e25c3173-bb5c-4bbc-83a7-f0551099c8cd",
                            "external_network_id": "e25c3173-bb5c-4bbc-83a7-f0551099c8cd",
                            "id": "b9a7cb2e-301c-4b40-8940-6e8d7d9ea9a4",
                            "name": "load_balancer",
                            "region": "regionOne",
                            "tags.#": "0",
                            "tenant_id": "bd631be0b7e641a7bd0c187493e7104e"
                        },
                        "meta": {
                            "e2bfb730-ecaa-11e6-8f88-34363bc7c4c0": {
                                "create": 600000000000,
                                "delete": 600000000000
                            }
                        },
                        "tainted": false
                    },
                    "deposed": [],
                    "provider": "provider.openstack"
                },
                "openstack_networking_subnet_v2.load_balancer": {
                    "type": "openstack_networking_subnet_v2",
                    "depends_on": [
                        "openstack_networking_network_v2.load_balancer"
                    ],
                    "primary": {
                        "id": "f6158398-977f-4fc6-a54f-00d6b0aebd35",
                        "attributes": {
                            "all_tags.#": "0",
                            "allocation_pools.#": "1",
                            "allocation_pools.0.end": "192.168.0.254",
                            "allocation_pools.0.start": "192.168.0.2",
                            "cidr": "192.168.0.0/24",
                            "description": "",
                            "dns_nameservers.#": "1",
                            "dns_nameservers.0": "8.8.8.8",
                            "enable_dhcp": "true",
                            "gateway_ip": "192.168.0.1",
                            "id": "f6158398-977f-4fc6-a54f-00d6b0aebd35",
                            "ip_version": "4",
                            "ipv6_address_mode": "",
                            "ipv6_ra_mode": "",
                            "name": "load_balancer",
                            "network_id": "e954b68c-5381-418b-be4a-9261accab8f1",
                            "no_gateway": "false",
                            "region": "regionOne",
                            "subnetpool_id": "",
                            "tags.#": "0",
                            "tenant_id": "bd631be0b7e641a7bd0c187493e7104e"
                        },
                        "meta": {
                            "e2bfb730-ecaa-11e6-8f88-34363bc7c4c0": {
                                "create": 600000000000,
                                "delete": 600000000000
                            }
                        },
                        "tainted": false
                    },
                    "deposed": [],
                    "provider": "provider.openstack"
                }
            },
            "depends_on": []
        }
    ]
}
