{
    "version": 3,
    "terraform_version": "0.11.7",
    "serial": 7,
    "lineage": "ea33fa7e-0e4e-5768-9b40-a4beb55880fe",
    "modules": [
        {
            "path": [
                "root"
            ],
            "outputs": {},
            "resources": {
                "openstack_compute_floatingip_associate_v2.load_balancer": {
                    "type": "openstack_compute_floatingip_associate_v2",
                    "depends_on": [
                        "openstack_compute_instance_v2.load_balancer",
                        "openstack_networking_router_interface_v2.load_balancer"
                    ],
                    "primary": {
                        "id": "193.62.55.45/d6e9fa3b-89af-481e-89f0-81b28544c169/",
                        "attributes": {
                            "fixed_ip": "",
                            "floating_ip": "193.62.55.45",
                            "id": "193.62.55.45/d6e9fa3b-89af-481e-89f0-81b28544c169/",
                            "instance_id": "d6e9fa3b-89af-481e-89f0-81b28544c169",
                            "region": "regionOne"
                        },
                        "meta": {
                            "e2bfb730-ecaa-11e6-8f88-34363bc7c4c0": {
                                "create": 600000000000
                            }
                        },
                        "tainted": false
                    },
                    "deposed": [],
                    "provider": "provider.openstack"
                },
                "openstack_compute_instance_v2.load_balancer": {
                    "type": "openstack_compute_instance_v2",
                    "depends_on": [
                        "openstack_compute_keypair_v2.load_balancer",
                        "openstack_compute_secgroup_v2.load_balancer",
                        "openstack_networking_network_v2.load_balancer"
                    ],
                    "primary": {
                        "id": "d6e9fa3b-89af-481e-89f0-81b28544c169",
                        "attributes": {
                            "access_ip_v4": "192.168.0.5",
                            "access_ip_v6": "",
                            "all_metadata.%": "0",
                            "availability_zone": "nova",
                            "flavor_id": "fa85f5f4-4560-4e1b-af95-21df6f714727",
                            "flavor_name": "s1.jumbo",
                            "force_delete": "false",
                            "id": "d6e9fa3b-89af-481e-89f0-81b28544c169",
                            "image_id": "3306bf44-c895-45b2-af05-0a3d23630ce6",
                            "image_name": "CentOS7-Cloud",
                            "key_pair": "load_balancer",
                            "name": "load_balancer",
                            "network.#": "1",
                            "network.0.access_network": "false",
                            "network.0.fixed_ip_v4": "192.168.0.5",
                            "network.0.fixed_ip_v6": "",
                            "network.0.floating_ip": "",
                            "network.0.mac": "fa:16:3e:ac:00:06",
                            "network.0.name": "load_balancer",
                            "network.0.port": "",
                            "network.0.uuid": "3b2b51ba-0cf6-4f20-9bcd-60357e2a0f22",
                            "power_state": "active",
                            "region": "regionOne",
                            "security_groups.#": "1",
                            "security_groups.1992605435": "load_balancer",
                            "stop_before_destroy": "false"
                        },
                        "meta": {
                            "e2bfb730-ecaa-11e6-8f88-34363bc7c4c0": {
                                "create": 1800000000000,
                                "delete": 1800000000000,
                                "update": 1800000000000
                            }
                        },
                        "tainted": false
                    },
                    "deposed": [],
                    "provider": "provider.openstack"
                },
                "openstack_compute_keypair_v2.load_balancer": {
                    "type": "openstack_compute_keypair_v2",
                    "depends_on": [],
                    "primary": {
                        "id": "load_balancer",
                        "attributes": {
                            "fingerprint": "db:93:96:aa:59:6a:8b:19:b5:9e:ed:72:56:44:19:d0",
                            "id": "load_balancer",
                            "name": "load_balancer",
                            "private_key": "",
                            "public_key": "ssh-rsa AAAAB3NzaC1yc2EAAAADAQABAAACAQDCPmS71YL7Fi+CQCVYEmY9OybENvDFkIXdsBeYFZ+INMskzt8UKu8rpoPOtTibX6to/4PBg9K0CMj+SRncQOzGoKyro6ToSnyPYS5hOYXefIecv60N6OLqZ4NNIqhN4APfGgSaZ6P5EJ0mhA9UQmNt+KZG07SPY0Sq6f1ZB1xspsVZNAGvHkFGvNNeIKw5dC4blMnLHo+s1r5wFIAMqe22Q84ETjjUYQQPmjjdjkXpYk/Gxs5rZs0D2LBCrRbGOw2vDcqrsQ6PkSsi+Lct28zf8ix/V8AirLlZJtmpsZVJz0X8H3UEAbTIS53kXKT3h7Pi/aZOPbne9ufG2urnn0/v8ILDs9H2sRGi5aa7RRkmb0bQG2ivLX80LeXuZ+0nfZQA0rdzamVcQVUjxx/kUkoepEtXYEITvwHcD/JYIo0K26GKDBdC53Oiv0zXh2WcjntOCuoAXPkHNuiTtscSyQhvxyuutrh6ZrnZeFtG24BdS6IDM0HwimLbw/SlTiwBaRk/73qGp7F6su0BanZAdrZPQUcDeSwmbTtQovNXROT38K2/zCy2SsOSXTiOCYDqXBmgWnlYde8+vgawxtEwDLY6LMeNHKgABmHlKrz2tAABPjLpx2VJnPQcMNikQczaxFEBbYmtWJfIAvzYofWNNUk9LVnFTwj2bVAyp1WLDSq4Iw== burkov@burkov-ml\n",
                            "region": "regionOne"
                        },
                        "meta": {},
                        "tainted": false
                    },
                    "deposed": [],
                    "provider": "provider.openstack"
                },
                "openstack_compute_secgroup_v2.load_balancer": {
                    "type": "openstack_compute_secgroup_v2",
                    "depends_on": [],
                    "primary": {
                        "id": "a9b9d456-37f5-4314-9ca7-2d43588a350e",
                        "attributes": {
                            "description": "Security group for the load_balancer instance",
                            "id": "a9b9d456-37f5-4314-9ca7-2d43588a350e",
                            "name": "load_balancer",
                            "region": "regionOne",
                            "rule.#": "6",
                            "rule.2180185248.cidr": "0.0.0.0/0",
                            "rule.2180185248.from_group_id": "",
                            "rule.2180185248.from_port": "-1",
                            "rule.2180185248.id": "f2521719-dee2-4ffb-8587-91a60c3767f9",
                            "rule.2180185248.ip_protocol": "icmp",
                            "rule.2180185248.self": "false",
                            "rule.2180185248.to_port": "-1",
                            "rule.3467029331.cidr": "0.0.0.0/0",
                            "rule.3467029331.from_group_id": "",
                            "rule.3467029331.from_port": "8002",
                            "rule.3467029331.id": "90ac5c54-5b8c-4aa9-a362-5b0ce00574c3",
                            "rule.3467029331.ip_protocol": "tcp",
                            "rule.3467029331.self": "false",
                            "rule.3467029331.to_port": "8002",
                            "rule.3719211069.cidr": "0.0.0.0/0",
                            "rule.3719211069.from_group_id": "",
                            "rule.3719211069.from_port": "80",
                            "rule.3719211069.id": "c89805b3-6e1b-4a6b-9aaa-e5a1179bbc58",
                            "rule.3719211069.ip_protocol": "tcp",
                            "rule.3719211069.self": "false",
                            "rule.3719211069.to_port": "80",
                            "rule.3815358244.cidr": "0.0.0.0/0",
                            "rule.3815358244.from_group_id": "",
                            "rule.3815358244.from_port": "5432",
                            "rule.3815358244.id": "d9f2177f-611e-48ed-b5b7-46e36108de36",
                            "rule.3815358244.ip_protocol": "tcp",
                            "rule.3815358244.self": "false",
                            "rule.3815358244.to_port": "5432",
                            "rule.542868096.cidr": "0.0.0.0/0",
                            "rule.542868096.from_group_id": "",
                            "rule.542868096.from_port": "8000",
                            "rule.542868096.id": "9e635cc8-622b-48a3-bede-44a65c4d8b3e",
                            "rule.542868096.ip_protocol": "tcp",
                            "rule.542868096.self": "false",
                            "rule.542868096.to_port": "8000",
                            "rule.836640770.cidr": "0.0.0.0/0",
                            "rule.836640770.from_group_id": "",
                            "rule.836640770.from_port": "22",
                            "rule.836640770.id": "ff854d78-f5fa-4d98-af4d-76eed1f658e7",
                            "rule.836640770.ip_protocol": "tcp",
                            "rule.836640770.self": "false",
                            "rule.836640770.to_port": "22"
                        },
                        "meta": {
                            "e2bfb730-ecaa-11e6-8f88-34363bc7c4c0": {
                                "delete": 600000000000
                            }
                        },
                        "tainted": false
                    },
                    "deposed": [],
                    "provider": "provider.openstack"
                },
                "openstack_networking_network_v2.load_balancer": {
                    "type": "openstack_networking_network_v2",
                    "depends_on": [],
                    "primary": {
                        "id": "3b2b51ba-0cf6-4f20-9bcd-60357e2a0f22",
                        "attributes": {
                            "admin_state_up": "true",
                            "all_tags.#": "0",
                            "availability_zone_hints.#": "0",
                            "description": "",
                            "dns_domain": "",
                            "external": "false",
                            "id": "3b2b51ba-0cf6-4f20-9bcd-60357e2a0f22",
                            "mtu": "1500",
                            "name": "load_balancer",
                            "port_security_enabled": "true",
                            "region": "regionOne",
                            "shared": "false",
                            "tags.#": "0",
                            "tenant_id": "bd631be0b7e641a7bd0c187493e7104e",
                            "transparent_vlan": "false"
                        },
                        "meta": {
                            "e2bfb730-ecaa-11e6-8f88-34363bc7c4c0": {
                                "create": 600000000000,
                                "delete": 600000000000
                            }
                        },
                        "tainted": false
                    },
                    "deposed": [],
                    "provider": "provider.openstack"
                },
                "openstack_networking_router_interface_v2.load_balancer": {
                    "type": "openstack_networking_router_interface_v2",
                    "depends_on": [
                        "openstack_networking_router_v2.load_balancer",
                        "openstack_networking_subnet_v2.load_balancer"
                    ],
                    "primary": {
                        "id": "915864f1-dd00-4c66-ad7b-ee9811cc0d48",
                        "attributes": {
                            "id": "915864f1-dd00-4c66-ad7b-ee9811cc0d48",
                            "port_id": "915864f1-dd00-4c66-ad7b-ee9811cc0d48",
                            "region": "regionOne",
                            "router_id": "5115c69b-008e-41b3-a478-ba2616d43574",
                            "subnet_id": "70295081-8892-4055-99f5-2eb4ace9d1c5"
                        },
                        "meta": {
                            "e2bfb730-ecaa-11e6-8f88-34363bc7c4c0": {
                                "create": 600000000000,
                                "delete": 600000000000
                            }
                        },
                        "tainted": false
                    },
                    "deposed": [],
                    "provider": "provider.openstack"
                },
                "openstack_networking_router_v2.load_balancer": {
                    "type": "openstack_networking_router_v2",
                    "depends_on": [],
                    "primary": {
                        "id": "5115c69b-008e-41b3-a478-ba2616d43574",
                        "attributes": {
                            "admin_state_up": "true",
                            "all_tags.#": "0",
                            "availability_zone_hints.#": "0",
                            "description": "",
                            "distributed": "false",
                            "enable_snat": "true",
                            "external_fixed_ip.#": "1",
                            "external_fixed_ip.0.ip_address": "193.62.55.55",
                            "external_fixed_ip.0.subnet_id": "3c926da4-b320-4320-8d62-f70e2078a2fd",
                            "external_gateway": "e25c3173-bb5c-4bbc-83a7-f0551099c8cd",
                            "external_network_id": "e25c3173-bb5c-4bbc-83a7-f0551099c8cd",
                            "id": "5115c69b-008e-41b3-a478-ba2616d43574",
                            "name": "load_balancer",
                            "region": "regionOne",
                            "tags.#": "0",
                            "tenant_id": "bd631be0b7e641a7bd0c187493e7104e"
                        },
                        "meta": {
                            "e2bfb730-ecaa-11e6-8f88-34363bc7c4c0": {
                                "create": 600000000000,
                                "delete": 600000000000
                            }
                        },
                        "tainted": false
                    },
                    "deposed": [],
                    "provider": "provider.openstack"
                },
                "openstack_networking_subnet_v2.load_balancer": {
                    "type": "openstack_networking_subnet_v2",
                    "depends_on": [
                        "openstack_networking_network_v2.load_balancer"
                    ],
                    "primary": {
                        "id": "70295081-8892-4055-99f5-2eb4ace9d1c5",
                        "attributes": {
                            "all_tags.#": "0",
                            "allocation_pools.#": "1",
                            "allocation_pools.0.end": "192.168.0.254",
                            "allocation_pools.0.start": "192.168.0.2",
                            "cidr": "192.168.0.0/24",
                            "description": "",
                            "dns_nameservers.#": "1",
                            "dns_nameservers.0": "8.8.8.8",
                            "enable_dhcp": "true",
                            "gateway_ip": "192.168.0.1",
                            "id": "70295081-8892-4055-99f5-2eb4ace9d1c5",
                            "ip_version": "4",
                            "ipv6_address_mode": "",
                            "ipv6_ra_mode": "",
                            "name": "load_balancer",
                            "network_id": "3b2b51ba-0cf6-4f20-9bcd-60357e2a0f22",
                            "no_gateway": "false",
                            "region": "regionOne",
                            "subnetpool_id": "",
                            "tags.#": "0",
                            "tenant_id": "bd631be0b7e641a7bd0c187493e7104e"
                        },
                        "meta": {
                            "e2bfb730-ecaa-11e6-8f88-34363bc7c4c0": {
                                "create": 600000000000,
                                "delete": 600000000000
                            }
                        },
                        "tainted": false
                    },
                    "deposed": [],
                    "provider": "provider.openstack"
                }
            },
            "depends_on": []
        }
    ]
}
