{
    "version": 3,
    "terraform_version": "0.11.13",
    "serial": 10,
    "lineage": "ea33fa7e-0e4e-5768-9b40-a4beb55880fe",
    "modules": [
        {
            "path": [
                "root"
            ],
            "outputs": {},
            "resources": {
                "openstack_compute_floatingip_associate_v2.load_balancer": {
                    "type": "openstack_compute_floatingip_associate_v2",
                    "depends_on": [
                        "openstack_compute_instance_v2.load_balancer",
                        "openstack_networking_router_interface_v2.load_balancer"
                    ],
                    "primary": {
                        "id": "193.62.55.45/cf768bd0-764a-4625-8a4c-4b544cdde770/",
                        "attributes": {
                            "fixed_ip": "",
                            "floating_ip": "193.62.55.45",
                            "id": "193.62.55.45/cf768bd0-764a-4625-8a4c-4b544cdde770/",
                            "instance_id": "cf768bd0-764a-4625-8a4c-4b544cdde770",
                            "region": "regionOne"
                        },
                        "meta": {
                            "e2bfb730-ecaa-11e6-8f88-34363bc7c4c0": {
                                "create": 600000000000
                            }
                        },
                        "tainted": false
                    },
                    "deposed": [],
                    "provider": "provider.openstack"
                },
                "openstack_compute_instance_v2.load_balancer": {
                    "type": "openstack_compute_instance_v2",
                    "depends_on": [
                        "openstack_compute_keypair_v2.load_balancer",
                        "openstack_compute_secgroup_v2.load_balancer",
                        "openstack_networking_network_v2.load_balancer"
                    ],
                    "primary": {
                        "id": "cf768bd0-764a-4625-8a4c-4b544cdde770",
                        "attributes": {
                            "access_ip_v4": "192.168.0.5",
                            "access_ip_v6": "",
                            "all_metadata.%": "0",
                            "availability_zone": "nova",
                            "flavor_id": "fa85f5f4-4560-4e1b-af95-21df6f714727",
                            "flavor_name": "s1.jumbo",
                            "force_delete": "false",
                            "id": "cf768bd0-764a-4625-8a4c-4b544cdde770",
                            "image_id": "3306bf44-c895-45b2-af05-0a3d23630ce6",
                            "image_name": "CentOS7-Cloud",
                            "key_pair": "load_balancer",
                            "name": "load_balancer",
                            "network.#": "1",
                            "network.0.access_network": "false",
                            "network.0.fixed_ip_v4": "192.168.0.5",
                            "network.0.fixed_ip_v6": "",
                            "network.0.floating_ip": "",
                            "network.0.mac": "fa:16:3e:53:66:6d",
                            "network.0.name": "load_balancer",
                            "network.0.port": "",
                            "network.0.uuid": "979c0311-eb25-4174-946b-2b67636ac047",
                            "power_state": "active",
                            "region": "regionOne",
                            "security_groups.#": "1",
                            "security_groups.1992605435": "load_balancer",
                            "stop_before_destroy": "false"
                        },
                        "meta": {
                            "e2bfb730-ecaa-11e6-8f88-34363bc7c4c0": {
                                "create": 1800000000000,
                                "delete": 1800000000000,
                                "update": 1800000000000
                            }
                        },
                        "tainted": false
                    },
                    "deposed": [],
                    "provider": "provider.openstack"
                },
                "openstack_compute_keypair_v2.load_balancer": {
                    "type": "openstack_compute_keypair_v2",
                    "depends_on": [],
                    "primary": {
                        "id": "load_balancer",
                        "attributes": {
                            "fingerprint": "8e:0c:bd:04:70:c2:a9:7c:1e:cf:ba:ca:fd:21:ae:b2",
                            "id": "load_balancer",
                            "name": "load_balancer",
                            "private_key": "",
                            "public_key": "ssh-rsa AAAAB3NzaC1yc2EAAAADAQABAAACAQDLu7VufeAoticJfNdDqLy2OWUjteO9peA3845pq+/d3lPJ7p7PxxuNzqN6l2NUlu31psgQ2blFNtsVOMC7FvHBpVjO/ncmz69z9SZgY/ZDNJI3es18NPFCaHcR81Uc2Zi/tyMQqdIX9v5QtydV4NOwbaiUveEoHfWC1ktmbsUwCezE8PDA0vN6hZjmp1p38iqCAhCaQdDosQkVScIinJWS30rNIQ/ROvAA8EPXH0d77awkIsd9ANO18d89pYsafIt5HeHRp66xna9e3QmIU2jsN7XGlZkIX1N4gopvy2CfghgtDJ7q7oJTDOywpEHyQWOeT8GQEuu8KnEWzmxXTCMDpkK0F7dWbWvJFIJihuoM4w4MPaFjqK2tS5wS7X+madlZBylY7cCDP2ygx2GHsuZDxhgoRcnOEl5IDIJzas/q5j0QMttmLfGSeQ5jEpHxK9Rb5PiBQUYJXKB3Z+/myRYDoLBt3riLf6Vzd1iY3Lhme2x2ByWo49TDPj7gJxgXaeEkb0HYKOBCv9l0htYugWyqSj/h3dEuHTppx7ICgUxCr8DGKNtEcmrC55xy4HZgfbqAWDS28ae7Stu9sjQlOQ34igpfFqIAp8XO5zmw51beH7qETsumOVsnL/vF25w9WBqixogyh+24LnPJdCpFClFYLcftY5RtsKhthRx65cHL5w== apetrov@apetrov-ml\n",
                            "region": "regionOne"
                        },
                        "meta": {},
                        "tainted": false
                    },
                    "deposed": [],
                    "provider": "provider.openstack"
                },
                "openstack_compute_secgroup_v2.load_balancer": {
                    "type": "openstack_compute_secgroup_v2",
                    "depends_on": [],
                    "primary": {
                        "id": "672908bf-2505-464d-8521-857e89910edb",
                        "attributes": {
                            "description": "Security group for the load_balancer instance",
                            "id": "672908bf-2505-464d-8521-857e89910edb",
                            "name": "load_balancer",
                            "region": "regionOne",
                            "rule.#": "6",
                            "rule.2180185248.cidr": "0.0.0.0/0",
                            "rule.2180185248.from_group_id": "",
                            "rule.2180185248.from_port": "-1",
                            "rule.2180185248.id": "2b1d002e-510b-4d87-869e-f005860e8729",
                            "rule.2180185248.ip_protocol": "icmp",
                            "rule.2180185248.self": "false",
                            "rule.2180185248.to_port": "-1",
                            "rule.3467029331.cidr": "0.0.0.0/0",
                            "rule.3467029331.from_group_id": "",
                            "rule.3467029331.from_port": "8002",
                            "rule.3467029331.id": "3f1e9131-1cfa-40d0-9348-31607b02b29f",
                            "rule.3467029331.ip_protocol": "tcp",
                            "rule.3467029331.self": "false",
                            "rule.3467029331.to_port": "8002",
                            "rule.3719211069.cidr": "0.0.0.0/0",
                            "rule.3719211069.from_group_id": "",
                            "rule.3719211069.from_port": "80",
                            "rule.3719211069.id": "9a79ec3d-2dd9-48d2-a362-219f987d0dee",
                            "rule.3719211069.ip_protocol": "tcp",
                            "rule.3719211069.self": "false",
                            "rule.3719211069.to_port": "80",
                            "rule.3815358244.cidr": "0.0.0.0/0",
                            "rule.3815358244.from_group_id": "",
                            "rule.3815358244.from_port": "5432",
                            "rule.3815358244.id": "bfe0c478-b0ae-40da-873b-b48a18a8ea83",
                            "rule.3815358244.ip_protocol": "tcp",
                            "rule.3815358244.self": "false",
                            "rule.3815358244.to_port": "5432",
                            "rule.542868096.cidr": "0.0.0.0/0",
                            "rule.542868096.from_group_id": "",
                            "rule.542868096.from_port": "8000",
                            "rule.542868096.id": "9e7f2b4d-6c86-48c4-8925-b4ad3a487581",
                            "rule.542868096.ip_protocol": "tcp",
                            "rule.542868096.self": "false",
                            "rule.542868096.to_port": "8000",
                            "rule.836640770.cidr": "0.0.0.0/0",
                            "rule.836640770.from_group_id": "",
                            "rule.836640770.from_port": "22",
                            "rule.836640770.id": "4a65ce59-283c-46e6-8463-f48395c5de89",
                            "rule.836640770.ip_protocol": "tcp",
                            "rule.836640770.self": "false",
                            "rule.836640770.to_port": "22"
                        },
                        "meta": {
                            "e2bfb730-ecaa-11e6-8f88-34363bc7c4c0": {
                                "delete": 600000000000
                            }
                        },
                        "tainted": false
                    },
                    "deposed": [],
                    "provider": "provider.openstack"
                },
                "openstack_networking_network_v2.load_balancer": {
                    "type": "openstack_networking_network_v2",
                    "depends_on": [],
                    "primary": {
                        "id": "979c0311-eb25-4174-946b-2b67636ac047",
                        "attributes": {
                            "admin_state_up": "true",
                            "all_tags.#": "0",
                            "availability_zone_hints.#": "0",
                            "description": "",
                            "dns_domain": "",
                            "external": "false",
                            "id": "979c0311-eb25-4174-946b-2b67636ac047",
                            "mtu": "1500",
                            "name": "load_balancer",
                            "port_security_enabled": "true",
                            "region": "regionOne",
                            "shared": "false",
                            "tags.#": "0",
                            "tenant_id": "bd631be0b7e641a7bd0c187493e7104e",
                            "transparent_vlan": "false"
                        },
                        "meta": {
                            "e2bfb730-ecaa-11e6-8f88-34363bc7c4c0": {
                                "create": 600000000000,
                                "delete": 600000000000
                            }
                        },
                        "tainted": false
                    },
                    "deposed": [],
                    "provider": "provider.openstack"
                },
                "openstack_networking_router_interface_v2.load_balancer": {
                    "type": "openstack_networking_router_interface_v2",
                    "depends_on": [
                        "openstack_networking_router_v2.load_balancer",
                        "openstack_networking_subnet_v2.load_balancer"
                    ],
                    "primary": {
                        "id": "f5ad576e-0aae-4a1a-8077-4e6ae31f5bb7",
                        "attributes": {
                            "id": "f5ad576e-0aae-4a1a-8077-4e6ae31f5bb7",
                            "port_id": "f5ad576e-0aae-4a1a-8077-4e6ae31f5bb7",
                            "region": "regionOne",
                            "router_id": "7030f95e-01ed-4d67-a312-1b8a74bba6f0",
                            "subnet_id": "b3ed48e2-4586-40c4-a28b-ee1121932214"
                        },
                        "meta": {
                            "e2bfb730-ecaa-11e6-8f88-34363bc7c4c0": {
                                "create": 600000000000,
                                "delete": 600000000000
                            }
                        },
                        "tainted": false
                    },
                    "deposed": [],
                    "provider": "provider.openstack"
                },
                "openstack_networking_router_v2.load_balancer": {
                    "type": "openstack_networking_router_v2",
                    "depends_on": [],
                    "primary": {
                        "id": "7030f95e-01ed-4d67-a312-1b8a74bba6f0",
                        "attributes": {
                            "admin_state_up": "true",
                            "all_tags.#": "0",
                            "availability_zone_hints.#": "0",
                            "description": "",
                            "distributed": "false",
                            "enable_snat": "true",
                            "external_fixed_ip.#": "1",
                            "external_fixed_ip.0.ip_address": "193.62.55.114",
                            "external_fixed_ip.0.subnet_id": "3c926da4-b320-4320-8d62-f70e2078a2fd",
                            "external_gateway": "e25c3173-bb5c-4bbc-83a7-f0551099c8cd",
                            "external_network_id": "e25c3173-bb5c-4bbc-83a7-f0551099c8cd",
                            "id": "7030f95e-01ed-4d67-a312-1b8a74bba6f0",
                            "name": "load_balancer",
                            "region": "regionOne",
                            "tags.#": "0",
                            "tenant_id": "bd631be0b7e641a7bd0c187493e7104e"
                        },
                        "meta": {
                            "e2bfb730-ecaa-11e6-8f88-34363bc7c4c0": {
                                "create": 600000000000,
                                "delete": 600000000000
                            }
                        },
                        "tainted": false
                    },
                    "deposed": [],
                    "provider": "provider.openstack"
                },
                "openstack_networking_subnet_v2.load_balancer": {
                    "type": "openstack_networking_subnet_v2",
                    "depends_on": [
                        "openstack_networking_network_v2.load_balancer"
                    ],
                    "primary": {
                        "id": "b3ed48e2-4586-40c4-a28b-ee1121932214",
                        "attributes": {
                            "all_tags.#": "0",
                            "allocation_pools.#": "1",
                            "allocation_pools.0.end": "192.168.0.254",
                            "allocation_pools.0.start": "192.168.0.2",
                            "cidr": "192.168.0.0/24",
                            "description": "",
                            "dns_nameservers.#": "1",
                            "dns_nameservers.0": "8.8.8.8",
                            "enable_dhcp": "true",
                            "gateway_ip": "192.168.0.1",
                            "id": "b3ed48e2-4586-40c4-a28b-ee1121932214",
                            "ip_version": "4",
                            "ipv6_address_mode": "",
                            "ipv6_ra_mode": "",
                            "name": "load_balancer",
                            "network_id": "979c0311-eb25-4174-946b-2b67636ac047",
                            "no_gateway": "false",
                            "region": "regionOne",
                            "subnetpool_id": "",
                            "tags.#": "0",
                            "tenant_id": "bd631be0b7e641a7bd0c187493e7104e"
                        },
                        "meta": {
                            "e2bfb730-ecaa-11e6-8f88-34363bc7c4c0": {
                                "create": 600000000000,
                                "delete": 600000000000
                            }
                        },
                        "tainted": false
                    },
                    "deposed": [],
                    "provider": "provider.openstack"
                }
            },
            "depends_on": []
        }
    ]
}
