{
  "version": 4,
  "terraform_version": "1.0.1",
  "serial": 50,
  "lineage": "24ab320b-3dfa-168b-9e76-4da286bd32b0",
  "outputs": {
    "floating_ip": {
      "value": [
        "45.88.81.141"
      ],
      "type": [
        "tuple",
        [
          "string"
        ]
      ]
    },
    "tfstate_file": {
      "value": [
        "terraform.tfstate.d/covid/terraform.tfstate"
      ],
      "type": [
        "tuple",
        [
          "string"
        ]
      ]
    }
  },
  "resources": [
    {
      "mode": "managed",
      "type": "null_resource",
      "name": "pre_flight",
      "provider": "provider[\"registry.terraform.io/hashicorp/null\"]",
      "instances": [
        {
          "schema_version": 0,
          "attributes": {
            "id": "8437037571359685182",
            "triggers": {
              "build_number": "2021-07-16T08:32:59Z"
            }
          },
          "sensitive_attributes": [],
          "private": "bnVsbA=="
        }
      ]
    },
    {
      "mode": "managed",
      "type": "openstack_blockstorage_volume_v2",
      "name": "db_volume",
      "provider": "provider[\"registry.terraform.io/terraform-provider-openstack/openstack\"]",
      "instances": [
        {
          "schema_version": 0,
          "attributes": {
            "attachment": [],
            "availability_zone": "nova",
            "consistency_group_id": null,
            "description": "",
            "id": "176471e4-23e3-47cd-9756-ad8d23b4c05d",
            "image_id": null,
            "metadata": {},
            "name": "covid-db-volume",
            "region": "RegionOne",
            "scheduler_hints": [],
            "size": 50,
            "snapshot_id": "",
            "source_replica": null,
            "source_vol_id": "",
            "timeouts": null,
            "volume_type": "__DEFAULT__"
          },
          "sensitive_attributes": [],
          "private": "eyJlMmJmYjczMC1lY2FhLTExZTYtOGY4OC0zNDM2M2JjN2M0YzAiOnsiY3JlYXRlIjo2MDAwMDAwMDAwMDAsImRlbGV0ZSI6NjAwMDAwMDAwMDAwfX0="
        }
      ]
    },
    {
      "mode": "managed",
      "type": "openstack_blockstorage_volume_v2",
      "name": "nfs_volume",
      "provider": "provider[\"registry.terraform.io/terraform-provider-openstack/openstack\"]",
      "instances": [
        {
          "schema_version": 0,
          "attributes": {
            "attachment": [],
            "availability_zone": "nova",
            "consistency_group_id": null,
            "description": "",
            "id": "4a25ec13-cbff-4026-b7b7-a57487d0894f",
            "image_id": null,
            "metadata": {},
            "name": "covid-nfs-volume",
            "region": "RegionOne",
            "scheduler_hints": [],
            "size": 50,
            "snapshot_id": "",
            "source_replica": null,
            "source_vol_id": "",
            "timeouts": null,
            "volume_type": "__DEFAULT__"
          },
          "sensitive_attributes": [],
          "private": "eyJlMmJmYjczMC1lY2FhLTExZTYtOGY4OC0zNDM2M2JjN2M0YzAiOnsiY3JlYXRlIjo2MDAwMDAwMDAwMDAsImRlbGV0ZSI6NjAwMDAwMDAwMDAwfX0="
        }
      ]
    },
    {
      "mode": "managed",
      "type": "openstack_compute_floatingip_associate_v2",
      "name": "sequence_search",
      "provider": "provider[\"registry.terraform.io/terraform-provider-openstack/openstack\"]",
      "instances": [
        {
          "schema_version": 0,
          "attributes": {
            "fixed_ip": "",
            "floating_ip": "45.88.81.141",
            "id": "45.88.81.141/178f0c19-6949-4a4b-b385-4d7601160323/",
            "instance_id": "178f0c19-6949-4a4b-b385-4d7601160323",
            "region": "RegionOne",
            "timeouts": null,
            "wait_until_associated": null
          },
          "sensitive_attributes": [],
          "private": "eyJlMmJmYjczMC1lY2FhLTExZTYtOGY4OC0zNDM2M2JjN2M0YzAiOnsiY3JlYXRlIjo2MDAwMDAwMDAwMDB9fQ==",
          "dependencies": [
            "openstack_compute_instance_v2.producer",
            "openstack_compute_keypair_v2.sequence_search",
            "openstack_compute_secgroup_v2.sequence_search",
            "openstack_networking_network_v2.sequence_search",
            "openstack_networking_router_interface_v2.sequence_search",
            "openstack_networking_router_v2.sequence_search",
            "openstack_networking_subnet_v2.sequence_search"
          ]
        }
      ]
    },
    {
      "mode": "managed",
      "type": "openstack_compute_instance_v2",
      "name": "consumers",
      "provider": "provider[\"registry.terraform.io/terraform-provider-openstack/openstack\"]",
      "instances": [
        {
          "index_key": 0,
          "schema_version": 0,
          "attributes": {
            "access_ip_v4": "192.168.0.9",
            "access_ip_v6": "",
            "admin_pass": null,
            "all_metadata": {},
            "all_tags": [],
            "availability_zone": "nova",
            "availability_zone_hints": null,
            "block_device": [],
            "config_drive": null,
            "flavor_id": "daef8c15-e12e-4891-a13b-969b134cb7e5",
            "flavor_name": "4c6m50d",
            "floating_ip": null,
            "force_delete": false,
            "id": "4674c0a8-a008-4ac0-97f8-86e84afc2247",
            "image_id": "2ce60bfc-de17-42d3-9220-07cd292a9584",
            "image_name": "CentOS-8-GenericCloud-8.1",
            "key_pair": "covid_sequence_search",
            "metadata": null,
            "name": "covid-consumer-1",
            "network": [
              {
                "access_network": false,
                "fixed_ip_v4": "192.168.0.9",
                "fixed_ip_v6": "",
                "floating_ip": "",
                "mac": "fa:16:3e:45:38:b8",
                "name": "covid_sequence_search",
                "port": "",
                "uuid": "93cd6463-2c53-4f29-a536-a04c86f5e34d"
              }
            ],
            "network_mode": null,
            "personality": [],
            "power_state": "active",
            "region": "RegionOne",
            "scheduler_hints": [],
            "security_groups": [
              "covid_sequence_search"
            ],
            "stop_before_destroy": false,
            "tags": null,
            "timeouts": null,
            "user_data": null,
            "vendor_options": [],
            "volume": []
          },
          "sensitive_attributes": [],
          "private": "eyJlMmJmYjczMC1lY2FhLTExZTYtOGY4OC0zNDM2M2JjN2M0YzAiOnsiY3JlYXRlIjoxODAwMDAwMDAwMDAwLCJkZWxldGUiOjE4MDAwMDAwMDAwMDAsInVwZGF0ZSI6MTgwMDAwMDAwMDAwMH19",
          "dependencies": [
            "openstack_compute_keypair_v2.sequence_search",
            "openstack_compute_secgroup_v2.sequence_search",
            "openstack_networking_network_v2.sequence_search",
            "openstack_networking_subnet_v2.sequence_search"
          ]
        },
        {
          "index_key": 1,
          "schema_version": 0,
          "attributes": {
            "access_ip_v4": "192.168.0.10",
            "access_ip_v6": "",
            "admin_pass": null,
            "all_metadata": {},
            "all_tags": [],
            "availability_zone": "nova",
            "availability_zone_hints": null,
            "block_device": [],
            "config_drive": null,
            "flavor_id": "daef8c15-e12e-4891-a13b-969b134cb7e5",
            "flavor_name": "4c6m50d",
            "floating_ip": null,
            "force_delete": false,
            "id": "29bb9185-6dbe-4098-bbef-e4d35cac0523",
            "image_id": "2ce60bfc-de17-42d3-9220-07cd292a9584",
            "image_name": "CentOS-8-GenericCloud-8.1",
            "key_pair": "covid_sequence_search",
            "metadata": null,
            "name": "covid-consumer-2",
            "network": [
              {
                "access_network": false,
                "fixed_ip_v4": "192.168.0.10",
                "fixed_ip_v6": "",
                "floating_ip": "",
                "mac": "fa:16:3e:9c:6f:80",
                "name": "covid_sequence_search",
                "port": "",
                "uuid": "93cd6463-2c53-4f29-a536-a04c86f5e34d"
              }
            ],
            "network_mode": null,
            "personality": [],
            "power_state": "active",
            "region": "RegionOne",
            "scheduler_hints": [],
            "security_groups": [
              "covid_sequence_search"
            ],
            "stop_before_destroy": false,
            "tags": null,
            "timeouts": null,
            "user_data": null,
            "vendor_options": [],
            "volume": []
          },
          "sensitive_attributes": [],
          "private": "eyJlMmJmYjczMC1lY2FhLTExZTYtOGY4OC0zNDM2M2JjN2M0YzAiOnsiY3JlYXRlIjoxODAwMDAwMDAwMDAwLCJkZWxldGUiOjE4MDAwMDAwMDAwMDAsInVwZGF0ZSI6MTgwMDAwMDAwMDAwMH19",
          "dependencies": [
            "openstack_compute_keypair_v2.sequence_search",
            "openstack_compute_secgroup_v2.sequence_search",
            "openstack_networking_network_v2.sequence_search",
            "openstack_networking_subnet_v2.sequence_search"
          ]
        }
      ]
    },
    {
      "mode": "managed",
      "type": "openstack_compute_instance_v2",
      "name": "monitor",
      "provider": "provider[\"registry.terraform.io/terraform-provider-openstack/openstack\"]",
      "instances": [
        {
          "schema_version": 0,
          "attributes": {
            "access_ip_v4": "192.168.0.8",
            "access_ip_v6": "",
            "admin_pass": null,
            "all_metadata": {},
            "all_tags": [],
            "availability_zone": "nova",
            "availability_zone_hints": null,
            "block_device": [],
            "config_drive": null,
            "flavor_id": "c8b96dee-35be-4462-ae59-a90cb2981526",
            "flavor_name": "1c2m20d",
            "floating_ip": null,
            "force_delete": false,
            "id": "b0d50294-a2ea-43fe-81a3-48f03a496d22",
            "image_id": "2ce60bfc-de17-42d3-9220-07cd292a9584",
            "image_name": "CentOS-8-GenericCloud-8.1",
            "key_pair": "covid_sequence_search",
            "metadata": null,
            "name": "covid-monitor",
            "network": [
              {
                "access_network": false,
                "fixed_ip_v4": "192.168.0.8",
                "fixed_ip_v6": "",
                "floating_ip": "",
                "mac": "fa:16:3e:2e:2e:30",
                "name": "covid_sequence_search",
                "port": "",
                "uuid": "93cd6463-2c53-4f29-a536-a04c86f5e34d"
              }
            ],
            "network_mode": null,
            "personality": [],
            "power_state": "active",
            "region": "RegionOne",
            "scheduler_hints": [],
            "security_groups": [
              "covid_sequence_search_monitor_instance"
            ],
            "stop_before_destroy": false,
            "tags": null,
            "timeouts": null,
            "user_data": null,
            "vendor_options": [],
            "volume": []
          },
          "sensitive_attributes": [],
          "private": "eyJlMmJmYjczMC1lY2FhLTExZTYtOGY4OC0zNDM2M2JjN2M0YzAiOnsiY3JlYXRlIjoxODAwMDAwMDAwMDAwLCJkZWxldGUiOjE4MDAwMDAwMDAwMDAsInVwZGF0ZSI6MTgwMDAwMDAwMDAwMH19",
          "dependencies": [
            "openstack_compute_keypair_v2.sequence_search",
            "openstack_compute_secgroup_v2.sequence_search_monitor_instance",
            "openstack_networking_network_v2.sequence_search",
            "openstack_networking_subnet_v2.sequence_search"
          ]
        }
      ]
    },
    {
      "mode": "managed",
      "type": "openstack_compute_instance_v2",
      "name": "nfs_server",
      "provider": "provider[\"registry.terraform.io/terraform-provider-openstack/openstack\"]",
      "instances": [
        {
          "schema_version": 0,
          "attributes": {
            "access_ip_v4": "192.168.0.7",
            "access_ip_v6": "",
            "admin_pass": null,
            "all_metadata": {},
            "all_tags": [],
            "availability_zone": "nova",
            "availability_zone_hints": null,
            "block_device": [],
            "config_drive": null,
            "flavor_id": "daef8c15-e12e-4891-a13b-969b134cb7e5",
            "flavor_name": "4c6m50d",
            "floating_ip": null,
            "force_delete": false,
            "id": "22781bad-cc3e-4634-92f5-d3b6fc6836f6",
            "image_id": "fe772dd2-65ed-4592-8024-0a71c2ab751e",
            "image_name": "Ubuntu-18.04",
            "key_pair": "covid_sequence_search",
            "metadata": null,
            "name": "covid-nfs-server",
            "network": [
              {
                "access_network": false,
                "fixed_ip_v4": "192.168.0.7",
                "fixed_ip_v6": "",
                "floating_ip": "",
                "mac": "fa:16:3e:4a:9d:76",
                "name": "covid_sequence_search",
                "port": "",
                "uuid": "93cd6463-2c53-4f29-a536-a04c86f5e34d"
              }
            ],
            "network_mode": null,
            "personality": [],
            "power_state": "active",
            "region": "RegionOne",
            "scheduler_hints": [],
            "security_groups": [
              "covid_sequence_search_nfs_instance"
            ],
            "stop_before_destroy": false,
            "tags": null,
            "timeouts": null,
            "user_data": null,
            "vendor_options": [],
            "volume": []
          },
          "sensitive_attributes": [],
          "private": "eyJlMmJmYjczMC1lY2FhLTExZTYtOGY4OC0zNDM2M2JjN2M0YzAiOnsiY3JlYXRlIjoxODAwMDAwMDAwMDAwLCJkZWxldGUiOjE4MDAwMDAwMDAwMDAsInVwZGF0ZSI6MTgwMDAwMDAwMDAwMH19",
          "dependencies": [
            "openstack_compute_keypair_v2.sequence_search",
            "openstack_compute_secgroup_v2.sequence_search_nfs_instance",
            "openstack_networking_network_v2.sequence_search",
            "openstack_networking_subnet_v2.sequence_search"
          ]
        }
      ]
    },
    {
      "mode": "managed",
      "type": "openstack_compute_instance_v2",
      "name": "postgres",
      "provider": "provider[\"registry.terraform.io/terraform-provider-openstack/openstack\"]",
      "instances": [
        {
          "schema_version": 0,
          "attributes": {
            "access_ip_v4": "192.168.0.6",
            "access_ip_v6": "",
            "admin_pass": null,
            "all_metadata": {},
            "all_tags": [],
            "availability_zone": "nova",
            "availability_zone_hints": null,
            "block_device": [],
            "config_drive": null,
            "flavor_id": "daef8c15-e12e-4891-a13b-969b134cb7e5",
            "flavor_name": "4c6m50d",
            "floating_ip": null,
            "force_delete": false,
            "id": "7d3cd3d3-9cd1-46fe-a53d-32532e4f5047",
            "image_id": "2ce60bfc-de17-42d3-9220-07cd292a9584",
            "image_name": "CentOS-8-GenericCloud-8.1",
            "key_pair": "covid_sequence_search",
            "metadata": null,
            "name": "covid-postgres",
            "network": [
              {
                "access_network": false,
                "fixed_ip_v4": "192.168.0.6",
                "fixed_ip_v6": "",
                "floating_ip": "",
                "mac": "fa:16:3e:17:82:6d",
                "name": "covid_sequence_search",
                "port": "",
                "uuid": "93cd6463-2c53-4f29-a536-a04c86f5e34d"
              }
            ],
            "network_mode": null,
            "personality": [],
            "power_state": "active",
            "region": "RegionOne",
            "scheduler_hints": [],
            "security_groups": [
              "covid_sequence_search"
            ],
            "stop_before_destroy": false,
            "tags": null,
            "timeouts": null,
            "user_data": null,
            "vendor_options": [],
            "volume": []
          },
          "sensitive_attributes": [],
          "private": "eyJlMmJmYjczMC1lY2FhLTExZTYtOGY4OC0zNDM2M2JjN2M0YzAiOnsiY3JlYXRlIjoxODAwMDAwMDAwMDAwLCJkZWxldGUiOjE4MDAwMDAwMDAwMDAsInVwZGF0ZSI6MTgwMDAwMDAwMDAwMH19",
          "dependencies": [
            "openstack_compute_keypair_v2.sequence_search",
            "openstack_compute_secgroup_v2.sequence_search",
            "openstack_networking_network_v2.sequence_search",
            "openstack_networking_subnet_v2.sequence_search"
          ]
        }
      ]
    },
    {
      "mode": "managed",
      "type": "openstack_compute_instance_v2",
      "name": "producer",
      "provider": "provider[\"registry.terraform.io/terraform-provider-openstack/openstack\"]",
      "instances": [
        {
          "schema_version": 0,
          "attributes": {
            "access_ip_v4": "192.168.0.5",
            "access_ip_v6": "",
            "admin_pass": null,
            "all_metadata": {},
            "all_tags": [],
            "availability_zone": "nova",
            "availability_zone_hints": null,
            "block_device": [],
            "config_drive": null,
            "flavor_id": "daef8c15-e12e-4891-a13b-969b134cb7e5",
            "flavor_name": "4c6m50d",
            "floating_ip": null,
            "force_delete": false,
            "id": "178f0c19-6949-4a4b-b385-4d7601160323",
            "image_id": "2ce60bfc-de17-42d3-9220-07cd292a9584",
            "image_name": "CentOS-8-GenericCloud-8.1",
            "key_pair": "covid_sequence_search",
            "metadata": null,
            "name": "covid-producer",
            "network": [
              {
                "access_network": false,
                "fixed_ip_v4": "192.168.0.5",
                "fixed_ip_v6": "",
                "floating_ip": "",
                "mac": "fa:16:3e:de:64:0c",
                "name": "covid_sequence_search",
                "port": "",
                "uuid": "93cd6463-2c53-4f29-a536-a04c86f5e34d"
              }
            ],
            "network_mode": null,
            "personality": [],
            "power_state": "active",
            "region": "RegionOne",
            "scheduler_hints": [],
            "security_groups": [
              "covid_sequence_search"
            ],
            "stop_before_destroy": false,
            "tags": null,
            "timeouts": null,
            "user_data": null,
            "vendor_options": [],
            "volume": []
          },
          "sensitive_attributes": [],
          "private": "eyJlMmJmYjczMC1lY2FhLTExZTYtOGY4OC0zNDM2M2JjN2M0YzAiOnsiY3JlYXRlIjoxODAwMDAwMDAwMDAwLCJkZWxldGUiOjE4MDAwMDAwMDAwMDAsInVwZGF0ZSI6MTgwMDAwMDAwMDAwMH19",
          "dependencies": [
            "openstack_compute_keypair_v2.sequence_search",
            "openstack_compute_secgroup_v2.sequence_search",
            "openstack_networking_network_v2.sequence_search",
            "openstack_networking_subnet_v2.sequence_search"
          ]
        }
      ]
    },
    {
      "mode": "managed",
      "type": "openstack_compute_keypair_v2",
      "name": "sequence_search",
      "provider": "provider[\"registry.terraform.io/terraform-provider-openstack/openstack\"]",
      "instances": [
        {
          "schema_version": 0,
          "attributes": {
            "fingerprint": "f5:ac:9f:4e:68:11:2e:49:27:40:22:47:fa:ba:f3:58",
            "id": "covid_sequence_search",
            "name": "covid_sequence_search",
            "private_key": "",
            "public_key": "ssh-rsa AAAAB3NzaC1yc2EAAAADAQABAAACAQC9BOKz+dYi+0TzjpH5RWorfguhIp8Vxn1NIKX3VLbvYrStYlu+59aCdWALWhSUzqt/BKhwteg2Ph5m5pYItqs3i9VLpY493UvfjjocYqf47xqkDsYYo6kZkZjvnKFfkZui88TmgiMUKDtK/uRXVJhG4QlvCbrXLn9GM5jWmtV3lO/BEw25U19eGClsGQ0T7TUZ+YmPv9aHycw+hEpOWOvMYquzLg+thwrm7fzvLvbkS7pQm5kr8OGEvJ0HgLgUFiL+8zrB+zoGuiaaiFg9pLq2zJ/wtoe9OxiyRTaQt/Kwo8n2Z/S84bgKOLQPi85shjqQx/6/nfzjLpWUR8Bci9VH8CJ5i/zIagMHoyIrh+Fq/77YEuES0lpqYNd6AQUjgu7CF9OyXlQLwh6TSXLwxYUWaWAVMABysEaUT78+KFp7J86xTdb0zciVjTnyNb+IACMfo4hyexyAN3cPoWxAM7i8ET2Iug8QXB6RO1mz5zjvdDtLP7J5HCglVsXAmlHyxX7twmgAG11f45c/5I8gq0cQpubh8e6oZWYJ2krsbuVZnYXich+MidDIzt/5X+j06Um5iC4xbUIMJppeA1tzjQipvoavVeXs1LPN6ICLVtVkymb2Fhkpjq55Tiwan6ftYiWRXWOpaY00Yfc8ZbY8rb+bEF7lu4K1sf1bKOFyKke8Rw== apetrov@apetrov-ml\n",
            "region": "RegionOne",
            "value_specs": null
          },
          "sensitive_attributes": [],
          "private": "bnVsbA=="
        }
      ]
    },
    {
      "mode": "managed",
      "type": "openstack_compute_secgroup_v2",
      "name": "sequence_search",
      "provider": "provider[\"registry.terraform.io/terraform-provider-openstack/openstack\"]",
      "instances": [
        {
          "schema_version": 0,
          "attributes": {
            "description": "Security group for the sequence_search instances (except NFS and monitor)",
            "id": "edf1ae48-00aa-44c9-81ea-58d39db92337",
            "name": "covid_sequence_search",
            "region": "RegionOne",
            "rule": [
              {
                "cidr": "0.0.0.0/0",
                "from_group_id": "",
                "from_port": -1,
                "id": "6c7c405d-aaaa-40c0-a45d-35c04de7bbf1",
                "ip_protocol": "icmp",
                "self": false,
                "to_port": -1
              },
              {
                "cidr": "0.0.0.0/0",
                "from_group_id": "",
                "from_port": 22,
                "id": "b119dbaf-af62-4191-87b8-bd0216ddcc55",
                "ip_protocol": "tcp",
                "self": false,
                "to_port": 22
              },
              {
                "cidr": "0.0.0.0/0",
                "from_group_id": "",
                "from_port": 8002,
                "id": "1ffeae16-3376-4e40-b031-c8fdb40b8c31",
                "ip_protocol": "tcp",
                "self": false,
                "to_port": 8002
              },
              {
                "cidr": "192.168.0.0/24",
                "from_group_id": "",
                "from_port": 5432,
                "id": "8a31c424-b0fe-4755-92e5-91000951ba47",
                "ip_protocol": "tcp",
                "self": false,
                "to_port": 5432
              },
              {
                "cidr": "192.168.0.0/24",
                "from_group_id": "",
                "from_port": 8000,
                "id": "dbb39c20-6c4b-49c2-998f-586a13448b16",
                "ip_protocol": "tcp",
                "self": false,
                "to_port": 8000
              }
            ],
            "timeouts": null
          },
          "sensitive_attributes": [],
          "private": "eyJlMmJmYjczMC1lY2FhLTExZTYtOGY4OC0zNDM2M2JjN2M0YzAiOnsiZGVsZXRlIjo2MDAwMDAwMDAwMDB9fQ=="
        }
      ]
    },
    {
      "mode": "managed",
      "type": "openstack_compute_secgroup_v2",
      "name": "sequence_search_monitor_instance",
      "provider": "provider[\"registry.terraform.io/terraform-provider-openstack/openstack\"]",
      "instances": [
        {
          "schema_version": 0,
          "attributes": {
            "description": "Security group for the monitor instance",
            "id": "937789d3-bc3c-444c-9715-09137db42b85",
            "name": "covid_sequence_search_monitor_instance",
            "region": "RegionOne",
            "rule": [
              {
                "cidr": "0.0.0.0/0",
                "from_group_id": "",
                "from_port": -1,
                "id": "54abcf85-951d-4a39-a1a4-d0e668ef2c7d",
                "ip_protocol": "icmp",
                "self": false,
                "to_port": -1
              },
              {
                "cidr": "0.0.0.0/0",
                "from_group_id": "",
                "from_port": 22,
                "id": "ecee301d-1a47-4742-8e5e-8908aa3d1307",
                "ip_protocol": "tcp",
                "self": false,
                "to_port": 22
              },
              {
                "cidr": "192.168.0.0/24",
                "from_group_id": "",
                "from_port": 11211,
                "id": "39d7a8c0-991b-44f2-bae8-c5f16535a8b2",
                "ip_protocol": "tcp",
                "self": false,
                "to_port": 11211
              }
            ],
            "timeouts": null
          },
          "sensitive_attributes": [],
          "private": "eyJlMmJmYjczMC1lY2FhLTExZTYtOGY4OC0zNDM2M2JjN2M0YzAiOnsiZGVsZXRlIjo2MDAwMDAwMDAwMDB9fQ=="
        }
      ]
    },
    {
      "mode": "managed",
      "type": "openstack_compute_secgroup_v2",
      "name": "sequence_search_nfs_instance",
      "provider": "provider[\"registry.terraform.io/terraform-provider-openstack/openstack\"]",
      "instances": [
        {
          "schema_version": 0,
          "attributes": {
            "description": "Security group for the NFS instance",
            "id": "3de2eaa3-ba07-4942-937f-eeebc5cff43e",
            "name": "covid_sequence_search_nfs_instance",
            "region": "RegionOne",
            "rule": [
              {
                "cidr": "0.0.0.0/0",
                "from_group_id": "",
                "from_port": -1,
                "id": "bc3e4f65-ba97-4d38-ad91-db29112dc5f5",
                "ip_protocol": "icmp",
                "self": false,
                "to_port": -1
              },
              {
                "cidr": "0.0.0.0/0",
                "from_group_id": "",
                "from_port": 22,
                "id": "1c2be244-9797-412b-b578-bc5b02cad869",
                "ip_protocol": "tcp",
                "self": false,
                "to_port": 22
              },
              {
                "cidr": "192.168.0.0/24",
                "from_group_id": "",
                "from_port": 111,
                "id": "6a134166-d521-4a47-90f6-b41abddb01c0",
                "ip_protocol": "udp",
                "self": false,
                "to_port": 111
              },
              {
                "cidr": "192.168.0.0/24",
                "from_group_id": "",
                "from_port": 111,
                "id": "74ff8b09-606a-4165-92e9-f3f6112a0163",
                "ip_protocol": "tcp",
                "self": false,
                "to_port": 111
              },
              {
                "cidr": "192.168.0.0/24",
                "from_group_id": "",
                "from_port": 2049,
                "id": "1bf2cc4c-1c3e-4cbe-8344-9711e0c8e11e",
                "ip_protocol": "udp",
                "self": false,
                "to_port": 2049
              },
              {
                "cidr": "192.168.0.0/24",
                "from_group_id": "",
                "from_port": 2049,
                "id": "6ffcb29f-93be-40b7-9c77-279910e08d95",
                "ip_protocol": "tcp",
                "self": false,
                "to_port": 2049
              }
            ],
            "timeouts": null
          },
          "sensitive_attributes": [],
          "private": "eyJlMmJmYjczMC1lY2FhLTExZTYtOGY4OC0zNDM2M2JjN2M0YzAiOnsiZGVsZXRlIjo2MDAwMDAwMDAwMDB9fQ=="
        }
      ]
    },
    {
      "mode": "managed",
      "type": "openstack_compute_volume_attach_v2",
      "name": "attach_db",
      "provider": "provider[\"registry.terraform.io/terraform-provider-openstack/openstack\"]",
      "instances": [
        {
          "schema_version": 0,
          "attributes": {
            "device": "/dev/vdb",
            "id": "7d3cd3d3-9cd1-46fe-a53d-32532e4f5047/176471e4-23e3-47cd-9756-ad8d23b4c05d",
            "instance_id": "7d3cd3d3-9cd1-46fe-a53d-32532e4f5047",
            "multiattach": null,
            "region": "RegionOne",
            "timeouts": null,
            "vendor_options": [],
            "volume_id": "176471e4-23e3-47cd-9756-ad8d23b4c05d"
          },
          "sensitive_attributes": [],
          "private": "eyJlMmJmYjczMC1lY2FhLTExZTYtOGY4OC0zNDM2M2JjN2M0YzAiOnsiY3JlYXRlIjo2MDAwMDAwMDAwMDAsImRlbGV0ZSI6NjAwMDAwMDAwMDAwfX0=",
          "dependencies": [
            "openstack_blockstorage_volume_v2.db_volume",
            "openstack_compute_instance_v2.postgres",
            "openstack_compute_keypair_v2.sequence_search",
            "openstack_compute_secgroup_v2.sequence_search",
            "openstack_networking_network_v2.sequence_search",
            "openstack_networking_subnet_v2.sequence_search"
          ]
        }
      ]
    },
    {
      "mode": "managed",
      "type": "openstack_compute_volume_attach_v2",
      "name": "attached",
      "provider": "provider[\"registry.terraform.io/terraform-provider-openstack/openstack\"]",
      "instances": [
        {
          "schema_version": 0,
          "attributes": {
            "device": "/dev/vdb",
            "id": "22781bad-cc3e-4634-92f5-d3b6fc6836f6/4a25ec13-cbff-4026-b7b7-a57487d0894f",
            "instance_id": "22781bad-cc3e-4634-92f5-d3b6fc6836f6",
            "multiattach": null,
            "region": "RegionOne",
            "timeouts": null,
            "vendor_options": [],
            "volume_id": "4a25ec13-cbff-4026-b7b7-a57487d0894f"
          },
          "sensitive_attributes": [],
          "private": "eyJlMmJmYjczMC1lY2FhLTExZTYtOGY4OC0zNDM2M2JjN2M0YzAiOnsiY3JlYXRlIjo2MDAwMDAwMDAwMDAsImRlbGV0ZSI6NjAwMDAwMDAwMDAwfX0=",
          "dependencies": [
            "openstack_blockstorage_volume_v2.nfs_volume",
            "openstack_compute_instance_v2.nfs_server",
            "openstack_compute_keypair_v2.sequence_search",
            "openstack_compute_secgroup_v2.sequence_search_nfs_instance",
            "openstack_networking_network_v2.sequence_search",
            "openstack_networking_subnet_v2.sequence_search"
          ]
        }
      ]
    },
    {
      "mode": "managed",
      "type": "openstack_networking_network_v2",
      "name": "sequence_search",
      "provider": "provider[\"registry.terraform.io/terraform-provider-openstack/openstack\"]",
      "instances": [
        {
          "schema_version": 0,
          "attributes": {
            "admin_state_up": true,
            "all_tags": [],
            "availability_zone_hints": [],
            "description": "",
            "dns_domain": "",
            "external": false,
            "id": "93cd6463-2c53-4f29-a536-a04c86f5e34d",
            "mtu": 8942,
            "name": "covid_sequence_search",
            "port_security_enabled": true,
            "qos_policy_id": "",
            "region": "RegionOne",
            "segments": [],
            "shared": false,
            "tags": null,
            "tenant_id": "224be250ac6a45a4a5fadb360981af4a",
            "timeouts": null,
            "transparent_vlan": false,
            "value_specs": null
          },
          "sensitive_attributes": [],
          "private": "eyJlMmJmYjczMC1lY2FhLTExZTYtOGY4OC0zNDM2M2JjN2M0YzAiOnsiY3JlYXRlIjo2MDAwMDAwMDAwMDAsImRlbGV0ZSI6NjAwMDAwMDAwMDAwfX0="
        }
      ]
    },
    {
      "mode": "managed",
      "type": "openstack_networking_router_interface_v2",
      "name": "sequence_search",
      "provider": "provider[\"registry.terraform.io/terraform-provider-openstack/openstack\"]",
      "instances": [
        {
          "schema_version": 0,
          "attributes": {
            "id": "ca84b58e-2cde-4773-98ae-303a1d2f327f",
            "port_id": "ca84b58e-2cde-4773-98ae-303a1d2f327f",
            "region": "RegionOne",
            "router_id": "0c298f40-4fea-4919-9b9c-89b383645e18",
            "subnet_id": "b41cd8d9-3ed2-4533-b78d-26ce6064188f",
            "timeouts": null
          },
          "sensitive_attributes": [],
          "private": "eyJlMmJmYjczMC1lY2FhLTExZTYtOGY4OC0zNDM2M2JjN2M0YzAiOnsiY3JlYXRlIjo2MDAwMDAwMDAwMDAsImRlbGV0ZSI6NjAwMDAwMDAwMDAwfX0=",
          "dependencies": [
            "openstack_networking_network_v2.sequence_search",
            "openstack_networking_router_v2.sequence_search",
            "openstack_networking_subnet_v2.sequence_search"
          ]
        }
      ]
    },
    {
      "mode": "managed",
      "type": "openstack_networking_router_v2",
      "name": "sequence_search",
      "provider": "provider[\"registry.terraform.io/terraform-provider-openstack/openstack\"]",
      "instances": [
        {
          "schema_version": 0,
          "attributes": {
            "admin_state_up": true,
            "all_tags": [],
            "availability_zone_hints": [],
            "description": "",
            "distributed": false,
            "enable_snat": true,
            "external_fixed_ip": [
              {
                "ip_address": "45.88.81.134",
                "subnet_id": "56d4feda-a1b4-4ecc-97a7-9c74da5a1db8"
              }
            ],
            "external_gateway": "9948edde-640b-482b-a6bc-ad1466000d86",
            "external_network_id": "9948edde-640b-482b-a6bc-ad1466000d86",
            "id": "0c298f40-4fea-4919-9b9c-89b383645e18",
            "name": "covid_sequence_search",
            "region": "RegionOne",
            "tags": null,
            "tenant_id": "224be250ac6a45a4a5fadb360981af4a",
            "timeouts": null,
            "value_specs": null,
            "vendor_options": []
          },
          "sensitive_attributes": [],
          "private": "eyJlMmJmYjczMC1lY2FhLTExZTYtOGY4OC0zNDM2M2JjN2M0YzAiOnsiY3JlYXRlIjo2MDAwMDAwMDAwMDAsImRlbGV0ZSI6NjAwMDAwMDAwMDAwfX0="
        }
      ]
    },
    {
      "mode": "managed",
      "type": "openstack_networking_subnet_v2",
      "name": "sequence_search",
      "provider": "provider[\"registry.terraform.io/terraform-provider-openstack/openstack\"]",
      "instances": [
        {
          "schema_version": 0,
          "attributes": {
            "all_tags": [],
            "allocation_pool": [
              {
                "end": "192.168.0.254",
                "start": "192.168.0.2"
              }
            ],
            "allocation_pools": [
              {
                "end": "192.168.0.254",
                "start": "192.168.0.2"
              }
            ],
            "cidr": "192.168.0.0/24",
            "description": "",
            "dns_nameservers": [
              "8.8.8.8"
            ],
            "enable_dhcp": true,
            "gateway_ip": "192.168.0.1",
            "host_routes": [],
            "id": "b41cd8d9-3ed2-4533-b78d-26ce6064188f",
            "ip_version": 4,
            "ipv6_address_mode": "",
            "ipv6_ra_mode": "",
            "name": "covid_sequence_search",
            "network_id": "93cd6463-2c53-4f29-a536-a04c86f5e34d",
            "no_gateway": false,
            "prefix_length": null,
            "region": "RegionOne",
            "subnetpool_id": "",
            "tags": null,
            "tenant_id": "224be250ac6a45a4a5fadb360981af4a",
            "timeouts": null,
            "value_specs": null
          },
          "sensitive_attributes": [],
          "private": "eyJlMmJmYjczMC1lY2FhLTExZTYtOGY4OC0zNDM2M2JjN2M0YzAiOnsiY3JlYXRlIjo2MDAwMDAwMDAwMDAsImRlbGV0ZSI6NjAwMDAwMDAwMDAwfX0=",
          "dependencies": [
            "openstack_networking_network_v2.sequence_search"
          ]
        }
      ]
    }
  ]
}
