{
  "version": 4,
  "terraform_version": "1.0.1",
  "serial": 27,
  "lineage": "1f97a978-7184-7324-fdc4-7ad917e89f58",
  "outputs": {},
  "resources": [
    {
      "mode": "managed",
      "type": "openstack_compute_floatingip_associate_v2",
      "name": "load_balancer",
      "provider": "provider[\"registry.terraform.io/terraform-provider-openstack/openstack\"]",
      "instances": [
        {
          "schema_version": 0,
          "attributes": {
            "fixed_ip": "",
            "floating_ip": "45.88.81.135",
            "id": "45.88.81.135/b1f77e87-60e0-4593-a74e-e80aa7fe2b5f/",
            "instance_id": "b1f77e87-60e0-4593-a74e-e80aa7fe2b5f",
            "region": "RegionOne",
            "timeouts": null,
            "wait_until_associated": null
          },
          "sensitive_attributes": [],
          "private": "eyJlMmJmYjczMC1lY2FhLTExZTYtOGY4OC0zNDM2M2JjN2M0YzAiOnsiY3JlYXRlIjo2MDAwMDAwMDAwMDB9fQ==",
          "dependencies": [
            "openstack_compute_instance_v2.load_balancer",
            "openstack_compute_keypair_v2.load_balancer",
            "openstack_compute_secgroup_v2.load_balancer",
            "openstack_networking_network_v2.load_balancer",
            "openstack_networking_router_interface_v2.load_balancer",
            "openstack_networking_router_v2.load_balancer",
            "openstack_networking_subnet_v2.load_balancer"
          ]
        }
      ]
    },
    {
      "mode": "managed",
      "type": "openstack_compute_instance_v2",
      "name": "load_balancer",
      "provider": "provider[\"registry.terraform.io/terraform-provider-openstack/openstack\"]",
      "instances": [
        {
          "schema_version": 0,
          "attributes": {
            "access_ip_v4": "192.168.0.5",
            "access_ip_v6": "",
            "admin_pass": null,
            "all_metadata": {},
            "all_tags": [],
            "availability_zone": "nova",
            "availability_zone_hints": null,
            "block_device": [],
            "config_drive": null,
            "flavor_id": "c8b96dee-35be-4462-ae59-a90cb2981526",
            "flavor_name": "1c2m20d",
            "floating_ip": null,
            "force_delete": false,
            "id": "b1f77e87-60e0-4593-a74e-e80aa7fe2b5f",
            "image_id": "b50eac2b-0184-4bc9-9609-8ad2334f89d5",
            "image_name": "CentOS-Stream-GenericCloud-9",
            "key_pair": "load_balancer",
            "metadata": null,
            "name": "load_balancer",
            "network": [
              {
                "access_network": false,
                "fixed_ip_v4": "192.168.0.5",
                "fixed_ip_v6": "",
                "floating_ip": "",
                "mac": "fa:16:3e:4d:f6:28",
                "name": "load_balancer",
                "port": "",
                "uuid": "cf240933-9712-4ecc-9110-09590e6daac2"
              }
            ],
            "network_mode": null,
            "personality": [],
            "power_state": "active",
            "region": "RegionOne",
            "scheduler_hints": [],
            "security_groups": [
              "load_balancer"
            ],
            "stop_before_destroy": false,
            "tags": null,
            "timeouts": null,
            "user_data": null,
            "vendor_options": [],
            "volume": []
          },
          "sensitive_attributes": [],
          "private": "eyJlMmJmYjczMC1lY2FhLTExZTYtOGY4OC0zNDM2M2JjN2M0YzAiOnsiY3JlYXRlIjoxODAwMDAwMDAwMDAwLCJkZWxldGUiOjE4MDAwMDAwMDAwMDAsInVwZGF0ZSI6MTgwMDAwMDAwMDAwMH19",
          "dependencies": [
            "openstack_compute_keypair_v2.load_balancer",
            "openstack_compute_secgroup_v2.load_balancer",
            "openstack_networking_network_v2.load_balancer"
          ]
        }
      ]
    },
    {
      "mode": "managed",
      "type": "openstack_compute_keypair_v2",
      "name": "load_balancer",
      "provider": "provider[\"registry.terraform.io/terraform-provider-openstack/openstack\"]",
      "instances": [
        {
          "schema_version": 0,
          "attributes": {
            "fingerprint": "8e:0c:bd:04:70:c2:a9:7c:1e:cf:ba:ca:fd:21:ae:b2",
            "id": "load_balancer",
            "name": "load_balancer",
            "private_key": "",
            "public_key": "ssh-rsa AAAAB3NzaC1yc2EAAAADAQABAAACAQDLu7VufeAoticJfNdDqLy2OWUjteO9peA3845pq+/d3lPJ7p7PxxuNzqN6l2NUlu31psgQ2blFNtsVOMC7FvHBpVjO/ncmz69z9SZgY/ZDNJI3es18NPFCaHcR81Uc2Zi/tyMQqdIX9v5QtydV4NOwbaiUveEoHfWC1ktmbsUwCezE8PDA0vN6hZjmp1p38iqCAhCaQdDosQkVScIinJWS30rNIQ/ROvAA8EPXH0d77awkIsd9ANO18d89pYsafIt5HeHRp66xna9e3QmIU2jsN7XGlZkIX1N4gopvy2CfghgtDJ7q7oJTDOywpEHyQWOeT8GQEuu8KnEWzmxXTCMDpkK0F7dWbWvJFIJihuoM4w4MPaFjqK2tS5wS7X+madlZBylY7cCDP2ygx2GHsuZDxhgoRcnOEl5IDIJzas/q5j0QMttmLfGSeQ5jEpHxK9Rb5PiBQUYJXKB3Z+/myRYDoLBt3riLf6Vzd1iY3Lhme2x2ByWo49TDPj7gJxgXaeEkb0HYKOBCv9l0htYugWyqSj/h3dEuHTppx7ICgUxCr8DGKNtEcmrC55xy4HZgfbqAWDS28ae7Stu9sjQlOQ34igpfFqIAp8XO5zmw51beH7qETsumOVsnL/vF25w9WBqixogyh+24LnPJdCpFClFYLcftY5RtsKhthRx65cHL5w== apetrov@apetrov-ml\n\n",
            "region": "RegionOne",
            "value_specs": null
          },
          "sensitive_attributes": [],
          "private": "bnVsbA=="
        }
      ]
    },
    {
      "mode": "managed",
      "type": "openstack_compute_secgroup_v2",
      "name": "load_balancer",
      "provider": "provider[\"registry.terraform.io/terraform-provider-openstack/openstack\"]",
      "instances": [
        {
          "schema_version": 0,
          "attributes": {
            "description": "Security group for the load_balancer instance",
            "id": "8954f7b2-a22f-4a7c-b646-5736824a1476",
            "name": "load_balancer",
            "region": "RegionOne",
            "rule": [
              {
                "cidr": "0.0.0.0/0",
                "from_group_id": "",
                "from_port": -1,
                "id": "4fb7207a-02e2-4348-9b44-af54760e003e",
                "ip_protocol": "icmp",
                "self": false,
                "to_port": -1
              },
              {
                "cidr": "0.0.0.0/0",
                "from_group_id": "",
                "from_port": 22,
                "id": "a7d21a35-a287-4066-b30d-7b5f8c99da2d",
                "ip_protocol": "tcp",
                "self": false,
                "to_port": 22
              },
              {
                "cidr": "0.0.0.0/0",
                "from_group_id": "",
                "from_port": 80,
                "id": "77180fa8-7e7c-4acc-900e-4e3a11ac0a78",
                "ip_protocol": "tcp",
                "self": false,
                "to_port": 80
              }
            ],
            "timeouts": null
          },
          "sensitive_attributes": [],
          "private": "eyJlMmJmYjczMC1lY2FhLTExZTYtOGY4OC0zNDM2M2JjN2M0YzAiOnsiZGVsZXRlIjo2MDAwMDAwMDAwMDB9fQ=="
        }
      ]
    },
    {
      "mode": "managed",
      "type": "openstack_networking_network_v2",
      "name": "load_balancer",
      "provider": "provider[\"registry.terraform.io/terraform-provider-openstack/openstack\"]",
      "instances": [
        {
          "schema_version": 0,
          "attributes": {
            "admin_state_up": true,
            "all_tags": [],
            "availability_zone_hints": [],
            "description": "",
            "dns_domain": "",
            "external": false,
            "id": "cf240933-9712-4ecc-9110-09590e6daac2",
            "mtu": 8942,
            "name": "load_balancer",
            "port_security_enabled": true,
            "qos_policy_id": "",
            "region": "RegionOne",
            "segments": [],
            "shared": false,
            "tags": null,
            "tenant_id": "224be250ac6a45a4a5fadb360981af4a",
            "timeouts": null,
            "transparent_vlan": false,
            "value_specs": null
          },
          "sensitive_attributes": [],
          "private": "eyJlMmJmYjczMC1lY2FhLTExZTYtOGY4OC0zNDM2M2JjN2M0YzAiOnsiY3JlYXRlIjo2MDAwMDAwMDAwMDAsImRlbGV0ZSI6NjAwMDAwMDAwMDAwfX0="
        }
      ]
    },
    {
      "mode": "managed",
      "type": "openstack_networking_router_interface_v2",
      "name": "load_balancer",
      "provider": "provider[\"registry.terraform.io/terraform-provider-openstack/openstack\"]",
      "instances": [
        {
          "schema_version": 0,
          "attributes": {
            "id": "f5904bef-e5c3-4556-8b3e-8bc6fee873d1",
            "port_id": "f5904bef-e5c3-4556-8b3e-8bc6fee873d1",
            "region": "RegionOne",
            "router_id": "674b9e60-21c4-41a5-81e8-05d2babfba6d",
            "subnet_id": "278dbed6-8bf0-46fc-aad8-e23e5d21fc5b",
            "timeouts": null
          },
          "sensitive_attributes": [],
          "private": "eyJlMmJmYjczMC1lY2FhLTExZTYtOGY4OC0zNDM2M2JjN2M0YzAiOnsiY3JlYXRlIjo2MDAwMDAwMDAwMDAsImRlbGV0ZSI6NjAwMDAwMDAwMDAwfX0=",
          "dependencies": [
            "openstack_networking_network_v2.load_balancer",
            "openstack_networking_router_v2.load_balancer",
            "openstack_networking_subnet_v2.load_balancer"
          ]
        }
      ]
    },
    {
      "mode": "managed",
      "type": "openstack_networking_router_v2",
      "name": "load_balancer",
      "provider": "provider[\"registry.terraform.io/terraform-provider-openstack/openstack\"]",
      "instances": [
        {
          "schema_version": 0,
          "attributes": {
            "admin_state_up": true,
            "all_tags": [],
            "availability_zone_hints": [],
            "description": "",
            "distributed": false,
            "enable_snat": true,
            "external_fixed_ip": [
              {
                "ip_address": "45.88.80.244",
                "subnet_id": "56d4feda-a1b4-4ecc-97a7-9c74da5a1db8"
              }
            ],
            "external_gateway": "9948edde-640b-482b-a6bc-ad1466000d86",
            "external_network_id": "9948edde-640b-482b-a6bc-ad1466000d86",
            "id": "674b9e60-21c4-41a5-81e8-05d2babfba6d",
            "name": "load_balancer",
            "region": "RegionOne",
            "tags": null,
            "tenant_id": "224be250ac6a45a4a5fadb360981af4a",
            "timeouts": null,
            "value_specs": null,
            "vendor_options": []
          },
          "sensitive_attributes": [],
          "private": "eyJlMmJmYjczMC1lY2FhLTExZTYtOGY4OC0zNDM2M2JjN2M0YzAiOnsiY3JlYXRlIjo2MDAwMDAwMDAwMDAsImRlbGV0ZSI6NjAwMDAwMDAwMDAwfX0="
        }
      ]
    },
    {
      "mode": "managed",
      "type": "openstack_networking_subnet_v2",
      "name": "load_balancer",
      "provider": "provider[\"registry.terraform.io/terraform-provider-openstack/openstack\"]",
      "instances": [
        {
          "schema_version": 0,
          "attributes": {
            "all_tags": [],
            "allocation_pool": [
              {
                "end": "192.168.0.254",
                "start": "192.168.0.2"
              }
            ],
            "allocation_pools": [
              {
                "end": "192.168.0.254",
                "start": "192.168.0.2"
              }
            ],
            "cidr": "192.168.0.0/24",
            "description": "",
            "dns_nameservers": [
              "8.8.8.8"
            ],
            "enable_dhcp": true,
            "gateway_ip": "192.168.0.1",
            "host_routes": [],
            "id": "278dbed6-8bf0-46fc-aad8-e23e5d21fc5b",
            "ip_version": 4,
            "ipv6_address_mode": "",
            "ipv6_ra_mode": "",
            "name": "load_balancer",
            "network_id": "cf240933-9712-4ecc-9110-09590e6daac2",
            "no_gateway": false,
            "prefix_length": null,
            "region": "RegionOne",
            "subnetpool_id": "",
            "tags": null,
            "tenant_id": "224be250ac6a45a4a5fadb360981af4a",
            "timeouts": null,
            "value_specs": null
          },
          "sensitive_attributes": [],
          "private": "eyJlMmJmYjczMC1lY2FhLTExZTYtOGY4OC0zNDM2M2JjN2M0YzAiOnsiY3JlYXRlIjo2MDAwMDAwMDAwMDAsImRlbGV0ZSI6NjAwMDAwMDAwMDAwfX0=",
          "dependencies": [
            "openstack_networking_network_v2.load_balancer"
          ]
        }
      ]
    }
  ]
}
