{
  "version": 4,
  "terraform_version": "1.0.1",
  "serial": 9,
  "lineage": "1f97a978-7184-7324-fdc4-7ad917e89f58",
  "outputs": {},
  "resources": [
    {
      "mode": "managed",
      "type": "openstack_compute_floatingip_associate_v2",
      "name": "load_balancer",
      "provider": "provider[\"registry.terraform.io/terraform-provider-openstack/openstack\"]",
      "instances": [
        {
          "schema_version": 0,
          "attributes": {
            "fixed_ip": "",
            "floating_ip": "45.88.81.135",
            "id": "45.88.81.135/f978030a-3087-4e98-9927-2373094b229b/",
            "instance_id": "f978030a-3087-4e98-9927-2373094b229b",
            "region": "RegionOne",
            "timeouts": null,
            "wait_until_associated": null
          },
          "sensitive_attributes": [],
          "private": "eyJlMmJmYjczMC1lY2FhLTExZTYtOGY4OC0zNDM2M2JjN2M0YzAiOnsiY3JlYXRlIjo2MDAwMDAwMDAwMDB9fQ==",
          "dependencies": [
            "openstack_compute_instance_v2.load_balancer",
            "openstack_compute_keypair_v2.load_balancer",
            "openstack_compute_secgroup_v2.load_balancer",
            "openstack_networking_network_v2.load_balancer",
            "openstack_networking_router_interface_v2.load_balancer",
            "openstack_networking_router_v2.load_balancer",
            "openstack_networking_subnet_v2.load_balancer"
          ]
        }
      ]
    },
    {
      "mode": "managed",
      "type": "openstack_compute_instance_v2",
      "name": "load_balancer",
      "provider": "provider[\"registry.terraform.io/terraform-provider-openstack/openstack\"]",
      "instances": [
        {
          "schema_version": 0,
          "attributes": {
            "access_ip_v4": "192.168.0.5",
            "access_ip_v6": "",
            "admin_pass": null,
            "all_metadata": {},
            "all_tags": [],
            "availability_zone": "nova",
            "availability_zone_hints": null,
            "block_device": [],
            "config_drive": null,
            "flavor_id": "c8b96dee-35be-4462-ae59-a90cb2981526",
            "flavor_name": "1c2m20d",
            "floating_ip": null,
            "force_delete": false,
            "id": "f978030a-3087-4e98-9927-2373094b229b",
            "image_id": "2ce60bfc-de17-42d3-9220-07cd292a9584",
            "image_name": "CentOS-8-GenericCloud-8.1",
            "key_pair": "load_balancer",
            "metadata": null,
            "name": "load_balancer",
            "network": [
              {
                "access_network": false,
                "fixed_ip_v4": "192.168.0.5",
                "fixed_ip_v6": "",
                "floating_ip": "",
                "mac": "fa:16:3e:e4:f9:19",
                "name": "load_balancer",
                "port": "",
                "uuid": "d3b1dd83-83d2-46ac-aae9-ed99caf6435b"
              }
            ],
            "network_mode": null,
            "personality": [],
            "power_state": "active",
            "region": "RegionOne",
            "scheduler_hints": [],
            "security_groups": [
              "load_balancer"
            ],
            "stop_before_destroy": false,
            "tags": null,
            "timeouts": null,
            "user_data": null,
            "vendor_options": [],
            "volume": []
          },
          "sensitive_attributes": [],
          "private": "eyJlMmJmYjczMC1lY2FhLTExZTYtOGY4OC0zNDM2M2JjN2M0YzAiOnsiY3JlYXRlIjoxODAwMDAwMDAwMDAwLCJkZWxldGUiOjE4MDAwMDAwMDAwMDAsInVwZGF0ZSI6MTgwMDAwMDAwMDAwMH19",
          "dependencies": [
            "openstack_compute_keypair_v2.load_balancer",
            "openstack_compute_secgroup_v2.load_balancer",
            "openstack_networking_network_v2.load_balancer"
          ]
        }
      ]
    },
    {
      "mode": "managed",
      "type": "openstack_compute_keypair_v2",
      "name": "load_balancer",
      "provider": "provider[\"registry.terraform.io/terraform-provider-openstack/openstack\"]",
      "instances": [
        {
          "schema_version": 0,
          "attributes": {
            "fingerprint": "8e:0c:bd:04:70:c2:a9:7c:1e:cf:ba:ca:fd:21:ae:b2",
            "id": "load_balancer",
            "name": "load_balancer",
            "private_key": "",
            "public_key": "ssh-rsa AAAAB3NzaC1yc2EAAAADAQABAAACAQDLu7VufeAoticJfNdDqLy2OWUjteO9peA3845pq+/d3lPJ7p7PxxuNzqN6l2NUlu31psgQ2blFNtsVOMC7FvHBpVjO/ncmz69z9SZgY/ZDNJI3es18NPFCaHcR81Uc2Zi/tyMQqdIX9v5QtydV4NOwbaiUveEoHfWC1ktmbsUwCezE8PDA0vN6hZjmp1p38iqCAhCaQdDosQkVScIinJWS30rNIQ/ROvAA8EPXH0d77awkIsd9ANO18d89pYsafIt5HeHRp66xna9e3QmIU2jsN7XGlZkIX1N4gopvy2CfghgtDJ7q7oJTDOywpEHyQWOeT8GQEuu8KnEWzmxXTCMDpkK0F7dWbWvJFIJihuoM4w4MPaFjqK2tS5wS7X+madlZBylY7cCDP2ygx2GHsuZDxhgoRcnOEl5IDIJzas/q5j0QMttmLfGSeQ5jEpHxK9Rb5PiBQUYJXKB3Z+/myRYDoLBt3riLf6Vzd1iY3Lhme2x2ByWo49TDPj7gJxgXaeEkb0HYKOBCv9l0htYugWyqSj/h3dEuHTppx7ICgUxCr8DGKNtEcmrC55xy4HZgfbqAWDS28ae7Stu9sjQlOQ34igpfFqIAp8XO5zmw51beH7qETsumOVsnL/vF25w9WBqixogyh+24LnPJdCpFClFYLcftY5RtsKhthRx65cHL5w== apetrov@apetrov-ml\n\n",
            "region": "RegionOne",
            "value_specs": null
          },
          "sensitive_attributes": [],
          "private": "bnVsbA=="
        }
      ]
    },
    {
      "mode": "managed",
      "type": "openstack_compute_secgroup_v2",
      "name": "load_balancer",
      "provider": "provider[\"registry.terraform.io/terraform-provider-openstack/openstack\"]",
      "instances": [
        {
          "schema_version": 0,
          "attributes": {
            "description": "Security group for the load_balancer instance",
            "id": "2ef75f7a-2ed0-4b2e-baa7-6eb4652063a0",
            "name": "load_balancer",
            "region": "RegionOne",
            "rule": [
              {
                "cidr": "0.0.0.0/0",
                "from_group_id": "",
                "from_port": -1,
                "id": "a461fb69-c478-4ce2-966a-8b90413b861a",
                "ip_protocol": "icmp",
                "self": false,
                "to_port": -1
              },
              {
                "cidr": "0.0.0.0/0",
                "from_group_id": "",
                "from_port": 22,
                "id": "6b374b07-8c6e-44de-b36b-ba7b34434f3e",
                "ip_protocol": "tcp",
                "self": false,
                "to_port": 22
              },
              {
                "cidr": "0.0.0.0/0",
                "from_group_id": "",
                "from_port": 5432,
                "id": "033117eb-48a5-44ba-b609-91cd388bf73a",
                "ip_protocol": "tcp",
                "self": false,
                "to_port": 5432
              },
              {
                "cidr": "0.0.0.0/0",
                "from_group_id": "",
                "from_port": 8000,
                "id": "7aac0717-026b-4d04-a19b-0b0c14ba9f89",
                "ip_protocol": "tcp",
                "self": false,
                "to_port": 8000
              },
              {
                "cidr": "0.0.0.0/0",
                "from_group_id": "",
                "from_port": 8002,
                "id": "87de668e-c352-4bdc-ac87-538a9d35b9b3",
                "ip_protocol": "tcp",
                "self": false,
                "to_port": 8002
              },
              {
                "cidr": "0.0.0.0/0",
                "from_group_id": "",
                "from_port": 80,
                "id": "4fefcb05-85ee-4ce5-bb4b-bc2b44030f41",
                "ip_protocol": "tcp",
                "self": false,
                "to_port": 80
              }
            ],
            "timeouts": null
          },
          "sensitive_attributes": [],
          "private": "eyJlMmJmYjczMC1lY2FhLTExZTYtOGY4OC0zNDM2M2JjN2M0YzAiOnsiZGVsZXRlIjo2MDAwMDAwMDAwMDB9fQ=="
        }
      ]
    },
    {
      "mode": "managed",
      "type": "openstack_networking_network_v2",
      "name": "load_balancer",
      "provider": "provider[\"registry.terraform.io/terraform-provider-openstack/openstack\"]",
      "instances": [
        {
          "schema_version": 0,
          "attributes": {
            "admin_state_up": true,
            "all_tags": [],
            "availability_zone_hints": [],
            "description": "",
            "dns_domain": "",
            "external": false,
            "id": "d3b1dd83-83d2-46ac-aae9-ed99caf6435b",
            "mtu": 8942,
            "name": "load_balancer",
            "port_security_enabled": true,
            "qos_policy_id": "",
            "region": "RegionOne",
            "segments": [],
            "shared": false,
            "tags": null,
            "tenant_id": "224be250ac6a45a4a5fadb360981af4a",
            "timeouts": null,
            "transparent_vlan": false,
            "value_specs": null
          },
          "sensitive_attributes": [],
          "private": "eyJlMmJmYjczMC1lY2FhLTExZTYtOGY4OC0zNDM2M2JjN2M0YzAiOnsiY3JlYXRlIjo2MDAwMDAwMDAwMDAsImRlbGV0ZSI6NjAwMDAwMDAwMDAwfX0="
        }
      ]
    },
    {
      "mode": "managed",
      "type": "openstack_networking_router_interface_v2",
      "name": "load_balancer",
      "provider": "provider[\"registry.terraform.io/terraform-provider-openstack/openstack\"]",
      "instances": [
        {
          "schema_version": 0,
          "attributes": {
            "id": "f6229168-9c55-435b-be79-3f16ff057cb2",
            "port_id": "f6229168-9c55-435b-be79-3f16ff057cb2",
            "region": "RegionOne",
            "router_id": "45d628c3-e7e5-4310-b8f7-8b8b9f15ff46",
            "subnet_id": "13fbd167-ac0e-4f44-b5eb-618b7330b4bf",
            "timeouts": null
          },
          "sensitive_attributes": [],
          "private": "eyJlMmJmYjczMC1lY2FhLTExZTYtOGY4OC0zNDM2M2JjN2M0YzAiOnsiY3JlYXRlIjo2MDAwMDAwMDAwMDAsImRlbGV0ZSI6NjAwMDAwMDAwMDAwfX0=",
          "dependencies": [
            "openstack_networking_network_v2.load_balancer",
            "openstack_networking_router_v2.load_balancer",
            "openstack_networking_subnet_v2.load_balancer"
          ]
        }
      ]
    },
    {
      "mode": "managed",
      "type": "openstack_networking_router_v2",
      "name": "load_balancer",
      "provider": "provider[\"registry.terraform.io/terraform-provider-openstack/openstack\"]",
      "instances": [
        {
          "schema_version": 0,
          "attributes": {
            "admin_state_up": true,
            "all_tags": [],
            "availability_zone_hints": [],
            "description": "",
            "distributed": false,
            "enable_snat": true,
            "external_fixed_ip": [
              {
                "ip_address": "45.88.81.71",
                "subnet_id": "56d4feda-a1b4-4ecc-97a7-9c74da5a1db8"
              }
            ],
            "external_gateway": "9948edde-640b-482b-a6bc-ad1466000d86",
            "external_network_id": "9948edde-640b-482b-a6bc-ad1466000d86",
            "id": "45d628c3-e7e5-4310-b8f7-8b8b9f15ff46",
            "name": "load_balancer",
            "region": "RegionOne",
            "tags": null,
            "tenant_id": "224be250ac6a45a4a5fadb360981af4a",
            "timeouts": null,
            "value_specs": null,
            "vendor_options": []
          },
          "sensitive_attributes": [],
          "private": "eyJlMmJmYjczMC1lY2FhLTExZTYtOGY4OC0zNDM2M2JjN2M0YzAiOnsiY3JlYXRlIjo2MDAwMDAwMDAwMDAsImRlbGV0ZSI6NjAwMDAwMDAwMDAwfX0="
        }
      ]
    },
    {
      "mode": "managed",
      "type": "openstack_networking_subnet_v2",
      "name": "load_balancer",
      "provider": "provider[\"registry.terraform.io/terraform-provider-openstack/openstack\"]",
      "instances": [
        {
          "schema_version": 0,
          "attributes": {
            "all_tags": [],
            "allocation_pool": [
              {
                "end": "192.168.0.254",
                "start": "192.168.0.2"
              }
            ],
            "allocation_pools": [
              {
                "end": "192.168.0.254",
                "start": "192.168.0.2"
              }
            ],
            "cidr": "192.168.0.0/24",
            "description": "",
            "dns_nameservers": [
              "8.8.8.8"
            ],
            "enable_dhcp": true,
            "gateway_ip": "192.168.0.1",
            "host_routes": [],
            "id": "13fbd167-ac0e-4f44-b5eb-618b7330b4bf",
            "ip_version": 4,
            "ipv6_address_mode": "",
            "ipv6_ra_mode": "",
            "name": "load_balancer",
            "network_id": "d3b1dd83-83d2-46ac-aae9-ed99caf6435b",
            "no_gateway": false,
            "prefix_length": null,
            "region": "RegionOne",
            "subnetpool_id": "",
            "tags": null,
            "tenant_id": "224be250ac6a45a4a5fadb360981af4a",
            "timeouts": null,
            "value_specs": null
          },
          "sensitive_attributes": [],
          "private": "eyJlMmJmYjczMC1lY2FhLTExZTYtOGY4OC0zNDM2M2JjN2M0YzAiOnsiY3JlYXRlIjo2MDAwMDAwMDAwMDAsImRlbGV0ZSI6NjAwMDAwMDAwMDAwfX0=",
          "dependencies": [
            "openstack_networking_network_v2.load_balancer"
          ]
        }
      ]
    }
  ]
}
