{
  "version": 4,
  "terraform_version": "1.0.1",
  "serial": 482,
  "lineage": "89225d3a-0a40-8358-9644-792347b6b20f",
  "outputs": {
    "nat_ip_address": {
      "value": "35.189.74.97",
      "type": "string"
    },
    "tfstate_file": {
      "value": [
        "terraform.tfstate"
      ],
      "type": [
        "tuple",
        [
          "string"
        ]
      ]
    },
    "vm-external-ip": {
      "value": "34.89.47.172",
      "type": "string"
    }
  },
  "resources": [
    {
      "mode": "managed",
      "type": "google_compute_address",
      "name": "nat-ip",
      "provider": "provider[\"registry.terraform.io/hashicorp/google\"]",
      "instances": [
        {
          "schema_version": 0,
          "attributes": {
            "address": "35.189.74.97",
            "address_type": "EXTERNAL",
            "creation_timestamp": "2022-03-02T03:51:39.614-08:00",
            "description": "",
            "id": "projects/prj-ext-dev-rnaseqsim-dr/regions/europe-west2/addresses/gcp-nat-ip",
            "name": "gcp-nat-ip",
            "network_tier": "PREMIUM",
            "project": "prj-ext-dev-rnaseqsim-dr",
            "purpose": "",
            "region": "europe-west2",
            "self_link": "https://www.googleapis.com/compute/v1/projects/prj-ext-dev-rnaseqsim-dr/regions/europe-west2/addresses/gcp-nat-ip",
            "subnetwork": "",
            "timeouts": null,
            "users": [
              "https://www.googleapis.com/compute/v1/projects/prj-ext-dev-rnaseqsim-dr/regions/europe-west2/routers/gcp-nat-router"
            ]
          },
          "sensitive_attributes": [],
          "private": "eyJlMmJmYjczMC1lY2FhLTExZTYtOGY4OC0zNDM2M2JjN2M0YzAiOnsiY3JlYXRlIjoyNDAwMDAwMDAwMDAsImRlbGV0ZSI6MjQwMDAwMDAwMDAwfX0="
        }
      ]
    },
    {
      "mode": "managed",
      "type": "google_compute_attached_disk",
      "name": "attached",
      "provider": "provider[\"registry.terraform.io/hashicorp/google\"]",
      "instances": [
        {
          "schema_version": 0,
          "attributes": {
            "device_name": "persistent-disk-1",
            "disk": "projects/prj-ext-dev-rnaseqsim-dr/zones/europe-west2-a/disks/gcp-nfs-volume",
            "id": "projects/prj-ext-dev-rnaseqsim-dr/zones/europe-west2-a/instances/gcp-nfs-server/gcp-nfs-volume",
            "instance": "projects/prj-ext-dev-rnaseqsim-dr/zones/europe-west2-a/instances/gcp-nfs-server",
            "mode": "READ_WRITE",
            "project": "prj-ext-dev-rnaseqsim-dr",
            "timeouts": null,
            "zone": "europe-west2-a"
          },
          "sensitive_attributes": [],
          "private": "eyJlMmJmYjczMC1lY2FhLTExZTYtOGY4OC0zNDM2M2JjN2M0YzAiOnsiY3JlYXRlIjozMDAwMDAwMDAwMDAsImRlbGV0ZSI6MzAwMDAwMDAwMDAwfX0=",
          "dependencies": [
            "google_compute_disk.nfs_volume",
            "google_compute_instance.nfs_server"
          ]
        }
      ]
    },
    {
      "mode": "managed",
      "type": "google_compute_disk",
      "name": "nfs_volume",
      "provider": "provider[\"registry.terraform.io/hashicorp/google\"]",
      "instances": [
        {
          "schema_version": 0,
          "attributes": {
            "creation_timestamp": "2022-03-03T08:45:16.156-08:00",
            "description": "",
            "disk_encryption_key": [],
            "id": "projects/prj-ext-dev-rnaseqsim-dr/zones/europe-west2-a/disks/gcp-nfs-volume",
            "image": "https://www.googleapis.com/compute/v1/projects/debian-cloud/global/images/debian-9-stretch-v20200805",
            "label_fingerprint": "42WmSpB8rSM=",
            "labels": null,
            "last_attach_timestamp": "",
            "last_detach_timestamp": "",
            "name": "gcp-nfs-volume",
            "physical_block_size_bytes": 4096,
            "project": "prj-ext-dev-rnaseqsim-dr",
            "self_link": "https://www.googleapis.com/compute/v1/projects/prj-ext-dev-rnaseqsim-dr/zones/europe-west2-a/disks/gcp-nfs-volume",
            "size": 50,
            "snapshot": "",
            "source_image_encryption_key": [],
            "source_image_id": "6709658075886210235",
            "source_snapshot_encryption_key": [],
            "source_snapshot_id": "",
            "timeouts": null,
            "type": "pd-standard",
            "users": [],
            "zone": "europe-west2-a"
          },
          "sensitive_attributes": [],
          "private": "eyJlMmJmYjczMC1lY2FhLTExZTYtOGY4OC0zNDM2M2JjN2M0YzAiOnsiY3JlYXRlIjozMDAwMDAwMDAwMDAsImRlbGV0ZSI6MjQwMDAwMDAwMDAwLCJ1cGRhdGUiOjI0MDAwMDAwMDAwMH19"
        }
      ]
    },
    {
      "mode": "managed",
      "type": "google_compute_firewall",
      "name": "allow-internal",
      "provider": "provider[\"registry.terraform.io/hashicorp/google\"]",
      "instances": [
        {
          "schema_version": 1,
          "attributes": {
            "allow": [
              {
                "ports": [
                  "0-65535"
                ],
                "protocol": "tcp"
              },
              {
                "ports": [
                  "0-65535"
                ],
                "protocol": "udp"
              },
              {
                "ports": [],
                "protocol": "icmp"
              }
            ],
            "creation_timestamp": "2022-03-02T03:51:55.633-08:00",
            "deny": [],
            "description": "",
            "destination_ranges": [],
            "direction": "INGRESS",
            "disabled": false,
            "enable_logging": false,
            "id": "projects/prj-ext-dev-rnaseqsim-dr/global/firewalls/gcp-fw-allow-internal",
            "name": "gcp-fw-allow-internal",
            "network": "https://www.googleapis.com/compute/v1/projects/prj-ext-dev-rnaseqsim-dr/global/networks/gcp-sequence-search-network",
            "priority": 1000,
            "project": "prj-ext-dev-rnaseqsim-dr",
            "self_link": "https://www.googleapis.com/compute/v1/projects/prj-ext-dev-rnaseqsim-dr/global/firewalls/gcp-fw-allow-internal",
            "source_ranges": [
              "192.168.0.0/24"
            ],
            "source_service_accounts": [],
            "source_tags": [],
            "target_service_accounts": [],
            "target_tags": [
              "allow-internal"
            ],
            "timeouts": null
          },
          "sensitive_attributes": [],
          "private": "eyJlMmJmYjczMC1lY2FhLTExZTYtOGY4OC0zNDM2M2JjN2M0YzAiOnsiY3JlYXRlIjoyNDAwMDAwMDAwMDAsImRlbGV0ZSI6MjQwMDAwMDAwMDAwLCJ1cGRhdGUiOjI0MDAwMDAwMDAwMH0sInNjaGVtYV92ZXJzaW9uIjoiMSJ9",
          "dependencies": [
            "google_compute_network.sequence_search"
          ]
        }
      ]
    },
    {
      "mode": "managed",
      "type": "google_compute_firewall",
      "name": "http",
      "provider": "provider[\"registry.terraform.io/hashicorp/google\"]",
      "instances": [
        {
          "schema_version": 1,
          "attributes": {
            "allow": [
              {
                "ports": [
                  "8002"
                ],
                "protocol": "tcp"
              }
            ],
            "creation_timestamp": "2022-03-02T03:51:55.659-08:00",
            "deny": [],
            "description": "",
            "destination_ranges": [],
            "direction": "INGRESS",
            "disabled": false,
            "enable_logging": false,
            "id": "projects/prj-ext-dev-rnaseqsim-dr/global/firewalls/gcp-fw-http",
            "name": "gcp-fw-http",
            "network": "https://www.googleapis.com/compute/v1/projects/prj-ext-dev-rnaseqsim-dr/global/networks/gcp-sequence-search-network",
            "priority": 1000,
            "project": "prj-ext-dev-rnaseqsim-dr",
            "self_link": "https://www.googleapis.com/compute/v1/projects/prj-ext-dev-rnaseqsim-dr/global/firewalls/gcp-fw-http",
            "source_ranges": [
              "0.0.0.0/0"
            ],
            "source_service_accounts": [],
            "source_tags": [],
            "target_service_accounts": [],
            "target_tags": [
              "http"
            ],
            "timeouts": null
          },
          "sensitive_attributes": [],
          "private": "eyJlMmJmYjczMC1lY2FhLTExZTYtOGY4OC0zNDM2M2JjN2M0YzAiOnsiY3JlYXRlIjoyNDAwMDAwMDAwMDAsImRlbGV0ZSI6MjQwMDAwMDAwMDAwLCJ1cGRhdGUiOjI0MDAwMDAwMDAwMH0sInNjaGVtYV92ZXJzaW9uIjoiMSJ9",
          "dependencies": [
            "google_compute_network.sequence_search"
          ]
        }
      ]
    },
    {
      "mode": "managed",
      "type": "google_compute_firewall",
      "name": "ssh",
      "provider": "provider[\"registry.terraform.io/hashicorp/google\"]",
      "instances": [
        {
          "schema_version": 1,
          "attributes": {
            "allow": [
              {
                "ports": [
                  "22"
                ],
                "protocol": "tcp"
              }
            ],
            "creation_timestamp": "2022-03-02T03:51:55.736-08:00",
            "deny": [],
            "description": "",
            "destination_ranges": [],
            "direction": "INGRESS",
            "disabled": false,
            "enable_logging": false,
            "id": "projects/prj-ext-dev-rnaseqsim-dr/global/firewalls/gcp-fw-ssh",
            "name": "gcp-fw-ssh",
            "network": "https://www.googleapis.com/compute/v1/projects/prj-ext-dev-rnaseqsim-dr/global/networks/gcp-sequence-search-network",
            "priority": 1000,
            "project": "prj-ext-dev-rnaseqsim-dr",
            "self_link": "https://www.googleapis.com/compute/v1/projects/prj-ext-dev-rnaseqsim-dr/global/firewalls/gcp-fw-ssh",
            "source_ranges": [
              "0.0.0.0/0"
            ],
            "source_service_accounts": [],
            "source_tags": [],
            "target_service_accounts": [],
            "target_tags": [
              "ssh"
            ],
            "timeouts": null
          },
          "sensitive_attributes": [],
          "private": "eyJlMmJmYjczMC1lY2FhLTExZTYtOGY4OC0zNDM2M2JjN2M0YzAiOnsiY3JlYXRlIjoyNDAwMDAwMDAwMDAsImRlbGV0ZSI6MjQwMDAwMDAwMDAwLCJ1cGRhdGUiOjI0MDAwMDAwMDAwMH0sInNjaGVtYV92ZXJzaW9uIjoiMSJ9",
          "dependencies": [
            "google_compute_network.sequence_search"
          ]
        }
      ]
    },
    {
      "mode": "managed",
      "type": "google_compute_instance",
      "name": "consumers",
      "provider": "provider[\"registry.terraform.io/hashicorp/google\"]",
      "instances": [
        {
          "index_key": 0,
          "schema_version": 6,
          "attributes": {
            "allow_stopping_for_update": null,
            "attached_disk": [],
            "boot_disk": [
              {
                "auto_delete": true,
                "device_name": "persistent-disk-0",
                "disk_encryption_key_raw": "",
                "disk_encryption_key_sha256": "",
                "initialize_params": [
                  {
                    "image": "https://www.googleapis.com/compute/v1/projects/centos-cloud/global/images/centos-stream-8-v20220128",
                    "labels": {},
                    "size": 20,
                    "type": "pd-standard"
                  }
                ],
                "kms_key_self_link": "",
                "mode": "READ_WRITE",
                "source": "https://www.googleapis.com/compute/v1/projects/prj-ext-dev-rnaseqsim-dr/zones/europe-west2-a/disks/gcp-consumer-1"
              }
            ],
            "can_ip_forward": false,
            "cpu_platform": "Intel Broadwell",
            "deletion_protection": false,
            "description": "",
            "enable_display": false,
            "guest_accelerator": [],
            "hostname": "",
            "id": "projects/prj-ext-dev-rnaseqsim-dr/zones/europe-west2-a/instances/gcp-consumer-1",
            "instance_id": "432271539337094273",
            "label_fingerprint": "42WmSpB8rSM=",
            "labels": {},
            "machine_type": "e2-standard-2",
            "metadata": {
              "ssh-keys": "centos:ssh-rsa AAAAB3NzaC1yc2EAAAADAQABAAACAQDOJCL5MHBK4GpL+EbkCNgqbaMe3S5907WDhAxT4Nkl4w+yXSH3I2eXt2tEK9+EZxsrVzQh+kflEh6FqSbfQ/0//MlS6spTozC3L2RPmykDLVvtg/8EzdyQg/fNi7KRsAraWeaMh/V9E3LYAUZNsplJ6YEHmmZsKUlw56fghCqtyfYk73DQ1UsOidRhUtZoPrCGyI80XgtZL2RnKIw/uTaq1SvDtq5OT6kOBCBRZBETm3hJ5WMSi3KcD2pluoNnsSAWZJcjtBbKCJcsCNmP1sKGc7X96a48XUaPBbBjzdaCABqO2IayYqXnoD3PBT6FlouelVx+101Bw6ObJAuQv5bT7233Ay7RHxGyrUgFbjCPaTN5HKgyisSAl2ScTT329KV6I6IJuTbZmAFIPPgwdn/vDbhZEzVg6ABVoZYgd66b3E25fvCd3bFF1mkPiwReY71IDM9X9d/gMZ3xHAFPVzDCo725wmPS3GuoIUCtiuHQDwErlVhkMbqRUOMTKRisM87ga12g09vnowPJxDC7qhDYSgpptWRvRhwK6QoZ6ZTXteOgzGdrXCJYM5cdyXRRokWegzKkdrPx0Jt+ZkDOfoLBgoCh2UoznzvdbcOUFJpL+fGgp6VtV/4/hgRBtbEgMxzMZe8+znL8QaQB0piloDMLoujzTornNs03m9QJ9+yZKQ== cribas@C02SP54KFVH4\n.pub"
            },
            "metadata_fingerprint": "LmGCE2t-pmQ=",
            "metadata_startup_script": "",
            "min_cpu_platform": "",
            "name": "gcp-consumer-1",
            "network_interface": [
              {
                "access_config": [],
                "alias_ip_range": [],
                "name": "nic0",
                "network": "https://www.googleapis.com/compute/v1/projects/prj-ext-dev-rnaseqsim-dr/global/networks/gcp-sequence-search-network",
                "network_ip": "192.168.0.9",
                "subnetwork": "https://www.googleapis.com/compute/v1/projects/prj-ext-dev-rnaseqsim-dr/regions/europe-west2/subnetworks/gcp-sequence-search-subnetwork",
                "subnetwork_project": "prj-ext-dev-rnaseqsim-dr"
              }
            ],
            "project": "prj-ext-dev-rnaseqsim-dr",
            "scheduling": [
              {
                "automatic_restart": true,
                "node_affinities": [],
                "on_host_maintenance": "MIGRATE",
                "preemptible": false
              }
            ],
            "scratch_disk": [],
            "self_link": "https://www.googleapis.com/compute/v1/projects/prj-ext-dev-rnaseqsim-dr/zones/europe-west2-a/instances/gcp-consumer-1",
            "service_account": [],
            "shielded_instance_config": [
              {
                "enable_integrity_monitoring": true,
                "enable_secure_boot": false,
                "enable_vtpm": true
              }
            ],
            "tags": [
              "allow-internal",
              "ssh"
            ],
            "tags_fingerprint": "ON0SwU9MqZc=",
            "timeouts": null,
            "zone": "europe-west2-a"
          },
          "sensitive_attributes": [],
          "private": "eyJlMmJmYjczMC1lY2FhLTExZTYtOGY4OC0zNDM2M2JjN2M0YzAiOnsiY3JlYXRlIjoxMjAwMDAwMDAwMDAwLCJkZWxldGUiOjEyMDAwMDAwMDAwMDAsInVwZGF0ZSI6MTIwMDAwMDAwMDAwMH0sInNjaGVtYV92ZXJzaW9uIjoiNiJ9",
          "dependencies": [
            "google_compute_network.sequence_search",
            "google_compute_subnetwork.sequence_search"
          ]
        }
      ]
    },
    {
      "mode": "managed",
      "type": "google_compute_instance",
      "name": "monitor",
      "provider": "provider[\"registry.terraform.io/hashicorp/google\"]",
      "instances": [
        {
          "schema_version": 6,
          "attributes": {
            "allow_stopping_for_update": null,
            "attached_disk": [],
            "boot_disk": [
              {
                "auto_delete": true,
                "device_name": "persistent-disk-0",
                "disk_encryption_key_raw": "",
                "disk_encryption_key_sha256": "",
                "initialize_params": [
                  {
                    "image": "https://www.googleapis.com/compute/v1/projects/centos-cloud/global/images/centos-stream-8-v20220128",
                    "labels": {},
                    "size": 20,
                    "type": "pd-standard"
                  }
                ],
                "kms_key_self_link": "",
                "mode": "READ_WRITE",
                "source": "https://www.googleapis.com/compute/v1/projects/prj-ext-dev-rnaseqsim-dr/zones/europe-west2-a/disks/gcp-monitor"
              }
            ],
            "can_ip_forward": false,
            "cpu_platform": "Intel Broadwell",
            "deletion_protection": false,
            "description": "",
            "enable_display": false,
            "guest_accelerator": [],
            "hostname": "",
            "id": "projects/prj-ext-dev-rnaseqsim-dr/zones/europe-west2-a/instances/gcp-monitor",
            "instance_id": "7736325573256078465",
            "label_fingerprint": "42WmSpB8rSM=",
            "labels": {},
            "machine_type": "e2-standard-2",
            "metadata": {
              "ssh-keys": "centos:ssh-rsa AAAAB3NzaC1yc2EAAAADAQABAAACAQDOJCL5MHBK4GpL+EbkCNgqbaMe3S5907WDhAxT4Nkl4w+yXSH3I2eXt2tEK9+EZxsrVzQh+kflEh6FqSbfQ/0//MlS6spTozC3L2RPmykDLVvtg/8EzdyQg/fNi7KRsAraWeaMh/V9E3LYAUZNsplJ6YEHmmZsKUlw56fghCqtyfYk73DQ1UsOidRhUtZoPrCGyI80XgtZL2RnKIw/uTaq1SvDtq5OT6kOBCBRZBETm3hJ5WMSi3KcD2pluoNnsSAWZJcjtBbKCJcsCNmP1sKGc7X96a48XUaPBbBjzdaCABqO2IayYqXnoD3PBT6FlouelVx+101Bw6ObJAuQv5bT7233Ay7RHxGyrUgFbjCPaTN5HKgyisSAl2ScTT329KV6I6IJuTbZmAFIPPgwdn/vDbhZEzVg6ABVoZYgd66b3E25fvCd3bFF1mkPiwReY71IDM9X9d/gMZ3xHAFPVzDCo725wmPS3GuoIUCtiuHQDwErlVhkMbqRUOMTKRisM87ga12g09vnowPJxDC7qhDYSgpptWRvRhwK6QoZ6ZTXteOgzGdrXCJYM5cdyXRRokWegzKkdrPx0Jt+ZkDOfoLBgoCh2UoznzvdbcOUFJpL+fGgp6VtV/4/hgRBtbEgMxzMZe8+znL8QaQB0piloDMLoujzTornNs03m9QJ9+yZKQ== cribas@C02SP54KFVH4\n.pub"
            },
            "metadata_fingerprint": "LmGCE2t-pmQ=",
            "metadata_startup_script": "",
            "min_cpu_platform": "",
            "name": "gcp-monitor",
            "network_interface": [
              {
                "access_config": [],
                "alias_ip_range": [],
                "name": "nic0",
                "network": "https://www.googleapis.com/compute/v1/projects/prj-ext-dev-rnaseqsim-dr/global/networks/gcp-sequence-search-network",
                "network_ip": "192.168.0.8",
                "subnetwork": "https://www.googleapis.com/compute/v1/projects/prj-ext-dev-rnaseqsim-dr/regions/europe-west2/subnetworks/gcp-sequence-search-subnetwork",
                "subnetwork_project": "prj-ext-dev-rnaseqsim-dr"
              }
            ],
            "project": "prj-ext-dev-rnaseqsim-dr",
            "scheduling": [
              {
                "automatic_restart": true,
                "node_affinities": [],
                "on_host_maintenance": "MIGRATE",
                "preemptible": false
              }
            ],
            "scratch_disk": [],
            "self_link": "https://www.googleapis.com/compute/v1/projects/prj-ext-dev-rnaseqsim-dr/zones/europe-west2-a/instances/gcp-monitor",
            "service_account": [],
            "shielded_instance_config": [
              {
                "enable_integrity_monitoring": true,
                "enable_secure_boot": false,
                "enable_vtpm": true
              }
            ],
            "tags": [
              "allow-internal",
              "ssh"
            ],
            "tags_fingerprint": "ON0SwU9MqZc=",
            "timeouts": null,
            "zone": "europe-west2-a"
          },
          "sensitive_attributes": [],
          "private": "eyJlMmJmYjczMC1lY2FhLTExZTYtOGY4OC0zNDM2M2JjN2M0YzAiOnsiY3JlYXRlIjoxMjAwMDAwMDAwMDAwLCJkZWxldGUiOjEyMDAwMDAwMDAwMDAsInVwZGF0ZSI6MTIwMDAwMDAwMDAwMH0sInNjaGVtYV92ZXJzaW9uIjoiNiJ9",
          "dependencies": [
            "google_compute_network.sequence_search",
            "google_compute_subnetwork.sequence_search"
          ]
        }
      ]
    },
    {
      "mode": "managed",
      "type": "google_compute_instance",
      "name": "nfs_server",
      "provider": "provider[\"registry.terraform.io/hashicorp/google\"]",
      "instances": [
        {
          "schema_version": 6,
          "attributes": {
            "allow_stopping_for_update": null,
            "attached_disk": [],
            "boot_disk": [
              {
                "auto_delete": true,
                "device_name": "persistent-disk-0",
                "disk_encryption_key_raw": "",
                "disk_encryption_key_sha256": "",
                "initialize_params": [
                  {
                    "image": "https://www.googleapis.com/compute/v1/projects/ubuntu-os-cloud/global/images/ubuntu-minimal-1804-bionic-v20220208",
                    "labels": {},
                    "size": 10,
                    "type": "pd-standard"
                  }
                ],
                "kms_key_self_link": "",
                "mode": "READ_WRITE",
                "source": "https://www.googleapis.com/compute/v1/projects/prj-ext-dev-rnaseqsim-dr/zones/europe-west2-a/disks/gcp-nfs-server"
              }
            ],
            "can_ip_forward": false,
            "cpu_platform": "Intel Broadwell",
            "deletion_protection": false,
            "description": "",
            "enable_display": false,
            "guest_accelerator": [],
            "hostname": "",
            "id": "projects/prj-ext-dev-rnaseqsim-dr/zones/europe-west2-a/instances/gcp-nfs-server",
            "instance_id": "6389603818424951936",
            "label_fingerprint": "42WmSpB8rSM=",
            "labels": {},
            "machine_type": "e2-standard-2",
            "metadata": {
              "ssh-keys": "ubuntu:ssh-rsa AAAAB3NzaC1yc2EAAAADAQABAAACAQDOJCL5MHBK4GpL+EbkCNgqbaMe3S5907WDhAxT4Nkl4w+yXSH3I2eXt2tEK9+EZxsrVzQh+kflEh6FqSbfQ/0//MlS6spTozC3L2RPmykDLVvtg/8EzdyQg/fNi7KRsAraWeaMh/V9E3LYAUZNsplJ6YEHmmZsKUlw56fghCqtyfYk73DQ1UsOidRhUtZoPrCGyI80XgtZL2RnKIw/uTaq1SvDtq5OT6kOBCBRZBETm3hJ5WMSi3KcD2pluoNnsSAWZJcjtBbKCJcsCNmP1sKGc7X96a48XUaPBbBjzdaCABqO2IayYqXnoD3PBT6FlouelVx+101Bw6ObJAuQv5bT7233Ay7RHxGyrUgFbjCPaTN5HKgyisSAl2ScTT329KV6I6IJuTbZmAFIPPgwdn/vDbhZEzVg6ABVoZYgd66b3E25fvCd3bFF1mkPiwReY71IDM9X9d/gMZ3xHAFPVzDCo725wmPS3GuoIUCtiuHQDwErlVhkMbqRUOMTKRisM87ga12g09vnowPJxDC7qhDYSgpptWRvRhwK6QoZ6ZTXteOgzGdrXCJYM5cdyXRRokWegzKkdrPx0Jt+ZkDOfoLBgoCh2UoznzvdbcOUFJpL+fGgp6VtV/4/hgRBtbEgMxzMZe8+znL8QaQB0piloDMLoujzTornNs03m9QJ9+yZKQ== cribas@C02SP54KFVH4\n.pub"
            },
            "metadata_fingerprint": "5VM1M8d4O1g=",
            "metadata_startup_script": "",
            "min_cpu_platform": "",
            "name": "gcp-nfs-server",
            "network_interface": [
              {
                "access_config": [],
                "alias_ip_range": [],
                "name": "nic0",
                "network": "https://www.googleapis.com/compute/v1/projects/prj-ext-dev-rnaseqsim-dr/global/networks/gcp-sequence-search-network",
                "network_ip": "192.168.0.7",
                "subnetwork": "https://www.googleapis.com/compute/v1/projects/prj-ext-dev-rnaseqsim-dr/regions/europe-west2/subnetworks/gcp-sequence-search-subnetwork",
                "subnetwork_project": "prj-ext-dev-rnaseqsim-dr"
              }
            ],
            "project": "prj-ext-dev-rnaseqsim-dr",
            "scheduling": [
              {
                "automatic_restart": true,
                "node_affinities": [],
                "on_host_maintenance": "MIGRATE",
                "preemptible": false
              }
            ],
            "scratch_disk": [],
            "self_link": "https://www.googleapis.com/compute/v1/projects/prj-ext-dev-rnaseqsim-dr/zones/europe-west2-a/instances/gcp-nfs-server",
            "service_account": [],
            "shielded_instance_config": [
              {
                "enable_integrity_monitoring": true,
                "enable_secure_boot": false,
                "enable_vtpm": true
              }
            ],
            "tags": [
              "allow-internal",
              "ssh"
            ],
            "tags_fingerprint": "ON0SwU9MqZc=",
            "timeouts": null,
            "zone": "europe-west2-a"
          },
          "sensitive_attributes": [],
          "private": "eyJlMmJmYjczMC1lY2FhLTExZTYtOGY4OC0zNDM2M2JjN2M0YzAiOnsiY3JlYXRlIjoxMjAwMDAwMDAwMDAwLCJkZWxldGUiOjEyMDAwMDAwMDAwMDAsInVwZGF0ZSI6MTIwMDAwMDAwMDAwMH0sInNjaGVtYV92ZXJzaW9uIjoiNiJ9",
          "dependencies": [
            "google_compute_network.sequence_search",
            "google_compute_subnetwork.sequence_search"
          ]
        }
      ]
    },
    {
      "mode": "managed",
      "type": "google_compute_instance",
      "name": "postgres",
      "provider": "provider[\"registry.terraform.io/hashicorp/google\"]",
      "instances": [
        {
          "schema_version": 6,
          "attributes": {
            "allow_stopping_for_update": null,
            "attached_disk": [],
            "boot_disk": [
              {
                "auto_delete": true,
                "device_name": "persistent-disk-0",
                "disk_encryption_key_raw": "",
                "disk_encryption_key_sha256": "",
                "initialize_params": [
                  {
                    "image": "https://www.googleapis.com/compute/v1/projects/centos-cloud/global/images/centos-stream-8-v20220128",
                    "labels": {},
                    "size": 20,
                    "type": "pd-standard"
                  }
                ],
                "kms_key_self_link": "",
                "mode": "READ_WRITE",
                "source": "https://www.googleapis.com/compute/v1/projects/prj-ext-dev-rnaseqsim-dr/zones/europe-west2-a/disks/gcp-postgres"
              }
            ],
            "can_ip_forward": false,
            "cpu_platform": "Intel Broadwell",
            "deletion_protection": false,
            "description": "",
            "enable_display": false,
            "guest_accelerator": [],
            "hostname": "",
            "id": "projects/prj-ext-dev-rnaseqsim-dr/zones/europe-west2-a/instances/gcp-postgres",
            "instance_id": "6029899023189730433",
            "label_fingerprint": "42WmSpB8rSM=",
            "labels": {},
            "machine_type": "e2-standard-2",
            "metadata": {
              "ssh-keys": "centos:ssh-rsa AAAAB3NzaC1yc2EAAAADAQABAAACAQDOJCL5MHBK4GpL+EbkCNgqbaMe3S5907WDhAxT4Nkl4w+yXSH3I2eXt2tEK9+EZxsrVzQh+kflEh6FqSbfQ/0//MlS6spTozC3L2RPmykDLVvtg/8EzdyQg/fNi7KRsAraWeaMh/V9E3LYAUZNsplJ6YEHmmZsKUlw56fghCqtyfYk73DQ1UsOidRhUtZoPrCGyI80XgtZL2RnKIw/uTaq1SvDtq5OT6kOBCBRZBETm3hJ5WMSi3KcD2pluoNnsSAWZJcjtBbKCJcsCNmP1sKGc7X96a48XUaPBbBjzdaCABqO2IayYqXnoD3PBT6FlouelVx+101Bw6ObJAuQv5bT7233Ay7RHxGyrUgFbjCPaTN5HKgyisSAl2ScTT329KV6I6IJuTbZmAFIPPgwdn/vDbhZEzVg6ABVoZYgd66b3E25fvCd3bFF1mkPiwReY71IDM9X9d/gMZ3xHAFPVzDCo725wmPS3GuoIUCtiuHQDwErlVhkMbqRUOMTKRisM87ga12g09vnowPJxDC7qhDYSgpptWRvRhwK6QoZ6ZTXteOgzGdrXCJYM5cdyXRRokWegzKkdrPx0Jt+ZkDOfoLBgoCh2UoznzvdbcOUFJpL+fGgp6VtV/4/hgRBtbEgMxzMZe8+znL8QaQB0piloDMLoujzTornNs03m9QJ9+yZKQ== cribas@C02SP54KFVH4\n.pub"
            },
            "metadata_fingerprint": "LmGCE2t-pmQ=",
            "metadata_startup_script": "",
            "min_cpu_platform": "",
            "name": "gcp-postgres",
            "network_interface": [
              {
                "access_config": [],
                "alias_ip_range": [],
                "name": "nic0",
                "network": "https://www.googleapis.com/compute/v1/projects/prj-ext-dev-rnaseqsim-dr/global/networks/gcp-sequence-search-network",
                "network_ip": "192.168.0.6",
                "subnetwork": "https://www.googleapis.com/compute/v1/projects/prj-ext-dev-rnaseqsim-dr/regions/europe-west2/subnetworks/gcp-sequence-search-subnetwork",
                "subnetwork_project": "prj-ext-dev-rnaseqsim-dr"
              }
            ],
            "project": "prj-ext-dev-rnaseqsim-dr",
            "scheduling": [
              {
                "automatic_restart": true,
                "node_affinities": [],
                "on_host_maintenance": "MIGRATE",
                "preemptible": false
              }
            ],
            "scratch_disk": [],
            "self_link": "https://www.googleapis.com/compute/v1/projects/prj-ext-dev-rnaseqsim-dr/zones/europe-west2-a/instances/gcp-postgres",
            "service_account": [],
            "shielded_instance_config": [
              {
                "enable_integrity_monitoring": true,
                "enable_secure_boot": false,
                "enable_vtpm": true
              }
            ],
            "tags": [
              "allow-internal",
              "ssh"
            ],
            "tags_fingerprint": "ON0SwU9MqZc=",
            "timeouts": null,
            "zone": "europe-west2-a"
          },
          "sensitive_attributes": [],
          "private": "eyJlMmJmYjczMC1lY2FhLTExZTYtOGY4OC0zNDM2M2JjN2M0YzAiOnsiY3JlYXRlIjoxMjAwMDAwMDAwMDAwLCJkZWxldGUiOjEyMDAwMDAwMDAwMDAsInVwZGF0ZSI6MTIwMDAwMDAwMDAwMH0sInNjaGVtYV92ZXJzaW9uIjoiNiJ9",
          "dependencies": [
            "google_compute_network.sequence_search",
            "google_compute_subnetwork.sequence_search"
          ]
        }
      ]
    },
    {
      "mode": "managed",
      "type": "google_compute_instance",
      "name": "producer",
      "provider": "provider[\"registry.terraform.io/hashicorp/google\"]",
      "instances": [
        {
          "schema_version": 6,
          "attributes": {
            "allow_stopping_for_update": null,
            "attached_disk": [],
            "boot_disk": [
              {
                "auto_delete": true,
                "device_name": "persistent-disk-0",
                "disk_encryption_key_raw": "",
                "disk_encryption_key_sha256": "",
                "initialize_params": [
                  {
                    "image": "https://www.googleapis.com/compute/v1/projects/centos-cloud/global/images/centos-stream-8-v20220128",
                    "labels": {},
                    "size": 20,
                    "type": "pd-standard"
                  }
                ],
                "kms_key_self_link": "",
                "mode": "READ_WRITE",
                "source": "https://www.googleapis.com/compute/v1/projects/prj-ext-dev-rnaseqsim-dr/zones/europe-west2-a/disks/gcp-producer"
              }
            ],
            "can_ip_forward": false,
            "cpu_platform": "Intel Broadwell",
            "deletion_protection": false,
            "description": "",
            "enable_display": false,
            "guest_accelerator": [],
            "hostname": "",
            "id": "projects/prj-ext-dev-rnaseqsim-dr/zones/europe-west2-a/instances/gcp-producer",
            "instance_id": "4141578744121975937",
            "label_fingerprint": "42WmSpB8rSM=",
            "labels": {},
            "machine_type": "e2-standard-2",
            "metadata": {
              "ssh-keys": "centos:ssh-rsa AAAAB3NzaC1yc2EAAAADAQABAAACAQDOJCL5MHBK4GpL+EbkCNgqbaMe3S5907WDhAxT4Nkl4w+yXSH3I2eXt2tEK9+EZxsrVzQh+kflEh6FqSbfQ/0//MlS6spTozC3L2RPmykDLVvtg/8EzdyQg/fNi7KRsAraWeaMh/V9E3LYAUZNsplJ6YEHmmZsKUlw56fghCqtyfYk73DQ1UsOidRhUtZoPrCGyI80XgtZL2RnKIw/uTaq1SvDtq5OT6kOBCBRZBETm3hJ5WMSi3KcD2pluoNnsSAWZJcjtBbKCJcsCNmP1sKGc7X96a48XUaPBbBjzdaCABqO2IayYqXnoD3PBT6FlouelVx+101Bw6ObJAuQv5bT7233Ay7RHxGyrUgFbjCPaTN5HKgyisSAl2ScTT329KV6I6IJuTbZmAFIPPgwdn/vDbhZEzVg6ABVoZYgd66b3E25fvCd3bFF1mkPiwReY71IDM9X9d/gMZ3xHAFPVzDCo725wmPS3GuoIUCtiuHQDwErlVhkMbqRUOMTKRisM87ga12g09vnowPJxDC7qhDYSgpptWRvRhwK6QoZ6ZTXteOgzGdrXCJYM5cdyXRRokWegzKkdrPx0Jt+ZkDOfoLBgoCh2UoznzvdbcOUFJpL+fGgp6VtV/4/hgRBtbEgMxzMZe8+znL8QaQB0piloDMLoujzTornNs03m9QJ9+yZKQ== cribas@C02SP54KFVH4\n.pub"
            },
            "metadata_fingerprint": "LmGCE2t-pmQ=",
            "metadata_startup_script": "",
            "min_cpu_platform": "",
            "name": "gcp-producer",
            "network_interface": [
              {
                "access_config": [
                  {
                    "nat_ip": "34.89.47.172",
                    "network_tier": "PREMIUM",
                    "public_ptr_domain_name": ""
                  }
                ],
                "alias_ip_range": [],
                "name": "nic0",
                "network": "https://www.googleapis.com/compute/v1/projects/prj-ext-dev-rnaseqsim-dr/global/networks/gcp-sequence-search-network",
                "network_ip": "192.168.0.5",
                "subnetwork": "https://www.googleapis.com/compute/v1/projects/prj-ext-dev-rnaseqsim-dr/regions/europe-west2/subnetworks/gcp-sequence-search-subnetwork",
                "subnetwork_project": "prj-ext-dev-rnaseqsim-dr"
              }
            ],
            "project": "prj-ext-dev-rnaseqsim-dr",
            "scheduling": [
              {
                "automatic_restart": true,
                "node_affinities": [],
                "on_host_maintenance": "MIGRATE",
                "preemptible": false
              }
            ],
            "scratch_disk": [],
            "self_link": "https://www.googleapis.com/compute/v1/projects/prj-ext-dev-rnaseqsim-dr/zones/europe-west2-a/instances/gcp-producer",
            "service_account": [],
            "shielded_instance_config": [
              {
                "enable_integrity_monitoring": true,
                "enable_secure_boot": false,
                "enable_vtpm": true
              }
            ],
            "tags": [
              "allow-internal",
              "http",
              "ssh"
            ],
            "tags_fingerprint": "3uG77aO4z0s=",
            "timeouts": null,
            "zone": "europe-west2-a"
          },
          "sensitive_attributes": [],
          "private": "eyJlMmJmYjczMC1lY2FhLTExZTYtOGY4OC0zNDM2M2JjN2M0YzAiOnsiY3JlYXRlIjoxMjAwMDAwMDAwMDAwLCJkZWxldGUiOjEyMDAwMDAwMDAwMDAsInVwZGF0ZSI6MTIwMDAwMDAwMDAwMH0sInNjaGVtYV92ZXJzaW9uIjoiNiJ9",
          "dependencies": [
            "google_compute_subnetwork.sequence_search",
            "google_compute_network.sequence_search"
          ]
        }
      ]
    },
    {
      "mode": "managed",
      "type": "google_compute_network",
      "name": "sequence_search",
      "provider": "provider[\"registry.terraform.io/hashicorp/google\"]",
      "instances": [
        {
          "schema_version": 0,
          "attributes": {
            "auto_create_subnetworks": false,
            "delete_default_routes_on_create": false,
            "description": "",
            "gateway_ipv4": "",
            "id": "projects/prj-ext-dev-rnaseqsim-dr/global/networks/gcp-sequence-search-network",
            "ipv4_range": null,
            "name": "gcp-sequence-search-network",
            "project": "prj-ext-dev-rnaseqsim-dr",
            "routing_mode": "REGIONAL",
            "self_link": "https://www.googleapis.com/compute/v1/projects/prj-ext-dev-rnaseqsim-dr/global/networks/gcp-sequence-search-network",
            "timeouts": null
          },
          "sensitive_attributes": [],
          "private": "eyJlMmJmYjczMC1lY2FhLTExZTYtOGY4OC0zNDM2M2JjN2M0YzAiOnsiY3JlYXRlIjoyNDAwMDAwMDAwMDAsImRlbGV0ZSI6MjQwMDAwMDAwMDAwLCJ1cGRhdGUiOjI0MDAwMDAwMDAwMH19"
        }
      ]
    },
    {
      "mode": "managed",
      "type": "google_compute_router",
      "name": "nat-router",
      "provider": "provider[\"registry.terraform.io/hashicorp/google\"]",
      "instances": [
        {
          "schema_version": 0,
          "attributes": {
            "bgp": [],
            "creation_timestamp": "2022-03-02T03:51:55.837-08:00",
            "description": "",
            "id": "projects/prj-ext-dev-rnaseqsim-dr/regions/europe-west2/routers/gcp-nat-router",
            "name": "gcp-nat-router",
            "network": "https://www.googleapis.com/compute/v1/projects/prj-ext-dev-rnaseqsim-dr/global/networks/gcp-sequence-search-network",
            "project": "prj-ext-dev-rnaseqsim-dr",
            "region": "europe-west2",
            "self_link": "https://www.googleapis.com/compute/v1/projects/prj-ext-dev-rnaseqsim-dr/regions/europe-west2/routers/gcp-nat-router",
            "timeouts": null
          },
          "sensitive_attributes": [],
          "private": "eyJlMmJmYjczMC1lY2FhLTExZTYtOGY4OC0zNDM2M2JjN2M0YzAiOnsiY3JlYXRlIjoyNDAwMDAwMDAwMDAsImRlbGV0ZSI6MjQwMDAwMDAwMDAwLCJ1cGRhdGUiOjI0MDAwMDAwMDAwMH19",
          "dependencies": [
            "google_compute_network.sequence_search"
          ]
        }
      ]
    },
    {
      "mode": "managed",
      "type": "google_compute_router_nat",
      "name": "nat-gateway",
      "provider": "provider[\"registry.terraform.io/hashicorp/google\"]",
      "instances": [
        {
          "schema_version": 0,
          "attributes": {
            "icmp_idle_timeout_sec": 30,
            "id": "prj-ext-dev-rnaseqsim-dr/europe-west2/gcp-nat-router/gcp-nat-gateway",
            "log_config": [],
            "min_ports_per_vm": 0,
            "name": "gcp-nat-gateway",
            "nat_ip_allocate_option": "MANUAL_ONLY",
            "nat_ips": [
              "https://www.googleapis.com/compute/v1/projects/prj-ext-dev-rnaseqsim-dr/regions/europe-west2/addresses/gcp-nat-ip"
            ],
            "project": "prj-ext-dev-rnaseqsim-dr",
            "region": null,
            "router": "gcp-nat-router",
            "source_subnetwork_ip_ranges_to_nat": "LIST_OF_SUBNETWORKS",
            "subnetwork": [
              {
                "name": "https://www.googleapis.com/compute/v1/projects/prj-ext-dev-rnaseqsim-dr/regions/europe-west2/subnetworks/gcp-sequence-search-subnetwork",
                "secondary_ip_range_names": [],
                "source_ip_ranges_to_nat": [
                  "ALL_IP_RANGES"
                ]
              }
            ],
            "tcp_established_idle_timeout_sec": 1200,
            "tcp_transitory_idle_timeout_sec": 30,
            "timeouts": null,
            "udp_idle_timeout_sec": 30
          },
          "sensitive_attributes": [],
          "private": "eyJlMmJmYjczMC1lY2FhLTExZTYtOGY4OC0zNDM2M2JjN2M0YzAiOnsiY3JlYXRlIjo2MDAwMDAwMDAwMDAsImRlbGV0ZSI6NjAwMDAwMDAwMDAwLCJ1cGRhdGUiOjYwMDAwMDAwMDAwMH19",
          "dependencies": [
            "google_compute_subnetwork.sequence_search",
            "google_compute_address.nat-ip",
            "google_compute_network.sequence_search",
            "google_compute_router.nat-router"
          ]
        }
      ]
    },
    {
      "mode": "managed",
      "type": "google_compute_subnetwork",
      "name": "sequence_search",
      "provider": "provider[\"registry.terraform.io/hashicorp/google\"]",
      "instances": [
        {
          "schema_version": 0,
          "attributes": {
            "creation_timestamp": "2022-03-02T03:51:56.295-08:00",
            "description": "",
            "enable_flow_logs": null,
            "fingerprint": null,
            "gateway_address": "192.168.0.1",
            "id": "projects/prj-ext-dev-rnaseqsim-dr/regions/europe-west2/subnetworks/gcp-sequence-search-subnetwork",
            "ip_cidr_range": "192.168.0.0/24",
            "log_config": [],
            "name": "gcp-sequence-search-subnetwork",
            "network": "https://www.googleapis.com/compute/v1/projects/prj-ext-dev-rnaseqsim-dr/global/networks/gcp-sequence-search-network",
            "private_ip_google_access": false,
            "project": "prj-ext-dev-rnaseqsim-dr",
            "region": "europe-west2",
            "secondary_ip_range": [],
            "self_link": "https://www.googleapis.com/compute/v1/projects/prj-ext-dev-rnaseqsim-dr/regions/europe-west2/subnetworks/gcp-sequence-search-subnetwork",
            "timeouts": null
          },
          "sensitive_attributes": [],
          "private": "eyJlMmJmYjczMC1lY2FhLTExZTYtOGY4OC0zNDM2M2JjN2M0YzAiOnsiY3JlYXRlIjozNjAwMDAwMDAwMDAsImRlbGV0ZSI6MzYwMDAwMDAwMDAwLCJ1cGRhdGUiOjM2MDAwMDAwMDAwMH19",
          "dependencies": [
            "google_compute_network.sequence_search"
          ]
        }
      ]
    }
  ]
}
